{
  "version": 4,
  "terraform_version": "1.4.4",
  "serial": 18,
  "lineage": "ccd2c805-fb84-edbe-c933-4f05cfc3805c",
  "outputs": {},
  "resources": [
    {
      "mode": "data",
      "type": "google_client_config",
      "name": "default",
      "provider": "provider[\"registry.terraform.io/hashicorp/google\"]",
      "instances": [
        {
          "schema_version": 0,
          "attributes": {
            "access_token": "ya29.c.b0Aaekm1LNd2JYnBIzdIAVHgMW3RoKV5Ds6CzYNONQnnzd8VRLai_MN2i6zDtBFXtiCxykj1C2TuThQfgmUM6y6zPp1-qgrbPk2qTxrRPJSThXmtjPIr_fR--6Y-FBVrNNd3oaMXVVvtofCLJhLIB6UyoWytyYwG1675NtsywOruaKnU1o4tSuB6Ym_Rz5LuyLjLRlhBXd51jGPGeTF90wogQggBikmXqdDpprQ8-2ODRyRW7rpck1QHKF4QZ5Cue9Mz2PZicBHsnWGyvZyWu2Cp6Fe2639bdiegKy2OL1E599MklqPHRMVAu7qTsKOLmsWgmTpvy4SJeRT341Aye3367Oqo1g0XoWRx5agVrzxoqJrUpbJOss1ZhrxzqYFQxQniURJoBcyZMfZhYJrwkMs2hVhgfm3YpcQwe1eS618unoWMcdYnI91d_eqbqXbJ2qrcgQscbRz5Vkb6uQZYjs4pjJwnOc_Ii8UWsawf2n6bIvFe-bI6uj4r8ZwWOdu39z57_Yoak0FekurmeiF1zR2_y3xFRhFeWdZqkFZysqwY2lzIfvSdfsg4UWqFUQyQV76UOOQugpQcX4or2QXIfjRQueitxRb7ZMXYsh2M2oqs66Z9vFYlvV__cxsQvVRlm3kX9y7io3YtcUs55t5euocMXvdrhganQBg5j98QVcswg3vy7MbhtOXWxcZSIn8MhW2cdk6vV1RShwIe72lkco_bmOwkJB58wzem27aQsO7Vu-85VQQb5ghk4cFUZJ57nScmg9-jcy1p-ahjroofs_kZFsVwml9h9Xk1sth3Fdj5iJRJgl7wdqqI7Sfhbnx5-xo5Mck2lr589lV2V47ZUZl3aBo77zWaxZRbW8ff-V7toiBWaOJjup2VgoeVQ3se70W5YsJSz1-VRt0F9lchnhb3YeIIIm4Okd84z5iqmiSnq9945FrbtxJ15JrbFFpcMwF24OxwvMYdmi1ddUbO732Zus9VQ_jORzcklU1-2b-1MtlonaYkgVMk-",
            "id": "projects/\"pg-xa-n-app-230466\"/regions/\u003cnull\u003e/zones/\u003cnull\u003e",
            "project": "pg-xa-n-app-230466",
            "region": null,
            "zone": null
          },
          "sensitive_attributes": []
        }
      ]
    },
    {
      "mode": "managed",
      "type": "google_compute_global_address",
      "name": "gke00568_global_static_ip_address",
      "provider": "provider[\"registry.terraform.io/hashicorp/google\"]",
      "instances": [
        {
          "schema_version": 0,
          "attributes": {
            "address": "34.117.247.105",
            "address_type": "EXTERNAL",
            "creation_timestamp": "2023-06-06T01:59:39.295-07:00",
            "description": "",
            "id": "projects/pg-xa-n-app-230466/global/addresses/gke00568-global-static-ip",
            "ip_version": "",
            "name": "gke00568-global-static-ip",
            "network": "",
            "prefix_length": 0,
            "project": "pg-xa-n-app-230466",
            "purpose": "",
            "self_link": "https://www.googleapis.com/compute/v1/projects/pg-xa-n-app-230466/global/addresses/gke00568-global-static-ip",
            "timeouts": null
          },
          "sensitive_attributes": [],
          "private": "eyJlMmJmYjczMC1lY2FhLTExZTYtOGY4OC0zNDM2M2JjN2M0YzAiOnsiY3JlYXRlIjoxMjAwMDAwMDAwMDAwLCJkZWxldGUiOjEyMDAwMDAwMDAwMDB9fQ=="
        }
      ]
    },
    {
      "mode": "managed",
      "type": "google_compute_network",
      "name": "gke00568_network",
      "provider": "provider[\"registry.terraform.io/hashicorp/google\"]",
      "instances": [
        {
          "schema_version": 0,
          "attributes": {
            "auto_create_subnetworks": true,
            "delete_default_routes_on_create": false,
            "description": "",
            "enable_ula_internal_ipv6": false,
            "gateway_ipv4": "",
            "id": "projects/pg-xa-n-app-230466/global/networks/gke00568-network",
            "internal_ipv6_range": "",
            "mtu": 0,
            "name": "gke00568-network",
            "network_firewall_policy_enforcement_order": "AFTER_CLASSIC_FIREWALL",
            "project": "pg-xa-n-app-230466",
            "routing_mode": "REGIONAL",
            "self_link": "https://www.googleapis.com/compute/v1/projects/pg-xa-n-app-230466/global/networks/gke00568-network",
            "timeouts": null
          },
          "sensitive_attributes": [],
          "private": "eyJlMmJmYjczMC1lY2FhLTExZTYtOGY4OC0zNDM2M2JjN2M0YzAiOnsiY3JlYXRlIjoxMjAwMDAwMDAwMDAwLCJkZWxldGUiOjEyMDAwMDAwMDAwMDAsInVwZGF0ZSI6MTIwMDAwMDAwMDAwMH19"
        }
      ]
    },
    {
      "mode": "managed",
      "type": "google_container_cluster",
      "name": "gke00568_compliant_cluster",
      "provider": "provider[\"registry.terraform.io/hashicorp/google\"]",
      "instances": [
        {
          "schema_version": 1,
          "attributes": {
            "addons_config": [
              {
                "cloudrun_config": [],
                "config_connector_config": [],
                "dns_cache_config": [],
                "gce_persistent_disk_csi_driver_config": [
                  {
                    "enabled": true
                  }
                ],
                "gcp_filestore_csi_driver_config": [],
                "gke_backup_agent_config": [],
                "horizontal_pod_autoscaling": [],
                "http_load_balancing": [],
                "network_policy_config": [
                  {
                    "disabled": true
                  }
                ]
              }
            ],
            "authenticator_groups_config": [],
            "binary_authorization": [
              {
                "enabled": false,
                "evaluation_mode": ""
              }
            ],
            "cluster_autoscaling": [
              {
                "auto_provisioning_defaults": [],
                "enabled": false,
                "resource_limits": []
              }
            ],
            "cluster_ipv4_cidr": "10.84.0.0/14",
            "confidential_nodes": [],
            "cost_management_config": [],
            "database_encryption": [
              {
                "key_name": "",
                "state": "DECRYPTED"
              }
            ],
            "datapath_provider": "",
            "default_max_pods_per_node": null,
            "default_snat_status": [
              {
                "disabled": false
              }
            ],
            "description": "",
            "dns_config": [],
            "enable_autopilot": false,
            "enable_binary_authorization": false,
            "enable_intranode_visibility": false,
            "enable_kubernetes_alpha": false,
            "enable_l4_ilb_subsetting": false,
            "enable_legacy_abac": false,
            "enable_shielded_nodes": true,
            "enable_tpu": false,
            "endpoint": "35.198.155.112",
            "gateway_api_config": [],
            "id": "projects/pg-xa-n-app-230466/locations/europe-west3-a/clusters/gke00568-compliant-cluster",
            "initial_node_count": 1,
            "ip_allocation_policy": [],
            "label_fingerprint": "a9dc16a7",
            "location": "europe-west3-a",
            "logging_config": [
              {
                "enable_components": [
                  "SYSTEM_COMPONENTS",
                  "WORKLOADS"
                ]
              }
            ],
            "logging_service": "logging.googleapis.com/kubernetes",
            "maintenance_policy": [],
            "master_auth": [
              {
                "client_certificate": "",
                "client_certificate_config": [
                  {
                    "issue_client_certificate": false
                  }
                ],
                "client_key": "",
                "cluster_ca_certificate": "LS0tLS1CRUdJTiBDRVJUSUZJQ0FURS0tLS0tCk1JSUVMVENDQXBXZ0F3SUJBZ0lSQU9JdFZkbjhVdnQrSnA1Q1UzK2x6aGt3RFFZSktvWklodmNOQVFFTEJRQXcKTHpFdE1Dc0dBMVVFQXhNa01UUTNZV1JqWm1FdE5EZGhNUzAwTkRjeExUbGpZV1F0WXpnMU5qa3hOamN3WW1ReQpNQ0FYRFRJek1EWXdOakE0TURBek1sb1lEekl3TlRNd05USTVNRGt3TURNeVdqQXZNUzB3S3dZRFZRUURFeVF4Ck5EZGhaR05tWVMwME4yRXhMVFEwTnpFdE9XTmhaQzFqT0RVMk9URTJOekJpWkRJd2dnR2lNQTBHQ1NxR1NJYjMKRFFFQkFRVUFBNElCandBd2dnR0tBb0lCZ1FDb3hHQUJOQVhmKy9sL0lGUzdtWmNrV3puVzcya3F0T0E4UVh4VwpSeStDZXh3SnpVVFNHdWRpTmhGcU1jaGtXQk16cGt3Um5jb1g1RUt2UTYzb1NuVEtFMUVTSVdWN2ZoZ0p0cHBrClM2UHlHTHlDQ0sxaklxYjNOSmZLK0RkdCttRmhTYjI0akJNSzNQcVVtYVBxbk1hYjc4eXEzaGNBb0ROMkRMSG8Kc25WOUorZnlTVlg5dzhSclRDbDhxUzc0eEVlZSswV25zWU9oc3pSQnQ2cnJURjZsTSttY21ndWlLWk9YdmZQYwpKc25RWHZuRi9QcGhVbnR0cUQ3cmhTeFFXTnpMTFQ3V1lRbW9saklZc29hRUVLRldVN0VERDBTVnQ4RnRwUFA3CmpDei9zWm1kV1pLYngrbzFtNDJabkRkSTJzK21vWkZYQUFTaXJUV2Z2Q2M1djEwUjFKcG5OWkJRUVgzQkdieXYKL1Z5YjVERE42SGYvWDVpNC9iVlRUemdUS1FlT1V1RzNxSDBIdTd0Vk9JMnM4N2Vka2dRVmo5MStpNEdiajR1MwpibnRaeG5qUFZvdXVVaXh0Z2QzZTZxUmlzY0V2UnprN2NZT1NzVWhBMlJXK09GS2lFSURSYlAyZEZrQkU4WkpxCkpSQXlvY2xtTlhPSjY1T0xUNytnVUdNRCtnTUNBd0VBQWFOQ01FQXdEZ1lEVlIwUEFRSC9CQVFEQWdJRU1BOEcKQTFVZEV3RUIvd1FGTUFNQkFmOHdIUVlEVlIwT0JCWUVGQ3hCZUcwODNCSUhMdFIveC92NGZad3JDWE9kTUEwRwpDU3FHU0liM0RRRUJDd1VBQTRJQmdRQnpZVzE4T1ptdFVXOEJlOVpISkErQjk2SVQrY3ZsTmZIYjNEdkhyTTJoClFaZGV0MnovQjdNa0JCbkZhVmc2SnNUZFFVMGtINEc0TmNaeVhiTU5ZVENqL0pTbUtneVQ4bDhFZ2lwTEJHck4KdFlWQVFSeDhRSHhncDFYd2R5RDZzeE1xRzRwQlVKdFc5UTFLazVoZWJRUGZYTm56ZXhkcG1zVW9RVkh6S0J5MgpqUUx6TWpDdTd4c0xaa3I4M1A3dE9JTC9CUzNtblo0elcyNkhrSmdRZExuTUZpU1hYV2dyU2VndGJGcmM2eWVpCk9nTXNxV0YzMG9YZkNUSFZGVEd6OENWc1J1TFQrL0U0L1pBT29DZXpzQTVJT3NVSHZOaEhpZmZGYkRCWmcxYkUKclJKcjhEdVpiWW9HSEdZNTF4M2lzU2hUQUJ1a1VjdXB3Ylczb3BpSjhaWFV6UkFRNnM0OVdXUGgzN1dmS0t4NwpRU3lOWkkzeTQ0V29FWVlIN011eDFOcHRwTG5TMHNuSFZtYytCZTFJTy9DQ01seW5JV0t0MXNTb0tzZ2N6M1hlCk4rV3pmeVQwTzZtTFR6M1lya3FsWkFlVGRadXhQTE1OYVFPSXI0dDlmTXQzMzUwTFlkZ0VrZWZjQ0ZSNGlHaWMKVXc5MXBDMEwwMnFZOGJTckZTakpPMk09Ci0tLS0tRU5EIENFUlRJRklDQVRFLS0tLS0K"
              }
            ],
            "master_authorized_networks_config": [],
            "master_version": "1.25.8-gke.500",
            "mesh_certificates": [],
            "min_master_version": null,
            "monitoring_config": [
              {
                "enable_components": [
                  "SYSTEM_COMPONENTS"
                ],
                "managed_prometheus": []
              }
            ],
            "monitoring_service": "monitoring.googleapis.com/kubernetes",
            "name": "gke00568-compliant-cluster",
            "network": "projects/pg-xa-n-app-230466/global/networks/gke00568-network",
            "network_policy": [
              {
                "enabled": false,
                "provider": "PROVIDER_UNSPECIFIED"
              }
            ],
            "networking_mode": "ROUTES",
            "node_config": [
              {
                "advanced_machine_features": [],
                "boot_disk_kms_key": "",
                "disk_size_gb": 100,
                "disk_type": "pd-balanced",
                "ephemeral_storage_local_ssd_config": [],
                "gcfs_config": [],
                "guest_accelerator": [],
                "gvnic": [],
                "image_type": "COS_CONTAINERD",
                "kubelet_config": [],
                "labels": {},
                "linux_node_config": [],
                "local_nvme_ssd_block_config": [],
                "local_ssd_count": 0,
                "logging_variant": "DEFAULT",
                "machine_type": "e2-small",
                "metadata": {
                  "disable-legacy-endpoints": "true"
                },
                "min_cpu_platform": "",
                "node_group": "",
                "oauth_scopes": [
                  "https://www.googleapis.com/auth/devstorage.read_only",
                  "https://www.googleapis.com/auth/logging.write",
                  "https://www.googleapis.com/auth/monitoring",
                  "https://www.googleapis.com/auth/service.management.readonly",
                  "https://www.googleapis.com/auth/servicecontrol",
                  "https://www.googleapis.com/auth/trace.append"
                ],
                "preemptible": true,
                "reservation_affinity": [],
                "resource_labels": null,
                "service_account": "default",
                "shielded_instance_config": [
                  {
                    "enable_integrity_monitoring": true,
                    "enable_secure_boot": false
                  }
                ],
                "spot": false,
                "tags": null,
                "taint": [],
                "workload_metadata_config": []
              }
            ],
            "node_locations": [],
            "node_pool": [
              {
                "autoscaling": [],
                "initial_node_count": 1,
                "instance_group_urls": [
                  "https://www.googleapis.com/compute/v1/projects/pg-xa-n-app-230466/zones/europe-west3-a/instanceGroupManagers/gke-gke00568-compliant-c-default-pool-6c4b4e9d-grp"
                ],
                "managed_instance_group_urls": [
                  "https://www.googleapis.com/compute/v1/projects/pg-xa-n-app-230466/zones/europe-west3-a/instanceGroups/gke-gke00568-compliant-c-default-pool-6c4b4e9d-grp"
                ],
                "management": [
                  {
                    "auto_repair": true,
                    "auto_upgrade": true
                  }
                ],
                "max_pods_per_node": 0,
                "name": "default-pool",
                "name_prefix": "",
                "network_config": [
                  {
                    "create_pod_range": false,
                    "enable_private_nodes": false,
                    "pod_cidr_overprovision_config": [],
                    "pod_ipv4_cidr_block": "",
                    "pod_range": ""
                  }
                ],
                "node_config": [
                  {
                    "advanced_machine_features": [],
                    "boot_disk_kms_key": "",
                    "disk_size_gb": 100,
                    "disk_type": "pd-balanced",
                    "ephemeral_storage_local_ssd_config": [],
                    "gcfs_config": [],
                    "guest_accelerator": [],
                    "gvnic": [],
                    "image_type": "COS_CONTAINERD",
                    "kubelet_config": [],
                    "labels": {},
                    "linux_node_config": [],
                    "local_nvme_ssd_block_config": [],
                    "local_ssd_count": 0,
                    "logging_variant": "DEFAULT",
                    "machine_type": "e2-small",
                    "metadata": {
                      "disable-legacy-endpoints": "true"
                    },
                    "min_cpu_platform": "",
                    "node_group": "",
                    "oauth_scopes": [
                      "https://www.googleapis.com/auth/devstorage.read_only",
                      "https://www.googleapis.com/auth/logging.write",
                      "https://www.googleapis.com/auth/monitoring",
                      "https://www.googleapis.com/auth/service.management.readonly",
                      "https://www.googleapis.com/auth/servicecontrol",
                      "https://www.googleapis.com/auth/trace.append"
                    ],
                    "preemptible": true,
                    "reservation_affinity": [],
                    "resource_labels": {},
                    "service_account": "default",
                    "shielded_instance_config": [
                      {
                        "enable_integrity_monitoring": true,
                        "enable_secure_boot": false
                      }
                    ],
                    "spot": false,
                    "tags": [],
                    "taint": [],
                    "workload_metadata_config": []
                  }
                ],
                "node_count": 1,
                "node_locations": [
                  "europe-west3-a"
                ],
                "placement_policy": [],
                "upgrade_settings": [
                  {
                    "blue_green_settings": [],
                    "max_surge": 1,
                    "max_unavailable": 0,
                    "strategy": "SURGE"
                  }
                ],
                "version": "1.25.8-gke.500"
              }
            ],
            "node_pool_defaults": [
              {
                "node_config_defaults": [
                  {
                    "logging_variant": "DEFAULT"
                  }
                ]
              }
            ],
            "node_version": "1.25.8-gke.500",
            "notification_config": [
              {
                "pubsub": [
                  {
                    "enabled": false,
                    "filter": [],
                    "topic": ""
                  }
                ]
              }
            ],
            "operation": null,
            "private_cluster_config": [
              {
                "enable_private_endpoint": false,
                "enable_private_nodes": false,
                "master_global_access_config": [
                  {
                    "enabled": false
                  }
                ],
                "master_ipv4_cidr_block": "",
                "peering_name": "",
                "private_endpoint": "10.156.0.4",
                "private_endpoint_subnetwork": "",
                "public_endpoint": "35.198.155.112"
              }
            ],
            "private_ipv6_google_access": "",
            "project": "pg-xa-n-app-230466",
            "release_channel": [
              {
                "channel": "REGULAR"
              }
            ],
            "remove_default_node_pool": null,
            "resource_labels": null,
            "resource_usage_export_config": [],
            "self_link": "https://container.googleapis.com/v1/projects/pg-xa-n-app-230466/zones/europe-west3-a/clusters/gke00568-compliant-cluster",
            "service_external_ips_config": [
              {
                "enabled": false
              }
            ],
            "services_ipv4_cidr": "10.87.240.0/20",
            "subnetwork": "projects/pg-xa-n-app-230466/regions/europe-west3/subnetworks/gke00568-network",
            "timeouts": null,
            "tpu_ipv4_cidr_block": "",
            "vertical_pod_autoscaling": [],
            "workload_identity_config": []
          },
          "sensitive_attributes": [],
          "private": "eyJlMmJmYjczMC1lY2FhLTExZTYtOGY4OC0zNDM2M2JjN2M0YzAiOnsiY3JlYXRlIjoyNDAwMDAwMDAwMDAwLCJkZWxldGUiOjI0MDAwMDAwMDAwMDAsInJlYWQiOjI0MDAwMDAwMDAwMDAsInVwZGF0ZSI6MzYwMDAwMDAwMDAwMH0sInNjaGVtYV92ZXJzaW9uIjoiMSJ9",
          "dependencies": [
            "google_compute_network.gke00568_network",
            "google_project_service.gke00568_services"
          ]
        }
      ]
    },
    {
      "mode": "managed",
      "type": "google_container_cluster",
      "name": "gke00568_non_applicable_cluster",
      "provider": "provider[\"registry.terraform.io/hashicorp/google\"]",
      "instances": [
        {
          "schema_version": 1,
          "attributes": {
            "addons_config": [
              {
                "cloudrun_config": [],
                "config_connector_config": [],
                "dns_cache_config": [],
                "gce_persistent_disk_csi_driver_config": [
                  {
                    "enabled": true
                  }
                ],
                "gcp_filestore_csi_driver_config": [],
                "gke_backup_agent_config": [],
                "horizontal_pod_autoscaling": [],
                "http_load_balancing": [],
                "network_policy_config": [
                  {
                    "disabled": true
                  }
                ]
              }
            ],
            "authenticator_groups_config": [],
            "binary_authorization": [
              {
                "enabled": false,
                "evaluation_mode": ""
              }
            ],
            "cluster_autoscaling": [
              {
                "auto_provisioning_defaults": [],
                "enabled": false,
                "resource_limits": []
              }
            ],
            "cluster_ipv4_cidr": "10.44.0.0/14",
            "confidential_nodes": [],
            "cost_management_config": [],
            "database_encryption": [
              {
                "key_name": "",
                "state": "DECRYPTED"
              }
            ],
            "datapath_provider": "",
            "default_max_pods_per_node": null,
            "default_snat_status": [
              {
                "disabled": false
              }
            ],
            "description": "",
            "dns_config": [],
            "enable_autopilot": false,
            "enable_binary_authorization": false,
            "enable_intranode_visibility": false,
            "enable_kubernetes_alpha": false,
            "enable_l4_ilb_subsetting": false,
            "enable_legacy_abac": false,
            "enable_shielded_nodes": true,
            "enable_tpu": false,
            "endpoint": "35.198.102.83",
            "gateway_api_config": [],
            "id": "projects/pg-xa-n-app-230466/locations/europe-west3-a/clusters/gke00568-non-applicable-cluster",
            "initial_node_count": 1,
            "ip_allocation_policy": [],
            "label_fingerprint": "a9dc16a7",
            "location": "europe-west3-a",
            "logging_config": [
              {
                "enable_components": [
                  "SYSTEM_COMPONENTS",
                  "WORKLOADS"
                ]
              }
            ],
            "logging_service": "logging.googleapis.com/kubernetes",
            "maintenance_policy": [],
            "master_auth": [
              {
                "client_certificate": "",
                "client_certificate_config": [
                  {
                    "issue_client_certificate": false
                  }
                ],
                "client_key": "",
                "cluster_ca_certificate": "LS0tLS1CRUdJTiBDRVJUSUZJQ0FURS0tLS0tCk1JSUVMRENDQXBTZ0F3SUJBZ0lRWUF6L2s2TWFzempkSVpWK0g1ZUY4REFOQmdrcWhraUc5dzBCQVFzRkFEQXYKTVMwd0t3WURWUVFERXlRelptRTBOV1F5T0MwMlpUZ3lMVFE0WlRJdE9EYzROQzFrT0RJMk9EUTFNbVl3TVRNdwpJQmNOTWpNd05qQTJNRGd3TURNeldoZ1BNakExTXpBMU1qa3dPVEF3TXpOYU1DOHhMVEFyQmdOVkJBTVRKRE5tCllUUTFaREk0TFRabE9ESXRORGhsTWkwNE56ZzBMV1E0TWpZNE5EVXlaakF4TXpDQ0FhSXdEUVlKS29aSWh2Y04KQVFFQkJRQURnZ0dQQURDQ0FZb0NnZ0dCQU9vVjVnRnllSHY5WW9ONmJtcmdaT1ROZDEzNkhXeTFPTlRiV2d3Tgp1TFJzY3dZeEJSaFV4WTN0b2VvaDNMakZDUldHUE9OMEFwZjVYMmVMcHR3T1JTWTkwY2cwdDQvcmkxU3VUQVgxCmEzaFVSbnZBbDB4Sms4TmpVQXVEYVAvQWRYa1g3alhCQUZ2aytqelZHTHFPM3ozWU0wZnlVWk8wbmhFdDl5aDIKbEdmc21CdGR3UE1rZzRPL1hvaTZqR245S3IvNVVJL3hDdXA3clQ5TGVJV2kwZVl6M1R1eEpJT2NLaGJZQUlocgpwZWRqWVdtb05uNURzaGVBTjZ5N0V5Ymk4elRETUhBUVludUF3L2FkRzRoUW9DVkhSQXhzSENFS0l6SUprTVpxCnBDLzJmMjk0WngrZWQrb1YyQ1VoeXBNMkJ1VnVnejF6c21rRkVka3krOVRVOTlaZGswWjVsb1hBM0oraXd2a1EKL0NYanhqRTVybFZnNng2ZS9vUGNKc0M5T0FQTXVvcFRpbGY0V0daWnZlY2IzVmpTbStnUldmU3hvb09KYzRtTApnQ0xnSG4yOTNuVTliSHM0cU5lZFIwRURnM2thYkdsaTFiS0RKR2FFK3NmU3UrK2JvakprcjFkUW9HdVdKMHQ1CllWa1VuTFNOYUFPQ1VwdFRqWWVDd0lyS2RRSURBUUFCbzBJd1FEQU9CZ05WSFE4QkFmOEVCQU1DQWdRd0R3WUQKVlIwVEFRSC9CQVV3QXdFQi96QWRCZ05WSFE0RUZnUVV4RnlpUjNpRkc4WmYxakhIck9OdFZUZHZBR1F3RFFZSgpLb1pJaHZjTkFRRUxCUUFEZ2dHQkFLbUs0REpoK1VwTnBKUm5mVS9XOGNRaDlqL1hlQU5QQk95TE1qNFRXUmdVClU5blNTQkRtdEVHaVVJeU51RFZEM09heDU1VExxYy9ZYmJIK011VGhQd01lZiswZ255SEkwYnBVdFJpb3Zrb2gKd2xWbTkvZHozM1czR3Z5Y1FQRkhUS2xVbHFTVlZKbnVRY3VaRnEvaElHbmh6MkptVjRqMWlJRGJ4eS9JMjRuYwpsUnJYa2pacEN0Wkl0bFJnanAzaHQzZ0hvRFlZTXBiVEZhZEpZSU5nalZiUWZGeWV1cEtkZURqcDF0K0F5elpmCjc5dHc3Mnkrd0I0NG50RkMzaS9rYWFjaDVwY1NoLzdCTlJ1THJFOU1TN0E5Q3g3V3UxZ0RlUVRURnVBTFVxakQKNXhkZXZxNUhwTWdzbzZ6cFlZRXBYREVJQ3NmYXJtbGVROWZqZmxqb1cxWGFaaHNjbUY1ZXVIamxTWG1GZlVhUQo4a25hMmVlT01wVzkvcEZWcGE1dW1YUEptdy9tVDJKN2xKd29sT2pxa1VZQ2FJRmhMREw5Z2tFdWRoY1ZFY0FlClB2dFRza3M4TGtkOHJoN2xNM2JiaFpNaVZRR05jSEhVaDA0TldHdjJIczQyUjlaUHYyVkdpMlRsUnZUNWJwQk0KVHUvTWpWOFhtRkxibXlWVWVjRHM2UT09Ci0tLS0tRU5EIENFUlRJRklDQVRFLS0tLS0K"
              }
            ],
            "master_authorized_networks_config": [],
            "master_version": "1.25.8-gke.500",
            "mesh_certificates": [],
            "min_master_version": null,
            "monitoring_config": [
              {
                "enable_components": [
                  "SYSTEM_COMPONENTS"
                ],
                "managed_prometheus": []
              }
            ],
            "monitoring_service": "monitoring.googleapis.com/kubernetes",
            "name": "gke00568-non-applicable-cluster",
            "network": "projects/pg-xa-n-app-230466/global/networks/gke00568-network",
            "network_policy": [
              {
                "enabled": false,
                "provider": "PROVIDER_UNSPECIFIED"
              }
            ],
            "networking_mode": "ROUTES",
            "node_config": [
              {
                "advanced_machine_features": [],
                "boot_disk_kms_key": "",
                "disk_size_gb": 100,
                "disk_type": "pd-balanced",
                "ephemeral_storage_local_ssd_config": [],
                "gcfs_config": [],
                "guest_accelerator": [],
                "gvnic": [],
                "image_type": "COS_CONTAINERD",
                "kubelet_config": [],
                "labels": {},
                "linux_node_config": [],
                "local_nvme_ssd_block_config": [],
                "local_ssd_count": 0,
                "logging_variant": "DEFAULT",
                "machine_type": "e2-small",
                "metadata": {
                  "disable-legacy-endpoints": "true"
                },
                "min_cpu_platform": "",
                "node_group": "",
                "oauth_scopes": [
                  "https://www.googleapis.com/auth/devstorage.read_only",
                  "https://www.googleapis.com/auth/logging.write",
                  "https://www.googleapis.com/auth/monitoring",
                  "https://www.googleapis.com/auth/service.management.readonly",
                  "https://www.googleapis.com/auth/servicecontrol",
                  "https://www.googleapis.com/auth/trace.append"
                ],
                "preemptible": true,
                "reservation_affinity": [],
                "resource_labels": null,
                "service_account": "default",
                "shielded_instance_config": [
                  {
                    "enable_integrity_monitoring": true,
                    "enable_secure_boot": false
                  }
                ],
                "spot": false,
                "tags": null,
                "taint": [],
                "workload_metadata_config": []
              }
            ],
            "node_locations": [],
            "node_pool": [
              {
                "autoscaling": [],
                "initial_node_count": 1,
                "instance_group_urls": [
                  "https://www.googleapis.com/compute/v1/projects/pg-xa-n-app-230466/zones/europe-west3-a/instanceGroupManagers/gke-gke00568-non-applica-default-pool-289e4ba6-grp"
                ],
                "managed_instance_group_urls": [
                  "https://www.googleapis.com/compute/v1/projects/pg-xa-n-app-230466/zones/europe-west3-a/instanceGroups/gke-gke00568-non-applica-default-pool-289e4ba6-grp"
                ],
                "management": [
                  {
                    "auto_repair": true,
                    "auto_upgrade": true
                  }
                ],
                "max_pods_per_node": 0,
                "name": "default-pool",
                "name_prefix": "",
                "network_config": [
                  {
                    "create_pod_range": false,
                    "enable_private_nodes": false,
                    "pod_cidr_overprovision_config": [],
                    "pod_ipv4_cidr_block": "",
                    "pod_range": ""
                  }
                ],
                "node_config": [
                  {
                    "advanced_machine_features": [],
                    "boot_disk_kms_key": "",
                    "disk_size_gb": 100,
                    "disk_type": "pd-balanced",
                    "ephemeral_storage_local_ssd_config": [],
                    "gcfs_config": [],
                    "guest_accelerator": [],
                    "gvnic": [],
                    "image_type": "COS_CONTAINERD",
                    "kubelet_config": [],
                    "labels": {},
                    "linux_node_config": [],
                    "local_nvme_ssd_block_config": [],
                    "local_ssd_count": 0,
                    "logging_variant": "DEFAULT",
                    "machine_type": "e2-small",
                    "metadata": {
                      "disable-legacy-endpoints": "true"
                    },
                    "min_cpu_platform": "",
                    "node_group": "",
                    "oauth_scopes": [
                      "https://www.googleapis.com/auth/devstorage.read_only",
                      "https://www.googleapis.com/auth/logging.write",
                      "https://www.googleapis.com/auth/monitoring",
                      "https://www.googleapis.com/auth/service.management.readonly",
                      "https://www.googleapis.com/auth/servicecontrol",
                      "https://www.googleapis.com/auth/trace.append"
                    ],
                    "preemptible": true,
                    "reservation_affinity": [],
                    "resource_labels": {},
                    "service_account": "default",
                    "shielded_instance_config": [
                      {
                        "enable_integrity_monitoring": true,
                        "enable_secure_boot": false
                      }
                    ],
                    "spot": false,
                    "tags": [],
                    "taint": [],
                    "workload_metadata_config": []
                  }
                ],
                "node_count": 1,
                "node_locations": [
                  "europe-west3-a"
                ],
                "placement_policy": [],
                "upgrade_settings": [
                  {
                    "blue_green_settings": [],
                    "max_surge": 1,
                    "max_unavailable": 0,
                    "strategy": "SURGE"
                  }
                ],
                "version": "1.25.8-gke.500"
              }
            ],
            "node_pool_defaults": [
              {
                "node_config_defaults": [
                  {
                    "logging_variant": "DEFAULT"
                  }
                ]
              }
            ],
            "node_version": "1.25.8-gke.500",
            "notification_config": [
              {
                "pubsub": [
                  {
                    "enabled": false,
                    "filter": [],
                    "topic": ""
                  }
                ]
              }
            ],
            "operation": null,
            "private_cluster_config": [
              {
                "enable_private_endpoint": false,
                "enable_private_nodes": false,
                "master_global_access_config": [
                  {
                    "enabled": false
                  }
                ],
                "master_ipv4_cidr_block": "",
                "peering_name": "",
                "private_endpoint": "10.156.0.2",
                "private_endpoint_subnetwork": "",
                "public_endpoint": "35.198.102.83"
              }
            ],
            "private_ipv6_google_access": "",
            "project": "pg-xa-n-app-230466",
            "release_channel": [
              {
                "channel": "REGULAR"
              }
            ],
            "remove_default_node_pool": null,
            "resource_labels": null,
            "resource_usage_export_config": [],
            "self_link": "https://container.googleapis.com/v1/projects/pg-xa-n-app-230466/zones/europe-west3-a/clusters/gke00568-non-applicable-cluster",
            "service_external_ips_config": [
              {
                "enabled": false
              }
            ],
            "services_ipv4_cidr": "10.47.240.0/20",
            "subnetwork": "projects/pg-xa-n-app-230466/regions/europe-west3/subnetworks/gke00568-network",
            "timeouts": null,
            "tpu_ipv4_cidr_block": "",
            "vertical_pod_autoscaling": [],
            "workload_identity_config": []
          },
          "sensitive_attributes": [],
          "private": "eyJlMmJmYjczMC1lY2FhLTExZTYtOGY4OC0zNDM2M2JjN2M0YzAiOnsiY3JlYXRlIjoyNDAwMDAwMDAwMDAwLCJkZWxldGUiOjI0MDAwMDAwMDAwMDAsInJlYWQiOjI0MDAwMDAwMDAwMDAsInVwZGF0ZSI6MzYwMDAwMDAwMDAwMH0sInNjaGVtYV92ZXJzaW9uIjoiMSJ9",
          "dependencies": [
            "google_compute_network.gke00568_network",
            "google_project_service.gke00568_services"
          ]
        }
      ]
    },
    {
      "mode": "managed",
      "type": "google_container_cluster",
      "name": "gke00568_non_compliant_cluster",
      "provider": "provider[\"registry.terraform.io/hashicorp/google\"]",
      "instances": [
        {
          "schema_version": 1,
          "attributes": {
            "addons_config": [
              {
                "cloudrun_config": [],
                "config_connector_config": [],
                "dns_cache_config": [],
                "gce_persistent_disk_csi_driver_config": [
                  {
                    "enabled": true
                  }
                ],
                "gcp_filestore_csi_driver_config": [],
                "gke_backup_agent_config": [],
                "horizontal_pod_autoscaling": [],
                "http_load_balancing": [],
                "network_policy_config": [
                  {
                    "disabled": true
                  }
                ]
              }
            ],
            "authenticator_groups_config": [],
            "binary_authorization": [
              {
                "enabled": false,
                "evaluation_mode": ""
              }
            ],
            "cluster_autoscaling": [
              {
                "auto_provisioning_defaults": [],
                "enabled": false,
                "resource_limits": []
              }
            ],
            "cluster_ipv4_cidr": "10.0.0.0/14",
            "confidential_nodes": [],
            "cost_management_config": [],
            "database_encryption": [
              {
                "key_name": "",
                "state": "DECRYPTED"
              }
            ],
            "datapath_provider": "",
            "default_max_pods_per_node": null,
            "default_snat_status": [
              {
                "disabled": false
              }
            ],
            "description": "",
            "dns_config": [],
            "enable_autopilot": false,
            "enable_binary_authorization": false,
            "enable_intranode_visibility": false,
            "enable_kubernetes_alpha": false,
            "enable_l4_ilb_subsetting": false,
            "enable_legacy_abac": false,
            "enable_shielded_nodes": true,
            "enable_tpu": false,
            "endpoint": "35.242.210.236",
            "gateway_api_config": [],
            "id": "projects/pg-xa-n-app-230466/locations/europe-west3-a/clusters/gke00568-non-compliant-cluster",
            "initial_node_count": 1,
            "ip_allocation_policy": [],
            "label_fingerprint": "a9dc16a7",
            "location": "europe-west3-a",
            "logging_config": [
              {
                "enable_components": [
                  "SYSTEM_COMPONENTS",
                  "WORKLOADS"
                ]
              }
            ],
            "logging_service": "logging.googleapis.com/kubernetes",
            "maintenance_policy": [],
            "master_auth": [
              {
                "client_certificate": "",
                "client_certificate_config": [
                  {
                    "issue_client_certificate": false
                  }
                ],
                "client_key": "",
                "cluster_ca_certificate": "LS0tLS1CRUdJTiBDRVJUSUZJQ0FURS0tLS0tCk1JSUVMRENDQXBTZ0F3SUJBZ0lRUjlIRHRSdHJOOG9mN3hKcjJ5RmJPakFOQmdrcWhraUc5dzBCQVFzRkFEQXYKTVMwd0t3WURWUVFERXlRME0ySTJZbVEyTXkweVpHWXdMVFExTm1FdFlXWmhOUzFoTkRrd1lUQXhNVEZoTVRFdwpJQmNOTWpNd05qQTJNRGd3TURNeldoZ1BNakExTXpBMU1qa3dPVEF3TXpOYU1DOHhMVEFyQmdOVkJBTVRKRFF6CllqWmlaRFl6TFRKa1pqQXRORFUyWVMxaFptRTFMV0UwT1RCaE1ERXhNV0V4TVRDQ0FhSXdEUVlKS29aSWh2Y04KQVFFQkJRQURnZ0dQQURDQ0FZb0NnZ0dCQUtyV3N6ODBoa2kwNkVEN1RpbmpXVjVheTlmTm4zT3RkR0xRQkNSLwp6QjRjVHorVENFYUd2NW1JR3lmSzBZNUVPN0d4dVV4NnUxSlkxK3J3eEZwMkY5czJRM1NiSVhSOHVyeXJxUStPCkhpem94YnNGN1pMa1FETWRGZnNQQTAyVFljYTdlWWt5NWl0OHFGeHFBRm9yK1d5TnVkVnNUaVhCSXQwRk1rbnoKdHUwZEt0VFRmenpEZjZSbkJ4OVZUcHI1aGU1bysvWWxpSkdrNTd6VVVnZW01eFJ5RTdnMTJ3dklnUS9xcFF2MQpZc01ZKzVrQWNjMEpLenpObjdYVHk3YlpBbCtIR3dzY1ViZDg5d3YzSFJsNGZnb3RMSFBLZlBwTkdiWXVwQms5ClFPWG8zTk1ldlJoRkFmZkJxcFRYUUQ5L1lHLzZKc3EwT2dPYUtDWDZUTUM1SEF2dkh5UzRKUDhUR29vTFE5d1EKbENXM1ptUmZHamRNNi9oS2FJUUkyb0lNK0w3bzJrY095dmxuK1JUWndIem9aSjYxWGdYZDRhajVBZkpVTDBMMApTNHRhMW1qRzZGdEhzOEV1MnF5SzJmQ0t6S3FUSnhyYWxGbzdsb2hENER0azhURm5kbWczcmRxZTRkOWNxaG1iCmI5Zk5mWHMyaHBxZitKUTRQVERWRGYxSkhRSURBUUFCbzBJd1FEQU9CZ05WSFE4QkFmOEVCQU1DQWdRd0R3WUQKVlIwVEFRSC9CQVV3QXdFQi96QWRCZ05WSFE0RUZnUVVIL0s0WW5vTUlWTHlOVkIvRm81aUhkbW91MGt3RFFZSgpLb1pJaHZjTkFRRUxCUUFEZ2dHQkFBTEp4Zjc1L2NpUkh2cHNHc3RoTDdGQzNaMUFscWRSMy9xdzJBL0FzU21QCmcrcXhMb3BFdWNCaU1XVGhFZHJubWtDcVk0ajk2SnNlTE1ZMytrdmpkbHJCdUFQa1p1THRHNlN4a1dDNFowNXgKVytSQ08vZncyeHUxcko1d3d1aXZmaWFVVkZuc1FWaFB2OTdiRTF0SkZ4UlVGUk90cXJhNUR0bHFYYk9WcFV0Ywo1Tm9ZV0FnQ0FvZW1sdVNJejM4VUliYkRuVnNQVDFZaFZYMkFrSGlGVlhZTmFpUFNZZDdEbFI1RFN5aU1YQktiCjFNR05Ib2NxNnd1V0o2d3RyTUdaMjUva0UvVGsyVXpZeWNNTmRBdkJDNDNlTG43QTZmeEhuV3dsMUpocGVDMlYKWTJkc0pjZ2FrY2NYQmRHK3JvWXJaeXhpeVJoKzIwMGJ0VnZTb3I0VjRmbFI3Uk9RbHlrWlRwdk9KSDU1RTllRApSSGducGFvMlBOOTJDcmRHM05VMm9wK0VSdXpRRlFGOXJLQkM2WHdyQStLVWNWcWExUk44UWJ5akVJRkJ5bVVwCmdQdTRvK2NLODMzbWhFV3pLd2k5V3NlV3ljdmhmOThONVVTWGRYbjV5UWFSRDBnK3kyVUwyaTJYRStWT3VrOTUKQVZ0Z2JQZTJEbm5CNWo4Qi9FOWwyZz09Ci0tLS0tRU5EIENFUlRJRklDQVRFLS0tLS0K"
              }
            ],
            "master_authorized_networks_config": [],
            "master_version": "1.25.8-gke.500",
            "mesh_certificates": [],
            "min_master_version": null,
            "monitoring_config": [
              {
                "enable_components": [
                  "SYSTEM_COMPONENTS"
                ],
                "managed_prometheus": []
              }
            ],
            "monitoring_service": "monitoring.googleapis.com/kubernetes",
            "name": "gke00568-non-compliant-cluster",
            "network": "projects/pg-xa-n-app-230466/global/networks/gke00568-network",
            "network_policy": [
              {
                "enabled": false,
                "provider": "PROVIDER_UNSPECIFIED"
              }
            ],
            "networking_mode": "ROUTES",
            "node_config": [
              {
                "advanced_machine_features": [],
                "boot_disk_kms_key": "",
                "disk_size_gb": 100,
                "disk_type": "pd-balanced",
                "ephemeral_storage_local_ssd_config": [],
                "gcfs_config": [],
                "guest_accelerator": [],
                "gvnic": [],
                "image_type": "COS_CONTAINERD",
                "kubelet_config": [],
                "labels": {},
                "linux_node_config": [],
                "local_nvme_ssd_block_config": [],
                "local_ssd_count": 0,
                "logging_variant": "DEFAULT",
                "machine_type": "e2-small",
                "metadata": {
                  "disable-legacy-endpoints": "true"
                },
                "min_cpu_platform": "",
                "node_group": "",
                "oauth_scopes": [
                  "https://www.googleapis.com/auth/devstorage.read_only",
                  "https://www.googleapis.com/auth/logging.write",
                  "https://www.googleapis.com/auth/monitoring",
                  "https://www.googleapis.com/auth/service.management.readonly",
                  "https://www.googleapis.com/auth/servicecontrol",
                  "https://www.googleapis.com/auth/trace.append"
                ],
                "preemptible": true,
                "reservation_affinity": [],
                "resource_labels": null,
                "service_account": "default",
                "shielded_instance_config": [
                  {
                    "enable_integrity_monitoring": true,
                    "enable_secure_boot": false
                  }
                ],
                "spot": false,
                "tags": null,
                "taint": [],
                "workload_metadata_config": []
              }
            ],
            "node_locations": [],
            "node_pool": [
              {
                "autoscaling": [],
                "initial_node_count": 1,
                "instance_group_urls": [
                  "https://www.googleapis.com/compute/v1/projects/pg-xa-n-app-230466/zones/europe-west3-a/instanceGroupManagers/gke-gke00568-non-complia-default-pool-8fc0a8cc-grp"
                ],
                "managed_instance_group_urls": [
                  "https://www.googleapis.com/compute/v1/projects/pg-xa-n-app-230466/zones/europe-west3-a/instanceGroups/gke-gke00568-non-complia-default-pool-8fc0a8cc-grp"
                ],
                "management": [
                  {
                    "auto_repair": true,
                    "auto_upgrade": true
                  }
                ],
                "max_pods_per_node": 0,
                "name": "default-pool",
                "name_prefix": "",
                "network_config": [
                  {
                    "create_pod_range": false,
                    "enable_private_nodes": false,
                    "pod_cidr_overprovision_config": [],
                    "pod_ipv4_cidr_block": "",
                    "pod_range": ""
                  }
                ],
                "node_config": [
                  {
                    "advanced_machine_features": [],
                    "boot_disk_kms_key": "",
                    "disk_size_gb": 100,
                    "disk_type": "pd-balanced",
                    "ephemeral_storage_local_ssd_config": [],
                    "gcfs_config": [],
                    "guest_accelerator": [],
                    "gvnic": [],
                    "image_type": "COS_CONTAINERD",
                    "kubelet_config": [],
                    "labels": {},
                    "linux_node_config": [],
                    "local_nvme_ssd_block_config": [],
                    "local_ssd_count": 0,
                    "logging_variant": "DEFAULT",
                    "machine_type": "e2-small",
                    "metadata": {
                      "disable-legacy-endpoints": "true"
                    },
                    "min_cpu_platform": "",
                    "node_group": "",
                    "oauth_scopes": [
                      "https://www.googleapis.com/auth/devstorage.read_only",
                      "https://www.googleapis.com/auth/logging.write",
                      "https://www.googleapis.com/auth/monitoring",
                      "https://www.googleapis.com/auth/service.management.readonly",
                      "https://www.googleapis.com/auth/servicecontrol",
                      "https://www.googleapis.com/auth/trace.append"
                    ],
                    "preemptible": true,
                    "reservation_affinity": [],
                    "resource_labels": {},
                    "service_account": "default",
                    "shielded_instance_config": [
                      {
                        "enable_integrity_monitoring": true,
                        "enable_secure_boot": false
                      }
                    ],
                    "spot": false,
                    "tags": [],
                    "taint": [],
                    "workload_metadata_config": []
                  }
                ],
                "node_count": 1,
                "node_locations": [
                  "europe-west3-a"
                ],
                "placement_policy": [],
                "upgrade_settings": [
                  {
                    "blue_green_settings": [],
                    "max_surge": 1,
                    "max_unavailable": 0,
                    "strategy": "SURGE"
                  }
                ],
                "version": "1.25.8-gke.500"
              }
            ],
            "node_pool_defaults": [
              {
                "node_config_defaults": [
                  {
                    "logging_variant": "DEFAULT"
                  }
                ]
              }
            ],
            "node_version": "1.25.8-gke.500",
            "notification_config": [
              {
                "pubsub": [
                  {
                    "enabled": false,
                    "filter": [],
                    "topic": ""
                  }
                ]
              }
            ],
            "operation": null,
            "private_cluster_config": [
              {
                "enable_private_endpoint": false,
                "enable_private_nodes": false,
                "master_global_access_config": [
                  {
                    "enabled": false
                  }
                ],
                "master_ipv4_cidr_block": "",
                "peering_name": "",
                "private_endpoint": "10.156.0.3",
                "private_endpoint_subnetwork": "",
                "public_endpoint": "35.242.210.236"
              }
            ],
            "private_ipv6_google_access": "",
            "project": "pg-xa-n-app-230466",
            "release_channel": [
              {
                "channel": "REGULAR"
              }
            ],
            "remove_default_node_pool": null,
            "resource_labels": null,
            "resource_usage_export_config": [],
            "self_link": "https://container.googleapis.com/v1/projects/pg-xa-n-app-230466/zones/europe-west3-a/clusters/gke00568-non-compliant-cluster",
            "service_external_ips_config": [
              {
                "enabled": false
              }
            ],
            "services_ipv4_cidr": "10.3.240.0/20",
            "subnetwork": "projects/pg-xa-n-app-230466/regions/europe-west3/subnetworks/gke00568-network",
            "timeouts": null,
            "tpu_ipv4_cidr_block": "",
            "vertical_pod_autoscaling": [],
            "workload_identity_config": []
          },
          "sensitive_attributes": [],
          "private": "eyJlMmJmYjczMC1lY2FhLTExZTYtOGY4OC0zNDM2M2JjN2M0YzAiOnsiY3JlYXRlIjoyNDAwMDAwMDAwMDAwLCJkZWxldGUiOjI0MDAwMDAwMDAwMDAsInJlYWQiOjI0MDAwMDAwMDAwMDAsInVwZGF0ZSI6MzYwMDAwMDAwMDAwMH0sInNjaGVtYV92ZXJzaW9uIjoiMSJ9",
          "dependencies": [
            "google_compute_network.gke00568_network",
            "google_project_service.gke00568_services"
          ]
        }
      ]
    },
    {
      "mode": "managed",
      "type": "google_project_service",
      "name": "gke00568_services",
      "provider": "provider[\"registry.terraform.io/hashicorp/google\"]",
      "instances": [
        {
          "index_key": "container.googleapis.com",
          "schema_version": 0,
          "attributes": {
            "disable_dependent_services": null,
            "disable_on_destroy": false,
            "id": "pg-xa-n-app-230466/container.googleapis.com",
            "project": "pg-xa-n-app-230466",
            "service": "container.googleapis.com",
            "timeouts": null
          },
          "sensitive_attributes": [],
          "private": "eyJlMmJmYjczMC1lY2FhLTExZTYtOGY4OC0zNDM2M2JjN2M0YzAiOnsiY3JlYXRlIjoxMjAwMDAwMDAwMDAwLCJkZWxldGUiOjEyMDAwMDAwMDAwMDAsInJlYWQiOjYwMDAwMDAwMDAwMCwidXBkYXRlIjoxMjAwMDAwMDAwMDAwfX0="
        }
      ]
    },
    {
      "mode": "managed",
      "type": "kubectl_manifest",
      "name": "gke00568_compliant_k8s_deployment",
      "provider": "provider[\"registry.terraform.io/gavinbunney/kubectl\"]",
      "instances": [
        {
          "schema_version": 1,
          "attributes": {
            "api_version": "apps/v1",
            "apply_only": false,
            "force_conflicts": false,
            "force_new": false,
            "id": "/apis/apps/v1/namespaces/gke00568-compliant-ns/deployments/nginx-deployment",
            "ignore_fields": null,
            "kind": "Deployment",
            "live_manifest_incluster": "e3ba4d13fcf32909b607f544bd6239d57a17c91ed0f2f748796c043ddbfbd33f",
            "live_uid": "1d0d7547-16f7-440a-aed4-7ff4db309fa9",
            "name": "nginx-deployment",
            "namespace": "gke00568-compliant-ns",
            "override_namespace": null,
            "sensitive_fields": null,
            "server_side_apply": false,
            "timeouts": null,
            "uid": "1d0d7547-16f7-440a-aed4-7ff4db309fa9",
            "validate_schema": true,
            "wait": null,
            "wait_for_rollout": true,
            "yaml_body": "apiVersion: apps/v1\nkind: Deployment\nmetadata:\n  name: nginx-deployment\n  namespace: gke00568-compliant-ns\n  labels:\n    app.kubernetes.io/name: nginx\nspec:\n  replicas: 1\n  selector:\n    matchLabels:\n      app.kubernetes.io/name: nginx\n  template:\n    metadata:\n      labels:\n        app.kubernetes.io/name: nginx\n    spec:\n      containers:\n        - name: nginx\n          image: nginx:1.14.2\n          ports:\n            - containerPort: 80\n",
            "yaml_body_parsed": "apiVersion: apps/v1\nkind: Deployment\nmetadata:\n  labels:\n    app.kubernetes.io/name: nginx\n  name: nginx-deployment\n  namespace: gke00568-compliant-ns\nspec:\n  replicas: 1\n  selector:\n    matchLabels:\n      app.kubernetes.io/name: nginx\n  template:\n    metadata:\n      labels:\n        app.kubernetes.io/name: nginx\n    spec:\n      containers:\n      - image: nginx:1.14.2\n        name: nginx\n        ports:\n        - containerPort: 80\n",
            "yaml_incluster": "e3ba4d13fcf32909b607f544bd6239d57a17c91ed0f2f748796c043ddbfbd33f"
          },
          "sensitive_attributes": [],
          "private": "eyJlMmJmYjczMC1lY2FhLTExZTYtOGY4OC0zNDM2M2JjN2M0YzAiOnsiY3JlYXRlIjo2MDAwMDAwMDAwMDB9LCJzY2hlbWFfdmVyc2lvbiI6IjEifQ==",
          "dependencies": [
            "data.google_client_config.default",
            "google_compute_network.gke00568_network",
            "google_container_cluster.gke00568_compliant_cluster",
            "google_project_service.gke00568_services",
            "kubectl_manifest.gke00568_compliant_k8s_ns"
          ]
        }
      ]
    },
    {
      "mode": "managed",
      "type": "kubectl_manifest",
      "name": "gke00568_compliant_k8s_ingress",
      "provider": "provider[\"registry.terraform.io/gavinbunney/kubectl\"]",
      "instances": [
        {
          "schema_version": 1,
          "attributes": {
            "api_version": "networking.k8s.io/v1",
            "apply_only": false,
            "force_conflicts": false,
            "force_new": false,
            "id": "/apis/networking.k8s.io/v1/namespaces/gke00568-compliant-ns/ingresses/gke00568-managed-cert-ingress",
            "ignore_fields": null,
            "kind": "Ingress",
            "live_manifest_incluster": "9bedfd7d6be539b0216ee60f4b0a78b24a25d4a5ceb7c5f243868c2698f11715",
            "live_uid": "720fa7b8-e0dc-412f-9c60-caeb704d137d",
            "name": "gke00568-managed-cert-ingress",
            "namespace": "gke00568-compliant-ns",
            "override_namespace": null,
            "sensitive_fields": null,
            "server_side_apply": false,
            "timeouts": null,
            "uid": "720fa7b8-e0dc-412f-9c60-caeb704d137d",
            "validate_schema": true,
            "wait": null,
            "wait_for_rollout": true,
            "yaml_body": "apiVersion: networking.k8s.io/v1\nkind: Ingress\nmetadata:\n  name: gke00568-managed-cert-ingress\n  namespace: gke00568-compliant-ns\n  annotations:\n    kubernetes.io/ingress.global-static-ip-name: gke00568-global-static-ip\n    networking.gke.io/managed-certificates: gke00568-managed-cert\n    kubernetes.io/ingress.class: \"gce\"\n  labels:\n    app.kubernetes.io/name: nginx\nspec:\n  defaultBackend:\n    service:\n      name: nginx-service\n      port:\n        number: 80\n",
            "yaml_body_parsed": "apiVersion: networking.k8s.io/v1\nkind: Ingress\nmetadata:\n  annotations:\n    kubernetes.io/ingress.class: gce\n    kubernetes.io/ingress.global-static-ip-name: gke00568-global-static-ip\n    networking.gke.io/managed-certificates: gke00568-managed-cert\n  labels:\n    app.kubernetes.io/name: nginx\n  name: gke00568-managed-cert-ingress\n  namespace: gke00568-compliant-ns\nspec:\n  defaultBackend:\n    service:\n      name: nginx-service\n      port:\n        number: 80\n",
            "yaml_incluster": "9bedfd7d6be539b0216ee60f4b0a78b24a25d4a5ceb7c5f243868c2698f11715"
          },
          "sensitive_attributes": [],
          "private": "eyJlMmJmYjczMC1lY2FhLTExZTYtOGY4OC0zNDM2M2JjN2M0YzAiOnsiY3JlYXRlIjo2MDAwMDAwMDAwMDB9LCJzY2hlbWFfdmVyc2lvbiI6IjEifQ==",
          "dependencies": [
            "data.google_client_config.default",
            "google_compute_global_address.gke00568_global_static_ip_address",
            "google_compute_network.gke00568_network",
            "google_container_cluster.gke00568_compliant_cluster",
            "google_project_service.gke00568_services",
            "kubectl_manifest.gke00568_compliant_k8s_ns"
          ]
        }
      ]
    },
    {
      "mode": "managed",
      "type": "kubectl_manifest",
      "name": "gke00568_compliant_k8s_managed_certificate",
      "provider": "provider[\"registry.terraform.io/gavinbunney/kubectl\"]",
      "instances": [
        {
          "schema_version": 1,
          "attributes": {
            "api_version": "networking.gke.io/v1",
            "apply_only": false,
            "force_conflicts": false,
            "force_new": false,
            "id": "/apis/networking.gke.io/v1/namespaces/gke00568-compliant-ns/managedcertificates/gke00568-managed-cert",
            "ignore_fields": null,
            "kind": "ManagedCertificate",
            "live_manifest_incluster": "9e96a0a28d4569fc78cd5fe1ff609274b9f7fdb9bdc360bab2b5adc3a369262a",
            "live_uid": "7868d892-694e-46a7-ba90-c447d9b30f0d",
            "name": "gke00568-managed-cert",
            "namespace": "gke00568-compliant-ns",
            "override_namespace": null,
            "sensitive_fields": null,
            "server_side_apply": false,
            "timeouts": null,
            "uid": "7868d892-694e-46a7-ba90-c447d9b30f0d",
            "validate_schema": true,
            "wait": null,
            "wait_for_rollout": true,
            "yaml_body": "apiVersion: networking.gke.io/v1\nkind: ManagedCertificate\nmetadata:\n  name: gke00568-managed-cert\n  namespace: gke00568-compliant-ns\nspec:\n  domains:\n    - gke00568.test.com\n",
            "yaml_body_parsed": "apiVersion: networking.gke.io/v1\nkind: ManagedCertificate\nmetadata:\n  name: gke00568-managed-cert\n  namespace: gke00568-compliant-ns\nspec:\n  domains:\n  - gke00568.test.com\n",
            "yaml_incluster": "9e96a0a28d4569fc78cd5fe1ff609274b9f7fdb9bdc360bab2b5adc3a369262a"
          },
          "sensitive_attributes": [],
          "private": "eyJlMmJmYjczMC1lY2FhLTExZTYtOGY4OC0zNDM2M2JjN2M0YzAiOnsiY3JlYXRlIjo2MDAwMDAwMDAwMDB9LCJzY2hlbWFfdmVyc2lvbiI6IjEifQ==",
          "dependencies": [
            "data.google_client_config.default",
            "google_compute_network.gke00568_network",
            "google_container_cluster.gke00568_compliant_cluster",
            "google_project_service.gke00568_services",
            "kubectl_manifest.gke00568_compliant_k8s_ns"
          ]
        }
      ]
    },
    {
      "mode": "managed",
      "type": "kubectl_manifest",
      "name": "gke00568_compliant_k8s_ns",
      "provider": "provider[\"registry.terraform.io/gavinbunney/kubectl\"]",
      "instances": [
        {
          "schema_version": 1,
          "attributes": {
            "api_version": "v1",
            "apply_only": false,
            "force_conflicts": false,
            "force_new": false,
            "id": "/api/v1/namespaces/gke00568-compliant-ns",
            "ignore_fields": null,
            "kind": "Namespace",
            "live_manifest_incluster": "7c5d090ad74c5a7a81c889f6e409f67b6ef373f0ed4bd8b2284928890100a24d",
            "live_uid": "a9135fca-67a5-4640-9d4d-b186d78c3cf7",
            "name": "gke00568-compliant-ns",
            "namespace": null,
            "override_namespace": null,
            "sensitive_fields": null,
            "server_side_apply": false,
            "timeouts": null,
            "uid": "a9135fca-67a5-4640-9d4d-b186d78c3cf7",
            "validate_schema": true,
            "wait": null,
            "wait_for_rollout": true,
            "yaml_body": "---\napiVersion: v1\nkind: Namespace\nmetadata:\n  name: gke00568-compliant-ns\n",
            "yaml_body_parsed": "apiVersion: v1\nkind: Namespace\nmetadata:\n  name: gke00568-compliant-ns\n",
            "yaml_incluster": "7c5d090ad74c5a7a81c889f6e409f67b6ef373f0ed4bd8b2284928890100a24d"
          },
          "sensitive_attributes": [],
          "private": "eyJlMmJmYjczMC1lY2FhLTExZTYtOGY4OC0zNDM2M2JjN2M0YzAiOnsiY3JlYXRlIjo2MDAwMDAwMDAwMDB9LCJzY2hlbWFfdmVyc2lvbiI6IjEifQ==",
          "dependencies": [
            "data.google_client_config.default",
            "google_compute_network.gke00568_network",
            "google_container_cluster.gke00568_compliant_cluster",
            "google_project_service.gke00568_services"
          ]
        }
      ]
    },
    {
      "mode": "managed",
      "type": "kubectl_manifest",
      "name": "gke00568_compliant_k8s_service",
      "provider": "provider[\"registry.terraform.io/gavinbunney/kubectl\"]",
      "instances": [
        {
          "schema_version": 1,
          "attributes": {
            "api_version": "v1",
            "apply_only": false,
            "force_conflicts": false,
            "force_new": false,
            "id": "/api/v1/namespaces/gke00568-compliant-ns/services/nginx-service",
            "ignore_fields": null,
            "kind": "Service",
            "live_manifest_incluster": "5cded70cc651e3c85132c5a72f3f37b40f6f774a854929fe613ed40f8c4d787d",
            "live_uid": "c36a0e5e-93b1-474a-ae9a-3400f0eb135e",
            "name": "nginx-service",
            "namespace": "gke00568-compliant-ns",
            "override_namespace": null,
            "sensitive_fields": null,
            "server_side_apply": false,
            "timeouts": null,
            "uid": "c36a0e5e-93b1-474a-ae9a-3400f0eb135e",
            "validate_schema": true,
            "wait": null,
            "wait_for_rollout": true,
            "yaml_body": "apiVersion: v1\nkind: Service\nmetadata:\n  name: nginx-service\n  namespace: gke00568-compliant-ns\n  labels:\n    app.kubernetes.io/name: nginx\nspec:\n  selector:\n    app.kubernetes.io/name: nginx\n  ports:\n    - protocol: TCP\n      port: 80\n      targetPort: 80\n  type: NodePort",
            "yaml_body_parsed": "apiVersion: v1\nkind: Service\nmetadata:\n  labels:\n    app.kubernetes.io/name: nginx\n  name: nginx-service\n  namespace: gke00568-compliant-ns\nspec:\n  ports:\n  - port: 80\n    protocol: TCP\n    targetPort: 80\n  selector:\n    app.kubernetes.io/name: nginx\n  type: NodePort\n",
            "yaml_incluster": "5cded70cc651e3c85132c5a72f3f37b40f6f774a854929fe613ed40f8c4d787d"
          },
          "sensitive_attributes": [],
          "private": "eyJlMmJmYjczMC1lY2FhLTExZTYtOGY4OC0zNDM2M2JjN2M0YzAiOnsiY3JlYXRlIjo2MDAwMDAwMDAwMDB9LCJzY2hlbWFfdmVyc2lvbiI6IjEifQ==",
          "dependencies": [
            "data.google_client_config.default",
            "google_compute_network.gke00568_network",
            "google_container_cluster.gke00568_compliant_cluster",
            "google_project_service.gke00568_services",
            "kubectl_manifest.gke00568_compliant_k8s_ns"
          ]
        }
      ]
    },
    {
      "mode": "managed",
      "type": "kubectl_manifest",
      "name": "gke00568_non_compliant_k8s_deployment",
      "provider": "provider[\"registry.terraform.io/gavinbunney/kubectl\"].non-compliant",
      "instances": [
        {
          "schema_version": 1,
          "attributes": {
            "api_version": "apps/v1",
            "apply_only": false,
            "force_conflicts": false,
            "force_new": false,
            "id": "/apis/apps/v1/namespaces/gke00568-non-compliant-ns/deployments/nginx-deployment",
            "ignore_fields": null,
            "kind": "Deployment",
            "live_manifest_incluster": "6c378976877d5d4adfa2d8535df2858a3b7c85439a467eacd2d27785b2f6f681",
            "live_uid": "4f4578f1-53d9-43b2-9a30-06aee653bee0",
            "name": "nginx-deployment",
            "namespace": "gke00568-non-compliant-ns",
            "override_namespace": null,
            "sensitive_fields": null,
            "server_side_apply": false,
            "timeouts": null,
            "uid": "4f4578f1-53d9-43b2-9a30-06aee653bee0",
            "validate_schema": true,
            "wait": null,
            "wait_for_rollout": true,
            "yaml_body": "apiVersion: apps/v1\nkind: Deployment\nmetadata:\n  name: nginx-deployment\n  namespace: gke00568-non-compliant-ns\n  labels:\n    app.kubernetes.io/name: nginx\nspec:\n  replicas: 1\n  selector:\n    matchLabels:\n      app.kubernetes.io/name: nginx\n  template:\n    metadata:\n      labels:\n        app.kubernetes.io/name: nginx\n    spec:\n      containers:\n        - name: nginx\n          image: nginx:1.14.2\n          ports:\n            - containerPort: 80\n",
            "yaml_body_parsed": "apiVersion: apps/v1\nkind: Deployment\nmetadata:\n  labels:\n    app.kubernetes.io/name: nginx\n  name: nginx-deployment\n  namespace: gke00568-non-compliant-ns\nspec:\n  replicas: 1\n  selector:\n    matchLabels:\n      app.kubernetes.io/name: nginx\n  template:\n    metadata:\n      labels:\n        app.kubernetes.io/name: nginx\n    spec:\n      containers:\n      - image: nginx:1.14.2\n        name: nginx\n        ports:\n        - containerPort: 80\n",
            "yaml_incluster": "6c378976877d5d4adfa2d8535df2858a3b7c85439a467eacd2d27785b2f6f681"
          },
          "sensitive_attributes": [],
          "private": "eyJlMmJmYjczMC1lY2FhLTExZTYtOGY4OC0zNDM2M2JjN2M0YzAiOnsiY3JlYXRlIjo2MDAwMDAwMDAwMDB9LCJzY2hlbWFfdmVyc2lvbiI6IjEifQ==",
          "dependencies": [
            "data.google_client_config.default",
            "google_compute_network.gke00568_network",
            "google_container_cluster.gke00568_non_compliant_cluster",
            "google_project_service.gke00568_services",
            "kubectl_manifest.gke00568_non_compliant_k8s_ns"
          ]
        }
      ]
    },
    {
      "mode": "managed",
      "type": "kubectl_manifest",
      "name": "gke00568_non_compliant_k8s_ingress_1",
      "provider": "provider[\"registry.terraform.io/gavinbunney/kubectl\"].non-compliant",
      "instances": [
        {
          "schema_version": 1,
          "attributes": {
            "api_version": "networking.k8s.io/v1",
            "apply_only": false,
            "force_conflicts": false,
            "force_new": false,
            "id": "/apis/networking.k8s.io/v1/namespaces/gke00568-non-compliant-ns/ingresses/gke00568-non-compliant-ingress-1",
            "ignore_fields": null,
            "kind": "Ingress",
            "live_manifest_incluster": "a0beb81457be5ae2e64c723df7df97dceff76d7fe572f017d0143c7f34372694",
            "live_uid": "4710a3cc-2ffe-4c82-a3ed-41a7492b771c",
            "name": "gke00568-non-compliant-ingress-1",
            "namespace": "gke00568-non-compliant-ns",
            "override_namespace": null,
            "sensitive_fields": null,
            "server_side_apply": false,
            "timeouts": null,
            "uid": "4710a3cc-2ffe-4c82-a3ed-41a7492b771c",
            "validate_schema": true,
            "wait": null,
            "wait_for_rollout": true,
            "yaml_body": "apiVersion: networking.k8s.io/v1\nkind: Ingress\nmetadata:\n  name: gke00568-non-compliant-ingress-1\n  namespace: gke00568-non-compliant-ns\n  labels:\n    app.kubernetes.io/name: nginx\nspec:\n  defaultBackend:\n    service:\n      name: nginx-service-2\n      port:\n        number: 80\n",
            "yaml_body_parsed": "apiVersion: networking.k8s.io/v1\nkind: Ingress\nmetadata:\n  labels:\n    app.kubernetes.io/name: nginx\n  name: gke00568-non-compliant-ingress-1\n  namespace: gke00568-non-compliant-ns\nspec:\n  defaultBackend:\n    service:\n      name: nginx-service-2\n      port:\n        number: 80\n",
            "yaml_incluster": "a0beb81457be5ae2e64c723df7df97dceff76d7fe572f017d0143c7f34372694"
          },
          "sensitive_attributes": [],
          "private": "eyJlMmJmYjczMC1lY2FhLTExZTYtOGY4OC0zNDM2M2JjN2M0YzAiOnsiY3JlYXRlIjo2MDAwMDAwMDAwMDB9LCJzY2hlbWFfdmVyc2lvbiI6IjEifQ==",
          "dependencies": [
            "data.google_client_config.default",
            "google_compute_network.gke00568_network",
            "google_container_cluster.gke00568_non_compliant_cluster",
            "google_project_service.gke00568_services",
            "kubectl_manifest.gke00568_non_compliant_k8s_ns"
          ]
        }
      ]
    },
    {
      "mode": "managed",
      "type": "kubectl_manifest",
      "name": "gke00568_non_compliant_k8s_ingress_2",
      "provider": "provider[\"registry.terraform.io/gavinbunney/kubectl\"].non-compliant",
      "instances": [
        {
          "schema_version": 1,
          "attributes": {
            "api_version": "networking.k8s.io/v1",
            "apply_only": false,
            "force_conflicts": false,
            "force_new": false,
            "id": "/apis/networking.k8s.io/v1/namespaces/gke00568-non-compliant-ns/ingresses/gke00568-non-compliant-ingress-2",
            "ignore_fields": null,
            "kind": "Ingress",
            "live_manifest_incluster": "7de228cf246b521ea45def9b38967434ad30a653cacfe583c1826084170cd5c9",
            "live_uid": "fc29d0a5-4445-4097-905a-350221c88530",
            "name": "gke00568-non-compliant-ingress-2",
            "namespace": "gke00568-non-compliant-ns",
            "override_namespace": null,
            "sensitive_fields": null,
            "server_side_apply": false,
            "timeouts": null,
            "uid": "fc29d0a5-4445-4097-905a-350221c88530",
            "validate_schema": true,
            "wait": null,
            "wait_for_rollout": true,
            "yaml_body": "apiVersion: networking.k8s.io/v1\nkind: Ingress\nmetadata:\n  name: gke00568-non-compliant-ingress-2\n  namespace: gke00568-non-compliant-ns\n  labels:\n    app.kubernetes.io/name: nginx\n  annotations:\n    networking.gke.io/managed-certificates: gke00568-non-compliant-managed-cert\n    kubernetes.io/ingress.class: \"gce\"\nspec:\n  defaultBackend:\n    service:\n      name: nginx-service-2\n      port:\n        number: 80\n",
            "yaml_body_parsed": "apiVersion: networking.k8s.io/v1\nkind: Ingress\nmetadata:\n  annotations:\n    kubernetes.io/ingress.class: gce\n    networking.gke.io/managed-certificates: gke00568-non-compliant-managed-cert\n  labels:\n    app.kubernetes.io/name: nginx\n  name: gke00568-non-compliant-ingress-2\n  namespace: gke00568-non-compliant-ns\nspec:\n  defaultBackend:\n    service:\n      name: nginx-service-2\n      port:\n        number: 80\n",
            "yaml_incluster": "7de228cf246b521ea45def9b38967434ad30a653cacfe583c1826084170cd5c9"
          },
          "sensitive_attributes": [],
          "private": "eyJlMmJmYjczMC1lY2FhLTExZTYtOGY4OC0zNDM2M2JjN2M0YzAiOnsiY3JlYXRlIjo2MDAwMDAwMDAwMDB9LCJzY2hlbWFfdmVyc2lvbiI6IjEifQ==",
          "dependencies": [
            "data.google_client_config.default",
            "google_compute_network.gke00568_network",
            "google_container_cluster.gke00568_non_compliant_cluster",
            "google_project_service.gke00568_services",
            "kubectl_manifest.gke00568_non_compliant_k8s_ns"
          ]
        }
      ]
    },
    {
      "mode": "managed",
      "type": "kubectl_manifest",
      "name": "gke00568_non_compliant_k8s_ns",
      "provider": "provider[\"registry.terraform.io/gavinbunney/kubectl\"].non-compliant",
      "instances": [
        {
          "schema_version": 1,
          "attributes": {
            "api_version": "v1",
            "apply_only": false,
            "force_conflicts": false,
            "force_new": false,
            "id": "/api/v1/namespaces/gke00568-non-compliant-ns",
            "ignore_fields": null,
            "kind": "Namespace",
            "live_manifest_incluster": "1897d29c5172a3d96b538c285b098ef996c8c91459babdcbeaf5d2549dadad6a",
            "live_uid": "5fd486f9-c434-4c5a-bf2a-8d329a5bd8a5",
            "name": "gke00568-non-compliant-ns",
            "namespace": null,
            "override_namespace": null,
            "sensitive_fields": null,
            "server_side_apply": false,
            "timeouts": null,
            "uid": "5fd486f9-c434-4c5a-bf2a-8d329a5bd8a5",
            "validate_schema": true,
            "wait": null,
            "wait_for_rollout": true,
            "yaml_body": "apiVersion: v1\nkind: Namespace\nmetadata:\n  name: gke00568-non-compliant-ns\n",
            "yaml_body_parsed": "apiVersion: v1\nkind: Namespace\nmetadata:\n  name: gke00568-non-compliant-ns\n",
            "yaml_incluster": "1897d29c5172a3d96b538c285b098ef996c8c91459babdcbeaf5d2549dadad6a"
          },
          "sensitive_attributes": [],
          "private": "eyJlMmJmYjczMC1lY2FhLTExZTYtOGY4OC0zNDM2M2JjN2M0YzAiOnsiY3JlYXRlIjo2MDAwMDAwMDAwMDB9LCJzY2hlbWFfdmVyc2lvbiI6IjEifQ==",
          "dependencies": [
            "data.google_client_config.default",
            "google_compute_network.gke00568_network",
            "google_container_cluster.gke00568_non_compliant_cluster",
            "google_project_service.gke00568_services"
          ]
        }
      ]
    },
    {
      "mode": "managed",
      "type": "kubectl_manifest",
      "name": "gke00568_non_compliant_k8s_service_1",
      "provider": "provider[\"registry.terraform.io/gavinbunney/kubectl\"].non-compliant",
      "instances": [
        {
          "schema_version": 1,
          "attributes": {
            "api_version": "v1",
            "apply_only": false,
            "force_conflicts": false,
            "force_new": false,
            "id": "/api/v1/namespaces/gke00568-non-compliant-ns/services/nginx-service-1",
            "ignore_fields": null,
            "kind": "Service",
            "live_manifest_incluster": "fcc474402e27b087f2de884c37e851cb8890a5f8c0a20207ac16c2045f5752a4",
            "live_uid": "44ab0054-d619-441d-8ac9-d490bf7453b6",
            "name": "nginx-service-1",
            "namespace": "gke00568-non-compliant-ns",
            "override_namespace": null,
            "sensitive_fields": null,
            "server_side_apply": false,
            "timeouts": null,
            "uid": "44ab0054-d619-441d-8ac9-d490bf7453b6",
            "validate_schema": true,
            "wait": null,
            "wait_for_rollout": true,
            "yaml_body": "apiVersion: v1\nkind: Service\nmetadata:\n  name: nginx-service-1\n  namespace: gke00568-non-compliant-ns\n  labels:\n    app.kubernetes.io/name: nginx\nspec:\n  selector:\n    app.kubernetes.io/name: nginx\n  ports:\n    - protocol: TCP\n      port: 80\n      targetPort: 80\n  type: LoadBalancer\n",
            "yaml_body_parsed": "apiVersion: v1\nkind: Service\nmetadata:\n  labels:\n    app.kubernetes.io/name: nginx\n  name: nginx-service-1\n  namespace: gke00568-non-compliant-ns\nspec:\n  ports:\n  - port: 80\n    protocol: TCP\n    targetPort: 80\n  selector:\n    app.kubernetes.io/name: nginx\n  type: LoadBalancer\n",
            "yaml_incluster": "fcc474402e27b087f2de884c37e851cb8890a5f8c0a20207ac16c2045f5752a4"
          },
          "sensitive_attributes": [],
          "private": "eyJlMmJmYjczMC1lY2FhLTExZTYtOGY4OC0zNDM2M2JjN2M0YzAiOnsiY3JlYXRlIjo2MDAwMDAwMDAwMDB9LCJzY2hlbWFfdmVyc2lvbiI6IjEifQ==",
          "dependencies": [
            "data.google_client_config.default",
            "google_compute_network.gke00568_network",
            "google_container_cluster.gke00568_non_compliant_cluster",
            "google_project_service.gke00568_services",
            "kubectl_manifest.gke00568_non_compliant_k8s_ns"
          ]
        }
      ]
    },
    {
      "mode": "managed",
      "type": "kubectl_manifest",
      "name": "gke00568_non_compliant_k8s_service_2",
      "provider": "provider[\"registry.terraform.io/gavinbunney/kubectl\"].non-compliant",
      "instances": [
        {
          "schema_version": 1,
          "attributes": {
            "api_version": "v1",
            "apply_only": false,
            "force_conflicts": false,
            "force_new": false,
            "id": "/api/v1/namespaces/gke00568-non-compliant-ns/services/nginx-service-2",
            "ignore_fields": null,
            "kind": "Service",
            "live_manifest_incluster": "32017909fd81b2bc236496573a8f8f643ca6680af4433878e7ccc3bd06bcdd38",
            "live_uid": "b20223e0-fbfb-499a-917d-9f9a5acc9d26",
            "name": "nginx-service-2",
            "namespace": "gke00568-non-compliant-ns",
            "override_namespace": null,
            "sensitive_fields": null,
            "server_side_apply": false,
            "timeouts": null,
            "uid": "b20223e0-fbfb-499a-917d-9f9a5acc9d26",
            "validate_schema": true,
            "wait": null,
            "wait_for_rollout": true,
            "yaml_body": "apiVersion: v1\nkind: Service\nmetadata:\n  name: nginx-service-2\n  namespace: gke00568-non-compliant-ns\n  labels:\n    app.kubernetes.io/name: nginx\nspec:\n  selector:\n    app.kubernetes.io/name: nginx\n  ports:\n    - protocol: TCP\n      port: 80\n      targetPort: 80\n  type: NodePort\n",
            "yaml_body_parsed": "apiVersion: v1\nkind: Service\nmetadata:\n  labels:\n    app.kubernetes.io/name: nginx\n  name: nginx-service-2\n  namespace: gke00568-non-compliant-ns\nspec:\n  ports:\n  - port: 80\n    protocol: TCP\n    targetPort: 80\n  selector:\n    app.kubernetes.io/name: nginx\n  type: NodePort\n",
            "yaml_incluster": "32017909fd81b2bc236496573a8f8f643ca6680af4433878e7ccc3bd06bcdd38"
          },
          "sensitive_attributes": [],
          "private": "eyJlMmJmYjczMC1lY2FhLTExZTYtOGY4OC0zNDM2M2JjN2M0YzAiOnsiY3JlYXRlIjo2MDAwMDAwMDAwMDB9LCJzY2hlbWFfdmVyc2lvbiI6IjEifQ==",
          "dependencies": [
            "data.google_client_config.default",
            "google_compute_network.gke00568_network",
            "google_container_cluster.gke00568_non_compliant_cluster",
            "google_project_service.gke00568_services",
            "kubectl_manifest.gke00568_non_compliant_k8s_ns"
          ]
        }
      ]
    }
  ],
  "check_results": null
}
