{
  "version": 4,
  "terraform_version": "1.4.4",
  "serial": 6,
  "lineage": "9464b78f-e57a-7e2a-b19b-8063893ec505",
  "outputs": {},
  "resources": [
    {
      "mode": "data",
      "type": "google_container_engine_versions",
      "name": "central1a",
      "provider": "provider[\"registry.terraform.io/hashicorp/google\"]",
      "instances": [
        {
          "schema_version": 0,
          "attributes": {
            "default_cluster_version": "1.25.8-gke.500",
            "id": "2023-05-31 14:57:27.9648405 +0000 UTC",
            "latest_master_version": "1.24.13-gke.500",
            "latest_node_version": "1.24.13-gke.500",
            "location": "europe-west3-a",
            "project": null,
            "release_channel_default_version": {
              "RAPID": "1.26.3-gke.1000",
              "REGULAR": "1.25.8-gke.500",
              "STABLE": "1.24.11-gke.1000"
            },
            "release_channel_latest_version": {
              "RAPID": "1.24.13-gke.500",
              "REGULAR": "1.24.12-gke.500",
              "STABLE": "1.24.12-gke.500"
            },
            "valid_master_versions": [
              "1.24.13-gke.500",
              "1.24.12-gke.1000",
              "1.24.12-gke.500",
              "1.24.11-gke.1000",
              "1.24.10-gke.2300"
            ],
            "valid_node_versions": [
              "1.24.13-gke.500",
              "1.24.12-gke.1000",
              "1.24.12-gke.500",
              "1.24.11-gke.1000",
              "1.24.10-gke.2300",
              "1.24.10-gke.1200",
              "1.24.9-gke.3200",
              "1.24.9-gke.2000",
              "1.24.9-gke.1500",
              "1.24.8-gke.2000",
              "1.24.8-gke.401",
              "1.24.7-gke.900",
              "1.24.6-gke.1500",
              "1.24.5-gke.600",
              "1.24.4-gke.800",
              "1.24.3-gke.2100",
              "1.24.3-gke.900",
              "1.24.3-gke.200",
              "1.24.2-gke.1900",
              "1.24.2-gke.300",
              "1.24.1-gke.1800",
              "1.24.1-gke.1400"
            ],
            "version_prefix": "1.24."
          },
          "sensitive_attributes": []
        }
      ]
    },
    {
      "mode": "managed",
      "type": "google_compute_network",
      "name": "main",
      "provider": "provider[\"registry.terraform.io/hashicorp/google\"]",
      "instances": [
        {
          "schema_version": 0,
          "attributes": {
            "auto_create_subnetworks": false,
            "delete_default_routes_on_create": false,
            "description": "",
            "enable_ula_internal_ipv6": false,
            "gateway_ipv4": "",
            "id": "projects/pg-xa-n-app-230466/global/networks/gke00423",
            "internal_ipv6_range": "",
            "mtu": 1460,
            "name": "gke00423",
            "network_firewall_policy_enforcement_order": "AFTER_CLASSIC_FIREWALL",
            "project": "pg-xa-n-app-230466",
            "routing_mode": "REGIONAL",
            "self_link": "https://www.googleapis.com/compute/v1/projects/pg-xa-n-app-230466/global/networks/gke00423",
            "timeouts": null
          },
          "sensitive_attributes": [],
          "private": "eyJlMmJmYjczMC1lY2FhLTExZTYtOGY4OC0zNDM2M2JjN2M0YzAiOnsiY3JlYXRlIjoxMjAwMDAwMDAwMDAwLCJkZWxldGUiOjEyMDAwMDAwMDAwMDAsInVwZGF0ZSI6MTIwMDAwMDAwMDAwMH19",
          "dependencies": [
            "google_project_service.compute",
            "google_project_service.container"
          ]
        }
      ]
    },
    {
      "mode": "managed",
      "type": "google_compute_subnetwork",
      "name": "private",
      "provider": "provider[\"registry.terraform.io/hashicorp/google\"]",
      "instances": [
        {
          "schema_version": 0,
          "attributes": {
            "creation_timestamp": "2023-05-31T07:58:12.278-07:00",
            "description": "",
            "external_ipv6_prefix": "",
            "fingerprint": null,
            "gateway_address": "10.0.0.1",
            "id": "projects/pg-xa-n-app-230466/regions/europe-west3/subnetworks/gke00423",
            "ip_cidr_range": "10.0.0.0/18",
            "ipv6_access_type": "",
            "ipv6_cidr_range": "",
            "log_config": [],
            "name": "gke00423",
            "network": "https://www.googleapis.com/compute/v1/projects/pg-xa-n-app-230466/global/networks/gke00423",
            "private_ip_google_access": true,
            "private_ipv6_google_access": "DISABLE_GOOGLE_ACCESS",
            "project": "pg-xa-n-app-230466",
            "purpose": "PRIVATE",
            "region": "europe-west3",
            "role": "",
            "secondary_ip_range": [
              {
                "ip_cidr_range": "10.48.0.0/14",
                "range_name": "k8s-pod-range"
              },
              {
                "ip_cidr_range": "10.52.0.0/20",
                "range_name": "k8s-service-range"
              }
            ],
            "self_link": "https://www.googleapis.com/compute/v1/projects/pg-xa-n-app-230466/regions/europe-west3/subnetworks/gke00423",
            "stack_type": "IPV4_ONLY",
            "timeouts": null
          },
          "sensitive_attributes": [],
          "private": "eyJlMmJmYjczMC1lY2FhLTExZTYtOGY4OC0zNDM2M2JjN2M0YzAiOnsiY3JlYXRlIjoxMjAwMDAwMDAwMDAwLCJkZWxldGUiOjEyMDAwMDAwMDAwMDAsInVwZGF0ZSI6MTIwMDAwMDAwMDAwMH19",
          "dependencies": [
            "google_compute_network.main",
            "google_project_service.compute",
            "google_project_service.container"
          ]
        }
      ]
    },
    {
      "mode": "managed",
      "type": "google_container_cluster",
      "name": "public",
      "provider": "provider[\"registry.terraform.io/hashicorp/google\"]",
      "instances": [
        {
          "schema_version": 1,
          "attributes": {
            "addons_config": [
              {
                "cloudrun_config": [],
                "config_connector_config": [],
                "dns_cache_config": [],
                "gce_persistent_disk_csi_driver_config": [
                  {
                    "enabled": true
                  }
                ],
                "gcp_filestore_csi_driver_config": [],
                "gke_backup_agent_config": [],
                "horizontal_pod_autoscaling": [],
                "http_load_balancing": [],
                "network_policy_config": [
                  {
                    "disabled": true
                  }
                ]
              }
            ],
            "authenticator_groups_config": [],
            "binary_authorization": [
              {
                "enabled": false,
                "evaluation_mode": ""
              }
            ],
            "cluster_autoscaling": [
              {
                "auto_provisioning_defaults": [],
                "enabled": false,
                "resource_limits": []
              }
            ],
            "cluster_ipv4_cidr": "10.48.0.0/14",
            "confidential_nodes": [],
            "cost_management_config": [],
            "database_encryption": [
              {
                "key_name": "",
                "state": "DECRYPTED"
              }
            ],
            "datapath_provider": "",
            "default_max_pods_per_node": 110,
            "default_snat_status": [
              {
                "disabled": false
              }
            ],
            "description": "",
            "dns_config": [],
            "enable_autopilot": false,
            "enable_binary_authorization": false,
            "enable_intranode_visibility": false,
            "enable_kubernetes_alpha": false,
            "enable_l4_ilb_subsetting": false,
            "enable_legacy_abac": false,
            "enable_shielded_nodes": true,
            "enable_tpu": false,
            "endpoint": "34.141.47.85",
            "gateway_api_config": [],
            "id": "projects/pg-xa-n-app-230466/locations/europe-west3-a/clusters/gke00423-public",
            "initial_node_count": 1,
            "ip_allocation_policy": [
              {
                "cluster_ipv4_cidr_block": "10.48.0.0/14",
                "cluster_secondary_range_name": "k8s-pod-range",
                "pod_cidr_overprovision_config": [
                  {
                    "disabled": false
                  }
                ],
                "services_ipv4_cidr_block": "10.52.0.0/20",
                "services_secondary_range_name": "k8s-service-range",
                "stack_type": "IPV4"
              }
            ],
            "label_fingerprint": "a9dc16a7",
            "location": "europe-west3-a",
            "logging_config": [
              {
                "enable_components": [
                  "SYSTEM_COMPONENTS",
                  "WORKLOADS"
                ]
              }
            ],
            "logging_service": "logging.googleapis.com/kubernetes",
            "maintenance_policy": [],
            "master_auth": [
              {
                "client_certificate": "",
                "client_certificate_config": [
                  {
                    "issue_client_certificate": false
                  }
                ],
                "client_key": "",
                "cluster_ca_certificate": "LS0tLS1CRUdJTiBDRVJUSUZJQ0FURS0tLS0tCk1JSUVMVENDQXBXZ0F3SUJBZ0lSQU9qL3cyZWc0S1RsUHVXTkVLRUdsTGd3RFFZSktvWklodmNOQVFFTEJRQXcKTHpFdE1Dc0dBMVVFQXhNa1lUYzVOVE0yWVRjdE56Qm1ZeTAwTm1Fd0xXRTJNbVF0WlRGbE1EQTNZek13Tm1GawpNQ0FYRFRJek1EVXpNVEV6TlRnME5Gb1lEekl3TlRNd05USXpNVFExT0RRMFdqQXZNUzB3S3dZRFZRUURFeVJoCk56azFNelpoTnkwM01HWmpMVFEyWVRBdFlUWXlaQzFsTVdVd01EZGpNekEyWVdRd2dnR2lNQTBHQ1NxR1NJYjMKRFFFQkFRVUFBNElCandBd2dnR0tBb0lCZ1FDUmZaTzI4K1hKdlFETTNXZm15TzhPTTV5THVITE5LdnRNTFRJaQpxNXY2TzBmOXA0NFlwZWU5eFpJRjhsZERpdTF5U3VaY3VoOU5ZRFVua21WYjZYZXcwRTdqMFh0R1lnWlAyQ0xXCko4Zy9CaHpoMjdXODQ1dUg5NnFQeVRKVVJNcmJxUkV4ZVNZNnplNTQvUTNsSWJCOGZXelZwT1VURWxZZm9GRFcKRzVucjJyRm9kZUx4RHBnd1FmSlQxbDVPcGhiUm16bTluS056R0g2QXBjTDkrQmoxbHk2Yk1tSzd0QUtyZTlRegpLcnBsZnE1bkhtbHhENGRieURFdkRiSFVOczVlVlV6U2hhQWpXUDV3aWl0TGVoSkpuZ0p3SDVtTWpZRFBZcWN0CisvWlV3UFpsSkpSNWhyWjZhNzdoYnU5U2xYYnVOVGdhcWFKSW1XUFBOTVVteTVkZGt5S2d1aTVJc2F6QlNZNVEKSEdYVEN2cDZ0Wm52RWx3RmpheFFybSt1ZGFMakZIdHJqZDh4M0I3WjJDb1M3MUJ4N2drd0N5Z0hMRlRNVFp5UgpCaVQvaG9TdjNxTEhkSzlLSHZ1QlczcW8vTHZSY1VYV0Q4N1ZUaTBvM05FejBLM0pCNHptVjdCUk5CSHBqTlRLCmREMEJ0SjdPeTNkQVllQmlJYmpsTWpSdjZwVUNBd0VBQWFOQ01FQXdEZ1lEVlIwUEFRSC9CQVFEQWdJRU1BOEcKQTFVZEV3RUIvd1FGTUFNQkFmOHdIUVlEVlIwT0JCWUVGRE5tZ2pwVHR4b1VZb3FDVVFJNW1FenVRb2VlTUEwRwpDU3FHU0liM0RRRUJDd1VBQTRJQmdRQUpZdlNUZHl6elI2SElVVDRlQlFiZm14aksxSGF5TDVBL096VFNkOXdLCnJIdWFGaThJczRmaWE4Wi8zMWlRZ3hoQi9rY3NEdjRPakRYdFRtNnJjbjRBeUZWSDBFYk1IODFhUTlHQzV4a0cKTkVwUlpucXhWenpRdWJMaDFhcEpoQVNzcG5mRXJwRVhIbmd1ajFNTXI5NjhJSnFwY1BESXptSEpoQm9pa1MydQpDb0pXQ0lTUktXVWVFSDBETFc0d2Z2eTdKWi9OWGpjUXJSdUR3dEJ6aEo4MkJpMEMwc1dYNVBBOTg1WEVIWURECndJM2p5T1ptNFZnMzQ4NkxZVHFYZXpWdUNtYlo0eG05d25jMDJPSGRRSmR4aG9Xd3lndnU5VVB2Q2pmYzMraHEKNjBDZzZnUzJCdmliNjM5bFErVTdEa2ZBcVczbU02cTJkNC9JM2Z6M2JaRVZIWWhpbEhUSnNneE1zZFdLYVN0dAppWm1ENmsyT1ZkTUJoLzFUODlmcEl5Z0xBcGNJaFVvR0xabTRVL3lvNGVMQUd6WU5wcGVXZVdXc3pYNXUyVmttCjNRMUh0aUR6c2F3VFZlb0F4SVB4aGZ1SW1ENGRpS2dVR1pISGhKTWdwUUdpVk5JY2d6dW1pR0JFVnhUSVN2bVIKQ3JySHo5SHg3WUVCZDVyMWRMV1hSUVE9Ci0tLS0tRU5EIENFUlRJRklDQVRFLS0tLS0K"
              }
            ],
            "master_authorized_networks_config": [],
            "master_version": "1.24.13-gke.500",
            "mesh_certificates": [],
            "min_master_version": "1.24.13-gke.500",
            "monitoring_config": [
              {
                "enable_components": [],
                "managed_prometheus": []
              }
            ],
            "monitoring_service": "none",
            "name": "gke00423-public",
            "network": "projects/pg-xa-n-app-230466/global/networks/gke00423",
            "network_policy": [
              {
                "enabled": false,
                "provider": "PROVIDER_UNSPECIFIED"
              }
            ],
            "networking_mode": "VPC_NATIVE",
            "node_config": [
              {
                "advanced_machine_features": [],
                "boot_disk_kms_key": "",
                "disk_size_gb": 100,
                "disk_type": "pd-balanced",
                "ephemeral_storage_local_ssd_config": [],
                "gcfs_config": [],
                "guest_accelerator": [],
                "gvnic": [],
                "image_type": "COS_CONTAINERD",
                "kubelet_config": [],
                "labels": {},
                "linux_node_config": [],
                "local_nvme_ssd_block_config": [],
                "local_ssd_count": 0,
                "logging_variant": "DEFAULT",
                "machine_type": "e2-medium",
                "metadata": {
                  "disable-legacy-endpoints": "true"
                },
                "min_cpu_platform": "",
                "node_group": "",
                "oauth_scopes": [
                  "https://www.googleapis.com/auth/devstorage.read_only",
                  "https://www.googleapis.com/auth/logging.write",
                  "https://www.googleapis.com/auth/monitoring",
                  "https://www.googleapis.com/auth/service.management.readonly",
                  "https://www.googleapis.com/auth/servicecontrol",
                  "https://www.googleapis.com/auth/trace.append"
                ],
                "preemptible": false,
                "reservation_affinity": [],
                "resource_labels": {},
                "service_account": "default",
                "shielded_instance_config": [
                  {
                    "enable_integrity_monitoring": true,
                    "enable_secure_boot": false
                  }
                ],
                "spot": false,
                "tags": [],
                "taint": [],
                "workload_metadata_config": []
              }
            ],
            "node_locations": [],
            "node_pool": [
              {
                "autoscaling": [],
                "initial_node_count": 1,
                "instance_group_urls": [
                  "https://www.googleapis.com/compute/v1/projects/pg-xa-n-app-230466/zones/europe-west3-a/instanceGroupManagers/gke-gke00423-public-default-pool-b97128cb-grp"
                ],
                "managed_instance_group_urls": [
                  "https://www.googleapis.com/compute/v1/projects/pg-xa-n-app-230466/zones/europe-west3-a/instanceGroups/gke-gke00423-public-default-pool-b97128cb-grp"
                ],
                "management": [
                  {
                    "auto_repair": true,
                    "auto_upgrade": true
                  }
                ],
                "max_pods_per_node": 110,
                "name": "default-pool",
                "name_prefix": "",
                "network_config": [
                  {
                    "create_pod_range": false,
                    "enable_private_nodes": false,
                    "pod_cidr_overprovision_config": [],
                    "pod_ipv4_cidr_block": "10.48.0.0/14",
                    "pod_range": "k8s-pod-range"
                  }
                ],
                "node_config": [
                  {
                    "advanced_machine_features": [],
                    "boot_disk_kms_key": "",
                    "disk_size_gb": 100,
                    "disk_type": "pd-balanced",
                    "ephemeral_storage_local_ssd_config": [],
                    "gcfs_config": [],
                    "guest_accelerator": [],
                    "gvnic": [],
                    "image_type": "COS_CONTAINERD",
                    "kubelet_config": [],
                    "labels": {},
                    "linux_node_config": [],
                    "local_nvme_ssd_block_config": [],
                    "local_ssd_count": 0,
                    "logging_variant": "DEFAULT",
                    "machine_type": "e2-medium",
                    "metadata": {
                      "disable-legacy-endpoints": "true"
                    },
                    "min_cpu_platform": "",
                    "node_group": "",
                    "oauth_scopes": [
                      "https://www.googleapis.com/auth/devstorage.read_only",
                      "https://www.googleapis.com/auth/logging.write",
                      "https://www.googleapis.com/auth/monitoring",
                      "https://www.googleapis.com/auth/service.management.readonly",
                      "https://www.googleapis.com/auth/servicecontrol",
                      "https://www.googleapis.com/auth/trace.append"
                    ],
                    "preemptible": false,
                    "reservation_affinity": [],
                    "resource_labels": {},
                    "service_account": "default",
                    "shielded_instance_config": [
                      {
                        "enable_integrity_monitoring": true,
                        "enable_secure_boot": false
                      }
                    ],
                    "spot": false,
                    "tags": [],
                    "taint": [],
                    "workload_metadata_config": []
                  }
                ],
                "node_count": 1,
                "node_locations": [
                  "europe-west3-a"
                ],
                "placement_policy": [],
                "upgrade_settings": [
                  {
                    "blue_green_settings": [],
                    "max_surge": 1,
                    "max_unavailable": 0,
                    "strategy": "SURGE"
                  }
                ],
                "version": "1.24.13-gke.500"
              }
            ],
            "node_pool_defaults": [
              {
                "node_config_defaults": [
                  {
                    "logging_variant": "DEFAULT"
                  }
                ]
              }
            ],
            "node_version": "1.24.13-gke.500",
            "notification_config": [
              {
                "pubsub": [
                  {
                    "enabled": false,
                    "filter": [],
                    "topic": ""
                  }
                ]
              }
            ],
            "operation": null,
            "private_cluster_config": [
              {
                "enable_private_endpoint": false,
                "enable_private_nodes": false,
                "master_global_access_config": [
                  {
                    "enabled": false
                  }
                ],
                "master_ipv4_cidr_block": "",
                "peering_name": "",
                "private_endpoint": "10.0.0.3",
                "private_endpoint_subnetwork": "",
                "public_endpoint": "34.141.47.85"
              }
            ],
            "private_ipv6_google_access": "",
            "project": "pg-xa-n-app-230466",
            "release_channel": [
              {
                "channel": "STABLE"
              }
            ],
            "remove_default_node_pool": false,
            "resource_labels": null,
            "resource_usage_export_config": [],
            "self_link": "https://container.googleapis.com/v1/projects/pg-xa-n-app-230466/zones/europe-west3-a/clusters/gke00423-public",
            "service_external_ips_config": [
              {
                "enabled": false
              }
            ],
            "services_ipv4_cidr": "10.52.0.0/20",
            "subnetwork": "projects/pg-xa-n-app-230466/regions/europe-west3/subnetworks/gke00423",
            "timeouts": null,
            "tpu_ipv4_cidr_block": "",
            "vertical_pod_autoscaling": [],
            "workload_identity_config": []
          },
          "sensitive_attributes": [],
          "private": "eyJlMmJmYjczMC1lY2FhLTExZTYtOGY4OC0zNDM2M2JjN2M0YzAiOnsiY3JlYXRlIjoyNDAwMDAwMDAwMDAwLCJkZWxldGUiOjI0MDAwMDAwMDAwMDAsInJlYWQiOjI0MDAwMDAwMDAwMDAsInVwZGF0ZSI6MzYwMDAwMDAwMDAwMH0sInNjaGVtYV92ZXJzaW9uIjoiMSJ9",
          "dependencies": [
            "data.google_container_engine_versions.central1a",
            "google_compute_network.main",
            "google_compute_subnetwork.private",
            "google_project_service.compute",
            "google_project_service.container"
          ]
        }
      ]
    },
    {
      "mode": "managed",
      "type": "google_container_cluster",
      "name": "public-too-new",
      "provider": "provider[\"registry.terraform.io/hashicorp/google\"]",
      "instances": [
        {
          "schema_version": 1,
          "attributes": {
            "addons_config": [
              {
                "cloudrun_config": [],
                "config_connector_config": [],
                "dns_cache_config": [],
                "gce_persistent_disk_csi_driver_config": [
                  {
                    "enabled": true
                  }
                ],
                "gcp_filestore_csi_driver_config": [],
                "gke_backup_agent_config": [],
                "horizontal_pod_autoscaling": [],
                "http_load_balancing": [],
                "network_policy_config": [
                  {
                    "disabled": true
                  }
                ]
              }
            ],
            "authenticator_groups_config": [],
            "binary_authorization": [
              {
                "enabled": false,
                "evaluation_mode": ""
              }
            ],
            "cluster_autoscaling": [
              {
                "auto_provisioning_defaults": [],
                "enabled": false,
                "resource_limits": []
              }
            ],
            "cluster_ipv4_cidr": "10.48.0.0/14",
            "confidential_nodes": [],
            "cost_management_config": [],
            "database_encryption": [
              {
                "key_name": "",
                "state": "DECRYPTED"
              }
            ],
            "datapath_provider": "",
            "default_max_pods_per_node": 110,
            "default_snat_status": [
              {
                "disabled": false
              }
            ],
            "description": "",
            "dns_config": [],
            "enable_autopilot": false,
            "enable_binary_authorization": false,
            "enable_intranode_visibility": false,
            "enable_kubernetes_alpha": false,
            "enable_l4_ilb_subsetting": false,
            "enable_legacy_abac": false,
            "enable_shielded_nodes": true,
            "enable_tpu": false,
            "endpoint": "35.242.195.120",
            "gateway_api_config": [],
            "id": "projects/pg-xa-n-app-230466/locations/europe-west3-a/clusters/gke00423-public-too-new",
            "initial_node_count": 1,
            "ip_allocation_policy": [
              {
                "cluster_ipv4_cidr_block": "10.48.0.0/14",
                "cluster_secondary_range_name": "k8s-pod-range",
                "pod_cidr_overprovision_config": [
                  {
                    "disabled": false
                  }
                ],
                "services_ipv4_cidr_block": "10.52.0.0/20",
                "services_secondary_range_name": "k8s-service-range",
                "stack_type": "IPV4"
              }
            ],
            "label_fingerprint": "a9dc16a7",
            "location": "europe-west3-a",
            "logging_config": [
              {
                "enable_components": [
                  "SYSTEM_COMPONENTS",
                  "WORKLOADS"
                ]
              }
            ],
            "logging_service": "logging.googleapis.com/kubernetes",
            "maintenance_policy": [],
            "master_auth": [
              {
                "client_certificate": "",
                "client_certificate_config": [
                  {
                    "issue_client_certificate": false
                  }
                ],
                "client_key": "",
                "cluster_ca_certificate": "LS0tLS1CRUdJTiBDRVJUSUZJQ0FURS0tLS0tCk1JSUVMRENDQXBTZ0F3SUJBZ0lRVXNzRnpIZ1pic0EyK2N0dDljYWFmakFOQmdrcWhraUc5dzBCQVFzRkFEQXYKTVMwd0t3WURWUVFERXlRNU5tRTJOREkxT0Mwek1UazBMVFE1TUdVdE9ETTVNaTAwWlRobFpqUTFaR0ptTlRVdwpJQmNOTWpNd05UTXhNVE0xT0RReldoZ1BNakExTXpBMU1qTXhORFU0TkROYU1DOHhMVEFyQmdOVkJBTVRKRGsyCllUWTBNalU0TFRNeE9UUXRORGt3WlMwNE16a3lMVFJsT0dWbU5EVmtZbVkxTlRDQ0FhSXdEUVlKS29aSWh2Y04KQVFFQkJRQURnZ0dQQURDQ0FZb0NnZ0dCQUwvU0RlSVhDcXB0eUVlNFkxQlN1MHJHemRUcDFjSFJvUHI0QjA3KwpZRFB4RnFsb3NrdEdkWi9nV0dzeFlPaTBIdEN5Ny9LeCtpbzNQYTQ1MTI5ZHZSb042RHhDemRiOUkyQUZ5TXhhCnNlTGRYQkZycTlUK2JWT1BXMHpkSWJJQnhsa3kvRVRXTE5XdjVVdUQyb2hiWXBpUFQ3bVVJQkFFaStacGRDOWUKTWJ3Ti9Ndk1GQjhaZVBEWmx4UEdOS0puTGF6OXNEclVmODkvcExkMm5lRkVJMHNocTBGb0l5YjRnTndlYVByUApVYTYvSDU2NTdBNm9Bckp6WjViMW55bFJRNmRCYVMxLzVtbUJEMGRUMVJ0QkdCYk85ZzFzVVF1NWpwdUxwS3l0ClNrREJqRS9sL0FlRFc2WGpXSi9VTzFtRTZaZjRENjBwY0I0d1Nrb3lacEl6QiswMWk5Unl3OFFEM1NnUkt3WXoKOU1sNHVBdVBqWjlNQ3p1Tkd4M0VJUmlxalJCUUp4WFFsUDNOamxTb2xrOG5zNzBLV0hQQTEzTTIrc2NRWnVoVApDS2NWWmNTN3doZDNDRHZGQjFRekJzcXRCc0FHY3V3UFp3U28yUUI5WXhidzRoejhBL0pQOEZlUnFtV0ZDdC93CnZGM01OV1BLUUtKN2xkZjd4L2xPTzFPeWZ3SURBUUFCbzBJd1FEQU9CZ05WSFE4QkFmOEVCQU1DQWdRd0R3WUQKVlIwVEFRSC9CQVV3QXdFQi96QWRCZ05WSFE0RUZnUVUvMkxkNDBkaHBONkl3NVFFQzJWT0QyOWs4djR3RFFZSgpLb1pJaHZjTkFRRUxCUUFEZ2dHQkFIYTZSSDV2ZmxQNHZheGdSdWU0TTJKUEgycThndW5LdStLMUw5S2xjbGJ3CndaWldXemdYOFEzVzFSWHhiVXRyWmd4cTU0c2lEMHRBNDdhbHRrVHhIaFNLaFV2citVMUZHaXFQbFZuRFdiUzcKVkg3TUoxY2Q4NHh2L240TTZxWGFEQjM2dERBRENDRVhRekdhR21HdjYzcGViaDZpRzcvbnowcldocDgzL2pxYworN3ZpNnQ0R2xhZG1BM1ZudzZ3Z00zR0sxTk50OGdoNkdlc3dSU0ZTb1RSckppNzljN21DYk9BMHJ3Snh3TVZJCjg0VUh3d0lINTFKZW5YL095VHl0aEhaZnFtZWNvYmhROW9RQ1ZLT3VQREcybzZLVHNXSEtDdGRxYzVjNU9FWnoKV05jRVlCRk5OdGFjODJpOWFUVGdrSy9KazVRcGVJcExrVnNRb0g0YjREaVN6bnZ0MHMwZjk5YU9iV2d6cW8wbApRZitnZTJpd0VudTdyanE0WkkzcHlXVWZmWjVNbWtNWk1OMGFlOWhxMDAvQklGeW94ckFqVTZjbnk3NjIrNnA5CmFHU3lRSGxHLy9RZTQ5dHl4alQyUmU3aURlbXhkeVF3aEZwQktNMGZwc0VqbWJaM2JFcHExVElXTi9HR1hqdjEKU21OT0lJMXNmOVNYb0g1TDFYOXAvZz09Ci0tLS0tRU5EIENFUlRJRklDQVRFLS0tLS0K"
              }
            ],
            "master_authorized_networks_config": [],
            "master_version": "1.25.8-gke.500",
            "mesh_certificates": [],
            "min_master_version": null,
            "monitoring_config": [
              {
                "enable_components": [],
                "managed_prometheus": []
              }
            ],
            "monitoring_service": "none",
            "name": "gke00423-public-too-new",
            "network": "projects/pg-xa-n-app-230466/global/networks/gke00423",
            "network_policy": [
              {
                "enabled": false,
                "provider": "PROVIDER_UNSPECIFIED"
              }
            ],
            "networking_mode": "VPC_NATIVE",
            "node_config": [
              {
                "advanced_machine_features": [],
                "boot_disk_kms_key": "",
                "disk_size_gb": 100,
                "disk_type": "pd-balanced",
                "ephemeral_storage_local_ssd_config": [],
                "gcfs_config": [],
                "guest_accelerator": [],
                "gvnic": [],
                "image_type": "COS_CONTAINERD",
                "kubelet_config": [],
                "labels": {},
                "linux_node_config": [],
                "local_nvme_ssd_block_config": [],
                "local_ssd_count": 0,
                "logging_variant": "DEFAULT",
                "machine_type": "e2-medium",
                "metadata": {
                  "disable-legacy-endpoints": "true"
                },
                "min_cpu_platform": "",
                "node_group": "",
                "oauth_scopes": [
                  "https://www.googleapis.com/auth/devstorage.read_only",
                  "https://www.googleapis.com/auth/logging.write",
                  "https://www.googleapis.com/auth/monitoring",
                  "https://www.googleapis.com/auth/service.management.readonly",
                  "https://www.googleapis.com/auth/servicecontrol",
                  "https://www.googleapis.com/auth/trace.append"
                ],
                "preemptible": false,
                "reservation_affinity": [],
                "resource_labels": {},
                "service_account": "default",
                "shielded_instance_config": [
                  {
                    "enable_integrity_monitoring": true,
                    "enable_secure_boot": false
                  }
                ],
                "spot": false,
                "tags": [],
                "taint": [],
                "workload_metadata_config": []
              }
            ],
            "node_locations": [],
            "node_pool": [
              {
                "autoscaling": [],
                "initial_node_count": 1,
                "instance_group_urls": [
                  "https://www.googleapis.com/compute/v1/projects/pg-xa-n-app-230466/zones/europe-west3-a/instanceGroupManagers/gke-gke00423-public-too--default-pool-7e240e8d-grp"
                ],
                "managed_instance_group_urls": [
                  "https://www.googleapis.com/compute/v1/projects/pg-xa-n-app-230466/zones/europe-west3-a/instanceGroups/gke-gke00423-public-too--default-pool-7e240e8d-grp"
                ],
                "management": [
                  {
                    "auto_repair": true,
                    "auto_upgrade": true
                  }
                ],
                "max_pods_per_node": 110,
                "name": "default-pool",
                "name_prefix": "",
                "network_config": [
                  {
                    "create_pod_range": false,
                    "enable_private_nodes": false,
                    "pod_cidr_overprovision_config": [],
                    "pod_ipv4_cidr_block": "10.48.0.0/14",
                    "pod_range": "k8s-pod-range"
                  }
                ],
                "node_config": [
                  {
                    "advanced_machine_features": [],
                    "boot_disk_kms_key": "",
                    "disk_size_gb": 100,
                    "disk_type": "pd-balanced",
                    "ephemeral_storage_local_ssd_config": [],
                    "gcfs_config": [],
                    "guest_accelerator": [],
                    "gvnic": [],
                    "image_type": "COS_CONTAINERD",
                    "kubelet_config": [],
                    "labels": {},
                    "linux_node_config": [],
                    "local_nvme_ssd_block_config": [],
                    "local_ssd_count": 0,
                    "logging_variant": "DEFAULT",
                    "machine_type": "e2-medium",
                    "metadata": {
                      "disable-legacy-endpoints": "true"
                    },
                    "min_cpu_platform": "",
                    "node_group": "",
                    "oauth_scopes": [
                      "https://www.googleapis.com/auth/devstorage.read_only",
                      "https://www.googleapis.com/auth/logging.write",
                      "https://www.googleapis.com/auth/monitoring",
                      "https://www.googleapis.com/auth/service.management.readonly",
                      "https://www.googleapis.com/auth/servicecontrol",
                      "https://www.googleapis.com/auth/trace.append"
                    ],
                    "preemptible": false,
                    "reservation_affinity": [],
                    "resource_labels": {},
                    "service_account": "default",
                    "shielded_instance_config": [
                      {
                        "enable_integrity_monitoring": true,
                        "enable_secure_boot": false
                      }
                    ],
                    "spot": false,
                    "tags": [],
                    "taint": [],
                    "workload_metadata_config": []
                  }
                ],
                "node_count": 1,
                "node_locations": [
                  "europe-west3-a"
                ],
                "placement_policy": [],
                "upgrade_settings": [
                  {
                    "blue_green_settings": [],
                    "max_surge": 1,
                    "max_unavailable": 0,
                    "strategy": "SURGE"
                  }
                ],
                "version": "1.25.8-gke.500"
              }
            ],
            "node_pool_defaults": [
              {
                "node_config_defaults": [
                  {
                    "logging_variant": "DEFAULT"
                  }
                ]
              }
            ],
            "node_version": "1.25.8-gke.500",
            "notification_config": [
              {
                "pubsub": [
                  {
                    "enabled": false,
                    "filter": [],
                    "topic": ""
                  }
                ]
              }
            ],
            "operation": null,
            "private_cluster_config": [
              {
                "enable_private_endpoint": false,
                "enable_private_nodes": false,
                "master_global_access_config": [
                  {
                    "enabled": false
                  }
                ],
                "master_ipv4_cidr_block": "",
                "peering_name": "",
                "private_endpoint": "10.0.0.2",
                "private_endpoint_subnetwork": "",
                "public_endpoint": "35.242.195.120"
              }
            ],
            "private_ipv6_google_access": "",
            "project": "pg-xa-n-app-230466",
            "release_channel": [
              {
                "channel": "REGULAR"
              }
            ],
            "remove_default_node_pool": false,
            "resource_labels": null,
            "resource_usage_export_config": [],
            "self_link": "https://container.googleapis.com/v1/projects/pg-xa-n-app-230466/zones/europe-west3-a/clusters/gke00423-public-too-new",
            "service_external_ips_config": [
              {
                "enabled": false
              }
            ],
            "services_ipv4_cidr": "10.52.0.0/20",
            "subnetwork": "projects/pg-xa-n-app-230466/regions/europe-west3/subnetworks/gke00423",
            "timeouts": null,
            "tpu_ipv4_cidr_block": "",
            "vertical_pod_autoscaling": [],
            "workload_identity_config": []
          },
          "sensitive_attributes": [],
          "private": "eyJlMmJmYjczMC1lY2FhLTExZTYtOGY4OC0zNDM2M2JjN2M0YzAiOnsiY3JlYXRlIjoyNDAwMDAwMDAwMDAwLCJkZWxldGUiOjI0MDAwMDAwMDAwMDAsInJlYWQiOjI0MDAwMDAwMDAwMDAsInVwZGF0ZSI6MzYwMDAwMDAwMDAwMH0sInNjaGVtYV92ZXJzaW9uIjoiMSJ9",
          "dependencies": [
            "google_compute_network.main",
            "google_compute_subnetwork.private",
            "google_project_service.compute",
            "google_project_service.container"
          ]
        }
      ]
    },
    {
      "mode": "managed",
      "type": "google_project_service",
      "name": "compute",
      "provider": "provider[\"registry.terraform.io/hashicorp/google\"]",
      "instances": [
        {
          "schema_version": 0,
          "attributes": {
            "disable_dependent_services": null,
            "disable_on_destroy": false,
            "id": "pg-xa-n-app-230466/compute.googleapis.com",
            "project": "pg-xa-n-app-230466",
            "service": "compute.googleapis.com",
            "timeouts": null
          },
          "sensitive_attributes": [],
          "private": "eyJlMmJmYjczMC1lY2FhLTExZTYtOGY4OC0zNDM2M2JjN2M0YzAiOnsiY3JlYXRlIjoxMjAwMDAwMDAwMDAwLCJkZWxldGUiOjEyMDAwMDAwMDAwMDAsInJlYWQiOjYwMDAwMDAwMDAwMCwidXBkYXRlIjoxMjAwMDAwMDAwMDAwfX0="
        }
      ]
    },
    {
      "mode": "managed",
      "type": "google_project_service",
      "name": "container",
      "provider": "provider[\"registry.terraform.io/hashicorp/google\"]",
      "instances": [
        {
          "schema_version": 0,
          "attributes": {
            "disable_dependent_services": null,
            "disable_on_destroy": false,
            "id": "pg-xa-n-app-230466/container.googleapis.com",
            "project": "pg-xa-n-app-230466",
            "service": "container.googleapis.com",
            "timeouts": null
          },
          "sensitive_attributes": [],
          "private": "eyJlMmJmYjczMC1lY2FhLTExZTYtOGY4OC0zNDM2M2JjN2M0YzAiOnsiY3JlYXRlIjoxMjAwMDAwMDAwMDAwLCJkZWxldGUiOjEyMDAwMDAwMDAwMDAsInJlYWQiOjYwMDAwMDAwMDAwMCwidXBkYXRlIjoxMjAwMDAwMDAwMDAwfX0="
        }
      ]
    }
  ],
  "check_results": null
}
