{
  "version": 4,
  "terraform_version": "1.4.4",
  "serial": 7,
  "lineage": "ae399061-823d-8ed6-a3ab-6017c77bfedc",
  "outputs": {},
  "resources": [
    {
      "mode": "data",
      "type": "google_client_config",
      "name": "default",
      "provider": "provider[\"registry.terraform.io/hashicorp/google\"]",
      "instances": [
        {
          "schema_version": 0,
          "attributes": {
            "access_token": "ya29.c.b0Aaekm1KcHh_hh4sTGu2VDt9pScSHZg4kL-8t32kBT5tWeQ9k_5-tYb8jwA6wzJ45cC6XLLnoqFdgRbhx3wN230eCMfsigAXIhAZ92SQfKeuoA5uT977JJJk61phlnjstzuKZYF2Z7aSiMeBx513Uj46pvolrY-rl8sWmE7l8D83BWOBGiuAdYuzip2Mil648UtGUuXHDC_ainGoiY2HdqWbF0q-vZONm6Vn4Q3uL6yhmuo3DfkYWbOnjCamvC9R1TmKWt8cLDpQ5QfLUfBz6Y1fmDEc2pWzNI9ZkL0eAODlJbeD1lY4KJ0IMp6JO1-yJ1iNBkCN7CD0L340PFft2R3c1citd6yJou8MRYXWdqsQklafe3ua_3-JqSuVuiIfVVk2Fc0XJehtegZFx2dczFf5FiR9-x8ezv2donJ7gwJsnJUlrlj-RWlYUIt3IsbeqQ1cw2Z28l5-nr42owI-l_cxoo65f_-pUUkIgJ9Sj32XUf60cynzslFpZ0SnlOOkIWJgpY1rXu7m-nv2utf6mMX8zQfod_ttfyhxllibx3711Z_-iRt9JSnUhU0-nUtJwZokX3Wpl3-hS0Wr7os9OgaWOkX8WR3_XolwS4vil3Qf65trie2c0brQF8oOb82h44IhgSwj1O73h7Wbq6iVx39qX4rOcRiSaeJ88tgYuY62yX3wQZ8ro94IMowoti_0Oix4RkdQi9w-II8kwOzacd7cJ1jsfIfeoBpWXclYFaXnal5sVdJefki6MpedI4dIeZ-4cyfyM0IcbilU-Q308rYjXoVxlg4oJ2fQ3rgB1cc4oolfx4J_fudzrsoOuI4Y_nzZwOb8OVuIqpXrOzV_7JVI-BQy6_yBvthc4XgR1jpMiw6YItiYUom40BdSXtRciqc0bSUgowQIcQ8VFVYbUVaMqQqx2JF5vMexotFuYYw2rOoW7lx7dx46WIkqOOZ-fMn92YljwQld3MXV1qrxgx41I2Fgubxrhchv4uVsRZISy8YpFOqkYemU",
            "id": "projects/\"pg-xa-n-app-230466\"/regions/\u003cnull\u003e/zones/\u003cnull\u003e",
            "project": "pg-xa-n-app-230466",
            "region": null,
            "zone": null
          },
          "sensitive_attributes": []
        }
      ]
    },
    {
      "mode": "managed",
      "type": "google_compute_network",
      "name": "gke00441_network",
      "provider": "provider[\"registry.terraform.io/hashicorp/google\"]",
      "instances": [
        {
          "schema_version": 0,
          "attributes": {
            "auto_create_subnetworks": true,
            "delete_default_routes_on_create": false,
            "description": "",
            "enable_ula_internal_ipv6": false,
            "gateway_ipv4": "",
            "id": "projects/pg-xa-n-app-230466/global/networks/gke00441-network",
            "internal_ipv6_range": "",
            "mtu": 0,
            "name": "gke00441-network",
            "network_firewall_policy_enforcement_order": "AFTER_CLASSIC_FIREWALL",
            "project": "pg-xa-n-app-230466",
            "routing_mode": "REGIONAL",
            "self_link": "https://www.googleapis.com/compute/v1/projects/pg-xa-n-app-230466/global/networks/gke00441-network",
            "timeouts": null
          },
          "sensitive_attributes": [],
          "private": "eyJlMmJmYjczMC1lY2FhLTExZTYtOGY4OC0zNDM2M2JjN2M0YzAiOnsiY3JlYXRlIjoxMjAwMDAwMDAwMDAwLCJkZWxldGUiOjEyMDAwMDAwMDAwMDAsInVwZGF0ZSI6MTIwMDAwMDAwMDAwMH19"
        }
      ]
    },
    {
      "mode": "managed",
      "type": "google_container_cluster",
      "name": "gke_gke00441_compliant_cluster",
      "provider": "provider[\"registry.terraform.io/hashicorp/google\"]",
      "instances": [
        {
          "schema_version": 1,
          "attributes": {
            "addons_config": [
              {
                "cloudrun_config": [],
                "config_connector_config": [],
                "dns_cache_config": [],
                "gce_persistent_disk_csi_driver_config": [
                  {
                    "enabled": true
                  }
                ],
                "gcp_filestore_csi_driver_config": [],
                "gke_backup_agent_config": [],
                "horizontal_pod_autoscaling": [],
                "http_load_balancing": [],
                "network_policy_config": [
                  {
                    "disabled": true
                  }
                ]
              }
            ],
            "authenticator_groups_config": [],
            "binary_authorization": [
              {
                "enabled": false,
                "evaluation_mode": ""
              }
            ],
            "cluster_autoscaling": [
              {
                "auto_provisioning_defaults": [],
                "enabled": false,
                "resource_limits": []
              }
            ],
            "cluster_ipv4_cidr": "10.24.0.0/14",
            "confidential_nodes": [],
            "cost_management_config": [],
            "database_encryption": [
              {
                "key_name": "",
                "state": "DECRYPTED"
              }
            ],
            "datapath_provider": "",
            "default_max_pods_per_node": null,
            "default_snat_status": [
              {
                "disabled": false
              }
            ],
            "description": "",
            "dns_config": [],
            "enable_autopilot": false,
            "enable_binary_authorization": false,
            "enable_intranode_visibility": false,
            "enable_kubernetes_alpha": false,
            "enable_l4_ilb_subsetting": false,
            "enable_legacy_abac": false,
            "enable_shielded_nodes": true,
            "enable_tpu": false,
            "endpoint": "35.198.95.69",
            "gateway_api_config": [],
            "id": "projects/pg-xa-n-app-230466/locations/europe-west3-a/clusters/gke00441-compliant-cluster",
            "initial_node_count": 1,
            "ip_allocation_policy": [],
            "label_fingerprint": "a9dc16a7",
            "location": "europe-west3-a",
            "logging_config": [
              {
                "enable_components": [
                  "SYSTEM_COMPONENTS",
                  "WORKLOADS"
                ]
              }
            ],
            "logging_service": "logging.googleapis.com/kubernetes",
            "maintenance_policy": [],
            "master_auth": [
              {
                "client_certificate": "",
                "client_certificate_config": [
                  {
                    "issue_client_certificate": false
                  }
                ],
                "client_key": "",
                "cluster_ca_certificate": "LS0tLS1CRUdJTiBDRVJUSUZJQ0FURS0tLS0tCk1JSUVMRENDQXBTZ0F3SUJBZ0lRZVM5eENzaGJRK0pMamtLLzF2Ukt6REFOQmdrcWhraUc5dzBCQVFzRkFEQXYKTVMwd0t3WURWUVFERXlRMFlqUXlZamRsTnkxaVl6VTFMVFJpWmpBdE9EazBNeTAxTWprNE5qWXpNemcxWWpBdwpJQmNOTWpNd05qSTJNRFkwTURVNFdoZ1BNakExTXpBMk1UZ3dOelF3TlRoYU1DOHhMVEFyQmdOVkJBTVRKRFJpCk5ESmlOMlUzTFdKak5UVXROR0ptTUMwNE9UUXpMVFV5T1RnMk5qTXpPRFZpTURDQ0FhSXdEUVlKS29aSWh2Y04KQVFFQkJRQURnZ0dQQURDQ0FZb0NnZ0dCQU14MXdtZ3dyVW5ISlJSVyt0NEpLOXdTT3BNVEFzWUM4ZjFDRG5wTgpOS0tBY1dDTThvajlOVWhaSUlJK1plekk0TVkrdW1tR0ZVZklGRFMxSzVtczBVUCtiZEJQSGk0QVU2UnJsdVRaCjhONS82d3ZmaUptK3NySzRlZFRudnJ1eWZXVkJVVkV4SG5PRU53K1BFV2lvQ01nUms0RzBIK0k4cWdYTlRHY0QKRitsczh2RmRydi9Fc0VLWUd2OFYwMjB5enErZmdPYS9QY0ZNaUc1bURSRmFXem9sTHI2bGNHSmxiQlVkMFFQQgoyeE8zT1F4amUvbU1aTlJBdWRyLzVFeFE4WnI2V0xxUDdzNkFnbXhGeTl2ZHNaQ2U0Y0VMU21lV1lBcC9Ed0dJCkRBOWt5SzQzZTRLTHZneWJXcnlrL05WNHd4d0RXaTRPVXh3Q3c0MG9lY05jYVFQNnYwYkw4NHcxYUVaTThnMUYKZzE3ZURudS9RaTlybzkvZTZ4RTZMT2tNaE9lbXR6akRuQWY1VUc3WFRUN21YMW44Tk83VzBxTXhIZEdTSHVPeQpFbW1PQjNRUG5xTEY3a0QrRTJZQmhUNEp1WjdrdGRmUjFxUVFERDNlRHJOYUc3cjZmemZzR2o3UkNKbG9sSFQ5CkZjV2htQ2ZKWkw4TW1NeUJvWmhKZXFkWnp3SURBUUFCbzBJd1FEQU9CZ05WSFE4QkFmOEVCQU1DQWdRd0R3WUQKVlIwVEFRSC9CQVV3QXdFQi96QWRCZ05WSFE0RUZnUVVISHlvd3lHNlZCTmpLSTY3WW5uSm8xTU9GeXd3RFFZSgpLb1pJaHZjTkFRRUxCUUFEZ2dHQkFDNkEyMFhtcEJzNUNVWmQzWnQ2YVFTTzJjb1VSVXhXTnhWVVlmLzFDS05yClczcjBzQXJRMitIc0ljTmFNTWZ6aEdaZUlZVHp3RHJlSU4rSjNvS1puRmw5bFFlTit6eHVoOW41L0l4SmZuZVEKZW9nTmt2Sm9wbVk0aFhpNHlmSm01YVJFSVNIallaMkJ6N0tOZ01aWkVCenJodEo2ZEN4VTYzQm5tTmhzS3VqdwpSaWYrSUtRUUJqT2xmUitsbmtHWm5uZ2x3Qjd6WFY5SjUxdkZkTC9KS3E5WlNZaXBrVldZb053SURhdmRsUklZCkdWOGhIQjJjbVdOT3ZTZWtaM1U0NmhOVTVKSmxQaDFzcVJaeGtralVLM253VHo3V21nWm44QmM4KzhVZkEyaXUKNi8xTzNqbHNVRlBtR0Q3RVh6TGFzUmhtWnB5dGhCcUZkbkhleXk0R2RrSGJmRHZUYXoxT3hqTFQvU1FqZVloZApjYXpvdEU1OFo2MTZNUE9ITytHNjVCM2JSZlEvdEt6RUdHd3dlWFhFUGY4aVk1L1dvRkZiSjh3U1pweDRHMUFJCks0TXBSc0lTcDVrRXFrbXVHNXVkYW5maS9kM1RIMDZUa24vb2RoUFhGa2FOSGVTaFNaSFdOU016amIxaElDcC8KQ2hobllhcEFRZS9GcFNNS2dweVZ3dz09Ci0tLS0tRU5EIENFUlRJRklDQVRFLS0tLS0K"
              }
            ],
            "master_authorized_networks_config": [],
            "master_version": "1.25.8-gke.1000",
            "mesh_certificates": [],
            "min_master_version": null,
            "monitoring_config": [
              {
                "enable_components": [
                  "SYSTEM_COMPONENTS"
                ],
                "managed_prometheus": []
              }
            ],
            "monitoring_service": "monitoring.googleapis.com/kubernetes",
            "name": "gke00441-compliant-cluster",
            "network": "projects/pg-xa-n-app-230466/global/networks/gke00441-network",
            "network_policy": [
              {
                "enabled": false,
                "provider": "PROVIDER_UNSPECIFIED"
              }
            ],
            "networking_mode": "ROUTES",
            "node_config": [
              {
                "advanced_machine_features": [],
                "boot_disk_kms_key": "",
                "disk_size_gb": 100,
                "disk_type": "pd-balanced",
                "ephemeral_storage_local_ssd_config": [],
                "gcfs_config": [],
                "guest_accelerator": [],
                "gvnic": [],
                "image_type": "COS_CONTAINERD",
                "kubelet_config": [],
                "labels": {},
                "linux_node_config": [],
                "local_nvme_ssd_block_config": [],
                "local_ssd_count": 0,
                "logging_variant": "DEFAULT",
                "machine_type": "e2-small",
                "metadata": {
                  "disable-legacy-endpoints": "true"
                },
                "min_cpu_platform": "",
                "node_group": "",
                "oauth_scopes": [
                  "https://www.googleapis.com/auth/devstorage.read_only",
                  "https://www.googleapis.com/auth/logging.write",
                  "https://www.googleapis.com/auth/monitoring",
                  "https://www.googleapis.com/auth/service.management.readonly",
                  "https://www.googleapis.com/auth/servicecontrol",
                  "https://www.googleapis.com/auth/trace.append"
                ],
                "preemptible": true,
                "reservation_affinity": [],
                "resource_labels": null,
                "service_account": "default",
                "shielded_instance_config": [
                  {
                    "enable_integrity_monitoring": true,
                    "enable_secure_boot": false
                  }
                ],
                "sole_tenant_config": [],
                "spot": false,
                "tags": null,
                "taint": [],
                "workload_metadata_config": []
              }
            ],
            "node_locations": [],
            "node_pool": [
              {
                "autoscaling": [],
                "initial_node_count": 1,
                "instance_group_urls": [
                  "https://www.googleapis.com/compute/v1/projects/pg-xa-n-app-230466/zones/europe-west3-a/instanceGroupManagers/gke-gke00441-compliant-c-default-pool-6f7967f4-grp"
                ],
                "managed_instance_group_urls": [
                  "https://www.googleapis.com/compute/v1/projects/pg-xa-n-app-230466/zones/europe-west3-a/instanceGroups/gke-gke00441-compliant-c-default-pool-6f7967f4-grp"
                ],
                "management": [
                  {
                    "auto_repair": true,
                    "auto_upgrade": true
                  }
                ],
                "max_pods_per_node": 0,
                "name": "default-pool",
                "name_prefix": "",
                "network_config": [
                  {
                    "create_pod_range": false,
                    "enable_private_nodes": false,
                    "pod_cidr_overprovision_config": [],
                    "pod_ipv4_cidr_block": "",
                    "pod_range": ""
                  }
                ],
                "node_config": [
                  {
                    "advanced_machine_features": [],
                    "boot_disk_kms_key": "",
                    "disk_size_gb": 100,
                    "disk_type": "pd-balanced",
                    "ephemeral_storage_local_ssd_config": [],
                    "gcfs_config": [],
                    "guest_accelerator": [],
                    "gvnic": [],
                    "image_type": "COS_CONTAINERD",
                    "kubelet_config": [],
                    "labels": {},
                    "linux_node_config": [],
                    "local_nvme_ssd_block_config": [],
                    "local_ssd_count": 0,
                    "logging_variant": "DEFAULT",
                    "machine_type": "e2-small",
                    "metadata": {
                      "disable-legacy-endpoints": "true"
                    },
                    "min_cpu_platform": "",
                    "node_group": "",
                    "oauth_scopes": [
                      "https://www.googleapis.com/auth/devstorage.read_only",
                      "https://www.googleapis.com/auth/logging.write",
                      "https://www.googleapis.com/auth/monitoring",
                      "https://www.googleapis.com/auth/service.management.readonly",
                      "https://www.googleapis.com/auth/servicecontrol",
                      "https://www.googleapis.com/auth/trace.append"
                    ],
                    "preemptible": true,
                    "reservation_affinity": [],
                    "resource_labels": {},
                    "service_account": "default",
                    "shielded_instance_config": [
                      {
                        "enable_integrity_monitoring": true,
                        "enable_secure_boot": false
                      }
                    ],
                    "sole_tenant_config": [],
                    "spot": false,
                    "tags": [],
                    "taint": [],
                    "workload_metadata_config": []
                  }
                ],
                "node_count": 1,
                "node_locations": [
                  "europe-west3-a"
                ],
                "placement_policy": [],
                "upgrade_settings": [
                  {
                    "blue_green_settings": [],
                    "max_surge": 1,
                    "max_unavailable": 0,
                    "strategy": "SURGE"
                  }
                ],
                "version": "1.25.8-gke.1000"
              }
            ],
            "node_pool_defaults": [
              {
                "node_config_defaults": [
                  {
                    "logging_variant": "DEFAULT"
                  }
                ]
              }
            ],
            "node_version": "1.25.8-gke.1000",
            "notification_config": [
              {
                "pubsub": [
                  {
                    "enabled": false,
                    "filter": [],
                    "topic": ""
                  }
                ]
              }
            ],
            "operation": null,
            "private_cluster_config": [
              {
                "enable_private_endpoint": false,
                "enable_private_nodes": false,
                "master_global_access_config": [
                  {
                    "enabled": false
                  }
                ],
                "master_ipv4_cidr_block": "",
                "peering_name": "",
                "private_endpoint": "10.156.0.3",
                "private_endpoint_subnetwork": "",
                "public_endpoint": "35.198.95.69"
              }
            ],
            "private_ipv6_google_access": "",
            "project": "pg-xa-n-app-230466",
            "release_channel": [
              {
                "channel": "REGULAR"
              }
            ],
            "remove_default_node_pool": null,
            "resource_labels": null,
            "resource_usage_export_config": [],
            "self_link": "https://container.googleapis.com/v1/projects/pg-xa-n-app-230466/zones/europe-west3-a/clusters/gke00441-compliant-cluster",
            "service_external_ips_config": [
              {
                "enabled": false
              }
            ],
            "services_ipv4_cidr": "10.27.240.0/20",
            "subnetwork": "projects/pg-xa-n-app-230466/regions/europe-west3/subnetworks/gke00441-network",
            "timeouts": null,
            "tpu_ipv4_cidr_block": "",
            "vertical_pod_autoscaling": [],
            "workload_identity_config": []
          },
          "sensitive_attributes": [],
          "private": "eyJlMmJmYjczMC1lY2FhLTExZTYtOGY4OC0zNDM2M2JjN2M0YzAiOnsiY3JlYXRlIjoyNDAwMDAwMDAwMDAwLCJkZWxldGUiOjI0MDAwMDAwMDAwMDAsInJlYWQiOjI0MDAwMDAwMDAwMDAsInVwZGF0ZSI6MzYwMDAwMDAwMDAwMH0sInNjaGVtYV92ZXJzaW9uIjoiMSJ9",
          "dependencies": [
            "google_compute_network.gke00441_network",
            "google_project_service.gke00441_services"
          ]
        }
      ]
    },
    {
      "mode": "managed",
      "type": "google_container_cluster",
      "name": "gke_gke00441_non_compliant_cluster",
      "provider": "provider[\"registry.terraform.io/hashicorp/google\"]",
      "instances": [
        {
          "schema_version": 1,
          "attributes": {
            "addons_config": [
              {
                "cloudrun_config": [],
                "config_connector_config": [],
                "dns_cache_config": [],
                "gce_persistent_disk_csi_driver_config": [
                  {
                    "enabled": true
                  }
                ],
                "gcp_filestore_csi_driver_config": [],
                "gke_backup_agent_config": [],
                "horizontal_pod_autoscaling": [],
                "http_load_balancing": [],
                "network_policy_config": [
                  {
                    "disabled": true
                  }
                ]
              }
            ],
            "authenticator_groups_config": [],
            "binary_authorization": [
              {
                "enabled": false,
                "evaluation_mode": ""
              }
            ],
            "cluster_autoscaling": [
              {
                "auto_provisioning_defaults": [],
                "enabled": false,
                "resource_limits": []
              }
            ],
            "cluster_ipv4_cidr": "10.92.0.0/14",
            "confidential_nodes": [],
            "cost_management_config": [],
            "database_encryption": [
              {
                "key_name": "",
                "state": "DECRYPTED"
              }
            ],
            "datapath_provider": "",
            "default_max_pods_per_node": null,
            "default_snat_status": [
              {
                "disabled": false
              }
            ],
            "description": "",
            "dns_config": [],
            "enable_autopilot": false,
            "enable_binary_authorization": false,
            "enable_intranode_visibility": false,
            "enable_kubernetes_alpha": false,
            "enable_l4_ilb_subsetting": false,
            "enable_legacy_abac": true,
            "enable_shielded_nodes": true,
            "enable_tpu": false,
            "endpoint": "35.246.206.27",
            "gateway_api_config": [],
            "id": "projects/pg-xa-n-app-230466/locations/europe-west3-a/clusters/gke00441-non-compliant-cluster",
            "initial_node_count": 1,
            "ip_allocation_policy": [],
            "label_fingerprint": "a9dc16a7",
            "location": "europe-west3-a",
            "logging_config": [
              {
                "enable_components": [
                  "SYSTEM_COMPONENTS",
                  "WORKLOADS"
                ]
              }
            ],
            "logging_service": "logging.googleapis.com/kubernetes",
            "maintenance_policy": [],
            "master_auth": [
              {
                "client_certificate": "",
                "client_certificate_config": [
                  {
                    "issue_client_certificate": false
                  }
                ],
                "client_key": "",
                "cluster_ca_certificate": "LS0tLS1CRUdJTiBDRVJUSUZJQ0FURS0tLS0tCk1JSUVMVENDQXBXZ0F3SUJBZ0lSQVAyOGoySTFUK0Rhb1laRHkwYy8xQWt3RFFZSktvWklodmNOQVFFTEJRQXcKTHpFdE1Dc0dBMVVFQXhNa01qZG1Zamt3WlRNdFl6RTFZUzAwWkRVekxUaGpNbVF0WWpkaVpqVTBZell3WTJFMApNQ0FYRFRJek1EWXlOakEyTkRBMU9Gb1lEekl3TlRNd05qRTRNRGMwTURVNFdqQXZNUzB3S3dZRFZRUURFeVF5Ck4yWmlPVEJsTXkxak1UVmhMVFJrTlRNdE9HTXlaQzFpTjJKbU5UUmpOakJqWVRRd2dnR2lNQTBHQ1NxR1NJYjMKRFFFQkFRVUFBNElCandBd2dnR0tBb0lCZ1FEeTAxK0E2Rmc4ektFOUJIRmsyK0I5MTI2ek8xbWpQL3pXMTdsRwpTYzNFVlZSb0d1enowQ21JWDAxcjM5RTBzWkY5N01hUkNLa3NxVXlDcEtWR2VleVE1Vm5JdTAwUUNNMGUyMzNhCmo3dXJnNjRnSUdSdHEvTk52MEw1bzFOS0NpeEVJMGljVXVqeDhvekMyT01Mc2JmQWMvWTh2QlNqSlkwVTFWaGIKZkVEdGphNTh0c2MvVGE1YzFNbnhhdnpQdi9EYVZROXlVV2cvb2RUUy9hMlNwRkZGYlIwekZZNmNvaWlQOW5pLwpQTTZCYVNGUGhWYzN1SGxaR29qNVJ1Tk93NE1remJITFB6ZTB4ZXNkMzlyNzNVTHdvK1NXQzFjSDVCNEt2cTFkCjNCQW8rUUpYb2NHRDdPbm8ydk5DZ1YvM0ZSekJPNzRMaFBrR0ZNZUdYc0diYlU5VFNRdXdOZGQvNGVtZ0IxM28KcEhuak1WQ1c4U1p0L29VdGwwSzNBM3NtVGhTTUZSc3JvbnpXQ2xOSzdUQXdVSnAyb1VlUHJ1T1JoQ0tpMCtJZgpCdnB5SHJUNXNjSCtIUDV3bHdCY09YUmdpYU9NV0p1RFNYMjExem0yaEtDZVV5bmhNSkwvZnZPNFZlSmtyR3IzCnYrbStCVk1EcFNhMTZ3bTViVnNDSHhWSmNvY0NBd0VBQWFOQ01FQXdEZ1lEVlIwUEFRSC9CQVFEQWdJRU1BOEcKQTFVZEV3RUIvd1FGTUFNQkFmOHdIUVlEVlIwT0JCWUVGR2JYTmZuZVNaWU94ZGhIV3dvU2xoeE5jSk5FTUEwRwpDU3FHU0liM0RRRUJDd1VBQTRJQmdRRFEwdGhCYzVLQXdhVWIvc25iSktObWN1a1lkNzdLKytVditPRW9MSmxwCjhSMFVBVEg3dm4weDdOOUxzSHY5K2NqRUhVTkRhSnF1OWV3VVJxMnlnUU52N2NUWVowM2MyNjFKbmZ0MXNrNncKRThCOW5aRzJmZjRqR0RnaWFEbVVNUjMxcDc5U0ZCSlYwV2cwQzBxZ3Myd3RXUVo0Q01yaGZYemhKUGNjMDgrVApqb2c3Z3l1YUsxS2s0c0FGcUJlbkZpdGoyeDhtaVA5b3RIV0lYVVhmRTlPVUpCS2I2Zmk0ZkF1REJQbTlxUE50CkdtZ0VwK1ZtTzFKMlZMMWxTWGk2L1dGRnNyTnh0QzcyLzE3YXNtRldjUHRuZHBUak1rSzRtSjR2dUpsajU0b0sKZnZQaUt6aFJKL3UwSnpiMzhmT2RmNUlJSHYwbVUrcmJ2VnN2R0dZYjF0L3JreU4va3dHdmtsODBmNDZQY1ZNYgpTbkVSRXpJUFlXSjRONjI0aFdXcU9PQTJYVCtteFVmeFhGUW9SeWYvdXVLZzJleG9zOHhWYWt0R2thbUNwNWNNCmJscTZTSlQ2Q3RSdUFwbWFaWEU0Q0YvYVdKYlpCeWZXUmhGa21Kbi83NEFpYlU4VitmYjU3RXIrTy92aVZCdTgKanIxVXgyYm0xZzdsZnlOQ25JK25DNmM9Ci0tLS0tRU5EIENFUlRJRklDQVRFLS0tLS0K"
              }
            ],
            "master_authorized_networks_config": [],
            "master_version": "1.25.8-gke.1000",
            "mesh_certificates": [],
            "min_master_version": null,
            "monitoring_config": [
              {
                "enable_components": [
                  "SYSTEM_COMPONENTS"
                ],
                "managed_prometheus": []
              }
            ],
            "monitoring_service": "monitoring.googleapis.com/kubernetes",
            "name": "gke00441-non-compliant-cluster",
            "network": "projects/pg-xa-n-app-230466/global/networks/gke00441-network",
            "network_policy": [
              {
                "enabled": false,
                "provider": "PROVIDER_UNSPECIFIED"
              }
            ],
            "networking_mode": "ROUTES",
            "node_config": [
              {
                "advanced_machine_features": [],
                "boot_disk_kms_key": "",
                "disk_size_gb": 100,
                "disk_type": "pd-balanced",
                "ephemeral_storage_local_ssd_config": [],
                "gcfs_config": [],
                "guest_accelerator": [],
                "gvnic": [],
                "image_type": "COS_CONTAINERD",
                "kubelet_config": [],
                "labels": {},
                "linux_node_config": [],
                "local_nvme_ssd_block_config": [],
                "local_ssd_count": 0,
                "logging_variant": "DEFAULT",
                "machine_type": "e2-small",
                "metadata": {
                  "disable-legacy-endpoints": "true"
                },
                "min_cpu_platform": "",
                "node_group": "",
                "oauth_scopes": [
                  "https://www.googleapis.com/auth/devstorage.read_only",
                  "https://www.googleapis.com/auth/logging.write",
                  "https://www.googleapis.com/auth/monitoring",
                  "https://www.googleapis.com/auth/service.management.readonly",
                  "https://www.googleapis.com/auth/servicecontrol",
                  "https://www.googleapis.com/auth/trace.append"
                ],
                "preemptible": true,
                "reservation_affinity": [],
                "resource_labels": null,
                "service_account": "default",
                "shielded_instance_config": [
                  {
                    "enable_integrity_monitoring": true,
                    "enable_secure_boot": false
                  }
                ],
                "sole_tenant_config": [],
                "spot": false,
                "tags": null,
                "taint": [],
                "workload_metadata_config": []
              }
            ],
            "node_locations": [],
            "node_pool": [
              {
                "autoscaling": [],
                "initial_node_count": 1,
                "instance_group_urls": [
                  "https://www.googleapis.com/compute/v1/projects/pg-xa-n-app-230466/zones/europe-west3-a/instanceGroupManagers/gke-gke00441-non-complia-default-pool-5e79d27f-grp"
                ],
                "managed_instance_group_urls": [
                  "https://www.googleapis.com/compute/v1/projects/pg-xa-n-app-230466/zones/europe-west3-a/instanceGroups/gke-gke00441-non-complia-default-pool-5e79d27f-grp"
                ],
                "management": [
                  {
                    "auto_repair": true,
                    "auto_upgrade": true
                  }
                ],
                "max_pods_per_node": 0,
                "name": "default-pool",
                "name_prefix": "",
                "network_config": [
                  {
                    "create_pod_range": false,
                    "enable_private_nodes": false,
                    "pod_cidr_overprovision_config": [],
                    "pod_ipv4_cidr_block": "",
                    "pod_range": ""
                  }
                ],
                "node_config": [
                  {
                    "advanced_machine_features": [],
                    "boot_disk_kms_key": "",
                    "disk_size_gb": 100,
                    "disk_type": "pd-balanced",
                    "ephemeral_storage_local_ssd_config": [],
                    "gcfs_config": [],
                    "guest_accelerator": [],
                    "gvnic": [],
                    "image_type": "COS_CONTAINERD",
                    "kubelet_config": [],
                    "labels": {},
                    "linux_node_config": [],
                    "local_nvme_ssd_block_config": [],
                    "local_ssd_count": 0,
                    "logging_variant": "DEFAULT",
                    "machine_type": "e2-small",
                    "metadata": {
                      "disable-legacy-endpoints": "true"
                    },
                    "min_cpu_platform": "",
                    "node_group": "",
                    "oauth_scopes": [
                      "https://www.googleapis.com/auth/devstorage.read_only",
                      "https://www.googleapis.com/auth/logging.write",
                      "https://www.googleapis.com/auth/monitoring",
                      "https://www.googleapis.com/auth/service.management.readonly",
                      "https://www.googleapis.com/auth/servicecontrol",
                      "https://www.googleapis.com/auth/trace.append"
                    ],
                    "preemptible": true,
                    "reservation_affinity": [],
                    "resource_labels": {},
                    "service_account": "default",
                    "shielded_instance_config": [
                      {
                        "enable_integrity_monitoring": true,
                        "enable_secure_boot": false
                      }
                    ],
                    "sole_tenant_config": [],
                    "spot": false,
                    "tags": [],
                    "taint": [],
                    "workload_metadata_config": []
                  }
                ],
                "node_count": 1,
                "node_locations": [
                  "europe-west3-a"
                ],
                "placement_policy": [],
                "upgrade_settings": [
                  {
                    "blue_green_settings": [],
                    "max_surge": 1,
                    "max_unavailable": 0,
                    "strategy": "SURGE"
                  }
                ],
                "version": "1.25.8-gke.1000"
              }
            ],
            "node_pool_defaults": [
              {
                "node_config_defaults": [
                  {
                    "logging_variant": "DEFAULT"
                  }
                ]
              }
            ],
            "node_version": "1.25.8-gke.1000",
            "notification_config": [
              {
                "pubsub": [
                  {
                    "enabled": false,
                    "filter": [],
                    "topic": ""
                  }
                ]
              }
            ],
            "operation": null,
            "private_cluster_config": [
              {
                "enable_private_endpoint": false,
                "enable_private_nodes": false,
                "master_global_access_config": [
                  {
                    "enabled": false
                  }
                ],
                "master_ipv4_cidr_block": "",
                "peering_name": "",
                "private_endpoint": "10.156.0.2",
                "private_endpoint_subnetwork": "",
                "public_endpoint": "35.246.206.27"
              }
            ],
            "private_ipv6_google_access": "",
            "project": "pg-xa-n-app-230466",
            "release_channel": [
              {
                "channel": "REGULAR"
              }
            ],
            "remove_default_node_pool": null,
            "resource_labels": null,
            "resource_usage_export_config": [],
            "self_link": "https://container.googleapis.com/v1/projects/pg-xa-n-app-230466/zones/europe-west3-a/clusters/gke00441-non-compliant-cluster",
            "service_external_ips_config": [
              {
                "enabled": false
              }
            ],
            "services_ipv4_cidr": "10.95.240.0/20",
            "subnetwork": "projects/pg-xa-n-app-230466/regions/europe-west3/subnetworks/gke00441-network",
            "timeouts": null,
            "tpu_ipv4_cidr_block": "",
            "vertical_pod_autoscaling": [],
            "workload_identity_config": []
          },
          "sensitive_attributes": [],
          "private": "eyJlMmJmYjczMC1lY2FhLTExZTYtOGY4OC0zNDM2M2JjN2M0YzAiOnsiY3JlYXRlIjoyNDAwMDAwMDAwMDAwLCJkZWxldGUiOjI0MDAwMDAwMDAwMDAsInJlYWQiOjI0MDAwMDAwMDAwMDAsInVwZGF0ZSI6MzYwMDAwMDAwMDAwMH0sInNjaGVtYV92ZXJzaW9uIjoiMSJ9",
          "dependencies": [
            "google_compute_network.gke00441_network",
            "google_project_service.gke00441_services"
          ]
        }
      ]
    },
    {
      "mode": "managed",
      "type": "google_project_service",
      "name": "gke00441_services",
      "provider": "provider[\"registry.terraform.io/hashicorp/google\"]",
      "instances": [
        {
          "index_key": "container.googleapis.com",
          "schema_version": 0,
          "attributes": {
            "disable_dependent_services": null,
            "disable_on_destroy": false,
            "id": "pg-xa-n-app-230466/container.googleapis.com",
            "project": "pg-xa-n-app-230466",
            "service": "container.googleapis.com",
            "timeouts": null
          },
          "sensitive_attributes": [],
          "private": "eyJlMmJmYjczMC1lY2FhLTExZTYtOGY4OC0zNDM2M2JjN2M0YzAiOnsiY3JlYXRlIjoxMjAwMDAwMDAwMDAwLCJkZWxldGUiOjEyMDAwMDAwMDAwMDAsInJlYWQiOjYwMDAwMDAwMDAwMCwidXBkYXRlIjoxMjAwMDAwMDAwMDAwfX0="
        }
      ]
    },
    {
      "mode": "managed",
      "type": "kubernetes_pod",
      "name": "gke00441_k8s_non_compliant_pod",
      "provider": "provider[\"registry.terraform.io/hashicorp/kubernetes\"]",
      "instances": [
        {
          "schema_version": 1,
          "attributes": {
            "id": "default/gke00441-non-compliant-pod",
            "metadata": [
              {
                "annotations": null,
                "generate_name": "",
                "generation": 0,
                "labels": null,
                "name": "gke00441-non-compliant-pod",
                "namespace": "default",
                "resource_version": "1391",
                "uid": "ea391f2e-4a3b-403c-bbdf-72c1df61a8ff"
              }
            ],
            "spec": [
              {
                "active_deadline_seconds": 0,
                "affinity": [],
                "automount_service_account_token": true,
                "container": [
                  {
                    "args": null,
                    "command": null,
                    "env": [
                      {
                        "name": "environment",
                        "value": "",
                        "value_from": [
                          {
                            "config_map_key_ref": [],
                            "field_ref": [],
                            "resource_field_ref": [],
                            "secret_key_ref": [
                              {
                                "key": "environment",
                                "name": "gke00441-secret",
                                "optional": false
                              }
                            ]
                          }
                        ]
                      }
                    ],
                    "env_from": [],
                    "image": "nginx:1.21.6",
                    "image_pull_policy": "IfNotPresent",
                    "lifecycle": [],
                    "liveness_probe": [
                      {
                        "exec": [],
                        "failure_threshold": 3,
                        "grpc": [],
                        "http_get": [
                          {
                            "host": "",
                            "http_header": [],
                            "path": "/",
                            "port": "80",
                            "scheme": "HTTP"
                          }
                        ],
                        "initial_delay_seconds": 3,
                        "period_seconds": 3,
                        "success_threshold": 1,
                        "tcp_socket": [],
                        "timeout_seconds": 1
                      }
                    ],
                    "name": "gke00441-non-compliant-container",
                    "port": [
                      {
                        "container_port": 80,
                        "host_ip": "",
                        "host_port": 0,
                        "name": "",
                        "protocol": "TCP"
                      }
                    ],
                    "readiness_probe": [],
                    "resources": [
                      {
                        "limits": {},
                        "requests": {}
                      }
                    ],
                    "security_context": [],
                    "startup_probe": [],
                    "stdin": false,
                    "stdin_once": false,
                    "termination_message_path": "/dev/termination-log",
                    "termination_message_policy": "File",
                    "tty": false,
                    "volume_mount": [],
                    "working_dir": ""
                  }
                ],
                "dns_config": [
                  {
                    "nameservers": [
                      "1.1.1.1",
                      "8.8.8.8",
                      "9.9.9.9"
                    ],
                    "option": [
                      {
                        "name": "ndots",
                        "value": "1"
                      },
                      {
                        "name": "use-vc",
                        "value": ""
                      }
                    ],
                    "searches": [
                      "example.com"
                    ]
                  }
                ],
                "dns_policy": "None",
                "enable_service_links": true,
                "host_aliases": [],
                "host_ipc": false,
                "host_network": false,
                "host_pid": false,
                "hostname": "",
                "image_pull_secrets": [],
                "init_container": [],
                "node_name": "gke-gke00441-non-complia-default-pool-5e79d27f-2zb3",
                "node_selector": null,
                "priority_class_name": "",
                "readiness_gate": [],
                "restart_policy": "Always",
                "runtime_class_name": "",
                "scheduler_name": "default-scheduler",
                "security_context": [],
                "service_account_name": "default",
                "share_process_namespace": false,
                "subdomain": "",
                "termination_grace_period_seconds": 30,
                "toleration": [],
                "topology_spread_constraint": [],
                "volume": []
              }
            ],
            "timeouts": null
          },
          "sensitive_attributes": [],
          "private": "eyJlMmJmYjczMC1lY2FhLTExZTYtOGY4OC0zNDM2M2JjN2M0YzAiOnsiY3JlYXRlIjozMDAwMDAwMDAwMDAsImRlbGV0ZSI6MzAwMDAwMDAwMDAwfSwic2NoZW1hX3ZlcnNpb24iOiIxIn0=",
          "dependencies": [
            "data.google_client_config.default",
            "google_compute_network.gke00441_network",
            "google_container_cluster.gke_gke00441_non_compliant_cluster",
            "google_project_service.gke00441_services",
            "kubernetes_secret.gke00441_k8s_secret"
          ]
        }
      ]
    },
    {
      "mode": "managed",
      "type": "kubernetes_secret",
      "name": "gke00441_k8s_secret",
      "provider": "provider[\"registry.terraform.io/hashicorp/kubernetes\"]",
      "instances": [
        {
          "schema_version": 0,
          "attributes": {
            "binary_data": null,
            "data": {
              "environment": "test"
            },
            "id": "default/gke00441-secret",
            "immutable": false,
            "metadata": [
              {
                "annotations": null,
                "generate_name": "",
                "generation": 0,
                "labels": null,
                "name": "gke00441-secret",
                "namespace": "default",
                "resource_version": "1183",
                "uid": "ccc9f9ac-bf63-4332-a3d4-d839295963ba"
              }
            ],
            "timeouts": null,
            "type": "Opaque",
            "wait_for_service_account_token": true
          },
          "sensitive_attributes": [],
          "private": "eyJlMmJmYjczMC1lY2FhLTExZTYtOGY4OC0zNDM2M2JjN2M0YzAiOnsiY3JlYXRlIjo2MDAwMDAwMDAwMH19",
          "dependencies": [
            "data.google_client_config.default",
            "google_compute_network.gke00441_network",
            "google_container_cluster.gke_gke00441_non_compliant_cluster",
            "google_project_service.gke00441_services"
          ]
        }
      ]
    }
  ],
  "check_results": null
}
