{
  "version": 4,
  "terraform_version": "1.4.4",
  "serial": 10,
  "lineage": "f654515a-c30c-6cef-1542-241043111155",
  "outputs": {},
  "resources": [
    {
      "mode": "data",
      "type": "google_client_config",
      "name": "default",
      "provider": "provider[\"registry.terraform.io/hashicorp/google\"]",
      "instances": [
        {
          "schema_version": 0,
          "attributes": {
            "access_token": "ya29.c.b0Aaekm1LPYw5hSiLc3J0obc8LiuBDTqDO-aey-40fFJXiLLL7FZkOHgOb6E6UA8QettNauVBLMPsisTp_J7tXXrBSSgSgDcNKt2w56poRjEUSOe5b8oer74q5rPWZHK8tS5IDdlZ9jQQE-Sf4giEyiN45P9xsgECgmubUMtdRW1fjQikC6z1bqSIZfCGdKzqVf4nrKnD_beiaG4jkXalz4aoFXVC7U9XPxhBlDu4OhqewR3wN8whyi_i8qSHPUk4-ud1D8hePkkDrYRoHiTITXLrYtN_6wlcRN6G48l1NjwyZljeNmQ82UyN2gWUjEDsg29wic7zebwG339Ahe_yd99h8kna14eYs4RxefIibIX0vehBIzVoJcmxf6vZ0ZIzY1We01V0fbYRSchlSSQFyWf46U_r2pzvsu8lV1uIgfJ-lru4jYBZ4evj8vs1nOB45kMVZ0VJcxOvuyc1YrqjYkS6IM0eU5Qu2u3bQcX1BOoSpMzbyZ0m4bkzZShwOkqcl1YpX2em_FJ3dZkb-Fs-ypqrqwyz_q2f56s9M59lMjU8rqk1jaMOZB7mmkYhnyBqk2jR-vyRWvJSm3fjMIkakhu3jlXwYdscVsqMQX5QtqMi_8R_IIj-jOgzh9jnxlI2p4ocfR-f_q-04J1eZab2ciivoZniqjIOfiUMJlqgblY8rFuMVVRW-szvmYcqfV6a7vO_8s93b0nfthYnqWXd1hzz72wx43RlzaqeVle225wXR_oYrecQv3jiQ17hxXr8oovdw-oU1su7tqMYry6v6RVleX2FSfupj0zhRO22_M7tjzq6iIctUSwo0-d9tRqk_pet7a8zQX4v-QJYZyvBfSfxZkvYVUsdIv4ktnvUpcW3zfiOWgjb04ovZ5Bb7paS13S9R5dy8yyUepS4d7epnj46-wyhj80J8Yj1B5IOFy8nIz4fqdwUx6eV5MSnXxoss84k6lWs7oteR3U_qnRlcllt9-B87s0J6MyyBxkyW8a_pqrsIwl0UYVV",
            "id": "projects/\"pg-xa-n-app-230466\"/regions/\u003cnull\u003e/zones/\u003cnull\u003e",
            "project": "pg-xa-n-app-230466",
            "region": null,
            "zone": null
          },
          "sensitive_attributes": []
        }
      ]
    },
    {
      "mode": "managed",
      "type": "google_compute_network",
      "name": "gke00513_network",
      "provider": "provider[\"registry.terraform.io/hashicorp/google\"]",
      "instances": [
        {
          "schema_version": 0,
          "attributes": {
            "auto_create_subnetworks": true,
            "delete_default_routes_on_create": false,
            "description": "",
            "enable_ula_internal_ipv6": false,
            "gateway_ipv4": "",
            "id": "projects/pg-xa-n-app-230466/global/networks/gke00513-network",
            "internal_ipv6_range": "",
            "mtu": 0,
            "name": "gke00513-network",
            "network_firewall_policy_enforcement_order": "AFTER_CLASSIC_FIREWALL",
            "project": "pg-xa-n-app-230466",
            "routing_mode": "REGIONAL",
            "self_link": "https://www.googleapis.com/compute/v1/projects/pg-xa-n-app-230466/global/networks/gke00513-network",
            "timeouts": null
          },
          "sensitive_attributes": [],
          "private": "eyJlMmJmYjczMC1lY2FhLTExZTYtOGY4OC0zNDM2M2JjN2M0YzAiOnsiY3JlYXRlIjoxMjAwMDAwMDAwMDAwLCJkZWxldGUiOjEyMDAwMDAwMDAwMDAsInVwZGF0ZSI6MTIwMDAwMDAwMDAwMH19"
        }
      ]
    },
    {
      "mode": "managed",
      "type": "google_container_cluster",
      "name": "gke00513_compliant_cluster",
      "provider": "provider[\"registry.terraform.io/hashicorp/google\"]",
      "instances": [
        {
          "schema_version": 1,
          "attributes": {
            "addons_config": [
              {
                "cloudrun_config": [],
                "config_connector_config": [],
                "dns_cache_config": [],
                "gce_persistent_disk_csi_driver_config": [
                  {
                    "enabled": true
                  }
                ],
                "gcp_filestore_csi_driver_config": [],
                "gke_backup_agent_config": [],
                "horizontal_pod_autoscaling": [],
                "http_load_balancing": [],
                "network_policy_config": [
                  {
                    "disabled": true
                  }
                ]
              }
            ],
            "authenticator_groups_config": [],
            "binary_authorization": [
              {
                "enabled": false,
                "evaluation_mode": ""
              }
            ],
            "cluster_autoscaling": [
              {
                "auto_provisioning_defaults": [],
                "enabled": false,
                "resource_limits": []
              }
            ],
            "cluster_ipv4_cidr": "10.4.0.0/14",
            "confidential_nodes": [],
            "cost_management_config": [],
            "database_encryption": [
              {
                "key_name": "",
                "state": "DECRYPTED"
              }
            ],
            "datapath_provider": "",
            "default_max_pods_per_node": null,
            "default_snat_status": [
              {
                "disabled": false
              }
            ],
            "description": "",
            "dns_config": [],
            "enable_autopilot": false,
            "enable_binary_authorization": false,
            "enable_intranode_visibility": false,
            "enable_kubernetes_alpha": false,
            "enable_l4_ilb_subsetting": false,
            "enable_legacy_abac": false,
            "enable_shielded_nodes": true,
            "enable_tpu": false,
            "endpoint": "34.141.60.203",
            "gateway_api_config": [],
            "id": "projects/pg-xa-n-app-230466/locations/europe-west3-a/clusters/gke00513-compliant-cluster",
            "initial_node_count": 1,
            "ip_allocation_policy": [],
            "label_fingerprint": "a9dc16a7",
            "location": "europe-west3-a",
            "logging_config": [
              {
                "enable_components": [
                  "SYSTEM_COMPONENTS",
                  "WORKLOADS"
                ]
              }
            ],
            "logging_service": "logging.googleapis.com/kubernetes",
            "maintenance_policy": [],
            "master_auth": [
              {
                "client_certificate": "",
                "client_certificate_config": [
                  {
                    "issue_client_certificate": false
                  }
                ],
                "client_key": "",
                "cluster_ca_certificate": "LS0tLS1CRUdJTiBDRVJUSUZJQ0FURS0tLS0tCk1JSUVMVENDQXBXZ0F3SUJBZ0lSQU9ZQzVMMFJTRE5YK0pQREh6TkR2ZVV3RFFZSktvWklodmNOQVFFTEJRQXcKTHpFdE1Dc0dBMVVFQXhNa1pXUmhNR1prWldVdE1tWXpPQzAwTkRRNExUazRaV1V0Tm1WaU5EazROV05oWkdWagpNQ0FYRFRJek1EWXhPVEEyTlRnd00xb1lEekl3TlRNd05qRXhNRGMxT0RBeldqQXZNUzB3S3dZRFZRUURFeVJsClpHRXdabVJsWlMweVpqTTRMVFEwTkRndE9UaGxaUzAyWldJME9UZzFZMkZrWldNd2dnR2lNQTBHQ1NxR1NJYjMKRFFFQkFRVUFBNElCandBd2dnR0tBb0lCZ1FETnNuZldYVXBYdFhWTHc2azVIdjlob1pld2pnMjhxc0Qrc21xWApOdU5remdDVUlQbHlGUnlBQllDcnB2b0pUbEd4Zi9LOE96allhSTZFSlNXcEhEaHp2dDBRbldTZTJBakxFTnhYCm1nU0VJOGdRZnJFOWpTdnNJbXFvNysyQ1E5c1BqWVAySXIrVUhRWU1JeXRsbXlGNHR2UEpIWUZkem1OakdOUUgKMnVNN2R0R3lYUWtPR2Q3OUNuYXAxUmV4elFhNmxHSURvTGdXS1RsWFY4OXFVazR5eCtBUUJIL0tuTVU1RXVOTgo4MHpXY2N0QzBlL1hTamNKVXlXaWhyRVNBcUJPdzkyK0djZ3lXUFY2S3FKL2dHMXZLQkl0SWRKeTBzTWRNQ0x6Cm43T0RpcURXV1Bhd2pHVnlxMTdwZTl5ZG5FWHRrOXFCbFhrSkF0dnFBdStwRWdnUGduQUY2S05TV1NhYWxoZDAKTzdOMGVXN0F0eDZMODBlcGw3OGliSmNnRk1jS1NQYjM1T2svL1VJMHRzRmtIdWpqVHg1NVByNDV5a3NkUGx5VQo3cGlDeTlBRHh2OWNWRmY3MmdES1dGR1BxcWFNTjhXRTAzS2RSY0RiVHROV0VIOGx2eDdQZFcycmhhVUcrSS9VCmVpTFpDQ09STHdEYU9RZEZWR0duSXl5SStRc0NBd0VBQWFOQ01FQXdEZ1lEVlIwUEFRSC9CQVFEQWdJRU1BOEcKQTFVZEV3RUIvd1FGTUFNQkFmOHdIUVlEVlIwT0JCWUVGT1BNYnQrbkxxcmp0ZmZhd0ZERnJxN3haZE1VTUEwRwpDU3FHU0liM0RRRUJDd1VBQTRJQmdRQUU2TXZqZ3ppTEE0ckJoOE9VRlpVNTJWeFNqRHFJQ3RKT0Zhc1VIZGQrCkFqZ1cvOVo5clZLVXdJR3lXRTltdkVmTk5WNmxIQUcvN292UmVBejZtenlYeWh2eUh6ZmpWZnBkS0szLzR1TEwKanFROGhXcnBhVGZNR2NZR09uNjRINDlLREZ3ZzM0OUlDL0M0eXVyUjVPNFNSaVpwdFkrQ2dmOHRWOFRLakZNRwpuemc4Y2lxaldmWDdPcGEzNzBOeUM5OFdvQnhXV0lVUzNSNUNOYSt6RlJCTDkwY3NLcDdvRjVFYXdtNFpiMjFNCjJDR2daTmJneDg0K2VKQ2IrbU9HNDFaU3lPS2twM1pYTTZIWlRLOTJWTStGdXV4emhpaVI0NktZZXlIaHZub1YKcDJLK1NDK2lVRFoyS3BpRCtoNzJkSHVmUytEU2FNTjdKaFhkaVRlYWhsakxUb2kwaThkSk5HOGlUSStydnlIQgpRaDNpWFVsNlcrL3lpYmNUWGJRTkhGclJsZEk5ZmprTW5jYVNxcEtQUWxhcWxmK0RrT3JUd3ArOHgxdGNSWlVHCjFtU2tnRE9VcElINVBjZmpBSEVzV1k1eUVUc0lDT25BcmFBY1ZTa1Z5eGswWVYreVR3bXNTMUQ3aTQrdzRCV3QKODJaaEFSSzh0UWN1azlrYmFnQWkvTGc9Ci0tLS0tRU5EIENFUlRJRklDQVRFLS0tLS0K"
              }
            ],
            "master_authorized_networks_config": [],
            "master_version": "1.25.8-gke.500",
            "mesh_certificates": [],
            "min_master_version": null,
            "monitoring_config": [
              {
                "enable_components": [
                  "SYSTEM_COMPONENTS"
                ],
                "managed_prometheus": []
              }
            ],
            "monitoring_service": "monitoring.googleapis.com/kubernetes",
            "name": "gke00513-compliant-cluster",
            "network": "projects/pg-xa-n-app-230466/global/networks/gke00513-network",
            "network_policy": [
              {
                "enabled": false,
                "provider": "PROVIDER_UNSPECIFIED"
              }
            ],
            "networking_mode": "ROUTES",
            "node_config": [
              {
                "advanced_machine_features": [],
                "boot_disk_kms_key": "",
                "disk_size_gb": 100,
                "disk_type": "pd-balanced",
                "ephemeral_storage_local_ssd_config": [],
                "gcfs_config": [],
                "guest_accelerator": [],
                "gvnic": [],
                "image_type": "COS_CONTAINERD",
                "kubelet_config": [],
                "labels": {},
                "linux_node_config": [],
                "local_nvme_ssd_block_config": [],
                "local_ssd_count": 0,
                "logging_variant": "DEFAULT",
                "machine_type": "e2-small",
                "metadata": {
                  "disable-legacy-endpoints": "true"
                },
                "min_cpu_platform": "",
                "node_group": "",
                "oauth_scopes": [
                  "https://www.googleapis.com/auth/cloud-platform",
                  "https://www.googleapis.com/auth/userinfo.email"
                ],
                "preemptible": true,
                "reservation_affinity": [],
                "resource_labels": null,
                "service_account": "gke00513-compliant-sa@pg-xa-n-app-230466.iam.gserviceaccount.com",
                "shielded_instance_config": [
                  {
                    "enable_integrity_monitoring": true,
                    "enable_secure_boot": false
                  }
                ],
                "spot": false,
                "tags": null,
                "taint": [],
                "workload_metadata_config": []
              }
            ],
            "node_locations": [],
            "node_pool": [
              {
                "autoscaling": [],
                "initial_node_count": 1,
                "instance_group_urls": [
                  "https://www.googleapis.com/compute/v1/projects/pg-xa-n-app-230466/zones/europe-west3-a/instanceGroupManagers/gke-gke00513-compliant-c-default-pool-6df040cd-grp"
                ],
                "managed_instance_group_urls": [
                  "https://www.googleapis.com/compute/v1/projects/pg-xa-n-app-230466/zones/europe-west3-a/instanceGroups/gke-gke00513-compliant-c-default-pool-6df040cd-grp"
                ],
                "management": [
                  {
                    "auto_repair": true,
                    "auto_upgrade": true
                  }
                ],
                "max_pods_per_node": 0,
                "name": "default-pool",
                "name_prefix": "",
                "network_config": [
                  {
                    "create_pod_range": false,
                    "enable_private_nodes": false,
                    "pod_cidr_overprovision_config": [],
                    "pod_ipv4_cidr_block": "",
                    "pod_range": ""
                  }
                ],
                "node_config": [
                  {
                    "advanced_machine_features": [],
                    "boot_disk_kms_key": "",
                    "disk_size_gb": 100,
                    "disk_type": "pd-balanced",
                    "ephemeral_storage_local_ssd_config": [],
                    "gcfs_config": [],
                    "guest_accelerator": [],
                    "gvnic": [],
                    "image_type": "COS_CONTAINERD",
                    "kubelet_config": [],
                    "labels": {},
                    "linux_node_config": [],
                    "local_nvme_ssd_block_config": [],
                    "local_ssd_count": 0,
                    "logging_variant": "DEFAULT",
                    "machine_type": "e2-small",
                    "metadata": {
                      "disable-legacy-endpoints": "true"
                    },
                    "min_cpu_platform": "",
                    "node_group": "",
                    "oauth_scopes": [
                      "https://www.googleapis.com/auth/cloud-platform",
                      "https://www.googleapis.com/auth/userinfo.email"
                    ],
                    "preemptible": true,
                    "reservation_affinity": [],
                    "resource_labels": {},
                    "service_account": "gke00513-compliant-sa@pg-xa-n-app-230466.iam.gserviceaccount.com",
                    "shielded_instance_config": [
                      {
                        "enable_integrity_monitoring": true,
                        "enable_secure_boot": false
                      }
                    ],
                    "spot": false,
                    "tags": [],
                    "taint": [],
                    "workload_metadata_config": []
                  }
                ],
                "node_count": 1,
                "node_locations": [
                  "europe-west3-a"
                ],
                "placement_policy": [],
                "upgrade_settings": [
                  {
                    "blue_green_settings": [],
                    "max_surge": 1,
                    "max_unavailable": 0,
                    "strategy": "SURGE"
                  }
                ],
                "version": "1.25.8-gke.500"
              }
            ],
            "node_pool_defaults": [
              {
                "node_config_defaults": [
                  {
                    "logging_variant": "DEFAULT"
                  }
                ]
              }
            ],
            "node_version": "1.25.8-gke.500",
            "notification_config": [
              {
                "pubsub": [
                  {
                    "enabled": false,
                    "filter": [],
                    "topic": ""
                  }
                ]
              }
            ],
            "operation": null,
            "private_cluster_config": [
              {
                "enable_private_endpoint": false,
                "enable_private_nodes": false,
                "master_global_access_config": [
                  {
                    "enabled": false
                  }
                ],
                "master_ipv4_cidr_block": "",
                "peering_name": "",
                "private_endpoint": "10.156.0.3",
                "private_endpoint_subnetwork": "",
                "public_endpoint": "34.141.60.203"
              }
            ],
            "private_ipv6_google_access": "",
            "project": "pg-xa-n-app-230466",
            "release_channel": [
              {
                "channel": "REGULAR"
              }
            ],
            "remove_default_node_pool": null,
            "resource_labels": null,
            "resource_usage_export_config": [],
            "self_link": "https://container.googleapis.com/v1/projects/pg-xa-n-app-230466/zones/europe-west3-a/clusters/gke00513-compliant-cluster",
            "service_external_ips_config": [
              {
                "enabled": false
              }
            ],
            "services_ipv4_cidr": "10.7.240.0/20",
            "subnetwork": "projects/pg-xa-n-app-230466/regions/europe-west3/subnetworks/gke00513-network",
            "timeouts": null,
            "tpu_ipv4_cidr_block": "",
            "vertical_pod_autoscaling": [],
            "workload_identity_config": []
          },
          "sensitive_attributes": [],
          "private": "eyJlMmJmYjczMC1lY2FhLTExZTYtOGY4OC0zNDM2M2JjN2M0YzAiOnsiY3JlYXRlIjoyNDAwMDAwMDAwMDAwLCJkZWxldGUiOjI0MDAwMDAwMDAwMDAsInJlYWQiOjI0MDAwMDAwMDAwMDAsInVwZGF0ZSI6MzYwMDAwMDAwMDAwMH0sInNjaGVtYV92ZXJzaW9uIjoiMSJ9",
          "dependencies": [
            "google_compute_network.gke00513_network",
            "google_project_service.gke00513_services",
            "google_service_account.gke00513_compliant_service_account"
          ]
        }
      ]
    },
    {
      "mode": "managed",
      "type": "google_container_cluster",
      "name": "gke00513_non_compliant_cluster",
      "provider": "provider[\"registry.terraform.io/hashicorp/google\"]",
      "instances": [
        {
          "schema_version": 1,
          "attributes": {
            "addons_config": [
              {
                "cloudrun_config": [],
                "config_connector_config": [],
                "dns_cache_config": [],
                "gce_persistent_disk_csi_driver_config": [
                  {
                    "enabled": true
                  }
                ],
                "gcp_filestore_csi_driver_config": [],
                "gke_backup_agent_config": [],
                "horizontal_pod_autoscaling": [],
                "http_load_balancing": [],
                "network_policy_config": [
                  {
                    "disabled": true
                  }
                ]
              }
            ],
            "authenticator_groups_config": [],
            "binary_authorization": [
              {
                "enabled": false,
                "evaluation_mode": ""
              }
            ],
            "cluster_autoscaling": [
              {
                "auto_provisioning_defaults": [],
                "enabled": false,
                "resource_limits": []
              }
            ],
            "cluster_ipv4_cidr": "10.0.0.0/14",
            "confidential_nodes": [],
            "cost_management_config": [],
            "database_encryption": [
              {
                "key_name": "",
                "state": "DECRYPTED"
              }
            ],
            "datapath_provider": "",
            "default_max_pods_per_node": null,
            "default_snat_status": [
              {
                "disabled": false
              }
            ],
            "description": "",
            "dns_config": [],
            "enable_autopilot": false,
            "enable_binary_authorization": false,
            "enable_intranode_visibility": false,
            "enable_kubernetes_alpha": false,
            "enable_l4_ilb_subsetting": false,
            "enable_legacy_abac": false,
            "enable_shielded_nodes": true,
            "enable_tpu": false,
            "endpoint": "34.89.138.27",
            "gateway_api_config": [],
            "id": "projects/pg-xa-n-app-230466/locations/europe-west3-a/clusters/gke00513-non-compliant-cluster",
            "initial_node_count": 1,
            "ip_allocation_policy": [],
            "label_fingerprint": "a9dc16a7",
            "location": "europe-west3-a",
            "logging_config": [
              {
                "enable_components": [
                  "SYSTEM_COMPONENTS",
                  "WORKLOADS"
                ]
              }
            ],
            "logging_service": "logging.googleapis.com/kubernetes",
            "maintenance_policy": [],
            "master_auth": [
              {
                "client_certificate": "",
                "client_certificate_config": [
                  {
                    "issue_client_certificate": false
                  }
                ],
                "client_key": "",
                "cluster_ca_certificate": "LS0tLS1CRUdJTiBDRVJUSUZJQ0FURS0tLS0tCk1JSUVMRENDQXBTZ0F3SUJBZ0lRYzNkKzBqQWNyTDJmMXRGK25zSllyekFOQmdrcWhraUc5dzBCQVFzRkFEQXYKTVMwd0t3WURWUVFERXlSbU9EWXhaakZpTkMweE1HVmtMVFJqWlRndFlqbGhaQzFsTmpRd1pEZ3hPVFl6WVRFdwpJQmNOTWpNd05qRTVNRFkxT0RBeldoZ1BNakExTXpBMk1URXdOelU0TUROYU1DOHhMVEFyQmdOVkJBTVRKR1k0Ck5qRm1NV0kwTFRFd1pXUXROR05sT0MxaU9XRmtMV1UyTkRCa09ERTVOak5oTVRDQ0FhSXdEUVlKS29aSWh2Y04KQVFFQkJRQURnZ0dQQURDQ0FZb0NnZ0dCQUtZMkt5N0VwYUpUdmNGL1RFcDVrempBNTB5Y0JTNVdlL2FIajQwcAprVVR4cE5MTENFSDlJQUNOL04wTFVMSm9vK3RFS3RBVWFsSUJ3VnErUUcrdk96MVNWWjRhaVA3eWViRDZXS1VQCnV3TE5XL2puTUZlYWpIVVl6anp5dWtCd1BWYytqaTY1akRBSkhidFp1SzJzMzhKRVhwVFhNbWRRQ3kwUmxmdGYKQ1lZME5ySXQ2NWJqK0llNkEwRFVUNE45TXJqakxWODZXK3VsbEtPSWQvMWZXMHkzS1JjZVFVS1MxQkZYMWRZYwpCbHRGQXZUMmd4VlpwS1JjbFZTbDN3K2ZKcXg1OFdRM1JkMm5PU1ZiNHZJR0RUVE8zaXptMnpvRTdUb3dreFhECmtla0tTWXVxakFFaXlPbVl2NmZnaU5vQ2YrQ21tQlBTaHhwZFpxeDZxTHBzVGFNRnYwYVprVENXeDliblY2ZE8KWGhZT2FxWlltUjI0REMrbUp4M0hJT3RJTHkvcll5NENTV2pqVDRoM2U2eERmM24vanRwYU5BbVlhcThBTlpvago4Qjg0eHdDTm0zbFFqek55dlpvelQ3OGZoUFFsNWFia3kvdWd6V1c1RERSYTQ3dzVBS2ZHdlFDN0lMVTBzM2V4CmlpcHg1WitNcWtzOStGVVN5Y2NaTm5OSXF3SURBUUFCbzBJd1FEQU9CZ05WSFE4QkFmOEVCQU1DQWdRd0R3WUQKVlIwVEFRSC9CQVV3QXdFQi96QWRCZ05WSFE0RUZnUVVLVVFQVUpZUDR5aVNnOTlvdzFDVFRZbWk4RHN3RFFZSgpLb1pJaHZjTkFRRUxCUUFEZ2dHQkFJbXFCcVArNTc3cGF3bXlQdnp4aFl4b2pPMXJEdkd4aG9TSloyQzUzRmxsCkk3WUhNR2NHRkNLUUFSQk5OTXJNVGU0eGQ0TUkwOUFCc0t4SUtLSWFZdkcxMlpVSkEvZTNPK1FpMFlVajJzQlcKYlAxL3BCemNGZHNqVTB3c2V5VDQ1bnh3ZDRDb2VJQlVHTjhjTk1GbTcxeVBRQmxHNXdsSHY5WTlTT0VZakhvUQp4ZFBMRy9xc2EzQ3R1QnJsTlVqSzNFTWZrWjRSSDhFcWl0NmV4ZGY1WDF6eFlBNUFtbjZ3VjlwdmFHMXY4RUc5CmpOaFdiSm1HV2g4cjBCMTMyUnpocTJBTWFyaFhhQ1hxRXdQamlTdzExR293NDl6OUwxK0RYWXpYMVc5Nnl6K1oKd21MS25tdVFETGxNMjVvTlpKcysrV01jeXNMVFNWQ29NWjNoR0lwOStUNFdlSnpIK1haZEtZT3V3MmxMdFEyawpZSmo5Qlg3enN0SlM2V084OG9kU1lMc2Rpa05RNVllSjhwSjFaMEtnUVJHeWpJYVpPMmRBdlR6dDRXT1NlZE9SClhoVmFYeUlFNUtQaFFLeXliVUo4ZzlTellrZXE3dSttd0hIK3RCRnR2SldrSmxRYXJaOUtERkQza1ZzeEFGZ1gKRGFMbXptSFBudVY3azhjc1hrdFJOdz09Ci0tLS0tRU5EIENFUlRJRklDQVRFLS0tLS0K"
              }
            ],
            "master_authorized_networks_config": [],
            "master_version": "1.25.8-gke.500",
            "mesh_certificates": [],
            "min_master_version": null,
            "monitoring_config": [
              {
                "enable_components": [
                  "SYSTEM_COMPONENTS"
                ],
                "managed_prometheus": []
              }
            ],
            "monitoring_service": "monitoring.googleapis.com/kubernetes",
            "name": "gke00513-non-compliant-cluster",
            "network": "projects/pg-xa-n-app-230466/global/networks/gke00513-network",
            "network_policy": [
              {
                "enabled": false,
                "provider": "PROVIDER_UNSPECIFIED"
              }
            ],
            "networking_mode": "ROUTES",
            "node_config": [
              {
                "advanced_machine_features": [],
                "boot_disk_kms_key": "",
                "disk_size_gb": 100,
                "disk_type": "pd-balanced",
                "ephemeral_storage_local_ssd_config": [],
                "gcfs_config": [],
                "guest_accelerator": [],
                "gvnic": [],
                "image_type": "COS_CONTAINERD",
                "kubelet_config": [],
                "labels": {},
                "linux_node_config": [],
                "local_nvme_ssd_block_config": [],
                "local_ssd_count": 0,
                "logging_variant": "DEFAULT",
                "machine_type": "e2-small",
                "metadata": {
                  "disable-legacy-endpoints": "true"
                },
                "min_cpu_platform": "",
                "node_group": "",
                "oauth_scopes": [
                  "https://www.googleapis.com/auth/cloud-platform",
                  "https://www.googleapis.com/auth/userinfo.email"
                ],
                "preemptible": true,
                "reservation_affinity": [],
                "resource_labels": null,
                "service_account": "gke00513-non-compliant-sa@pg-xa-n-app-230466.iam.gserviceaccount.com",
                "shielded_instance_config": [
                  {
                    "enable_integrity_monitoring": true,
                    "enable_secure_boot": false
                  }
                ],
                "spot": false,
                "tags": null,
                "taint": [],
                "workload_metadata_config": []
              }
            ],
            "node_locations": [],
            "node_pool": [
              {
                "autoscaling": [],
                "initial_node_count": 1,
                "instance_group_urls": [
                  "https://www.googleapis.com/compute/v1/projects/pg-xa-n-app-230466/zones/europe-west3-a/instanceGroupManagers/gke-gke00513-non-complia-default-pool-242af5a1-grp"
                ],
                "managed_instance_group_urls": [
                  "https://www.googleapis.com/compute/v1/projects/pg-xa-n-app-230466/zones/europe-west3-a/instanceGroups/gke-gke00513-non-complia-default-pool-242af5a1-grp"
                ],
                "management": [
                  {
                    "auto_repair": true,
                    "auto_upgrade": true
                  }
                ],
                "max_pods_per_node": 0,
                "name": "default-pool",
                "name_prefix": "",
                "network_config": [
                  {
                    "create_pod_range": false,
                    "enable_private_nodes": false,
                    "pod_cidr_overprovision_config": [],
                    "pod_ipv4_cidr_block": "",
                    "pod_range": ""
                  }
                ],
                "node_config": [
                  {
                    "advanced_machine_features": [],
                    "boot_disk_kms_key": "",
                    "disk_size_gb": 100,
                    "disk_type": "pd-balanced",
                    "ephemeral_storage_local_ssd_config": [],
                    "gcfs_config": [],
                    "guest_accelerator": [],
                    "gvnic": [],
                    "image_type": "COS_CONTAINERD",
                    "kubelet_config": [],
                    "labels": {},
                    "linux_node_config": [],
                    "local_nvme_ssd_block_config": [],
                    "local_ssd_count": 0,
                    "logging_variant": "DEFAULT",
                    "machine_type": "e2-small",
                    "metadata": {
                      "disable-legacy-endpoints": "true"
                    },
                    "min_cpu_platform": "",
                    "node_group": "",
                    "oauth_scopes": [
                      "https://www.googleapis.com/auth/cloud-platform",
                      "https://www.googleapis.com/auth/userinfo.email"
                    ],
                    "preemptible": true,
                    "reservation_affinity": [],
                    "resource_labels": {},
                    "service_account": "gke00513-non-compliant-sa@pg-xa-n-app-230466.iam.gserviceaccount.com",
                    "shielded_instance_config": [
                      {
                        "enable_integrity_monitoring": true,
                        "enable_secure_boot": false
                      }
                    ],
                    "spot": false,
                    "tags": [],
                    "taint": [],
                    "workload_metadata_config": []
                  }
                ],
                "node_count": 1,
                "node_locations": [
                  "europe-west3-a"
                ],
                "placement_policy": [],
                "upgrade_settings": [
                  {
                    "blue_green_settings": [],
                    "max_surge": 1,
                    "max_unavailable": 0,
                    "strategy": "SURGE"
                  }
                ],
                "version": "1.25.8-gke.500"
              }
            ],
            "node_pool_defaults": [
              {
                "node_config_defaults": [
                  {
                    "logging_variant": "DEFAULT"
                  }
                ]
              }
            ],
            "node_version": "1.25.8-gke.500",
            "notification_config": [
              {
                "pubsub": [
                  {
                    "enabled": false,
                    "filter": [],
                    "topic": ""
                  }
                ]
              }
            ],
            "operation": null,
            "private_cluster_config": [
              {
                "enable_private_endpoint": false,
                "enable_private_nodes": false,
                "master_global_access_config": [
                  {
                    "enabled": false
                  }
                ],
                "master_ipv4_cidr_block": "",
                "peering_name": "",
                "private_endpoint": "10.156.0.2",
                "private_endpoint_subnetwork": "",
                "public_endpoint": "34.89.138.27"
              }
            ],
            "private_ipv6_google_access": "",
            "project": "pg-xa-n-app-230466",
            "release_channel": [
              {
                "channel": "REGULAR"
              }
            ],
            "remove_default_node_pool": null,
            "resource_labels": null,
            "resource_usage_export_config": [],
            "self_link": "https://container.googleapis.com/v1/projects/pg-xa-n-app-230466/zones/europe-west3-a/clusters/gke00513-non-compliant-cluster",
            "service_external_ips_config": [
              {
                "enabled": false
              }
            ],
            "services_ipv4_cidr": "10.3.240.0/20",
            "subnetwork": "projects/pg-xa-n-app-230466/regions/europe-west3/subnetworks/gke00513-network",
            "timeouts": null,
            "tpu_ipv4_cidr_block": "",
            "vertical_pod_autoscaling": [],
            "workload_identity_config": []
          },
          "sensitive_attributes": [],
          "private": "eyJlMmJmYjczMC1lY2FhLTExZTYtOGY4OC0zNDM2M2JjN2M0YzAiOnsiY3JlYXRlIjoyNDAwMDAwMDAwMDAwLCJkZWxldGUiOjI0MDAwMDAwMDAwMDAsInJlYWQiOjI0MDAwMDAwMDAwMDAsInVwZGF0ZSI6MzYwMDAwMDAwMDAwMH0sInNjaGVtYV92ZXJzaW9uIjoiMSJ9",
          "dependencies": [
            "google_compute_network.gke00513_network",
            "google_project_service.gke00513_services",
            "google_service_account.gke00513_non_compliant_service_account"
          ]
        }
      ]
    },
    {
      "mode": "managed",
      "type": "google_container_registry",
      "name": "gke00513_registry",
      "provider": "provider[\"registry.terraform.io/hashicorp/google\"]",
      "instances": [
        {
          "schema_version": 0,
          "attributes": {
            "bucket_self_link": "https://www.googleapis.com/storage/v1/b/artifacts.pg-xa-n-app-230466.appspot.com",
            "id": "artifacts.pg-xa-n-app-230466.appspot.com",
            "location": null,
            "project": "pg-xa-n-app-230466"
          },
          "sensitive_attributes": [],
          "private": "bnVsbA=="
        }
      ]
    },
    {
      "mode": "managed",
      "type": "google_project_service",
      "name": "gke00513_services",
      "provider": "provider[\"registry.terraform.io/hashicorp/google\"]",
      "instances": [
        {
          "index_key": "container.googleapis.com",
          "schema_version": 0,
          "attributes": {
            "disable_dependent_services": null,
            "disable_on_destroy": false,
            "id": "pg-xa-n-app-230466/container.googleapis.com",
            "project": "pg-xa-n-app-230466",
            "service": "container.googleapis.com",
            "timeouts": null
          },
          "sensitive_attributes": [],
          "private": "eyJlMmJmYjczMC1lY2FhLTExZTYtOGY4OC0zNDM2M2JjN2M0YzAiOnsiY3JlYXRlIjoxMjAwMDAwMDAwMDAwLCJkZWxldGUiOjEyMDAwMDAwMDAwMDAsInJlYWQiOjYwMDAwMDAwMDAwMCwidXBkYXRlIjoxMjAwMDAwMDAwMDAwfX0="
        }
      ]
    },
    {
      "mode": "managed",
      "type": "google_service_account",
      "name": "gke00513_compliant_service_account",
      "provider": "provider[\"registry.terraform.io/hashicorp/google\"]",
      "instances": [
        {
          "schema_version": 0,
          "attributes": {
            "account_id": "gke00513-compliant-sa",
            "description": "",
            "disabled": false,
            "display_name": "GKE00513 Compliant Service Account",
            "email": "gke00513-compliant-sa@pg-xa-n-app-230466.iam.gserviceaccount.com",
            "id": "projects/pg-xa-n-app-230466/serviceAccounts/gke00513-compliant-sa@pg-xa-n-app-230466.iam.gserviceaccount.com",
            "member": "serviceAccount:gke00513-compliant-sa@pg-xa-n-app-230466.iam.gserviceaccount.com",
            "name": "projects/pg-xa-n-app-230466/serviceAccounts/gke00513-compliant-sa@pg-xa-n-app-230466.iam.gserviceaccount.com",
            "project": "pg-xa-n-app-230466",
            "timeouts": null,
            "unique_id": "108373090270973632589"
          },
          "sensitive_attributes": [],
          "private": "eyJlMmJmYjczMC1lY2FhLTExZTYtOGY4OC0zNDM2M2JjN2M0YzAiOnsiY3JlYXRlIjozMDAwMDAwMDAwMDB9fQ=="
        }
      ]
    },
    {
      "mode": "managed",
      "type": "google_service_account",
      "name": "gke00513_non_compliant_service_account",
      "provider": "provider[\"registry.terraform.io/hashicorp/google\"]",
      "instances": [
        {
          "schema_version": 0,
          "attributes": {
            "account_id": "gke00513-non-compliant-sa",
            "description": "",
            "disabled": false,
            "display_name": "GKE00513 Non Compliant Service Account",
            "email": "gke00513-non-compliant-sa@pg-xa-n-app-230466.iam.gserviceaccount.com",
            "id": "projects/pg-xa-n-app-230466/serviceAccounts/gke00513-non-compliant-sa@pg-xa-n-app-230466.iam.gserviceaccount.com",
            "member": "serviceAccount:gke00513-non-compliant-sa@pg-xa-n-app-230466.iam.gserviceaccount.com",
            "name": "projects/pg-xa-n-app-230466/serviceAccounts/gke00513-non-compliant-sa@pg-xa-n-app-230466.iam.gserviceaccount.com",
            "project": "pg-xa-n-app-230466",
            "timeouts": null,
            "unique_id": "101719846701860067532"
          },
          "sensitive_attributes": [],
          "private": "eyJlMmJmYjczMC1lY2FhLTExZTYtOGY4OC0zNDM2M2JjN2M0YzAiOnsiY3JlYXRlIjozMDAwMDAwMDAwMDB9fQ=="
        }
      ]
    },
    {
      "mode": "managed",
      "type": "google_storage_bucket_iam_member",
      "name": "gke00513_compliant_bucket_member",
      "provider": "provider[\"registry.terraform.io/hashicorp/google\"]",
      "instances": [
        {
          "schema_version": 0,
          "attributes": {
            "bucket": "b/artifacts.pg-xa-n-app-230466.appspot.com",
            "condition": [],
            "etag": "CAM=",
            "id": "b/artifacts.pg-xa-n-app-230466.appspot.com/roles/storage.objectViewer/serviceAccount:gke00513-compliant-sa@pg-xa-n-app-230466.iam.gserviceaccount.com",
            "member": "serviceAccount:gke00513-compliant-sa@pg-xa-n-app-230466.iam.gserviceaccount.com",
            "role": "roles/storage.objectViewer"
          },
          "sensitive_attributes": [],
          "private": "bnVsbA==",
          "dependencies": [
            "google_container_registry.gke00513_registry",
            "google_service_account.gke00513_compliant_service_account"
          ]
        }
      ]
    },
    {
      "mode": "managed",
      "type": "google_storage_bucket_iam_member",
      "name": "gke00513_non_compliant_bucket_member",
      "provider": "provider[\"registry.terraform.io/hashicorp/google\"]",
      "instances": [
        {
          "schema_version": 0,
          "attributes": {
            "bucket": "b/artifacts.pg-xa-n-app-230466.appspot.com",
            "condition": [],
            "etag": "CAM=",
            "id": "b/artifacts.pg-xa-n-app-230466.appspot.com/roles/storage.admin/serviceAccount:gke00513-non-compliant-sa@pg-xa-n-app-230466.iam.gserviceaccount.com",
            "member": "serviceAccount:gke00513-non-compliant-sa@pg-xa-n-app-230466.iam.gserviceaccount.com",
            "role": "roles/storage.admin"
          },
          "sensitive_attributes": [],
          "private": "bnVsbA==",
          "dependencies": [
            "google_container_registry.gke00513_registry",
            "google_service_account.gke00513_non_compliant_service_account"
          ]
        }
      ]
    }
  ],
  "check_results": null
}
