{
  "version": 4,
  "terraform_version": "1.4.4",
  "serial": 6,
  "lineage": "294826ee-b5fd-8a55-0552-6e2e3fd9c8dc",
  "outputs": {},
  "resources": [
    {
      "mode": "managed",
      "type": "google_sql_database_instance",
      "name": "compliant-gcpds010",
      "provider": "provider[\"registry.terraform.io/hashicorp/google\"]",
      "instances": [
        {
          "schema_version": 0,
          "attributes": {
            "available_maintenance_versions": [],
            "clone": [],
            "connection_name": "pg-xa-n-app-230466:europe-west3:compliant-gcpds010",
            "database_version": "MYSQL_8_0",
            "deletion_protection": false,
            "encryption_key_name": null,
            "first_ip_address": "34.141.45.120",
            "id": "compliant-gcpds010",
            "instance_type": "CLOUD_SQL_INSTANCE",
            "ip_address": [
              {
                "ip_address": "34.141.45.120",
                "time_to_retire": "",
                "type": "PRIMARY"
              }
            ],
            "maintenance_version": "MYSQL_8_0_26.R20230314.03_02",
            "master_instance_name": "",
            "name": "compliant-gcpds010",
            "private_ip_address": "",
            "project": "pg-xa-n-app-230466",
            "public_ip_address": "34.141.45.120",
            "region": "europe-west3",
            "replica_configuration": [],
            "restore_backup_context": [],
            "root_password": null,
            "self_link": "https://sqladmin.googleapis.com/sql/v1beta4/projects/pg-xa-n-app-230466/instances/compliant-gcpds010",
            "server_ca_cert": [
              {
                "cert": "-----BEGIN CERTIFICATE-----\nMIIDfzCCAmegAwIBAgIBADANBgkqhkiG9w0BAQsFADB3MS0wKwYDVQQuEyRkMGZj\nYzk4NS1jZjFlLTRiNWEtYjJmYS0yYTc3NDU0NTJmNGQxIzAhBgNVBAMTGkdvb2ds\nZSBDbG91ZCBTUUwgU2VydmVyIENBMRQwEgYDVQQKEwtHb29nbGUsIEluYzELMAkG\nA1UEBhMCVVMwHhcNMjMwNDExMTI1NzIwWhcNMzMwNDA4MTI1ODIwWjB3MS0wKwYD\nVQQuEyRkMGZjYzk4NS1jZjFlLTRiNWEtYjJmYS0yYTc3NDU0NTJmNGQxIzAhBgNV\nBAMTGkdvb2dsZSBDbG91ZCBTUUwgU2VydmVyIENBMRQwEgYDVQQKEwtHb29nbGUs\nIEluYzELMAkGA1UEBhMCVVMwggEiMA0GCSqGSIb3DQEBAQUAA4IBDwAwggEKAoIB\nAQDFatDKUbEsEe2sTgOBPzpAfFOJWGARjcXcO9oK6S4qf7MTAGv52dPsf4Ji0vDY\ns5mzcPKhKy1Dc1qbrEYSlLikPcXCfggw01rPeTibTxfR+sBSuORVLtP+XiAdUcC4\nTCdK49Hkhtwg1Hv0/LVypzUGlb6AAvmOEl7bYmxccRfw6/N2cFn3fEigcm0uMR3f\nS4CbFqQ86WukaSWcA6dKxfwx0mkP2VKWUSLfLeEPB5knjcE1P+envEUMsjR2o9sk\nMNGU+HQ+oR2PMMYlSfLqKa4KW7ipj8yGgsNZK4E09De+ZIkkJ3XAwLxVLM8wk9RR\nzyJTFDF+uyg/0AlIMlgi5aehAgMBAAGjFjAUMBIGA1UdEwEB/wQIMAYBAf8CAQAw\nDQYJKoZIhvcNAQELBQADggEBADc+h05dMJW2lBTmd6+gjUfNAJzpv0n1SSItQbQT\ninlDvqxDX8iW55LNLk7pL1JeKU/OtsvlWsn7u+CuA03+vW24YsRIwXxqo3jBtrJh\ncB06mZ2mSwKEs/geinleeOlwq1b+Mj66kxkryneuXI/8jS3JEX6ZOF4myUVvpzO2\nQFeaHNI5OnkWYh8CtGq5/9ME6vDfmk2EAkF0s3wFP6v/0NM9xDmGXij9/VKz9nro\nMaT7ImV3vMsFFieMb9+3JfPLD6lGm+Bzg+iUbV7866H8bl4faJwH/Ea0IMzcckBR\nuA6vnVYF+uqQPHtLDGiKejKFmQK/BitajVNFwUATqYoV2CQ=\n-----END CERTIFICATE-----",
                "common_name": "C=US,O=Google\\, Inc,CN=Google Cloud SQL Server CA,dnQualifier=d0fcc985-cf1e-4b5a-b2fa-2a7745452f4d",
                "create_time": "2023-04-11T12:57:20.324Z",
                "expiration_time": "2033-04-08T12:58:20.324Z",
                "sha1_fingerprint": "47475b5065fa91d72f17f90e0a1958729841b4ee"
              }
            ],
            "service_account_email_address": "p624568095157-z87qcm@gcp-sa-cloud-sql.iam.gserviceaccount.com",
            "settings": [
              {
                "activation_policy": "ALWAYS",
                "active_directory_config": [],
                "availability_type": "ZONAL",
                "backup_configuration": [
                  {
                    "backup_retention_settings": [
                      {
                        "retained_backups": 7,
                        "retention_unit": "COUNT"
                      }
                    ],
                    "binary_log_enabled": false,
                    "enabled": false,
                    "location": "",
                    "point_in_time_recovery_enabled": false,
                    "start_time": "22:00",
                    "transaction_log_retention_days": 7
                  }
                ],
                "collation": "",
                "connector_enforcement": "NOT_REQUIRED",
                "database_flags": [
                  {
                    "name": "local_infile",
                    "value": "off"
                  }
                ],
                "deletion_protection_enabled": false,
                "deny_maintenance_period": [],
                "disk_autoresize": true,
                "disk_autoresize_limit": 0,
                "disk_size": 10,
                "disk_type": "PD_SSD",
                "insights_config": [],
                "ip_configuration": [
                  {
                    "allocated_ip_range": "",
                    "authorized_networks": [],
                    "enable_private_path_for_google_cloud_services": false,
                    "ipv4_enabled": true,
                    "private_network": "",
                    "require_ssl": false
                  }
                ],
                "location_preference": [
                  {
                    "follow_gae_application": "",
                    "secondary_zone": "",
                    "zone": "europe-west3-b"
                  }
                ],
                "maintenance_window": [],
                "password_validation_policy": [],
                "pricing_plan": "PER_USE",
                "sql_server_audit_config": [],
                "tier": "db-f1-micro",
                "time_zone": "",
                "user_labels": {},
                "version": 1
              }
            ],
            "timeouts": null
          },
          "sensitive_attributes": [],
          "private": "eyJlMmJmYjczMC1lY2FhLTExZTYtOGY4OC0zNDM2M2JjN2M0YzAiOnsiY3JlYXRlIjoyNDAwMDAwMDAwMDAwLCJkZWxldGUiOjE4MDAwMDAwMDAwMDAsInVwZGF0ZSI6MTgwMDAwMDAwMDAwMH19"
        }
      ]
    },
    {
      "mode": "managed",
      "type": "google_sql_database_instance",
      "name": "not-compliant-gcpds010",
      "provider": "provider[\"registry.terraform.io/hashicorp/google\"]",
      "instances": [
        {
          "schema_version": 0,
          "attributes": {
            "available_maintenance_versions": [],
            "clone": [],
            "connection_name": "pg-xa-n-app-230466:europe-west3:not-compliant-gcpds010",
            "database_version": "MYSQL_8_0",
            "deletion_protection": false,
            "encryption_key_name": null,
            "first_ip_address": "34.159.164.44",
            "id": "not-compliant-gcpds010",
            "instance_type": "CLOUD_SQL_INSTANCE",
            "ip_address": [
              {
                "ip_address": "34.159.164.44",
                "time_to_retire": "",
                "type": "PRIMARY"
              }
            ],
            "maintenance_version": "MYSQL_8_0_26.R20230314.03_02",
            "master_instance_name": "",
            "name": "not-compliant-gcpds010",
            "private_ip_address": "",
            "project": "pg-xa-n-app-230466",
            "public_ip_address": "34.159.164.44",
            "region": "europe-west3",
            "replica_configuration": [],
            "restore_backup_context": [],
            "root_password": null,
            "self_link": "https://sqladmin.googleapis.com/sql/v1beta4/projects/pg-xa-n-app-230466/instances/not-compliant-gcpds010",
            "server_ca_cert": [
              {
                "cert": "-----BEGIN CERTIFICATE-----\nMIIDfzCCAmegAwIBAgIBADANBgkqhkiG9w0BAQsFADB3MS0wKwYDVQQuEyQwZjk0\nNGY4NC0zY2IyLTQ3ZmItYjJlNC1kYzE1MzY4MWQ1MTkxIzAhBgNVBAMTGkdvb2ds\nZSBDbG91ZCBTUUwgU2VydmVyIENBMRQwEgYDVQQKEwtHb29nbGUsIEluYzELMAkG\nA1UEBhMCVVMwHhcNMjMwNDExMTI1NzIwWhcNMzMwNDA4MTI1ODIwWjB3MS0wKwYD\nVQQuEyQwZjk0NGY4NC0zY2IyLTQ3ZmItYjJlNC1kYzE1MzY4MWQ1MTkxIzAhBgNV\nBAMTGkdvb2dsZSBDbG91ZCBTUUwgU2VydmVyIENBMRQwEgYDVQQKEwtHb29nbGUs\nIEluYzELMAkGA1UEBhMCVVMwggEiMA0GCSqGSIb3DQEBAQUAA4IBDwAwggEKAoIB\nAQDKFz4L0ZrYSNla8eEXC83E2q9C3KLSi6R5QnQ4eIxtDR1rcJ+APjarBgYX5JOb\nKT97NZVoZuwXakX+3huFfR8xt2WJmpmdM8rm5HuMgOIvShQUJ19/FMjK3Hqf+hHC\nbe5EgmPJV6nx0SVdrW0NVv+t+Ye7HeC54xXFrlPXdB737ft6j6nhtgJ2nY1cUjzr\nRc32GLj/Yc2e8drnIdXsJGFDuOhblMORQNLxPuvtO4EFZ3pZWnDzOg8Zkz9lirwi\n8J/OOmBrtFWRAk4PRiGeOYsvKLFEE3bxogoU5JnHRDlcVGIG6oGydEWkUR3Ii9ZG\neYy87OWpmys0qU2j2AiSn8jdAgMBAAGjFjAUMBIGA1UdEwEB/wQIMAYBAf8CAQAw\nDQYJKoZIhvcNAQELBQADggEBAKMXatQWM7tbWVXZdrY23shb3loYLuI/rdRdXXUH\n1vrshoW26leXcYpTC+WHKTVLBuqOO4TGT5i3pAUu+BZi+ekRPLklNHTHXgI690Nn\ncvVXCL3gzkoXUR74VZ2CrLgE7k22Il2W9DF/YfoQ+mllnDkmBTmHPVBvz2KahlPd\nDlkyNkm3ZPaMpy4mjWaU9FpFXoY0gHaGrYFk28Tv6IhglJKNvgdLRKBKKKJkOuPn\nZox+b8eqvU2H3qQd9EVxL5OBoH2Sr5Xg9FLkr40MeJw2LSqh+OPzpAqpZkR9qsTX\nUV/XjUlBPKASX79sglAs54j2xnz1K8yIbONRPeo8KeDtKHs=\n-----END CERTIFICATE-----",
                "common_name": "C=US,O=Google\\, Inc,CN=Google Cloud SQL Server CA,dnQualifier=0f944f84-3cb2-47fb-b2e4-dc153681d519",
                "create_time": "2023-04-11T12:57:20.153Z",
                "expiration_time": "2033-04-08T12:58:20.153Z",
                "sha1_fingerprint": "71f6e867cb20ae43d9b52ec44e2fb8ee25e4e266"
              }
            ],
            "service_account_email_address": "p624568095157-8esxve@gcp-sa-cloud-sql.iam.gserviceaccount.com",
            "settings": [
              {
                "activation_policy": "ALWAYS",
                "active_directory_config": [],
                "availability_type": "ZONAL",
                "backup_configuration": [
                  {
                    "backup_retention_settings": [
                      {
                        "retained_backups": 7,
                        "retention_unit": "COUNT"
                      }
                    ],
                    "binary_log_enabled": false,
                    "enabled": false,
                    "location": "",
                    "point_in_time_recovery_enabled": false,
                    "start_time": "06:00",
                    "transaction_log_retention_days": 7
                  }
                ],
                "collation": "",
                "connector_enforcement": "NOT_REQUIRED",
                "database_flags": [
                  {
                    "name": "local_infile",
                    "value": "on"
                  }
                ],
                "deletion_protection_enabled": false,
                "deny_maintenance_period": [],
                "disk_autoresize": true,
                "disk_autoresize_limit": 0,
                "disk_size": 10,
                "disk_type": "PD_SSD",
                "insights_config": [],
                "ip_configuration": [
                  {
                    "allocated_ip_range": "",
                    "authorized_networks": [],
                    "enable_private_path_for_google_cloud_services": false,
                    "ipv4_enabled": true,
                    "private_network": "",
                    "require_ssl": false
                  }
                ],
                "location_preference": [
                  {
                    "follow_gae_application": "",
                    "secondary_zone": "",
                    "zone": "europe-west3-b"
                  }
                ],
                "maintenance_window": [],
                "password_validation_policy": [],
                "pricing_plan": "PER_USE",
                "sql_server_audit_config": [],
                "tier": "db-f1-micro",
                "time_zone": "",
                "user_labels": {},
                "version": 1
              }
            ],
            "timeouts": null
          },
          "sensitive_attributes": [],
          "private": "eyJlMmJmYjczMC1lY2FhLTExZTYtOGY4OC0zNDM2M2JjN2M0YzAiOnsiY3JlYXRlIjoyNDAwMDAwMDAwMDAwLCJkZWxldGUiOjE4MDAwMDAwMDAwMDAsInVwZGF0ZSI6MTgwMDAwMDAwMDAwMH19"
        }
      ]
    }
  ],
  "check_results": null
}
