{
  "version": 4,
  "terraform_version": "1.4.4",
  "serial": 5,
  "lineage": "5cfec749-906c-6421-8c22-4d54d8ebc432",
  "outputs": {},
  "resources": [
    {
      "mode": "managed",
      "type": "google_sql_database_instance",
      "name": "compliant",
      "provider": "provider[\"registry.terraform.io/hashicorp/google\"]",
      "instances": [
        {
          "schema_version": 0,
          "attributes": {
            "available_maintenance_versions": [],
            "clone": [],
            "connection_name": "pg-xa-n-app-230466:europe-west3:gcpml011-sql-compliant",
            "database_version": "POSTGRES_14",
            "deletion_protection": false,
            "encryption_key_name": null,
            "first_ip_address": "35.246.199.11",
            "id": "gcpml011-sql-compliant",
            "instance_type": "CLOUD_SQL_INSTANCE",
            "ip_address": [
              {
                "ip_address": "35.246.199.11",
                "time_to_retire": "",
                "type": "PRIMARY"
              },
              {
                "ip_address": "34.107.51.108",
                "time_to_retire": "",
                "type": "OUTGOING"
              }
            ],
            "maintenance_version": "POSTGRES_14_5.R20230316.02_02",
            "master_instance_name": "",
            "name": "gcpml011-sql-compliant",
            "private_ip_address": "",
            "project": "pg-xa-n-app-230466",
            "public_ip_address": "35.246.199.11",
            "region": "europe-west3",
            "replica_configuration": [],
            "restore_backup_context": [],
            "root_password": null,
            "self_link": "https://sqladmin.googleapis.com/sql/v1beta4/projects/pg-xa-n-app-230466/instances/gcpml011-sql-compliant",
            "server_ca_cert": [
              {
                "cert": "-----BEGIN CERTIFICATE-----\nMIIDfzCCAmegAwIBAgIBADANBgkqhkiG9w0BAQsFADB3MS0wKwYDVQQuEyQwYTkw\nZTFjMy0wM2JlLTQyNDMtYTk5Yy1jNDVjY2RjYzkxZjUxIzAhBgNVBAMTGkdvb2ds\nZSBDbG91ZCBTUUwgU2VydmVyIENBMRQwEgYDVQQKEwtHb29nbGUsIEluYzELMAkG\nA1UEBhMCVVMwHhcNMjMwNTAzMDc0NjIyWhcNMzMwNDMwMDc0NzIyWjB3MS0wKwYD\nVQQuEyQwYTkwZTFjMy0wM2JlLTQyNDMtYTk5Yy1jNDVjY2RjYzkxZjUxIzAhBgNV\nBAMTGkdvb2dsZSBDbG91ZCBTUUwgU2VydmVyIENBMRQwEgYDVQQKEwtHb29nbGUs\nIEluYzELMAkGA1UEBhMCVVMwggEiMA0GCSqGSIb3DQEBAQUAA4IBDwAwggEKAoIB\nAQC3pnfq7tg7qIUS6nEFHLgIWzWJVpKE9e/zCU+c0XqNBt0bSTTL+NXdmscFocRr\nZJ/hsGHmqd2ATqR5yJyw5vMF00yLjOJnmZHhLoI3WOJyXP6o6HJaIWXEtmPgfo8Y\n1vuRptqYTaUPKJlLAx7NcMGONo1oM93pnIgoIb8GskLadlnjTs/Lck3KIeinTAV9\ndZLi3ZwMtTXVGhHAISmlcgUIh1y53rNiY4XsvJNS1Mxcap5/Xb/tRuLE+LTHlBGR\nm2+vdUPHXid3qGuLvwutkVmxUktqSpaOcyYd7YHOtpJe9yCP2ljDUOEAQbYwFq73\nkxli+JVjjU7zTSoia+pPIL9PAgMBAAGjFjAUMBIGA1UdEwEB/wQIMAYBAf8CAQAw\nDQYJKoZIhvcNAQELBQADggEBABbiqclBtEFjsyoXqeFLKmDqWQv0W/WQ7t+j0s9S\nHAnvmi9K4C3sC92O+tMhXhk74dC9AJNKiB9q2a5JcXW0VaQS/jyk3nIpA8W5tULE\nCjvyVghy2VTAcoTXFHEKmFn+z5WAViEYvIb4Cf/5D5ROocDySNWtYlGFZwAkn+Ek\neIupKiY5fp7+r7hetOdKc6ufEJlO9sSKvZcX4gwOF++b9dKEKNKL4qR13RU/viPD\nL4Di5aCfZ8ChhyHGb7E4NN3EMHMV+C0EolPIog7CdXNyd/+vVehh8y0CgzrROi/o\ntgbYHiw/zJg4KJY7/6T1XXf2qfQDziQzHxTBGlPS5AtOu2I=\n-----END CERTIFICATE-----",
                "common_name": "C=US,O=Google\\, Inc,CN=Google Cloud SQL Server CA,dnQualifier=0a90e1c3-03be-4243-a99c-c45ccdcc91f5",
                "create_time": "2023-05-03T07:46:22.029Z",
                "expiration_time": "2033-04-30T07:47:22.029Z",
                "sha1_fingerprint": "acc91e42975e225900ae5d28207c78faf843e88a"
              }
            ],
            "service_account_email_address": "p624568095157-4rfe4o@gcp-sa-cloud-sql.iam.gserviceaccount.com",
            "settings": [
              {
                "activation_policy": "ALWAYS",
                "active_directory_config": [],
                "availability_type": "ZONAL",
                "backup_configuration": [
                  {
                    "backup_retention_settings": [
                      {
                        "retained_backups": 7,
                        "retention_unit": "COUNT"
                      }
                    ],
                    "binary_log_enabled": false,
                    "enabled": false,
                    "location": "",
                    "point_in_time_recovery_enabled": false,
                    "start_time": "03:00",
                    "transaction_log_retention_days": 7
                  }
                ],
                "collation": "",
                "connector_enforcement": "NOT_REQUIRED",
                "database_flags": [
                  {
                    "name": "log_connections",
                    "value": "on"
                  }
                ],
                "deletion_protection_enabled": false,
                "deny_maintenance_period": [],
                "disk_autoresize": true,
                "disk_autoresize_limit": 0,
                "disk_size": 10,
                "disk_type": "PD_SSD",
                "insights_config": [],
                "ip_configuration": [
                  {
                    "allocated_ip_range": "",
                    "authorized_networks": [],
                    "enable_private_path_for_google_cloud_services": false,
                    "ipv4_enabled": true,
                    "private_network": "",
                    "require_ssl": false
                  }
                ],
                "location_preference": [
                  {
                    "follow_gae_application": "",
                    "secondary_zone": "",
                    "zone": "europe-west3-b"
                  }
                ],
                "maintenance_window": [],
                "password_validation_policy": [],
                "pricing_plan": "PER_USE",
                "sql_server_audit_config": [],
                "tier": "db-f1-micro",
                "time_zone": "",
                "user_labels": {},
                "version": 1
              }
            ],
            "timeouts": null
          },
          "sensitive_attributes": [],
          "private": "eyJlMmJmYjczMC1lY2FhLTExZTYtOGY4OC0zNDM2M2JjN2M0YzAiOnsiY3JlYXRlIjoyNDAwMDAwMDAwMDAwLCJkZWxldGUiOjE4MDAwMDAwMDAwMDAsInVwZGF0ZSI6MTgwMDAwMDAwMDAwMH19"
        }
      ]
    },
    {
      "mode": "managed",
      "type": "google_sql_database_instance",
      "name": "not-applicable",
      "provider": "provider[\"registry.terraform.io/hashicorp/google\"]",
      "instances": [
        {
          "schema_version": 0,
          "attributes": {
            "available_maintenance_versions": [],
            "clone": [],
            "connection_name": "pg-xa-n-app-230466:europe-west3:gcpml011-sql-not-applicable",
            "database_version": "MYSQL_8_0",
            "deletion_protection": false,
            "encryption_key_name": null,
            "first_ip_address": "34.159.21.200",
            "id": "gcpml011-sql-not-applicable",
            "instance_type": "CLOUD_SQL_INSTANCE",
            "ip_address": [
              {
                "ip_address": "34.159.21.200",
                "time_to_retire": "",
                "type": "PRIMARY"
              }
            ],
            "maintenance_version": "MYSQL_8_0_26.R20230314.03_02",
            "master_instance_name": "",
            "name": "gcpml011-sql-not-applicable",
            "private_ip_address": "",
            "project": "pg-xa-n-app-230466",
            "public_ip_address": "34.159.21.200",
            "region": "europe-west3",
            "replica_configuration": [],
            "restore_backup_context": [],
            "root_password": null,
            "self_link": "https://sqladmin.googleapis.com/sql/v1beta4/projects/pg-xa-n-app-230466/instances/gcpml011-sql-not-applicable",
            "server_ca_cert": [
              {
                "cert": "-----BEGIN CERTIFICATE-----\nMIIDfzCCAmegAwIBAgIBADANBgkqhkiG9w0BAQsFADB3MS0wKwYDVQQuEyQwYjE3\nY2M2Yy1jZDcxLTRkM2ItYjAxMC1mYzdlZTljZmMxNmYxIzAhBgNVBAMTGkdvb2ds\nZSBDbG91ZCBTUUwgU2VydmVyIENBMRQwEgYDVQQKEwtHb29nbGUsIEluYzELMAkG\nA1UEBhMCVVMwHhcNMjMwNTAzMDc0NjIwWhcNMzMwNDMwMDc0NzIwWjB3MS0wKwYD\nVQQuEyQwYjE3Y2M2Yy1jZDcxLTRkM2ItYjAxMC1mYzdlZTljZmMxNmYxIzAhBgNV\nBAMTGkdvb2dsZSBDbG91ZCBTUUwgU2VydmVyIENBMRQwEgYDVQQKEwtHb29nbGUs\nIEluYzELMAkGA1UEBhMCVVMwggEiMA0GCSqGSIb3DQEBAQUAA4IBDwAwggEKAoIB\nAQChEuH1blOFjTrY3LILlF9kDF9TGQM2DgRPvOuMlhR9uzI3H4O/Nmg6bJ42ltsB\n3LsCAeUj3eVbJ41gPXRcvstcD75Ej1ISNCs13N8NyPSBCLUi+P12U3dWWEvYwyOF\nrOqIxdbx/Q9u4DuDQNJmQtkB2Qhzb32kiTKFir1CIaBh0hvlbqKDRBNm7hPXIzLG\ns5ylt4i1Z8Cv0JLqF5EZOfHrDhWvyYyK0ag6gauTTdCEhfa32hMFbhHW03MEiVM5\ngcB+Y3xdOE8FmbuM970xuW5a8KC5j0xrglf6miSAkXO5pxLZ48o0v7c1HLiClFEp\ntrX2VxeLMr7Dm+nyNxXnlQf9AgMBAAGjFjAUMBIGA1UdEwEB/wQIMAYBAf8CAQAw\nDQYJKoZIhvcNAQELBQADggEBAJjM+iEyw5sHyPqMMRapv1ME+cq20X9wvhzExGqK\n4lq0KE/c3yWgT2KXsExF8B3krEliPu7qWZFeaxTGG+eelexVLAxlm+9FR6xIxB6m\nwRQY0OPM1JQ6yLlWMQN7F09bL5tKYHAbBNIQ/D8nK1oHvPFhWVr7fOevRDNUlt3h\nMVE+fb/d3aDKZBetlxH8OZkKGutTyzwsdJFHNXIEYochHZ1Fp0ixruHoM5seNoYL\n/DlkB9j5toHsxSFoGe2UV0RJV75Odpsa5PxA4sxWka3ZdDbtjcTSc6TQpCybUpkP\neSOnzGPY5OeYzKd8Zcx1sS8rP8y6E6HSNdtQda17wwAHFz8=\n-----END CERTIFICATE-----",
                "common_name": "C=US,O=Google\\, Inc,CN=Google Cloud SQL Server CA,dnQualifier=0b17cc6c-cd71-4d3b-b010-fc7ee9cfc16f",
                "create_time": "2023-05-03T07:46:20.695Z",
                "expiration_time": "2033-04-30T07:47:20.695Z",
                "sha1_fingerprint": "8a336524e19c9146d3302f4581acf882411dcfbb"
              }
            ],
            "service_account_email_address": "p624568095157-bzo2eb@gcp-sa-cloud-sql.iam.gserviceaccount.com",
            "settings": [
              {
                "activation_policy": "ALWAYS",
                "active_directory_config": [],
                "availability_type": "ZONAL",
                "backup_configuration": [
                  {
                    "backup_retention_settings": [
                      {
                        "retained_backups": 7,
                        "retention_unit": "COUNT"
                      }
                    ],
                    "binary_log_enabled": false,
                    "enabled": false,
                    "location": "",
                    "point_in_time_recovery_enabled": false,
                    "start_time": "10:00",
                    "transaction_log_retention_days": 7
                  }
                ],
                "collation": "",
                "connector_enforcement": "NOT_REQUIRED",
                "database_flags": [],
                "deletion_protection_enabled": false,
                "deny_maintenance_period": [],
                "disk_autoresize": true,
                "disk_autoresize_limit": 0,
                "disk_size": 10,
                "disk_type": "PD_SSD",
                "insights_config": [],
                "ip_configuration": [
                  {
                    "allocated_ip_range": "",
                    "authorized_networks": [],
                    "enable_private_path_for_google_cloud_services": false,
                    "ipv4_enabled": true,
                    "private_network": "",
                    "require_ssl": false
                  }
                ],
                "location_preference": [
                  {
                    "follow_gae_application": "",
                    "secondary_zone": "",
                    "zone": "europe-west3-b"
                  }
                ],
                "maintenance_window": [],
                "password_validation_policy": [],
                "pricing_plan": "PER_USE",
                "sql_server_audit_config": [],
                "tier": "db-f1-micro",
                "time_zone": "",
                "user_labels": {},
                "version": 1
              }
            ],
            "timeouts": null
          },
          "sensitive_attributes": [],
          "private": "eyJlMmJmYjczMC1lY2FhLTExZTYtOGY4OC0zNDM2M2JjN2M0YzAiOnsiY3JlYXRlIjoyNDAwMDAwMDAwMDAwLCJkZWxldGUiOjE4MDAwMDAwMDAwMDAsInVwZGF0ZSI6MTgwMDAwMDAwMDAwMH19"
        }
      ]
    },
    {
      "mode": "managed",
      "type": "google_sql_database_instance",
      "name": "not-compliant-value-missing",
      "provider": "provider[\"registry.terraform.io/hashicorp/google\"]",
      "instances": [
        {
          "schema_version": 0,
          "attributes": {
            "available_maintenance_versions": [],
            "clone": [],
            "connection_name": "pg-xa-n-app-230466:europe-west3:gcpml011-sql-not-compliant-value-missing",
            "database_version": "POSTGRES_14",
            "deletion_protection": false,
            "encryption_key_name": null,
            "first_ip_address": "34.141.14.214",
            "id": "gcpml011-sql-not-compliant-value-missing",
            "instance_type": "CLOUD_SQL_INSTANCE",
            "ip_address": [
              {
                "ip_address": "34.141.14.214",
                "time_to_retire": "",
                "type": "PRIMARY"
              },
              {
                "ip_address": "34.159.92.82",
                "time_to_retire": "",
                "type": "OUTGOING"
              }
            ],
            "maintenance_version": "POSTGRES_14_5.R20230316.02_02",
            "master_instance_name": "",
            "name": "gcpml011-sql-not-compliant-value-missing",
            "private_ip_address": "",
            "project": "pg-xa-n-app-230466",
            "public_ip_address": "34.141.14.214",
            "region": "europe-west3",
            "replica_configuration": [],
            "restore_backup_context": [],
            "root_password": null,
            "self_link": "https://sqladmin.googleapis.com/sql/v1beta4/projects/pg-xa-n-app-230466/instances/gcpml011-sql-not-compliant-value-missing",
            "server_ca_cert": [
              {
                "cert": "-----BEGIN CERTIFICATE-----\nMIIDfzCCAmegAwIBAgIBADANBgkqhkiG9w0BAQsFADB3MS0wKwYDVQQuEyQyY2Zh\nMTc4ZC0wMjhiLTQ5ZjQtYWVhNC01YzQ0YjdhY2FiNGExIzAhBgNVBAMTGkdvb2ds\nZSBDbG91ZCBTUUwgU2VydmVyIENBMRQwEgYDVQQKEwtHb29nbGUsIEluYzELMAkG\nA1UEBhMCVVMwHhcNMjMwNTAzMDc0NjIxWhcNMzMwNDMwMDc0NzIxWjB3MS0wKwYD\nVQQuEyQyY2ZhMTc4ZC0wMjhiLTQ5ZjQtYWVhNC01YzQ0YjdhY2FiNGExIzAhBgNV\nBAMTGkdvb2dsZSBDbG91ZCBTUUwgU2VydmVyIENBMRQwEgYDVQQKEwtHb29nbGUs\nIEluYzELMAkGA1UEBhMCVVMwggEiMA0GCSqGSIb3DQEBAQUAA4IBDwAwggEKAoIB\nAQDFt69RO/B5O4QpEuxLaVVM6KIl9lQx4BMV/cBwu9WEPZ8y6BoE/XrZ256NZEW6\nm2JBydiFmFBROY2SqgcPRMe5LLk7ID/srn2tOfVV/XSjA92mBI1jj+OXbCjjt7z3\nVowq4wA/cmn4xqQ6ssQuxfbVO6j39qVoy1qK5mag9SI1a+1hpsIlnWI592zHPAMK\nFrDRenlLhj5u2G63ZVddyxJWvSJMhomLG9Y23gCmrpkre+DJG0Kf1JgoiDS2RNu2\nbxVSK665ZP1VmC9ioe3RN7Ix4uBHxR7dprI7Z4v/5gSlbWIImJveTbIQY72RJE14\nODnNni1QDAM0AoyRD5JgvA7NAgMBAAGjFjAUMBIGA1UdEwEB/wQIMAYBAf8CAQAw\nDQYJKoZIhvcNAQELBQADggEBAGyPtn3UaJxo7MyuAlvdf94TOYNBjc9HDf/scl7A\n45SFj9ZU8BpBmFxzbymlFLfgYH2ZnLyiO3rSna51ACQ8BQr1f4Pp2mqaqGjJQqGO\npcacVCKDuAtVs48MGgU4vd+BWHbTaN8uIfa3EvQ+O6IQmjjDE8D19XzcRuaOPyqb\n+XQ15j8SMeFhbNxWr75uf8+OkxwGZxG0KMi3CgQNtKqfFx4fREcPfl51fAXzPyz9\nCPX12xjSb1fgT51Tl7f9fh7bqyiJ5L4vkBnEV4UCZ3SxFF+24i46cyvx5npZA/xq\ny2COmBb+c3wUH+d2PAed4e/XE6LewYJt9UJv5Yx7aSETJzg=\n-----END CERTIFICATE-----",
                "common_name": "C=US,O=Google\\, Inc,CN=Google Cloud SQL Server CA,dnQualifier=2cfa178d-028b-49f4-aea4-5c44b7acab4a",
                "create_time": "2023-05-03T07:46:21.052Z",
                "expiration_time": "2033-04-30T07:47:21.052Z",
                "sha1_fingerprint": "cd6145e8f05003485d4ee2f300a5398c55ff2b07"
              }
            ],
            "service_account_email_address": "p624568095157-ljxuwv@gcp-sa-cloud-sql.iam.gserviceaccount.com",
            "settings": [
              {
                "activation_policy": "ALWAYS",
                "active_directory_config": [],
                "availability_type": "ZONAL",
                "backup_configuration": [
                  {
                    "backup_retention_settings": [
                      {
                        "retained_backups": 7,
                        "retention_unit": "COUNT"
                      }
                    ],
                    "binary_log_enabled": false,
                    "enabled": false,
                    "location": "",
                    "point_in_time_recovery_enabled": false,
                    "start_time": "14:00",
                    "transaction_log_retention_days": 7
                  }
                ],
                "collation": "",
                "connector_enforcement": "NOT_REQUIRED",
                "database_flags": [],
                "deletion_protection_enabled": false,
                "deny_maintenance_period": [],
                "disk_autoresize": true,
                "disk_autoresize_limit": 0,
                "disk_size": 10,
                "disk_type": "PD_SSD",
                "insights_config": [],
                "ip_configuration": [
                  {
                    "allocated_ip_range": "",
                    "authorized_networks": [],
                    "enable_private_path_for_google_cloud_services": false,
                    "ipv4_enabled": true,
                    "private_network": "",
                    "require_ssl": false
                  }
                ],
                "location_preference": [
                  {
                    "follow_gae_application": "",
                    "secondary_zone": "",
                    "zone": "europe-west3-b"
                  }
                ],
                "maintenance_window": [],
                "password_validation_policy": [],
                "pricing_plan": "PER_USE",
                "sql_server_audit_config": [],
                "tier": "db-f1-micro",
                "time_zone": "",
                "user_labels": {},
                "version": 1
              }
            ],
            "timeouts": null
          },
          "sensitive_attributes": [],
          "private": "eyJlMmJmYjczMC1lY2FhLTExZTYtOGY4OC0zNDM2M2JjN2M0YzAiOnsiY3JlYXRlIjoyNDAwMDAwMDAwMDAwLCJkZWxldGUiOjE4MDAwMDAwMDAwMDAsInVwZGF0ZSI6MTgwMDAwMDAwMDAwMH19"
        }
      ]
    },
    {
      "mode": "managed",
      "type": "google_sql_database_instance",
      "name": "not-compliant-value-set",
      "provider": "provider[\"registry.terraform.io/hashicorp/google\"]",
      "instances": [
        {
          "schema_version": 0,
          "attributes": {
            "available_maintenance_versions": [],
            "clone": [],
            "connection_name": "pg-xa-n-app-230466:europe-west3:gcpml011-sql-not-compliant-value-set",
            "database_version": "POSTGRES_14",
            "deletion_protection": false,
            "encryption_key_name": null,
            "first_ip_address": "34.107.76.117",
            "id": "gcpml011-sql-not-compliant-value-set",
            "instance_type": "CLOUD_SQL_INSTANCE",
            "ip_address": [
              {
                "ip_address": "34.107.76.117",
                "time_to_retire": "",
                "type": "PRIMARY"
              },
              {
                "ip_address": "34.159.223.217",
                "time_to_retire": "",
                "type": "OUTGOING"
              }
            ],
            "maintenance_version": "POSTGRES_14_5.R20230316.02_02",
            "master_instance_name": "",
            "name": "gcpml011-sql-not-compliant-value-set",
            "private_ip_address": "",
            "project": "pg-xa-n-app-230466",
            "public_ip_address": "34.107.76.117",
            "region": "europe-west3",
            "replica_configuration": [],
            "restore_backup_context": [],
            "root_password": null,
            "self_link": "https://sqladmin.googleapis.com/sql/v1beta4/projects/pg-xa-n-app-230466/instances/gcpml011-sql-not-compliant-value-set",
            "server_ca_cert": [
              {
                "cert": "-----BEGIN CERTIFICATE-----\nMIIDfzCCAmegAwIBAgIBADANBgkqhkiG9w0BAQsFADB3MS0wKwYDVQQuEyQ5MDZh\nZWZiZC02MmUyLTQ3MzAtYTMwZS1hNmUzOTk3NWRhMjYxIzAhBgNVBAMTGkdvb2ds\nZSBDbG91ZCBTUUwgU2VydmVyIENBMRQwEgYDVQQKEwtHb29nbGUsIEluYzELMAkG\nA1UEBhMCVVMwHhcNMjMwNTAzMDc0NjIxWhcNMzMwNDMwMDc0NzIxWjB3MS0wKwYD\nVQQuEyQ5MDZhZWZiZC02MmUyLTQ3MzAtYTMwZS1hNmUzOTk3NWRhMjYxIzAhBgNV\nBAMTGkdvb2dsZSBDbG91ZCBTUUwgU2VydmVyIENBMRQwEgYDVQQKEwtHb29nbGUs\nIEluYzELMAkGA1UEBhMCVVMwggEiMA0GCSqGSIb3DQEBAQUAA4IBDwAwggEKAoIB\nAQDAaNldjj+v00Qly0FbZ/OGlsQNUNnTwL2UmPjYJoN4D/1/UK8yOtEsej8Db6RZ\ndtC/+Eok6y5P2AheaXjGCDE3quD7eE7Poqe0fnVgFq1KuFqArlevIf73FQY22zjM\nkqa27ZWtTIrcVdZIOAFITMCrCgh3/sBj9XY5fTJsSoE5Bnk6Mk+y2KTi9fddzS6P\n0nCEN7JhwDlFsW1tXBduXE9C7QFZtFA4DdT7g5VDAvk86MpXCWuMXsVVsHi9Nu/m\nsGRkk9jX9OqCiuGW54pitJUsOqfs4b8H5GoSUwhZK11tos3W1V9eQQtyontse6J8\nszaY90DCi/cBeIJR1zv4w951AgMBAAGjFjAUMBIGA1UdEwEB/wQIMAYBAf8CAQAw\nDQYJKoZIhvcNAQELBQADggEBAEGd/fSbfBmgKVGWrJ38C+O9BtTF50cxb7IHt/q6\nqMAuM0OC41bBolKs/nBaqc2FZk/lK9TS+jyY9JmAvENMtFwb5Hnh/b8Szex7Ak6Z\nYJCII1oEi74ymamXsm/aUSwX2OYpArp0mvB2QGGBfiS8y0mukF1V/PZ3Y/R6jOYt\n7lON7dyzXwRCcJJOiMeOcp6+toUTBbvtRkluYLEq4LLzjCg06gUYdCU0FOAPsHCI\nl1ADA3TIhZ8bLYckfwLEoakGl8oGr/XS9gSvJjGDLoiSgJIRAUW/22IzmUTEKKBX\nUu+jAmGwpAHRm6sTUf+PVANHUxgDXLhX0b7ygNmGKc9KeN4=\n-----END CERTIFICATE-----",
                "common_name": "C=US,O=Google\\, Inc,CN=Google Cloud SQL Server CA,dnQualifier=906aefbd-62e2-4730-a30e-a6e39975da26",
                "create_time": "2023-05-03T07:46:21.354Z",
                "expiration_time": "2033-04-30T07:47:21.354Z",
                "sha1_fingerprint": "6abadfeec0773651a7d0af21f826b957386b4f76"
              }
            ],
            "service_account_email_address": "p624568095157-4bhe02@gcp-sa-cloud-sql.iam.gserviceaccount.com",
            "settings": [
              {
                "activation_policy": "ALWAYS",
                "active_directory_config": [],
                "availability_type": "ZONAL",
                "backup_configuration": [
                  {
                    "backup_retention_settings": [
                      {
                        "retained_backups": 7,
                        "retention_unit": "COUNT"
                      }
                    ],
                    "binary_log_enabled": false,
                    "enabled": false,
                    "location": "",
                    "point_in_time_recovery_enabled": false,
                    "start_time": "09:00",
                    "transaction_log_retention_days": 7
                  }
                ],
                "collation": "",
                "connector_enforcement": "NOT_REQUIRED",
                "database_flags": [
                  {
                    "name": "log_connections",
                    "value": "off"
                  }
                ],
                "deletion_protection_enabled": false,
                "deny_maintenance_period": [],
                "disk_autoresize": true,
                "disk_autoresize_limit": 0,
                "disk_size": 10,
                "disk_type": "PD_SSD",
                "insights_config": [],
                "ip_configuration": [
                  {
                    "allocated_ip_range": "",
                    "authorized_networks": [],
                    "enable_private_path_for_google_cloud_services": false,
                    "ipv4_enabled": true,
                    "private_network": "",
                    "require_ssl": false
                  }
                ],
                "location_preference": [
                  {
                    "follow_gae_application": "",
                    "secondary_zone": "",
                    "zone": "europe-west3-b"
                  }
                ],
                "maintenance_window": [],
                "password_validation_policy": [],
                "pricing_plan": "PER_USE",
                "sql_server_audit_config": [],
                "tier": "db-f1-micro",
                "time_zone": "",
                "user_labels": {},
                "version": 1
              }
            ],
            "timeouts": null
          },
          "sensitive_attributes": [],
          "private": "eyJlMmJmYjczMC1lY2FhLTExZTYtOGY4OC0zNDM2M2JjN2M0YzAiOnsiY3JlYXRlIjoyNDAwMDAwMDAwMDAwLCJkZWxldGUiOjE4MDAwMDAwMDAwMDAsInVwZGF0ZSI6MTgwMDAwMDAwMDAwMH19"
        }
      ]
    }
  ],
  "check_results": null
}
