{
  "version": 4,
  "terraform_version": "1.4.4",
  "serial": 7,
  "lineage": "53a8e7a0-faff-a92f-a7f0-bdd18f17fbf7",
  "outputs": {},
  "resources": [
    {
      "mode": "data",
      "type": "google_client_config",
      "name": "default",
      "provider": "provider[\"registry.terraform.io/hashicorp/google\"]",
      "instances": [
        {
          "schema_version": 0,
          "attributes": {
            "access_token": "ya29.c.b0Aaekm1LQly_bizS5l9H_twiPNkEq5aGdhuSyg_Q1yULDd7yU-CDsncFoB9gD9LkQHgkH_FADs6M_JZ2HRlLULqs_Lol3v7jQk5trXZsyrgU7zi1_SnOxLk5VpV7ckIk9zvQ6NmPMW_U8LFkbu-PeSU1vVvWDAi7PFT-XpTGjCgAske75dE6H3SpYJCfnNmpBTN6otHPfZ8ournIJVyFCck2KDEGM-sfZ5HaWJ3VneaRZTFdbZFryoXb1Dny6bpws7IHJD7lhROOwJOHlWeHsZwP4Nid8qwd4r6Gj9swS75eNpUrrydn9jGpNRQkeFHD7vo2DLJZdKFEN340P8zvrFoaxVlrwgotgdv5__JX5ihYuB6znagZfv4Rbg_b9lv-4tYr5X3mhu6U_FJ0jhJccq_U_76oiinRwwbt_YMzs-b9gh8I6IFk0Blzn6gSucczVdBJRIgkQog3nXlm8RZ6ududo90e_j3c-tnUqXR37k7sacQJfVqjaQdFM3-byvJj0t6v7-cU7c9U1sVnnJZ5-Yl6ziao9RaBWI00gRd8Suo1XtQOo_pnBYYdkRm_eiOo8BJwxVjWiI29_ViRaqQ_w50knm1I1O8gO6XlFneeggnvk456s6rJQX5uJ90sanUjZztxoQWkhrwIXuIFp8bcob7sp4MywUJIScu2Uly0IY-u94Wf4WeBrxMuRgMImQ_BrWYRZs_M9u7rMU5jfb0oQfju0uF8w6n6JtI-u5JqQSBUXbzFze3f768FZpRgaM4gkaXsjaxpaelM4Qtb1Fp8BOV8hgajoBdkex71a6mixsVV9xvq0nSpxYWv9WJqSYmJ-6_J7zuyhXmu7moIWd5IYj0MBRBzSVve7-lkaUkun_4mO7yo42p5Q4Rv-m5X446UooM6krxI0yiViSUYphQg9jiJQsQxF8fXzfoFi7-2RUvdMssVSQm9k4YbXsewbdlUVviOtRzfSO0hIOiaXyUe5l43R_FuYkJdS2Bf3555MnlpBuYnpzBginbf",
            "id": "projects/\"pg-xa-n-app-230466\"/regions/\u003cnull\u003e/zones/\u003cnull\u003e",
            "project": "pg-xa-n-app-230466",
            "region": null,
            "zone": null
          },
          "sensitive_attributes": []
        }
      ]
    },
    {
      "mode": "data",
      "type": "google_container_engine_versions",
      "name": "gke00428_k8s_na_version",
      "provider": "provider[\"registry.terraform.io/hashicorp/google\"]",
      "instances": [
        {
          "schema_version": 0,
          "attributes": {
            "default_cluster_version": "1.25.8-gke.500",
            "id": "2023-06-02 08:59:35.4979828 +0000 UTC",
            "latest_master_version": "1.25.9-gke.400",
            "latest_node_version": "1.25.9-gke.400",
            "location": "europe-west3-a",
            "project": null,
            "release_channel_default_version": {
              "RAPID": "1.26.3-gke.1000",
              "REGULAR": "1.25.8-gke.500",
              "STABLE": "1.24.11-gke.1000"
            },
            "release_channel_latest_version": {
              "RAPID": "1.25.9-gke.400",
              "REGULAR": "1.25.8-gke.500",
              "STABLE": "1.25.8-gke.500"
            },
            "valid_master_versions": [
              "1.25.9-gke.400",
              "1.25.8-gke.1000",
              "1.25.8-gke.500",
              "1.25.7-gke.1000"
            ],
            "valid_node_versions": [
              "1.25.9-gke.400",
              "1.25.8-gke.1000",
              "1.25.8-gke.500",
              "1.25.7-gke.1000",
              "1.25.6-gke.1000",
              "1.25.6-gke.200",
              "1.25.5-gke.2000",
              "1.25.5-gke.1500",
              "1.25.4-gke.2100",
              "1.25.3-gke.800"
            ],
            "version_prefix": "1.25."
          },
          "sensitive_attributes": []
        }
      ]
    },
    {
      "mode": "data",
      "type": "google_container_engine_versions",
      "name": "gke00428_k8s_version",
      "provider": "provider[\"registry.terraform.io/hashicorp/google\"]",
      "instances": [
        {
          "schema_version": 0,
          "attributes": {
            "default_cluster_version": "1.25.8-gke.500",
            "id": "2023-06-02 08:59:35.563573 +0000 UTC",
            "latest_master_version": "1.24.13-gke.500",
            "latest_node_version": "1.24.13-gke.500",
            "location": "europe-west3-a",
            "project": null,
            "release_channel_default_version": {
              "RAPID": "1.26.3-gke.1000",
              "REGULAR": "1.25.8-gke.500",
              "STABLE": "1.24.11-gke.1000"
            },
            "release_channel_latest_version": {
              "RAPID": "1.24.13-gke.500",
              "REGULAR": "1.24.12-gke.500",
              "STABLE": "1.24.12-gke.500"
            },
            "valid_master_versions": [
              "1.24.13-gke.500",
              "1.24.12-gke.1000",
              "1.24.12-gke.500",
              "1.24.11-gke.1000",
              "1.24.10-gke.2300"
            ],
            "valid_node_versions": [
              "1.24.13-gke.500",
              "1.24.12-gke.1000",
              "1.24.12-gke.500",
              "1.24.11-gke.1000",
              "1.24.10-gke.2300",
              "1.24.10-gke.1200",
              "1.24.9-gke.3200",
              "1.24.9-gke.2000",
              "1.24.9-gke.1500",
              "1.24.8-gke.2000",
              "1.24.8-gke.401",
              "1.24.7-gke.900",
              "1.24.6-gke.1500",
              "1.24.5-gke.600",
              "1.24.4-gke.800",
              "1.24.3-gke.2100",
              "1.24.3-gke.900",
              "1.24.3-gke.200",
              "1.24.2-gke.1900",
              "1.24.2-gke.300",
              "1.24.1-gke.1800",
              "1.24.1-gke.1400"
            ],
            "version_prefix": "1.24."
          },
          "sensitive_attributes": []
        }
      ]
    },
    {
      "mode": "managed",
      "type": "google_compute_network",
      "name": "gke00428_network",
      "provider": "provider[\"registry.terraform.io/hashicorp/google\"]",
      "instances": [
        {
          "schema_version": 0,
          "attributes": {
            "auto_create_subnetworks": true,
            "delete_default_routes_on_create": false,
            "description": "",
            "enable_ula_internal_ipv6": false,
            "gateway_ipv4": "",
            "id": "projects/pg-xa-n-app-230466/global/networks/gke00428-network",
            "internal_ipv6_range": "",
            "mtu": 0,
            "name": "gke00428-network",
            "network_firewall_policy_enforcement_order": "AFTER_CLASSIC_FIREWALL",
            "project": "pg-xa-n-app-230466",
            "routing_mode": "REGIONAL",
            "self_link": "https://www.googleapis.com/compute/v1/projects/pg-xa-n-app-230466/global/networks/gke00428-network",
            "timeouts": null
          },
          "sensitive_attributes": [],
          "private": "eyJlMmJmYjczMC1lY2FhLTExZTYtOGY4OC0zNDM2M2JjN2M0YzAiOnsiY3JlYXRlIjoxMjAwMDAwMDAwMDAwLCJkZWxldGUiOjEyMDAwMDAwMDAwMDAsInVwZGF0ZSI6MTIwMDAwMDAwMDAwMH19"
        }
      ]
    },
    {
      "mode": "managed",
      "type": "google_container_cluster",
      "name": "gke00428_compliant_cluster",
      "provider": "provider[\"registry.terraform.io/hashicorp/google\"]",
      "instances": [
        {
          "schema_version": 1,
          "attributes": {
            "addons_config": [
              {
                "cloudrun_config": [],
                "config_connector_config": [],
                "dns_cache_config": [],
                "gce_persistent_disk_csi_driver_config": [
                  {
                    "enabled": true
                  }
                ],
                "gcp_filestore_csi_driver_config": [],
                "gke_backup_agent_config": [],
                "horizontal_pod_autoscaling": [],
                "http_load_balancing": [],
                "network_policy_config": [
                  {
                    "disabled": true
                  }
                ]
              }
            ],
            "authenticator_groups_config": [],
            "binary_authorization": [
              {
                "enabled": false,
                "evaluation_mode": ""
              }
            ],
            "cluster_autoscaling": [
              {
                "auto_provisioning_defaults": [],
                "enabled": false,
                "resource_limits": []
              }
            ],
            "cluster_ipv4_cidr": "10.4.0.0/14",
            "confidential_nodes": [],
            "cost_management_config": [],
            "database_encryption": [
              {
                "key_name": "",
                "state": "DECRYPTED"
              }
            ],
            "datapath_provider": "",
            "default_max_pods_per_node": null,
            "default_snat_status": [
              {
                "disabled": false
              }
            ],
            "description": "",
            "dns_config": [],
            "enable_autopilot": false,
            "enable_binary_authorization": false,
            "enable_intranode_visibility": false,
            "enable_kubernetes_alpha": false,
            "enable_l4_ilb_subsetting": false,
            "enable_legacy_abac": false,
            "enable_shielded_nodes": true,
            "enable_tpu": false,
            "endpoint": "35.198.118.178",
            "gateway_api_config": [],
            "id": "projects/pg-xa-n-app-230466/locations/europe-west3-a/clusters/gke00428-compliant-cluster",
            "initial_node_count": 1,
            "ip_allocation_policy": [],
            "label_fingerprint": "a9dc16a7",
            "location": "europe-west3-a",
            "logging_config": [
              {
                "enable_components": [
                  "SYSTEM_COMPONENTS",
                  "WORKLOADS"
                ]
              }
            ],
            "logging_service": "logging.googleapis.com/kubernetes",
            "maintenance_policy": [],
            "master_auth": [
              {
                "client_certificate": "",
                "client_certificate_config": [
                  {
                    "issue_client_certificate": false
                  }
                ],
                "client_key": "",
                "cluster_ca_certificate": "LS0tLS1CRUdJTiBDRVJUSUZJQ0FURS0tLS0tCk1JSUVMRENDQXBTZ0F3SUJBZ0lRV0htQ3JJRkJqSXBJYmQwY3pjdTFzakFOQmdrcWhraUc5dzBCQVFzRkFEQXYKTVMwd0t3WURWUVFERXlRNU56TXpORFV6WVMwMU5EQmtMVFE0WTJJdFlqWXdZeTB5TkdZNVkyRmlZMlEwT1RJdwpJQmNOTWpNd05qQXlNRGd3TURJMldoZ1BNakExTXpBMU1qVXdPVEF3TWpaYU1DOHhMVEFyQmdOVkJBTVRKRGszCk16TTBOVE5oTFRVME1HUXRORGhqWWkxaU5qQmpMVEkwWmpsallXSmpaRFE1TWpDQ0FhSXdEUVlKS29aSWh2Y04KQVFFQkJRQURnZ0dQQURDQ0FZb0NnZ0dCQVBEMUJCU3VMUXRPUUUrWjZidEYyT1RHYzVWMEttVnJFOTExQm5CVwozNEcrRUE5S3JQL2dKc2djL3NFQ0VOZHNqUm5uT2NHbHA0VUp2TXV1WjFJdlVLeDJlbFdyZWg5TTgrM05JWnc4CmxxMzVaU09yWmRNeEVHOXVKVXVxYWpjTFlUckdwTVRQUFBpdld1ekt4QW1DVTVqMUFmVXRmU2tGWExZTGVqcmQKR3kxcDdXdkpTUXRTbUxuSEprV2pmUUVaVUUrbGl6WmhzemNZZzRubWhBMHRKdjhVYS9DSnFxY1dRNjYwWWpkagp5R2lPdldWQVdiRHFySkZ3Mk1FMzJyaFd4WFZjN3d0dGY5QTFtL2Jad1c4Q2xUaFdQd0ZmeTFiZ3RyMEtrb3NVCld6c2FvSXpGRGdyNTNNTTRIYUFNV1BKcDFRRzVBTkg4cUhzUmRhaFpJU05qOVcya0c1dlp1YjBGYUU2amdMWEoKdFlZd29KKzdmYWdyWGpoS0NiZXZVajhDRWlxYXVpSnF0cm0rdWRZSkQ2KzgzV1BrRFczT3hRb0lYVTdZazZUWgpJdmppZXRFelBRZFJHTUd1dVFKVTV6bWsyMi9XbkhpbWNyVXEyMFVTWEIwVWhUcFdkVEVPZElOQVNuNThleXBDCkZDL1U2VmMzN0kwSm9ENEpDNjEyNWpKbTdRSURBUUFCbzBJd1FEQU9CZ05WSFE4QkFmOEVCQU1DQWdRd0R3WUQKVlIwVEFRSC9CQVV3QXdFQi96QWRCZ05WSFE0RUZnUVVaS09sc1MvZzhSWUN1cGJ3VDNESWQ0emczQWN3RFFZSgpLb1pJaHZjTkFRRUxCUUFEZ2dHQkFObDdUT3lQcVFXcW1YclUrNGZ4WmVhaGhwajBGTFlkWDZJZ1NFVlhwT3FvClVRU3ZCVms0ZzQ3MmhrdjlBbTRoRFhJVnhIY2dqWWNyT0svUk40NExSRXplQStYUDVQL3l3SVZWU2EvU2dFdEQKTVN3dkttdTNmOGVsd2IvNmtqZGRVL2RIeTBTb2M2NkVueERQdjB5L3VYZEhnM2xDRTBVTmhRb0xwNUg0b0tXVwpDU21YRkt4ZXZ4cG1NVHZxRWtNcVBuVGlsMm5HWWVZTEcwM1dQc0pDUXMyK0VRaWFkbm5tQWJPUjFXeEsvZ0xmCmtQUTFhZ2VadVRSR05PYnF1dm1pMVR3NENtZSs2M3F2NXVxeHZFNnZIWDdKeTBVdEQvVTFZVERrdWJLZlM5aGMKQ3RWYnhBU1pIeW41NHR1QXhSTHV1MmtvM0ZqVTlBMXR6d1pMMHlUWUJnVFQybU5nK3JVOWpwMkxmWW92OWc4WgppLzNxeWxSUVRZdGFtZXA2Sk8zRXEzcW4zZDhwYW50RHdoYUNXWDgyOFBjUWJXckcxK1dEV0Z4Z3VaeVRERlBSCm44YlpjYUNZVjBISlovVHB0Y0pUWnZmMHZDUnE0MGZOcU5xMlB2V1FmYldwK0loRWZoVDFCcWJZT3l6Z2RaUkQKSmRYRUttWkZIalcrbWtMNFJXWTg3QT09Ci0tLS0tRU5EIENFUlRJRklDQVRFLS0tLS0K"
              }
            ],
            "master_authorized_networks_config": [],
            "master_version": "1.24.13-gke.500",
            "mesh_certificates": [],
            "min_master_version": "1.24.13-gke.500",
            "monitoring_config": [
              {
                "enable_components": [],
                "managed_prometheus": []
              }
            ],
            "monitoring_service": "none",
            "name": "gke00428-compliant-cluster",
            "network": "projects/pg-xa-n-app-230466/global/networks/gke00428-network",
            "network_policy": [
              {
                "enabled": false,
                "provider": "PROVIDER_UNSPECIFIED"
              }
            ],
            "networking_mode": "ROUTES",
            "node_config": [
              {
                "advanced_machine_features": [],
                "boot_disk_kms_key": "",
                "disk_size_gb": 100,
                "disk_type": "pd-balanced",
                "ephemeral_storage_local_ssd_config": [],
                "gcfs_config": [],
                "guest_accelerator": [],
                "gvnic": [],
                "image_type": "COS_CONTAINERD",
                "kubelet_config": [],
                "labels": {},
                "linux_node_config": [],
                "local_nvme_ssd_block_config": [],
                "local_ssd_count": 0,
                "logging_variant": "DEFAULT",
                "machine_type": "e2-small",
                "metadata": {
                  "disable-legacy-endpoints": "true"
                },
                "min_cpu_platform": "",
                "node_group": "",
                "oauth_scopes": [
                  "https://www.googleapis.com/auth/devstorage.read_only",
                  "https://www.googleapis.com/auth/logging.write",
                  "https://www.googleapis.com/auth/monitoring",
                  "https://www.googleapis.com/auth/service.management.readonly",
                  "https://www.googleapis.com/auth/servicecontrol",
                  "https://www.googleapis.com/auth/trace.append"
                ],
                "preemptible": true,
                "reservation_affinity": [],
                "resource_labels": null,
                "service_account": "default",
                "shielded_instance_config": [
                  {
                    "enable_integrity_monitoring": true,
                    "enable_secure_boot": false
                  }
                ],
                "spot": false,
                "tags": null,
                "taint": [],
                "workload_metadata_config": []
              }
            ],
            "node_locations": [],
            "node_pool": [
              {
                "autoscaling": [],
                "initial_node_count": 1,
                "instance_group_urls": [
                  "https://www.googleapis.com/compute/v1/projects/pg-xa-n-app-230466/zones/europe-west3-a/instanceGroupManagers/gke-gke00428-compliant-c-default-pool-ca690f13-grp"
                ],
                "managed_instance_group_urls": [
                  "https://www.googleapis.com/compute/v1/projects/pg-xa-n-app-230466/zones/europe-west3-a/instanceGroups/gke-gke00428-compliant-c-default-pool-ca690f13-grp"
                ],
                "management": [
                  {
                    "auto_repair": true,
                    "auto_upgrade": true
                  }
                ],
                "max_pods_per_node": 0,
                "name": "default-pool",
                "name_prefix": "",
                "network_config": [
                  {
                    "create_pod_range": false,
                    "enable_private_nodes": false,
                    "pod_cidr_overprovision_config": [],
                    "pod_ipv4_cidr_block": "",
                    "pod_range": ""
                  }
                ],
                "node_config": [
                  {
                    "advanced_machine_features": [],
                    "boot_disk_kms_key": "",
                    "disk_size_gb": 100,
                    "disk_type": "pd-balanced",
                    "ephemeral_storage_local_ssd_config": [],
                    "gcfs_config": [],
                    "guest_accelerator": [],
                    "gvnic": [],
                    "image_type": "COS_CONTAINERD",
                    "kubelet_config": [],
                    "labels": {},
                    "linux_node_config": [],
                    "local_nvme_ssd_block_config": [],
                    "local_ssd_count": 0,
                    "logging_variant": "DEFAULT",
                    "machine_type": "e2-small",
                    "metadata": {
                      "disable-legacy-endpoints": "true"
                    },
                    "min_cpu_platform": "",
                    "node_group": "",
                    "oauth_scopes": [
                      "https://www.googleapis.com/auth/devstorage.read_only",
                      "https://www.googleapis.com/auth/logging.write",
                      "https://www.googleapis.com/auth/monitoring",
                      "https://www.googleapis.com/auth/service.management.readonly",
                      "https://www.googleapis.com/auth/servicecontrol",
                      "https://www.googleapis.com/auth/trace.append"
                    ],
                    "preemptible": true,
                    "reservation_affinity": [],
                    "resource_labels": {},
                    "service_account": "default",
                    "shielded_instance_config": [
                      {
                        "enable_integrity_monitoring": true,
                        "enable_secure_boot": false
                      }
                    ],
                    "spot": false,
                    "tags": [],
                    "taint": [],
                    "workload_metadata_config": []
                  }
                ],
                "node_count": 1,
                "node_locations": [
                  "europe-west3-a"
                ],
                "placement_policy": [],
                "upgrade_settings": [
                  {
                    "blue_green_settings": [],
                    "max_surge": 1,
                    "max_unavailable": 0,
                    "strategy": "SURGE"
                  }
                ],
                "version": "1.24.13-gke.500"
              }
            ],
            "node_pool_defaults": [
              {
                "node_config_defaults": [
                  {
                    "logging_variant": "DEFAULT"
                  }
                ]
              }
            ],
            "node_version": "1.24.13-gke.500",
            "notification_config": [
              {
                "pubsub": [
                  {
                    "enabled": false,
                    "filter": [],
                    "topic": ""
                  }
                ]
              }
            ],
            "operation": null,
            "private_cluster_config": [
              {
                "enable_private_endpoint": false,
                "enable_private_nodes": false,
                "master_global_access_config": [
                  {
                    "enabled": false
                  }
                ],
                "master_ipv4_cidr_block": "",
                "peering_name": "",
                "private_endpoint": "10.156.0.4",
                "private_endpoint_subnetwork": "",
                "public_endpoint": "35.198.118.178"
              }
            ],
            "private_ipv6_google_access": "",
            "project": "pg-xa-n-app-230466",
            "release_channel": [
              {
                "channel": "STABLE"
              }
            ],
            "remove_default_node_pool": null,
            "resource_labels": null,
            "resource_usage_export_config": [],
            "self_link": "https://container.googleapis.com/v1/projects/pg-xa-n-app-230466/zones/europe-west3-a/clusters/gke00428-compliant-cluster",
            "service_external_ips_config": [
              {
                "enabled": false
              }
            ],
            "services_ipv4_cidr": "10.7.240.0/20",
            "subnetwork": "projects/pg-xa-n-app-230466/regions/europe-west3/subnetworks/gke00428-network",
            "timeouts": null,
            "tpu_ipv4_cidr_block": "",
            "vertical_pod_autoscaling": [],
            "workload_identity_config": []
          },
          "sensitive_attributes": [],
          "private": "eyJlMmJmYjczMC1lY2FhLTExZTYtOGY4OC0zNDM2M2JjN2M0YzAiOnsiY3JlYXRlIjoyNDAwMDAwMDAwMDAwLCJkZWxldGUiOjI0MDAwMDAwMDAwMDAsInJlYWQiOjI0MDAwMDAwMDAwMDAsInVwZGF0ZSI6MzYwMDAwMDAwMDAwMH0sInNjaGVtYV92ZXJzaW9uIjoiMSJ9",
          "dependencies": [
            "data.google_container_engine_versions.gke00428_k8s_version",
            "google_compute_network.gke00428_network",
            "google_project_service.gke00428_services"
          ]
        }
      ]
    },
    {
      "mode": "managed",
      "type": "google_container_cluster",
      "name": "gke00428_non_applicable_cluster",
      "provider": "provider[\"registry.terraform.io/hashicorp/google\"]",
      "instances": [
        {
          "schema_version": 1,
          "attributes": {
            "addons_config": [
              {
                "cloudrun_config": [],
                "config_connector_config": [],
                "dns_cache_config": [],
                "gce_persistent_disk_csi_driver_config": [
                  {
                    "enabled": true
                  }
                ],
                "gcp_filestore_csi_driver_config": [],
                "gke_backup_agent_config": [],
                "horizontal_pod_autoscaling": [],
                "http_load_balancing": [],
                "network_policy_config": [
                  {
                    "disabled": true
                  }
                ]
              }
            ],
            "authenticator_groups_config": [],
            "binary_authorization": [
              {
                "enabled": false,
                "evaluation_mode": ""
              }
            ],
            "cluster_autoscaling": [
              {
                "auto_provisioning_defaults": [],
                "enabled": false,
                "resource_limits": []
              }
            ],
            "cluster_ipv4_cidr": "10.0.0.0/14",
            "confidential_nodes": [],
            "cost_management_config": [],
            "database_encryption": [
              {
                "key_name": "",
                "state": "DECRYPTED"
              }
            ],
            "datapath_provider": "",
            "default_max_pods_per_node": null,
            "default_snat_status": [
              {
                "disabled": false
              }
            ],
            "description": "",
            "dns_config": [],
            "enable_autopilot": false,
            "enable_binary_authorization": false,
            "enable_intranode_visibility": false,
            "enable_kubernetes_alpha": false,
            "enable_l4_ilb_subsetting": false,
            "enable_legacy_abac": false,
            "enable_shielded_nodes": true,
            "enable_tpu": false,
            "endpoint": "35.234.98.228",
            "gateway_api_config": [],
            "id": "projects/pg-xa-n-app-230466/locations/europe-west3-a/clusters/gke00428-non-applicable-cluster",
            "initial_node_count": 1,
            "ip_allocation_policy": [],
            "label_fingerprint": "a9dc16a7",
            "location": "europe-west3-a",
            "logging_config": [
              {
                "enable_components": [
                  "SYSTEM_COMPONENTS",
                  "WORKLOADS"
                ]
              }
            ],
            "logging_service": "logging.googleapis.com/kubernetes",
            "maintenance_policy": [],
            "master_auth": [
              {
                "client_certificate": "",
                "client_certificate_config": [
                  {
                    "issue_client_certificate": false
                  }
                ],
                "client_key": "",
                "cluster_ca_certificate": "LS0tLS1CRUdJTiBDRVJUSUZJQ0FURS0tLS0tCk1JSUVMRENDQXBTZ0F3SUJBZ0lRYWRDQ0hFVUpIb0VCTDJYUU1LZ1ZqREFOQmdrcWhraUc5dzBCQVFzRkFEQXYKTVMwd0t3WURWUVFERXlSbFpXTXdORFl4WWkxa01ESXhMVFF5WWpNdE9URmhOUzA0TjJReU1qUTJPRFUwTVRFdwpJQmNOTWpNd05qQXlNRGd3TURJMFdoZ1BNakExTXpBMU1qVXdPVEF3TWpSYU1DOHhMVEFyQmdOVkJBTVRKR1ZsCll6QTBOakZpTFdRd01qRXROREppTXkwNU1XRTFMVGczWkRJeU5EWTROVFF4TVRDQ0FhSXdEUVlKS29aSWh2Y04KQVFFQkJRQURnZ0dQQURDQ0FZb0NnZ0dCQUxVNnYydjJHM3oxU1pjY0ZGMVZwMTRBTytza0JhRDFiYjF5Nnl4SQo4bDVLZWNWelI4dUY3dktjRllEbXUxNVpLOXJsWFlKUS90cWJKdHFpcUFJSE1jV21Ba1Y2OHRJTW0vbjR6eUFUClVMTXpkMkdGaktGRUc2Qko1ZkhCZ1JrcUxiZHQ4V3dMcXNaZzVCTFFZZ1pHbkx4WnVCZUYrQWNCWnFuQU9KTzQKTFR2aDJtcHJVMDEvYWRCSUJoRkFvbDFRV21pV2xzVEZBRVZMb3hPejFGZE1wWHVLY3d4OThNajZaWVBLZ3k2dwo4T0Jad21JMFJuZklrTWpqNURkTmVUdys3bExFNWtDcFdWMisvQndWRUlFL20vY1ZsTGRwS3BFNk5PQlljT1E2CmRsVm5uN3pXSmVySzVsVE4xM2NNTVEraU5sSEhsRE5MNStEUFVRQ08wVnRYOWd1RExUVnhnZGVuNEJTdWdIRVAKZlBJTWFGZ2w4aU9kMjk0M2RPMVlzQXJGOTdxK3dBZkE1MDdzK0o5ZnlReVA2WnRXRmZKYTZnUVN2cWNRVjRKWgpHcmdNVjNZNUpOeFdTc0h2UmVqWE1NZm93VGxKUVg3OTR4TTU0eXJiNlNxR3ZwWisrK1IzWlRKUWE4RExvK0wvCitJdU02d1dqRHpkclo2ZkhyKzVHL2w1MTFRSURBUUFCbzBJd1FEQU9CZ05WSFE4QkFmOEVCQU1DQWdRd0R3WUQKVlIwVEFRSC9CQVV3QXdFQi96QWRCZ05WSFE0RUZnUVVydG9XWlJ6bEpDbFhDNk1VWENYVytnUHNlU2d3RFFZSgpLb1pJaHZjTkFRRUxCUUFEZ2dHQkFITVZJclFNeVpUV0w2djR0eVRlcCtmZ2F0a2xqSzgrdWhJOE1VUnV1K0crCndPNkVRWVJpbDlJQmlob1pwR1JTMkhxUm5OQ2hzSGJSWDdJZjNPWWI1cDB3K00ySDRNQVJodm1jVU9WeTBETFkKVzk5WUkwZjQrWTRjMS9MS2VyZjdzRnV6elpHYjZQcWZlTUhDejJWVlZxUkY1UDFDN2F6Ri9TU0wrc2ZwUmxEaApmUUx1RU1YdW1Sd3ZwdWRnbkxBN0J6dlhBUVNOYit2anhKQzhnMkpuN1NMSUs5dDVFTk4xa3JYeElNaTVqa2RwCmtsMkQ4eXN5UkZheUVjTjNqZDkxTHQyaWpMWnNHVWtNbVlGM3ZyeGIyck9mMXhXSEZTOHpnZnNFbVdrbkhiWWUKcmtvYjJuTFBvM3E1eW5LTUpvZGl5ZmdXUEdZSkptY2lWcVd5L29BUjBxM2dwZm1CcHFnQjRQMmp5Y0kxR1ZhRQorVVdzV2o4NDF0eDRiQUFhRGZ2Mlg4RlQwVkYxM1RzYUNWQjVoQ2RYc2dtMnAvczFnYzhCTW1HcXJtYitaN2VSCjB0SUhHd2J1K3VTYTN1K0VDcm1QM3pvek5vMkFWS01ZTzJram1zYysvbUZkb1hLRzFoZUFmdHRFMmFmWVJqMzkKdHByNEVGc0NoUkt2YjhkOWd0QnVFUT09Ci0tLS0tRU5EIENFUlRJRklDQVRFLS0tLS0K"
              }
            ],
            "master_authorized_networks_config": [],
            "master_version": "1.25.9-gke.400",
            "mesh_certificates": [],
            "min_master_version": "1.25.9-gke.400",
            "monitoring_config": [
              {
                "enable_components": [
                  "SYSTEM_COMPONENTS"
                ],
                "managed_prometheus": []
              }
            ],
            "monitoring_service": "monitoring.googleapis.com/kubernetes",
            "name": "gke00428-non-applicable-cluster",
            "network": "projects/pg-xa-n-app-230466/global/networks/gke00428-network",
            "network_policy": [
              {
                "enabled": false,
                "provider": "PROVIDER_UNSPECIFIED"
              }
            ],
            "networking_mode": "ROUTES",
            "node_config": [
              {
                "advanced_machine_features": [],
                "boot_disk_kms_key": "",
                "disk_size_gb": 100,
                "disk_type": "pd-balanced",
                "ephemeral_storage_local_ssd_config": [],
                "gcfs_config": [],
                "guest_accelerator": [],
                "gvnic": [],
                "image_type": "COS_CONTAINERD",
                "kubelet_config": [],
                "labels": {},
                "linux_node_config": [],
                "local_nvme_ssd_block_config": [],
                "local_ssd_count": 0,
                "logging_variant": "DEFAULT",
                "machine_type": "e2-small",
                "metadata": {
                  "disable-legacy-endpoints": "true"
                },
                "min_cpu_platform": "",
                "node_group": "",
                "oauth_scopes": [
                  "https://www.googleapis.com/auth/devstorage.read_only",
                  "https://www.googleapis.com/auth/logging.write",
                  "https://www.googleapis.com/auth/monitoring",
                  "https://www.googleapis.com/auth/service.management.readonly",
                  "https://www.googleapis.com/auth/servicecontrol",
                  "https://www.googleapis.com/auth/trace.append"
                ],
                "preemptible": true,
                "reservation_affinity": [],
                "resource_labels": null,
                "service_account": "default",
                "shielded_instance_config": [
                  {
                    "enable_integrity_monitoring": true,
                    "enable_secure_boot": false
                  }
                ],
                "spot": false,
                "tags": null,
                "taint": [],
                "workload_metadata_config": []
              }
            ],
            "node_locations": [],
            "node_pool": [
              {
                "autoscaling": [],
                "initial_node_count": 1,
                "instance_group_urls": [
                  "https://www.googleapis.com/compute/v1/projects/pg-xa-n-app-230466/zones/europe-west3-a/instanceGroupManagers/gke-gke00428-non-applica-default-pool-c190f0fa-grp"
                ],
                "managed_instance_group_urls": [
                  "https://www.googleapis.com/compute/v1/projects/pg-xa-n-app-230466/zones/europe-west3-a/instanceGroups/gke-gke00428-non-applica-default-pool-c190f0fa-grp"
                ],
                "management": [
                  {
                    "auto_repair": true,
                    "auto_upgrade": true
                  }
                ],
                "max_pods_per_node": 0,
                "name": "default-pool",
                "name_prefix": "",
                "network_config": [
                  {
                    "create_pod_range": false,
                    "enable_private_nodes": false,
                    "pod_cidr_overprovision_config": [],
                    "pod_ipv4_cidr_block": "",
                    "pod_range": ""
                  }
                ],
                "node_config": [
                  {
                    "advanced_machine_features": [],
                    "boot_disk_kms_key": "",
                    "disk_size_gb": 100,
                    "disk_type": "pd-balanced",
                    "ephemeral_storage_local_ssd_config": [],
                    "gcfs_config": [],
                    "guest_accelerator": [],
                    "gvnic": [],
                    "image_type": "COS_CONTAINERD",
                    "kubelet_config": [],
                    "labels": {},
                    "linux_node_config": [],
                    "local_nvme_ssd_block_config": [],
                    "local_ssd_count": 0,
                    "logging_variant": "DEFAULT",
                    "machine_type": "e2-small",
                    "metadata": {
                      "disable-legacy-endpoints": "true"
                    },
                    "min_cpu_platform": "",
                    "node_group": "",
                    "oauth_scopes": [
                      "https://www.googleapis.com/auth/devstorage.read_only",
                      "https://www.googleapis.com/auth/logging.write",
                      "https://www.googleapis.com/auth/monitoring",
                      "https://www.googleapis.com/auth/service.management.readonly",
                      "https://www.googleapis.com/auth/servicecontrol",
                      "https://www.googleapis.com/auth/trace.append"
                    ],
                    "preemptible": true,
                    "reservation_affinity": [],
                    "resource_labels": {},
                    "service_account": "default",
                    "shielded_instance_config": [
                      {
                        "enable_integrity_monitoring": true,
                        "enable_secure_boot": false
                      }
                    ],
                    "spot": false,
                    "tags": [],
                    "taint": [],
                    "workload_metadata_config": []
                  }
                ],
                "node_count": 1,
                "node_locations": [
                  "europe-west3-a"
                ],
                "placement_policy": [],
                "upgrade_settings": [
                  {
                    "blue_green_settings": [],
                    "max_surge": 1,
                    "max_unavailable": 0,
                    "strategy": "SURGE"
                  }
                ],
                "version": "1.25.9-gke.400"
              }
            ],
            "node_pool_defaults": [
              {
                "node_config_defaults": [
                  {
                    "logging_variant": "DEFAULT"
                  }
                ]
              }
            ],
            "node_version": "1.25.9-gke.400",
            "notification_config": [
              {
                "pubsub": [
                  {
                    "enabled": false,
                    "filter": [],
                    "topic": ""
                  }
                ]
              }
            ],
            "operation": null,
            "private_cluster_config": [
              {
                "enable_private_endpoint": false,
                "enable_private_nodes": false,
                "master_global_access_config": [
                  {
                    "enabled": false
                  }
                ],
                "master_ipv4_cidr_block": "",
                "peering_name": "",
                "private_endpoint": "10.156.0.2",
                "private_endpoint_subnetwork": "",
                "public_endpoint": "35.234.98.228"
              }
            ],
            "private_ipv6_google_access": "",
            "project": "pg-xa-n-app-230466",
            "release_channel": [
              {
                "channel": "STABLE"
              }
            ],
            "remove_default_node_pool": null,
            "resource_labels": null,
            "resource_usage_export_config": [],
            "self_link": "https://container.googleapis.com/v1/projects/pg-xa-n-app-230466/zones/europe-west3-a/clusters/gke00428-non-applicable-cluster",
            "service_external_ips_config": [
              {
                "enabled": false
              }
            ],
            "services_ipv4_cidr": "10.3.240.0/20",
            "subnetwork": "projects/pg-xa-n-app-230466/regions/europe-west3/subnetworks/gke00428-network",
            "timeouts": null,
            "tpu_ipv4_cidr_block": "",
            "vertical_pod_autoscaling": [],
            "workload_identity_config": []
          },
          "sensitive_attributes": [],
          "private": "eyJlMmJmYjczMC1lY2FhLTExZTYtOGY4OC0zNDM2M2JjN2M0YzAiOnsiY3JlYXRlIjoyNDAwMDAwMDAwMDAwLCJkZWxldGUiOjI0MDAwMDAwMDAwMDAsInJlYWQiOjI0MDAwMDAwMDAwMDAsInVwZGF0ZSI6MzYwMDAwMDAwMDAwMH0sInNjaGVtYV92ZXJzaW9uIjoiMSJ9",
          "dependencies": [
            "data.google_container_engine_versions.gke00428_k8s_na_version",
            "google_compute_network.gke00428_network",
            "google_project_service.gke00428_services"
          ]
        }
      ]
    },
    {
      "mode": "managed",
      "type": "google_container_cluster",
      "name": "gke00428_non_compliant_cluster",
      "provider": "provider[\"registry.terraform.io/hashicorp/google\"]",
      "instances": [
        {
          "schema_version": 1,
          "attributes": {
            "addons_config": [
              {
                "cloudrun_config": [],
                "config_connector_config": [],
                "dns_cache_config": [],
                "gce_persistent_disk_csi_driver_config": [
                  {
                    "enabled": true
                  }
                ],
                "gcp_filestore_csi_driver_config": [],
                "gke_backup_agent_config": [],
                "horizontal_pod_autoscaling": [],
                "http_load_balancing": [],
                "network_policy_config": [
                  {
                    "disabled": true
                  }
                ]
              }
            ],
            "authenticator_groups_config": [],
            "binary_authorization": [
              {
                "enabled": false,
                "evaluation_mode": ""
              }
            ],
            "cluster_autoscaling": [
              {
                "auto_provisioning_defaults": [],
                "enabled": false,
                "resource_limits": []
              }
            ],
            "cluster_ipv4_cidr": "10.8.0.0/14",
            "confidential_nodes": [],
            "cost_management_config": [],
            "database_encryption": [
              {
                "key_name": "",
                "state": "DECRYPTED"
              }
            ],
            "datapath_provider": "",
            "default_max_pods_per_node": null,
            "default_snat_status": [
              {
                "disabled": false
              }
            ],
            "description": "",
            "dns_config": [],
            "enable_autopilot": false,
            "enable_binary_authorization": false,
            "enable_intranode_visibility": false,
            "enable_kubernetes_alpha": false,
            "enable_l4_ilb_subsetting": false,
            "enable_legacy_abac": false,
            "enable_shielded_nodes": true,
            "enable_tpu": false,
            "endpoint": "35.246.158.253",
            "gateway_api_config": [],
            "id": "projects/pg-xa-n-app-230466/locations/europe-west3-a/clusters/gke00428-non-compliant-cluster",
            "initial_node_count": 1,
            "ip_allocation_policy": [],
            "label_fingerprint": "a9dc16a7",
            "location": "europe-west3-a",
            "logging_config": [
              {
                "enable_components": [
                  "SYSTEM_COMPONENTS",
                  "WORKLOADS"
                ]
              }
            ],
            "logging_service": "logging.googleapis.com/kubernetes",
            "maintenance_policy": [],
            "master_auth": [
              {
                "client_certificate": "",
                "client_certificate_config": [
                  {
                    "issue_client_certificate": false
                  }
                ],
                "client_key": "",
                "cluster_ca_certificate": "LS0tLS1CRUdJTiBDRVJUSUZJQ0FURS0tLS0tCk1JSUVMRENDQXBTZ0F3SUJBZ0lRTTVlS1IwN0xvelY4U2xDSE5zTldhekFOQmdrcWhraUc5dzBCQVFzRkFEQXYKTVMwd0t3WURWUVFERXlRek1UYzNabUUxTlMxbU5tVmlMVFJrWXpndFlqUmlaaTB4WVRka01XSmxOVFl3T1RFdwpJQmNOTWpNd05qQXlNRGd3TURJMldoZ1BNakExTXpBMU1qVXdPVEF3TWpaYU1DOHhMVEFyQmdOVkJBTVRKRE14Ck56ZG1ZVFUxTFdZMlpXSXROR1JqT0MxaU5HSm1MVEZoTjJReFltVTFOakE1TVRDQ0FhSXdEUVlKS29aSWh2Y04KQVFFQkJRQURnZ0dQQURDQ0FZb0NnZ0dCQU9Oc3owMG9BUm5iMGk4ZEtjbENkbzgvL1VZazZaa0s5bUJ4bXdMUwpSZ0hVdjVGWGxXR3JHLzUwUUY1aXdpRXhSSWRNRldCVTA5bmp0ZS9IWmwxYTRuMVZ4aHJGVG45eDF4VCtXdTl3CjJsaE13R09KbmR2NlQ4TkhMV0VOczdaaHQ3RFNxeVJsR0pFRVp5R1dvY3V1akJiZjZteVdxRFNDQ2Rja3BBZDMKVVIyaGRxVzBSeVl1NkFvclExVjdDUW0xNE1pZWZTY0JUY0p2RzEvVU5WUHgwdHVWcE1XRnV3ZkRja1dlMXEycgpWbWdaT1UxNVVxTS9UdVoxTG9IcTI5OHRRVlBRVTcxVEt5b0x2c25iRXNKaHlxdGM2TG1hbStBV3IvbEZZWmNCCmI3dkNFVzU2TmowL1RrRytSakR1cmg1TEkwVG1qa2pSUHJjUXdCUWhlZm1NL2hhdWZzQlNrRWw2Z2ZJdE5lK3kKbVpZWG5YdWtXM1psQnVMbE9CQlFIMGxjcmdoQUtXY2QvZDFUZ2RTNkxBdGZEUVdBK1V1T3hnbm4xdC9nSXpYUwo0VmhNMS9vT0dLblNXVVRRTWtBZ0hTQVNrN2hvaHVlaGNCWllManEvRVpuNUFqeURVcnJoNkZiTS82TmtGck8wCkFDM1NiNG5uL0NFOFlmN3lLanRqUE5LQjV3SURBUUFCbzBJd1FEQU9CZ05WSFE4QkFmOEVCQU1DQWdRd0R3WUQKVlIwVEFRSC9CQVV3QXdFQi96QWRCZ05WSFE0RUZnUVVpSk5jUThsZndMQ1p4QS9rRjlDOHE4MXhrNDR3RFFZSgpLb1pJaHZjTkFRRUxCUUFEZ2dHQkFKL3U5YlAwNGNSM250Q1pwR2RNcUtvbEhFWHhXN2ZST3hpQmlyREZEMDlaClBHb2R5NFdkQkRKT0VEUXV0aEY0RGpETm9pbm5tRDIwZ0czbHB3MDF2NzlZd0lUVmtuaGUvZVovNHBpSkpSTzcKQXpnZ1YxbmlGOUVZY3BCZ2tYT1dWNmJnWjloOUxDb21JcFAxNXNJaFpFNjNGa0w4dk9welJFZTNKZ1MvWVlLVgpLcGpUM0dHNElJcjgzcko1RUdnaHQyN1FCUmFJK2NPRHRxSWpGZWZtWkREQXlFK1dadnhmZG9IRUVPYUdIOTZ3Clc3OFB0RmtnVW9nQjdtY3kxYTFvQ1RuVUc5ZmJMc1ZHeDBBNkpCN1F3eWFqcG9lUUd6UUNvcU45alNlanBRTFIKUGQwa24xdngrQ2ZMV1BvK0lybzRiSDFOOGlldlZnV3RRa0hQY21Za1c3alZUNVhDMlRFbWxtS212QThoc2RjMwp4eFlUWnRRYUY3TjVOdkl5aUhidFJHOGNzVHVWVFN1dG5qeUoxK2grUmdnSU5FVS9rL2JQb1ZwZEtyWE9FdTk1CnRxUTVMdGhoLzNyUmRrSGN0VGNaTmFzUVVkdjVrd0hSUzhaSllBNE5ScEVweC9neGpGdVFHd1NpVi9DcU9FQTQKVFI4aTdYRGJ1My9SelR6TUkvbmRCQT09Ci0tLS0tRU5EIENFUlRJRklDQVRFLS0tLS0K"
              }
            ],
            "master_authorized_networks_config": [],
            "master_version": "1.24.13-gke.500",
            "mesh_certificates": [],
            "min_master_version": "1.24.13-gke.500",
            "monitoring_config": [
              {
                "enable_components": [],
                "managed_prometheus": []
              }
            ],
            "monitoring_service": "none",
            "name": "gke00428-non-compliant-cluster",
            "network": "projects/pg-xa-n-app-230466/global/networks/gke00428-network",
            "network_policy": [
              {
                "enabled": false,
                "provider": "PROVIDER_UNSPECIFIED"
              }
            ],
            "networking_mode": "ROUTES",
            "node_config": [
              {
                "advanced_machine_features": [],
                "boot_disk_kms_key": "",
                "disk_size_gb": 100,
                "disk_type": "pd-balanced",
                "ephemeral_storage_local_ssd_config": [],
                "gcfs_config": [],
                "guest_accelerator": [],
                "gvnic": [],
                "image_type": "COS_CONTAINERD",
                "kubelet_config": [],
                "labels": {},
                "linux_node_config": [],
                "local_nvme_ssd_block_config": [],
                "local_ssd_count": 0,
                "logging_variant": "DEFAULT",
                "machine_type": "e2-small",
                "metadata": {
                  "disable-legacy-endpoints": "true"
                },
                "min_cpu_platform": "",
                "node_group": "",
                "oauth_scopes": [
                  "https://www.googleapis.com/auth/devstorage.read_only",
                  "https://www.googleapis.com/auth/logging.write",
                  "https://www.googleapis.com/auth/monitoring",
                  "https://www.googleapis.com/auth/service.management.readonly",
                  "https://www.googleapis.com/auth/servicecontrol",
                  "https://www.googleapis.com/auth/trace.append"
                ],
                "preemptible": true,
                "reservation_affinity": [],
                "resource_labels": null,
                "service_account": "default",
                "shielded_instance_config": [
                  {
                    "enable_integrity_monitoring": true,
                    "enable_secure_boot": false
                  }
                ],
                "spot": false,
                "tags": null,
                "taint": [],
                "workload_metadata_config": []
              }
            ],
            "node_locations": [],
            "node_pool": [
              {
                "autoscaling": [],
                "initial_node_count": 1,
                "instance_group_urls": [
                  "https://www.googleapis.com/compute/v1/projects/pg-xa-n-app-230466/zones/europe-west3-a/instanceGroupManagers/gke-gke00428-non-complia-default-pool-73d60f68-grp"
                ],
                "managed_instance_group_urls": [
                  "https://www.googleapis.com/compute/v1/projects/pg-xa-n-app-230466/zones/europe-west3-a/instanceGroups/gke-gke00428-non-complia-default-pool-73d60f68-grp"
                ],
                "management": [
                  {
                    "auto_repair": true,
                    "auto_upgrade": true
                  }
                ],
                "max_pods_per_node": 0,
                "name": "default-pool",
                "name_prefix": "",
                "network_config": [
                  {
                    "create_pod_range": false,
                    "enable_private_nodes": false,
                    "pod_cidr_overprovision_config": [],
                    "pod_ipv4_cidr_block": "",
                    "pod_range": ""
                  }
                ],
                "node_config": [
                  {
                    "advanced_machine_features": [],
                    "boot_disk_kms_key": "",
                    "disk_size_gb": 100,
                    "disk_type": "pd-balanced",
                    "ephemeral_storage_local_ssd_config": [],
                    "gcfs_config": [],
                    "guest_accelerator": [],
                    "gvnic": [],
                    "image_type": "COS_CONTAINERD",
                    "kubelet_config": [],
                    "labels": {},
                    "linux_node_config": [],
                    "local_nvme_ssd_block_config": [],
                    "local_ssd_count": 0,
                    "logging_variant": "DEFAULT",
                    "machine_type": "e2-small",
                    "metadata": {
                      "disable-legacy-endpoints": "true"
                    },
                    "min_cpu_platform": "",
                    "node_group": "",
                    "oauth_scopes": [
                      "https://www.googleapis.com/auth/devstorage.read_only",
                      "https://www.googleapis.com/auth/logging.write",
                      "https://www.googleapis.com/auth/monitoring",
                      "https://www.googleapis.com/auth/service.management.readonly",
                      "https://www.googleapis.com/auth/servicecontrol",
                      "https://www.googleapis.com/auth/trace.append"
                    ],
                    "preemptible": true,
                    "reservation_affinity": [],
                    "resource_labels": {},
                    "service_account": "default",
                    "shielded_instance_config": [
                      {
                        "enable_integrity_monitoring": true,
                        "enable_secure_boot": false
                      }
                    ],
                    "spot": false,
                    "tags": [],
                    "taint": [],
                    "workload_metadata_config": []
                  }
                ],
                "node_count": 1,
                "node_locations": [
                  "europe-west3-a"
                ],
                "placement_policy": [],
                "upgrade_settings": [
                  {
                    "blue_green_settings": [],
                    "max_surge": 1,
                    "max_unavailable": 0,
                    "strategy": "SURGE"
                  }
                ],
                "version": "1.24.13-gke.500"
              }
            ],
            "node_pool_defaults": [
              {
                "node_config_defaults": [
                  {
                    "logging_variant": "DEFAULT"
                  }
                ]
              }
            ],
            "node_version": "1.24.13-gke.500",
            "notification_config": [
              {
                "pubsub": [
                  {
                    "enabled": false,
                    "filter": [],
                    "topic": ""
                  }
                ]
              }
            ],
            "operation": null,
            "private_cluster_config": [
              {
                "enable_private_endpoint": false,
                "enable_private_nodes": false,
                "master_global_access_config": [
                  {
                    "enabled": false
                  }
                ],
                "master_ipv4_cidr_block": "",
                "peering_name": "",
                "private_endpoint": "10.156.0.3",
                "private_endpoint_subnetwork": "",
                "public_endpoint": "35.246.158.253"
              }
            ],
            "private_ipv6_google_access": "",
            "project": "pg-xa-n-app-230466",
            "release_channel": [
              {
                "channel": "STABLE"
              }
            ],
            "remove_default_node_pool": null,
            "resource_labels": null,
            "resource_usage_export_config": [],
            "self_link": "https://container.googleapis.com/v1/projects/pg-xa-n-app-230466/zones/europe-west3-a/clusters/gke00428-non-compliant-cluster",
            "service_external_ips_config": [
              {
                "enabled": false
              }
            ],
            "services_ipv4_cidr": "10.11.240.0/20",
            "subnetwork": "projects/pg-xa-n-app-230466/regions/europe-west3/subnetworks/gke00428-network",
            "timeouts": null,
            "tpu_ipv4_cidr_block": "",
            "vertical_pod_autoscaling": [],
            "workload_identity_config": []
          },
          "sensitive_attributes": [],
          "private": "eyJlMmJmYjczMC1lY2FhLTExZTYtOGY4OC0zNDM2M2JjN2M0YzAiOnsiY3JlYXRlIjoyNDAwMDAwMDAwMDAwLCJkZWxldGUiOjI0MDAwMDAwMDAwMDAsInJlYWQiOjI0MDAwMDAwMDAwMDAsInVwZGF0ZSI6MzYwMDAwMDAwMDAwMH0sInNjaGVtYV92ZXJzaW9uIjoiMSJ9",
          "dependencies": [
            "data.google_container_engine_versions.gke00428_k8s_version",
            "google_compute_network.gke00428_network",
            "google_project_service.gke00428_services"
          ]
        }
      ]
    },
    {
      "mode": "managed",
      "type": "google_project_service",
      "name": "gke00428_services",
      "provider": "provider[\"registry.terraform.io/hashicorp/google\"]",
      "instances": [
        {
          "index_key": "container.googleapis.com",
          "schema_version": 0,
          "attributes": {
            "disable_dependent_services": null,
            "disable_on_destroy": false,
            "id": "pg-xa-n-app-230466/container.googleapis.com",
            "project": "pg-xa-n-app-230466",
            "service": "container.googleapis.com",
            "timeouts": null
          },
          "sensitive_attributes": [],
          "private": "eyJlMmJmYjczMC1lY2FhLTExZTYtOGY4OC0zNDM2M2JjN2M0YzAiOnsiY3JlYXRlIjoxMjAwMDAwMDAwMDAwLCJkZWxldGUiOjEyMDAwMDAwMDAwMDAsInJlYWQiOjYwMDAwMDAwMDAwMCwidXBkYXRlIjoxMjAwMDAwMDAwMDAwfX0="
        }
      ]
    },
    {
      "mode": "managed",
      "type": "kubectl_manifest",
      "name": "gke00428_compliant_psp",
      "provider": "provider[\"registry.terraform.io/gavinbunney/kubectl\"]",
      "instances": [
        {
          "schema_version": 1,
          "attributes": {
            "api_version": "policy/v1beta1",
            "apply_only": false,
            "force_conflicts": false,
            "force_new": false,
            "id": "/apis/policy/v1beta1/podsecuritypolicys/restricted",
            "ignore_fields": null,
            "kind": "PodSecurityPolicy",
            "live_manifest_incluster": "8b68278c82661af28b79d2938d1d7e8245e7bde11346fd9f62d3d3ccbd03967a",
            "live_uid": "0847ae98-7c91-472c-85f2-cad6df7e49f0",
            "name": "restricted",
            "namespace": null,
            "override_namespace": null,
            "sensitive_fields": null,
            "server_side_apply": false,
            "timeouts": null,
            "uid": "0847ae98-7c91-472c-85f2-cad6df7e49f0",
            "validate_schema": true,
            "wait": null,
            "wait_for_rollout": true,
            "yaml_body": "apiVersion: policy/v1beta1\nkind: PodSecurityPolicy\nmetadata:\n  name: restricted\nspec:\n  privileged: true\n  allowPrivilegeEscalation: true\n  allowedCapabilities:\n  requiredDropCapabilities:\n  fsGroup:\n    rule: RunAsAny\n  runAsUser:\n    rule: RunAsAny\n  seLinux:\n    rule: RunAsAny\n  supplementalGroups:\n    rule: RunAsAny\n  hostPID: true\n  hostIPC: true\n  hostNetwork: true",
            "yaml_body_parsed": "apiVersion: policy/v1beta1\nkind: PodSecurityPolicy\nmetadata:\n  name: restricted\nspec:\n  allowPrivilegeEscalation: true\n  allowedCapabilities: null\n  fsGroup:\n    rule: RunAsAny\n  hostIPC: true\n  hostNetwork: true\n  hostPID: true\n  privileged: true\n  requiredDropCapabilities: null\n  runAsUser:\n    rule: RunAsAny\n  seLinux:\n    rule: RunAsAny\n  supplementalGroups:\n    rule: RunAsAny\n",
            "yaml_incluster": "8b68278c82661af28b79d2938d1d7e8245e7bde11346fd9f62d3d3ccbd03967a"
          },
          "sensitive_attributes": [],
          "private": "eyJlMmJmYjczMC1lY2FhLTExZTYtOGY4OC0zNDM2M2JjN2M0YzAiOnsiY3JlYXRlIjo2MDAwMDAwMDAwMDB9LCJzY2hlbWFfdmVyc2lvbiI6IjEifQ==",
          "dependencies": [
            "data.google_client_config.default",
            "data.google_container_engine_versions.gke00428_k8s_version",
            "google_compute_network.gke00428_network",
            "google_container_cluster.gke00428_compliant_cluster",
            "google_project_service.gke00428_services"
          ]
        }
      ]
    }
  ],
  "check_results": null
}
