{
  "version": 4,
  "terraform_version": "1.4.4",
  "serial": 6,
  "lineage": "2a3edd37-b4e6-15c3-1a7b-ee0f5529055b",
  "outputs": {},
  "resources": [
    {
      "mode": "managed",
      "type": "google_app_engine_standard_app_version",
      "name": "gcpvm003_compliant_app_v1",
      "provider": "provider[\"registry.terraform.io/hashicorp/google\"]",
      "instances": [
        {
          "schema_version": 0,
          "attributes": {
            "app_engine_apis": false,
            "automatic_scaling": [],
            "basic_scaling": [],
            "delete_service_on_destroy": true,
            "deployment": [
              {
                "files": [
                  {
                    "name": "app.js",
                    "sha1_sum": "",
                    "source_url": "https://storage.googleapis.com/gcpvm003-appengine-content/app.js"
                  }
                ],
                "zip": []
              }
            ],
            "entrypoint": [
              {
                "shell": "node ./app.js"
              }
            ],
            "env_variables": {
              "port": "8080"
            },
            "handlers": [
              {
                "auth_fail_action": "AUTH_FAIL_ACTION_REDIRECT",
                "login": "LOGIN_OPTIONAL",
                "redirect_http_response_code": "REDIRECT_HTTP_RESPONSE_CODE_301",
                "script": [
                  {
                    "script_path": "auto"
                  }
                ],
                "security_level": "SECURE_ALWAYS",
                "static_files": [],
                "url_regex": ".*"
              },
              {
                "auth_fail_action": "AUTH_FAIL_ACTION_REDIRECT",
                "login": "LOGIN_OPTIONAL",
                "redirect_http_response_code": "",
                "script": [
                  {
                    "script_path": "auto"
                  }
                ],
                "security_level": "SECURE_OPTIONAL",
                "static_files": [],
                "url_regex": ".*"
              }
            ],
            "id": "apps/pg-xa-n-app-230466/services/gcpvm003-compliant-app/versions/v1",
            "inbound_services": null,
            "instance_class": "F1",
            "libraries": [],
            "manual_scaling": [],
            "name": "apps/pg-xa-n-app-230466/services/gcpvm003-compliant-app/versions/v1",
            "noop_on_destroy": false,
            "project": "pg-xa-n-app-230466",
            "runtime": "nodejs16",
            "runtime_api_version": "",
            "service": "gcpvm003-compliant-app",
            "service_account": "pg-xa-n-app-230466@appspot.gserviceaccount.com",
            "threadsafe": null,
            "timeouts": null,
            "version_id": "v1",
            "vpc_access_connector": []
          },
          "sensitive_attributes": [],
          "private": "eyJlMmJmYjczMC1lY2FhLTExZTYtOGY4OC0zNDM2M2JjN2M0YzAiOnsiY3JlYXRlIjoxMjAwMDAwMDAwMDAwLCJkZWxldGUiOjEyMDAwMDAwMDAwMDAsInVwZGF0ZSI6MTIwMDAwMDAwMDAwMH19",
          "dependencies": [
            "google_project_service.gcpvm003_services",
            "google_storage_bucket.gcpvm003_bucket",
            "google_storage_bucket_object.gcpvm003_object"
          ]
        }
      ]
    },
    {
      "mode": "managed",
      "type": "google_app_engine_standard_app_version",
      "name": "gcpvm003_non_compliant_app_v1",
      "provider": "provider[\"registry.terraform.io/hashicorp/google\"]",
      "instances": [
        {
          "schema_version": 0,
          "attributes": {
            "app_engine_apis": false,
            "automatic_scaling": [],
            "basic_scaling": [],
            "delete_service_on_destroy": true,
            "deployment": [
              {
                "files": [
                  {
                    "name": "app.js",
                    "sha1_sum": "",
                    "source_url": "https://storage.googleapis.com/gcpvm003-appengine-content/app.js"
                  }
                ],
                "zip": []
              }
            ],
            "entrypoint": [
              {
                "shell": "node ./app.js"
              }
            ],
            "env_variables": {
              "port": "8080"
            },
            "handlers": [
              {
                "auth_fail_action": "AUTH_FAIL_ACTION_REDIRECT",
                "login": "LOGIN_OPTIONAL",
                "redirect_http_response_code": "",
                "script": [
                  {
                    "script_path": "auto"
                  }
                ],
                "security_level": "SECURE_OPTIONAL",
                "static_files": [],
                "url_regex": ".*"
              }
            ],
            "id": "apps/pg-xa-n-app-230466/services/gcpvm003-non-compliant-app/versions/v1",
            "inbound_services": null,
            "instance_class": "F1",
            "libraries": [],
            "manual_scaling": [],
            "name": "apps/pg-xa-n-app-230466/services/gcpvm003-non-compliant-app/versions/v1",
            "noop_on_destroy": false,
            "project": "pg-xa-n-app-230466",
            "runtime": "nodejs16",
            "runtime_api_version": "",
            "service": "gcpvm003-non-compliant-app",
            "service_account": "pg-xa-n-app-230466@appspot.gserviceaccount.com",
            "threadsafe": null,
            "timeouts": null,
            "version_id": "v1",
            "vpc_access_connector": []
          },
          "sensitive_attributes": [],
          "private": "eyJlMmJmYjczMC1lY2FhLTExZTYtOGY4OC0zNDM2M2JjN2M0YzAiOnsiY3JlYXRlIjoxMjAwMDAwMDAwMDAwLCJkZWxldGUiOjEyMDAwMDAwMDAwMDAsInVwZGF0ZSI6MTIwMDAwMDAwMDAwMH19",
          "dependencies": [
            "google_project_service.gcpvm003_services",
            "google_storage_bucket.gcpvm003_bucket",
            "google_storage_bucket_object.gcpvm003_object"
          ]
        }
      ]
    },
    {
      "mode": "managed",
      "type": "google_project_service",
      "name": "gcpvm003_services",
      "provider": "provider[\"registry.terraform.io/hashicorp/google\"]",
      "instances": [
        {
          "index_key": "appengine.googleapis.com",
          "schema_version": 0,
          "attributes": {
            "disable_dependent_services": null,
            "disable_on_destroy": true,
            "id": "pg-xa-n-app-230466/appengine.googleapis.com",
            "project": "pg-xa-n-app-230466",
            "service": "appengine.googleapis.com",
            "timeouts": null
          },
          "sensitive_attributes": [],
          "private": "eyJlMmJmYjczMC1lY2FhLTExZTYtOGY4OC0zNDM2M2JjN2M0YzAiOnsiY3JlYXRlIjoxMjAwMDAwMDAwMDAwLCJkZWxldGUiOjEyMDAwMDAwMDAwMDAsInJlYWQiOjYwMDAwMDAwMDAwMCwidXBkYXRlIjoxMjAwMDAwMDAwMDAwfX0="
        }
      ]
    },
    {
      "mode": "managed",
      "type": "google_storage_bucket",
      "name": "gcpvm003_bucket",
      "provider": "provider[\"registry.terraform.io/hashicorp/google\"]",
      "instances": [
        {
          "schema_version": 0,
          "attributes": {
            "autoclass": [],
            "cors": [],
            "custom_placement_config": [],
            "default_event_based_hold": false,
            "encryption": [],
            "force_destroy": false,
            "id": "gcpvm003-appengine-content",
            "labels": {},
            "lifecycle_rule": [],
            "location": "EU",
            "logging": [],
            "name": "gcpvm003-appengine-content",
            "project": "pg-xa-n-app-230466",
            "public_access_prevention": "inherited",
            "requester_pays": false,
            "retention_policy": [],
            "self_link": "https://www.googleapis.com/storage/v1/b/gcpvm003-appengine-content",
            "storage_class": "STANDARD",
            "timeouts": null,
            "uniform_bucket_level_access": false,
            "url": "gs://gcpvm003-appengine-content",
            "versioning": [],
            "website": []
          },
          "sensitive_attributes": [],
          "private": "eyJlMmJmYjczMC1lY2FhLTExZTYtOGY4OC0zNDM2M2JjN2M0YzAiOnsiY3JlYXRlIjo2MDAwMDAwMDAwMDAsInJlYWQiOjI0MDAwMDAwMDAwMCwidXBkYXRlIjoyNDAwMDAwMDAwMDB9fQ=="
        }
      ]
    },
    {
      "mode": "managed",
      "type": "google_storage_bucket_object",
      "name": "gcpvm003_object",
      "provider": "provider[\"registry.terraform.io/hashicorp/google\"]",
      "instances": [
        {
          "schema_version": 0,
          "attributes": {
            "bucket": "gcpvm003-appengine-content",
            "cache_control": "",
            "content": null,
            "content_disposition": "",
            "content_encoding": "",
            "content_language": "",
            "content_type": "text/plain; charset=utf-8",
            "crc32c": "lossMg==",
            "customer_encryption": [],
            "detect_md5hash": "zbjK+RHhu0kJQNSYOwqvpg==",
            "event_based_hold": false,
            "id": "gcpvm003-appengine-content-app.js",
            "kms_key_name": "",
            "md5hash": "zbjK+RHhu0kJQNSYOwqvpg==",
            "media_link": "https://storage.googleapis.com/download/storage/v1/b/gcpvm003-appengine-content/o/app.js?generation=1688128997351133\u0026alt=media",
            "metadata": null,
            "name": "app.js",
            "output_name": "app.js",
            "self_link": "https://www.googleapis.com/storage/v1/b/gcpvm003-appengine-content/o/app.js",
            "source": "./appengine/app.js",
            "storage_class": "STANDARD",
            "temporary_hold": false,
            "timeouts": null
          },
          "sensitive_attributes": [],
          "private": "eyJlMmJmYjczMC1lY2FhLTExZTYtOGY4OC0zNDM2M2JjN2M0YzAiOnsiY3JlYXRlIjoyNDAwMDAwMDAwMDAsImRlbGV0ZSI6MjQwMDAwMDAwMDAwLCJ1cGRhdGUiOjI0MDAwMDAwMDAwMH19",
          "dependencies": [
            "google_storage_bucket.gcpvm003_bucket"
          ]
        }
      ]
    }
  ],
  "check_results": null
}
