{
  "version": 4,
  "terraform_version": "1.4.4",
  "serial": 17,
  "lineage": "69d339ce-5272-4e1b-4453-71ff239dc9e4",
  "outputs": {},
  "resources": [
    {
      "mode": "data",
      "type": "google_client_config",
      "name": "default",
      "provider": "provider[\"registry.terraform.io/hashicorp/google\"]",
      "instances": [
        {
          "schema_version": 0,
          "attributes": {
            "access_token": "ya29.c.b0Aaekm1JDXQXxMEXJDgUX_w2aoGv0znxZZipXff2kKsdlnKWnUnbLskNmkcIMDXNkHvj04naYxZMXMWKY8D-ka2ezLj-fe4KrSseo8EO1viI3xq1cDXvEuYBobaJ0gFkZQ1rDJO-6EuVPNJqJq-2OzZNPp_RKTXhzzLV0ubnh37aTmYO2sONjBVcyYHOEDql8AFtm-LSVwbfsJDSPfrUf2bCdKCwLGJ0vr5TiiexABJ3vDoehxA-zhfHGb4ypmcDbcNqva5fPImkCRdjkJlrWafAn-D3gogH4a7ZaRz9gCwx4BuGm08H_jDuv0bqr1tXH8_0k0K8Nt5kG340K7z0Qy53o1M11pjgsBtu7UxtkOUWnuOMki3yYcebrj4kj1k6vhh5tjIRWSRkeZvSvtVS5QrqBeme4_Ug0d32mUa8Bwn0OZhZgRd0Yex4UlJXR9o72VX6p2B7jtwnQln6UqgU8nnUUO-I_UUW4FVwmUypYpFoByw64ywtOr9v05pYta7FfZQnSt6W43R7YzF78sssll-SrOthqh-I6niB-8wB__t9FZ0gBeyMFk_RuQv_0kg8Syh8qxcubk8pz3tzbid8FwU1QbUBs9e_gRwOm2hfzouX8SIb6dY6WtIOf_4s04eUIFs1U-dZWk-z2ZIf7ltUUOmdh4gYcz438aws2fiz90BQvsUufnIhrMW2j2bIfvf66e6vzzSkno1sWm5BiU6gI_hhg10jqUZd2c4zX6UguhwVMVUFsc5rIe1nxMYvvV1jS25Ocrw7IF-uF2YFlJhWO2j5MQJyq8pd92BY6lk8-gmSqxv_gfvMycd7swgzybbf1qXXdZfvwIe2nsaqj7xtyjri7wqdynF9UjUkbqMzzXUXSZ-Be7q1g634q5jxrv_Uqmpwy4q2kYhvRMoV_-3Wti9_2007t8iSfevy9MS_YFdqqv8Ie9dntk6toQnV5xl8m0whYiJ4goIv6SctSJ3MZZ7eI4d7geqxi_MnyrOgMnIJMFy2ydc70m1I",
            "id": "projects/\"pg-xa-n-app-230466\"/regions/\u003cnull\u003e/zones/\u003cnull\u003e",
            "project": "pg-xa-n-app-230466",
            "region": null,
            "zone": null
          },
          "sensitive_attributes": []
        }
      ]
    },
    {
      "mode": "managed",
      "type": "google_compute_network",
      "name": "gke00572_network_test",
      "provider": "provider[\"registry.terraform.io/hashicorp/google\"]",
      "instances": [
        {
          "schema_version": 0,
          "attributes": {
            "auto_create_subnetworks": true,
            "delete_default_routes_on_create": false,
            "description": "",
            "enable_ula_internal_ipv6": false,
            "gateway_ipv4": "",
            "id": "projects/pg-xa-n-app-230466/global/networks/gke00572-network-test",
            "internal_ipv6_range": "",
            "mtu": 0,
            "name": "gke00572-network-test",
            "network_firewall_policy_enforcement_order": "AFTER_CLASSIC_FIREWALL",
            "project": "pg-xa-n-app-230466",
            "routing_mode": "REGIONAL",
            "self_link": "https://www.googleapis.com/compute/v1/projects/pg-xa-n-app-230466/global/networks/gke00572-network-test",
            "timeouts": null
          },
          "sensitive_attributes": [],
          "private": "eyJlMmJmYjczMC1lY2FhLTExZTYtOGY4OC0zNDM2M2JjN2M0YzAiOnsiY3JlYXRlIjoxMjAwMDAwMDAwMDAwLCJkZWxldGUiOjEyMDAwMDAwMDAwMDAsInVwZGF0ZSI6MTIwMDAwMDAwMDAwMH19"
        }
      ]
    },
    {
      "mode": "managed",
      "type": "google_project_service",
      "name": "gke00572_services",
      "provider": "provider[\"registry.terraform.io/hashicorp/google\"]",
      "instances": [
        {
          "index_key": "container.googleapis.com",
          "schema_version": 0,
          "attributes": {
            "disable_dependent_services": null,
            "disable_on_destroy": false,
            "id": "pg-xa-n-app-230466/container.googleapis.com",
            "project": "pg-xa-n-app-230466",
            "service": "container.googleapis.com",
            "timeouts": null
          },
          "sensitive_attributes": [],
          "private": "eyJlMmJmYjczMC1lY2FhLTExZTYtOGY4OC0zNDM2M2JjN2M0YzAiOnsiY3JlYXRlIjoxMjAwMDAwMDAwMDAwLCJkZWxldGUiOjEyMDAwMDAwMDAwMDAsInJlYWQiOjYwMDAwMDAwMDAwMCwidXBkYXRlIjoxMjAwMDAwMDAwMDAwfX0="
        }
      ]
    }
  ],
  "check_results": null
}
