{
  "version": 4,
  "terraform_version": "1.4.4",
  "serial": 1,
  "lineage": "498f0300-b01a-a7e7-e471-6159a37a13fa",
  "outputs": {},
  "resources": [
    {
      "mode": "data",
      "type": "google_client_config",
      "name": "default",
      "provider": "provider[\"registry.terraform.io/hashicorp/google\"]",
      "instances": [
        {
          "schema_version": 0,
          "attributes": {
            "access_token": "ya29.c.b0Aaekm1JSnqpcjIOdujBrjif9a8CooP7ADMWfuko9EhtSeQlo_n781qXWvv5GE7ml1tqZgO2EXS6MOLgAplWNj8ldubGElaff14SoqSYKlBJyKY29MGanV9qSrGT4B-z2vlT1a__ktOJNIsIxzTmkBPla0kvAgXanu8ZCnDyBADcpmIvcRCAZXQS7EdHmwd-kudTwysQK1cIHB64v-LPtM5eaw6GHGWsBi88Cmx1Nf-ttBMHrz4KPj7fO6sovNJfDgq1Z75hVUdzZ0ho5i-7DlBuz110S21ZBBmbQ-k-kD9rECxs-7KbfAlvC7FGs4tpIUWmGd5n5-nQH340CRcOqRoZxU54b1nR8BwyVBsJ5tS1XJ0YepuaxWZyviXlXiO-yyQwxV59QvpUnouBIWcJb_jztMSlzV5Rrtgry0QuyMfFkMlswISW6l48Z8hF_xQ-lwdi2wUaUjz4uVs_-ZIJRumc0pVRyy6Z4Mp2zx6MW5yew_UwksOJaVe03ya4hsW86BS6p-7ziip0QuJlrRVZ4UX0n_c0RSyeSb20S_nd3Jo4xYrSMSMkMrx9bBnRgUois2ojxpiyVy_3YSe8mvf7StkbJJjhw3mpnQ344vOkxBrUbzrp7sRRRWlBd9jWy2Z2-zbubjRX3_bXabScx_MJe222Q6boIYZvS4Y_9wxm6Jrqddyhra44zaiZRtUimIclBh29VkbeBRnnnfvifl80F5nh3F1RZs4Se82rJm-xrh7yjvl-b4wRwjBbQtn7zpV0rwai1SlY4qvdrYrXbcVjZh3cM7qwXsYF2yZd8rWRWze2Mwp1_O7kMl3canRQdQBpvzFngJkd5Qm79jB_R48pFutkcSpzuyowqmmnrQUe3FZQ95XYvcBokox5zQYRwS1jruvtfoFI0huOz9yoWZ-vyt29iOqQVIlbMwydbVfssvJhjvuIU_MsiU2et1ylwOW5FB_s-6oRixlI7-awY4VcrcX_5Yq1dm024r-yY0uWjhv1ij_hBvUz9OvW",
            "id": "projects/\"pg-xa-n-app-230466\"/regions/\"europe-west3\"/zones/\"europe-west3-a\"",
            "project": "pg-xa-n-app-230466",
            "region": "europe-west3",
            "zone": "europe-west3-a"
          },
          "sensitive_attributes": []
        }
      ]
    },
    {
      "mode": "data",
      "type": "google_container_cluster",
      "name": "main",
      "provider": "provider[\"registry.terraform.io/hashicorp/google\"]",
      "instances": [
        {
          "schema_version": 0,
          "attributes": {
            "addons_config": [
              {
                "cloudrun_config": [],
                "config_connector_config": [],
                "dns_cache_config": [],
                "gce_persistent_disk_csi_driver_config": [
                  {
                    "enabled": true
                  }
                ],
                "gcp_filestore_csi_driver_config": [],
                "gke_backup_agent_config": [],
                "horizontal_pod_autoscaling": [],
                "http_load_balancing": [],
                "network_policy_config": [
                  {
                    "disabled": true
                  }
                ]
              }
            ],
            "authenticator_groups_config": [],
            "binary_authorization": [
              {
                "enabled": false,
                "evaluation_mode": ""
              }
            ],
            "cluster_autoscaling": [
              {
                "auto_provisioning_defaults": [],
                "enabled": false,
                "resource_limits": []
              }
            ],
            "cluster_ipv4_cidr": "10.48.0.0/14",
            "confidential_nodes": [],
            "cost_management_config": [],
            "database_encryption": [
              {
                "key_name": "",
                "state": "DECRYPTED"
              }
            ],
            "datapath_provider": "",
            "default_max_pods_per_node": 110,
            "default_snat_status": [
              {
                "disabled": false
              }
            ],
            "description": "",
            "dns_config": [],
            "enable_autopilot": false,
            "enable_binary_authorization": false,
            "enable_intranode_visibility": false,
            "enable_kubernetes_alpha": false,
            "enable_l4_ilb_subsetting": false,
            "enable_legacy_abac": false,
            "enable_shielded_nodes": true,
            "enable_tpu": false,
            "endpoint": "34.107.26.163",
            "gateway_api_config": [],
            "id": "projects/pg-xa-n-app-230466/locations/europe-west3-a/clusters/gke00463-public",
            "initial_node_count": 1,
            "ip_allocation_policy": [
              {
                "cluster_ipv4_cidr_block": "10.48.0.0/14",
                "cluster_secondary_range_name": "k8s-pod-range",
                "pod_cidr_overprovision_config": [
                  {
                    "disabled": false
                  }
                ],
                "services_ipv4_cidr_block": "10.52.0.0/20",
                "services_secondary_range_name": "k8s-service-range",
                "stack_type": "IPV4"
              }
            ],
            "label_fingerprint": "a9dc16a7",
            "location": "europe-west3-a",
            "logging_config": [
              {
                "enable_components": [
                  "SYSTEM_COMPONENTS",
                  "WORKLOADS"
                ]
              }
            ],
            "logging_service": "logging.googleapis.com/kubernetes",
            "maintenance_policy": [],
            "master_auth": [
              {
                "client_certificate": "",
                "client_certificate_config": [
                  {
                    "issue_client_certificate": false
                  }
                ],
                "client_key": "",
                "cluster_ca_certificate": "LS0tLS1CRUdJTiBDRVJUSUZJQ0FURS0tLS0tCk1JSUVMRENDQXBTZ0F3SUJBZ0lRV0t3d1J6d3Q5eXkxd2szaFZvOThoekFOQmdrcWhraUc5dzBCQVFzRkFEQXYKTVMwd0t3WURWUVFERXlSak9UWmhNMkk1WVMwMk5XWmpMVFJqTVRRdFlXTTRNQzB6TURrelptVXlZV1ppWkRNdwpJQmNOTWpNd05qRXpNRGN5T0RNd1doZ1BNakExTXpBMk1EVXdPREk0TXpCYU1DOHhMVEFyQmdOVkJBTVRKR001Ck5tRXpZamxoTFRZMVptTXROR014TkMxaFl6Z3dMVE13T1RObVpUSmhabUprTXpDQ0FhSXdEUVlKS29aSWh2Y04KQVFFQkJRQURnZ0dQQURDQ0FZb0NnZ0dCQU0rNllaZXRLc2drTTdJRkdjSmFCRjdoNzhBemt6VVd1QzhxNGN3VQp3Rk9YUlRZODlTNVdCOWdYMDlWWGtYZDVLbFhRRTN1bXU5MU00bjg4NVV3SWFGZzF2U2xhY0pzNGZYU0IyT3p5CmgzbWxLM3pHLytBZU9GUVRYZTYySFpBVGZvd1U4UEdla25YdzUwWlZweTJ0L1MramRnNGQwUTY1N1hzeTF5ZXMKMWJ3NU01cDRIcHZJQmlnNnRxSGxRdVFKMHpyNFk3NG9CNXRVcUpZNGs3VEMzTEdETjFNbjEwQng3aG8xUDV0ZQpkUU5raW81NGRkeXFCanZEaEFnL1VGd21RRzBnaExjZ3Z5aHJHR3JlQ0dYWE8zNUF0ZlZDR1k5UUJKNmVrajFmCnJJeTdVNU1kQ2JqbElpZWJMeUxNMEFsUzN0ZjU2VTJXTnVIV2xBWGtTVzA2cHIvQlZteDQ2WVdqTDg5VlJQV1EKOE1pQlQyQThVWVZmQnBLSEtOYlpZVWE0Y3FZaUdwM3BCekcxM05scndaOFlZZStValk1cWxhVkZUV0tINXFONAp4UUkzbGNESlhac2xIQ1NhNDg0RXRwL25PTURNUktaZ0JPb2IvWml4Tmw0WG43SmN1NkliWUhGa2xkRHBtYlZ3CkJyWjJDU0JSMXp3bE9HViswd09zNGlKdmZ3SURBUUFCbzBJd1FEQU9CZ05WSFE4QkFmOEVCQU1DQWdRd0R3WUQKVlIwVEFRSC9CQVV3QXdFQi96QWRCZ05WSFE0RUZnUVVDWi8vcWFPdktCTUNRQnY1bk1taFFMM0t4ajB3RFFZSgpLb1pJaHZjTkFRRUxCUUFEZ2dHQkFGT2V6UWMrL3ZrTUYxb3lTUmdlbGlsd2dxSDJTb2ZhbUhjdGtrcUltc1JDCkM4eFArMGpjSzV0bFNpenVyK09mY1QvT3V4ZkkySjdoVnVSc2sxWEhhTE93bEpRUjdleU42QXpJZzYyS2N4cmIKSy93dUZ2bmVRcWdaS2NXWDNSclNCcnpIa3FtcFVyeTlzVU5TQ3dQSDhIUzRWWGE5V05aMTVaZUdtRCtIV3hGUgozejJaVFNzTjFpRlJEanp3aUFwT2h0cFliYWxzaStwNzkzQ3FSWWo3QkhZeGFHK3VPOTVIZjg5dW56M0k3UGZsCnpaczZQQ2JPQ2FuNm9qb0dxbnpWSVNuQ1dmVVhucnFlTTBhYzZ0eGhKMk5FSUJ1ZndQbVpSRncrNHc2c3YxYlIKU3JvaDg5V09xZkh2K2FuVC9ITkdHelozTjMyd2pOQ0J3MjNqUGlBeVZvOXErVTFSUDg5OCt3bERZbjJCWDdaUApmRGxma3VPeHRkSDQwa2UrTkNVSTgxUHgrLzdLeklET3pVLzRydWord3RLdFBZRHcweWk5ditEclFrQS9sdXYzCm10K2pFM3FUMVl0NUo0azIyYnRCcTlMYitQTVdnRkM4UG0xY1p0SVlqQk0vZ1NJTkFEbkp2dStCYVZYblU5bjQKSm54Y1VqVUVsaHBVSHZnM2N1YUUrUT09Ci0tLS0tRU5EIENFUlRJRklDQVRFLS0tLS0K"
              }
            ],
            "master_authorized_networks_config": [],
            "master_version": "1.25.8-gke.500",
            "mesh_certificates": [],
            "min_master_version": null,
            "monitoring_config": [
              {
                "enable_components": [],
                "managed_prometheus": []
              }
            ],
            "monitoring_service": "none",
            "name": "gke00463-public",
            "network": "projects/pg-xa-n-app-230466/global/networks/gke00463",
            "network_policy": [
              {
                "enabled": false,
                "provider": "PROVIDER_UNSPECIFIED"
              }
            ],
            "networking_mode": "VPC_NATIVE",
            "node_config": [
              {
                "advanced_machine_features": [],
                "boot_disk_kms_key": "",
                "disk_size_gb": 100,
                "disk_type": "pd-balanced",
                "ephemeral_storage_local_ssd_config": [],
                "gcfs_config": [],
                "guest_accelerator": [],
                "gvnic": [],
                "image_type": "COS_CONTAINERD",
                "kubelet_config": [],
                "labels": {},
                "linux_node_config": [],
                "local_nvme_ssd_block_config": [],
                "local_ssd_count": 0,
                "logging_variant": "DEFAULT",
                "machine_type": "e2-medium",
                "metadata": {
                  "disable-legacy-endpoints": "true"
                },
                "min_cpu_platform": "",
                "node_group": "",
                "oauth_scopes": [
                  "https://www.googleapis.com/auth/devstorage.read_only",
                  "https://www.googleapis.com/auth/logging.write",
                  "https://www.googleapis.com/auth/monitoring",
                  "https://www.googleapis.com/auth/service.management.readonly",
                  "https://www.googleapis.com/auth/servicecontrol",
                  "https://www.googleapis.com/auth/trace.append"
                ],
                "preemptible": false,
                "reservation_affinity": [],
                "resource_labels": {},
                "service_account": "default",
                "shielded_instance_config": [
                  {
                    "enable_integrity_monitoring": true,
                    "enable_secure_boot": false
                  }
                ],
                "spot": false,
                "tags": [],
                "taint": [],
                "workload_metadata_config": []
              }
            ],
            "node_locations": [],
            "node_pool": [
              {
                "autoscaling": [],
                "initial_node_count": 1,
                "instance_group_urls": [
                  "https://www.googleapis.com/compute/v1/projects/pg-xa-n-app-230466/zones/europe-west3-a/instanceGroupManagers/gke-gke00463-public-default-pool-f635c859-grp"
                ],
                "managed_instance_group_urls": [
                  "https://www.googleapis.com/compute/v1/projects/pg-xa-n-app-230466/zones/europe-west3-a/instanceGroups/gke-gke00463-public-default-pool-f635c859-grp"
                ],
                "management": [
                  {
                    "auto_repair": true,
                    "auto_upgrade": true
                  }
                ],
                "max_pods_per_node": 110,
                "name": "default-pool",
                "name_prefix": "",
                "network_config": [
                  {
                    "create_pod_range": false,
                    "enable_private_nodes": false,
                    "pod_cidr_overprovision_config": [],
                    "pod_ipv4_cidr_block": "10.48.0.0/14",
                    "pod_range": "k8s-pod-range"
                  }
                ],
                "node_config": [
                  {
                    "advanced_machine_features": [],
                    "boot_disk_kms_key": "",
                    "disk_size_gb": 100,
                    "disk_type": "pd-balanced",
                    "ephemeral_storage_local_ssd_config": [],
                    "gcfs_config": [],
                    "guest_accelerator": [],
                    "gvnic": [],
                    "image_type": "COS_CONTAINERD",
                    "kubelet_config": [],
                    "labels": {},
                    "linux_node_config": [],
                    "local_nvme_ssd_block_config": [],
                    "local_ssd_count": 0,
                    "logging_variant": "DEFAULT",
                    "machine_type": "e2-medium",
                    "metadata": {
                      "disable-legacy-endpoints": "true"
                    },
                    "min_cpu_platform": "",
                    "node_group": "",
                    "oauth_scopes": [
                      "https://www.googleapis.com/auth/devstorage.read_only",
                      "https://www.googleapis.com/auth/logging.write",
                      "https://www.googleapis.com/auth/monitoring",
                      "https://www.googleapis.com/auth/service.management.readonly",
                      "https://www.googleapis.com/auth/servicecontrol",
                      "https://www.googleapis.com/auth/trace.append"
                    ],
                    "preemptible": false,
                    "reservation_affinity": [],
                    "resource_labels": {},
                    "service_account": "default",
                    "shielded_instance_config": [
                      {
                        "enable_integrity_monitoring": true,
                        "enable_secure_boot": false
                      }
                    ],
                    "spot": false,
                    "tags": [],
                    "taint": [],
                    "workload_metadata_config": []
                  }
                ],
                "node_count": 1,
                "node_locations": [
                  "europe-west3-a"
                ],
                "placement_policy": [],
                "upgrade_settings": [
                  {
                    "blue_green_settings": [],
                    "max_surge": 1,
                    "max_unavailable": 0,
                    "strategy": "SURGE"
                  }
                ],
                "version": "1.25.8-gke.500"
              }
            ],
            "node_pool_defaults": [
              {
                "node_config_defaults": [
                  {
                    "logging_variant": "DEFAULT"
                  }
                ]
              }
            ],
            "node_version": "1.25.8-gke.500",
            "notification_config": [
              {
                "pubsub": [
                  {
                    "enabled": false,
                    "filter": [],
                    "topic": ""
                  }
                ]
              }
            ],
            "operation": null,
            "private_cluster_config": [
              {
                "enable_private_endpoint": false,
                "enable_private_nodes": false,
                "master_global_access_config": [
                  {
                    "enabled": false
                  }
                ],
                "master_ipv4_cidr_block": "",
                "peering_name": "",
                "private_endpoint": "10.0.0.2",
                "private_endpoint_subnetwork": "",
                "public_endpoint": "34.107.26.163"
              }
            ],
            "private_ipv6_google_access": "",
            "project": "pg-xa-n-app-230466",
            "release_channel": [
              {
                "channel": "REGULAR"
              }
            ],
            "remove_default_node_pool": null,
            "resource_labels": {},
            "resource_usage_export_config": [],
            "self_link": "https://container.googleapis.com/v1/projects/pg-xa-n-app-230466/zones/europe-west3-a/clusters/gke00463-public",
            "service_external_ips_config": [
              {
                "enabled": false
              }
            ],
            "services_ipv4_cidr": "10.52.0.0/20",
            "subnetwork": "projects/pg-xa-n-app-230466/regions/europe-west3/subnetworks/gke00463",
            "tpu_ipv4_cidr_block": "",
            "vertical_pod_autoscaling": [],
            "workload_identity_config": []
          },
          "sensitive_attributes": []
        }
      ]
    },
    {
      "mode": "managed",
      "type": "kubernetes_deployment",
      "name": "no_contexts",
      "provider": "provider[\"registry.terraform.io/hashicorp/kubernetes\"]",
      "instances": [
        {
          "schema_version": 1,
          "attributes": {
            "id": "default/gke00463-no-contexts",
            "metadata": [
              {
                "annotations": null,
                "generate_name": "",
                "generation": 1,
                "labels": {
                  "scenario": "no_contexts"
                },
                "name": "gke00463-no-contexts",
                "namespace": "default",
                "resource_version": "1615",
                "uid": "bbf79c91-d135-4d8a-a109-c8879aab9135"
              }
            ],
            "spec": [
              {
                "min_ready_seconds": 0,
                "paused": false,
                "progress_deadline_seconds": 600,
                "replicas": "3",
                "revision_history_limit": 10,
                "selector": [
                  {
                    "match_expressions": [],
                    "match_labels": {
                      "scenario": "no_contexts"
                    }
                  }
                ],
                "strategy": [
                  {
                    "rolling_update": [
                      {
                        "max_surge": "25%",
                        "max_unavailable": "25%"
                      }
                    ],
                    "type": "RollingUpdate"
                  }
                ],
                "template": [
                  {
                    "metadata": [
                      {
                        "annotations": null,
                        "generate_name": "",
                        "generation": 0,
                        "labels": {
                          "scenario": "no_contexts"
                        },
                        "name": "",
                        "namespace": "",
                        "resource_version": "",
                        "uid": ""
                      }
                    ],
                    "spec": [
                      {
                        "active_deadline_seconds": 0,
                        "affinity": [],
                        "automount_service_account_token": true,
                        "container": [
                          {
                            "args": null,
                            "command": null,
                            "env": [],
                            "env_from": [],
                            "image": "nginx:1.21.6",
                            "image_pull_policy": "IfNotPresent",
                            "lifecycle": [],
                            "liveness_probe": [
                              {
                                "exec": [],
                                "failure_threshold": 3,
                                "grpc": [],
                                "http_get": [
                                  {
                                    "host": "",
                                    "http_header": [],
                                    "path": "/",
                                    "port": "80",
                                    "scheme": "HTTP"
                                  }
                                ],
                                "initial_delay_seconds": 5,
                                "period_seconds": 10,
                                "success_threshold": 1,
                                "tcp_socket": [],
                                "timeout_seconds": 1
                              }
                            ],
                            "name": "main",
                            "port": [],
                            "readiness_probe": [],
                            "resources": [
                              {
                                "limits": {},
                                "requests": {}
                              }
                            ],
                            "security_context": [],
                            "startup_probe": [],
                            "stdin": false,
                            "stdin_once": false,
                            "termination_message_path": "/dev/termination-log",
                            "termination_message_policy": "File",
                            "tty": false,
                            "volume_mount": [],
                            "working_dir": ""
                          }
                        ],
                        "dns_config": [],
                        "dns_policy": "ClusterFirst",
                        "enable_service_links": true,
                        "host_aliases": [],
                        "host_ipc": false,
                        "host_network": false,
                        "host_pid": false,
                        "hostname": "",
                        "image_pull_secrets": [],
                        "init_container": [],
                        "node_name": "",
                        "node_selector": null,
                        "priority_class_name": "",
                        "readiness_gate": [],
                        "restart_policy": "Always",
                        "runtime_class_name": "",
                        "scheduler_name": "default-scheduler",
                        "security_context": [],
                        "service_account_name": "",
                        "share_process_namespace": false,
                        "subdomain": "",
                        "termination_grace_period_seconds": 30,
                        "toleration": [],
                        "topology_spread_constraint": [],
                        "volume": []
                      }
                    ]
                  }
                ]
              }
            ],
            "timeouts": null,
            "wait_for_rollout": true
          },
          "sensitive_attributes": [],
          "private": "eyJlMmJmYjczMC1lY2FhLTExZTYtOGY4OC0zNDM2M2JjN2M0YzAiOnsiY3JlYXRlIjo2MDAwMDAwMDAwMDAsImRlbGV0ZSI6NjAwMDAwMDAwMDAwLCJ1cGRhdGUiOjYwMDAwMDAwMDAwMH0sInNjaGVtYV92ZXJzaW9uIjoiMSJ9",
          "dependencies": [
            "data.google_client_config.default",
            "data.google_container_cluster.main"
          ]
        }
      ]
    }
  ],
  "check_results": null
}
