{
  "version": 4,
  "terraform_version": "1.4.4",
  "serial": 6,
  "lineage": "9c3615c1-e3fa-bed7-378d-ada079eb3eec",
  "outputs": {},
  "resources": [
    {
      "mode": "managed",
      "type": "google_cloudfunctions_function",
      "name": "gcpia024_compliant_function",
      "provider": "provider[\"registry.terraform.io/hashicorp/google\"]",
      "instances": [
        {
          "schema_version": 0,
          "attributes": {
            "available_memory_mb": 128,
            "build_environment_variables": null,
            "build_worker_pool": "",
            "description": "GCPIA023-Compliant Function",
            "docker_registry": "CONTAINER_REGISTRY",
            "docker_repository": "",
            "entry_point": "helloGET",
            "environment_variables": null,
            "event_trigger": [],
            "https_trigger_security_level": "SECURE_ALWAYS",
            "https_trigger_url": "https://europe-west1-pg-xa-n-app-230466.cloudfunctions.net/gcpia023-complaint-function",
            "id": "projects/pg-xa-n-app-230466/locations/europe-west1/functions/gcpia023-complaint-function",
            "ingress_settings": "ALLOW_ALL",
            "kms_key_name": "",
            "labels": null,
            "max_instances": 0,
            "min_instances": 0,
            "name": "gcpia023-complaint-function",
            "project": "pg-xa-n-app-230466",
            "region": "europe-west1",
            "runtime": "nodejs16",
            "secret_environment_variables": [],
            "secret_volumes": [],
            "service_account_email": "pg-xa-n-app-230466@appspot.gserviceaccount.com",
            "source_archive_bucket": "gcpia024-cloudfunction-content",
            "source_archive_object": "index.zip",
            "source_repository": [],
            "status": "ACTIVE",
            "timeout": 60,
            "timeouts": null,
            "trigger_http": true,
            "vpc_connector": "",
            "vpc_connector_egress_settings": ""
          },
          "sensitive_attributes": [],
          "private": "eyJlMmJmYjczMC1lY2FhLTExZTYtOGY4OC0zNDM2M2JjN2M0YzAiOnsiY3JlYXRlIjozMDAwMDAwMDAwMDAsImRlbGV0ZSI6MzAwMDAwMDAwMDAwLCJyZWFkIjozMDAwMDAwMDAwMDAsInVwZGF0ZSI6MzAwMDAwMDAwMDAwfX0=",
          "dependencies": [
            "google_project_service.gcpia024_services",
            "google_storage_bucket.gcpia024_bucket",
            "google_storage_bucket_object.gcpia024_object"
          ]
        }
      ]
    },
    {
      "mode": "managed",
      "type": "google_cloudfunctions_function",
      "name": "gcpia024_non_compliant_function",
      "provider": "provider[\"registry.terraform.io/hashicorp/google\"]",
      "instances": [
        {
          "schema_version": 0,
          "attributes": {
            "available_memory_mb": 128,
            "build_environment_variables": {
              "GCPIA023_NON_COMPLIANT_BUILD_VAR": "gcpia023-non-complaint-build-var-value"
            },
            "build_worker_pool": "",
            "description": "GCPIA023 Non-Compliant Function",
            "docker_registry": "CONTAINER_REGISTRY",
            "docker_repository": "",
            "entry_point": "helloGET",
            "environment_variables": {
              "GCPIA023_NON_COMPLIANT_VAR": "gcpia023-non-complaint-var-value"
            },
            "event_trigger": [],
            "https_trigger_security_level": "SECURE_ALWAYS",
            "https_trigger_url": "https://europe-west3-pg-xa-n-app-230466.cloudfunctions.net/gcpia023-non-complaint-function",
            "id": "projects/pg-xa-n-app-230466/locations/europe-west3/functions/gcpia023-non-complaint-function",
            "ingress_settings": "ALLOW_ALL",
            "kms_key_name": "",
            "labels": null,
            "max_instances": 0,
            "min_instances": 0,
            "name": "gcpia023-non-complaint-function",
            "project": "pg-xa-n-app-230466",
            "region": "europe-west3",
            "runtime": "nodejs16",
            "secret_environment_variables": [],
            "secret_volumes": [],
            "service_account_email": "pg-xa-n-app-230466@appspot.gserviceaccount.com",
            "source_archive_bucket": "gcpia024-cloudfunction-content",
            "source_archive_object": "index.zip",
            "source_repository": [],
            "status": "ACTIVE",
            "timeout": 60,
            "timeouts": null,
            "trigger_http": true,
            "vpc_connector": "",
            "vpc_connector_egress_settings": ""
          },
          "sensitive_attributes": [],
          "private": "eyJlMmJmYjczMC1lY2FhLTExZTYtOGY4OC0zNDM2M2JjN2M0YzAiOnsiY3JlYXRlIjozMDAwMDAwMDAwMDAsImRlbGV0ZSI6MzAwMDAwMDAwMDAwLCJyZWFkIjozMDAwMDAwMDAwMDAsInVwZGF0ZSI6MzAwMDAwMDAwMDAwfX0=",
          "dependencies": [
            "google_project_service.gcpia024_services",
            "google_storage_bucket.gcpia024_bucket",
            "google_storage_bucket_object.gcpia024_object"
          ]
        }
      ]
    },
    {
      "mode": "managed",
      "type": "google_project_service",
      "name": "gcpia024_services",
      "provider": "provider[\"registry.terraform.io/hashicorp/google\"]",
      "instances": [
        {
          "index_key": "cloudfunctions.googleapis.com",
          "schema_version": 0,
          "attributes": {
            "disable_dependent_services": null,
            "disable_on_destroy": true,
            "id": "pg-xa-n-app-230466/cloudfunctions.googleapis.com",
            "project": "pg-xa-n-app-230466",
            "service": "cloudfunctions.googleapis.com",
            "timeouts": null
          },
          "sensitive_attributes": [],
          "private": "eyJlMmJmYjczMC1lY2FhLTExZTYtOGY4OC0zNDM2M2JjN2M0YzAiOnsiY3JlYXRlIjoxMjAwMDAwMDAwMDAwLCJkZWxldGUiOjEyMDAwMDAwMDAwMDAsInJlYWQiOjYwMDAwMDAwMDAwMCwidXBkYXRlIjoxMjAwMDAwMDAwMDAwfX0="
        }
      ]
    },
    {
      "mode": "managed",
      "type": "google_storage_bucket",
      "name": "gcpia024_bucket",
      "provider": "provider[\"registry.terraform.io/hashicorp/google\"]",
      "instances": [
        {
          "schema_version": 0,
          "attributes": {
            "autoclass": [],
            "cors": [],
            "custom_placement_config": [],
            "default_event_based_hold": false,
            "encryption": [],
            "force_destroy": false,
            "id": "gcpia024-cloudfunction-content",
            "labels": {},
            "lifecycle_rule": [],
            "location": "EU",
            "logging": [],
            "name": "gcpia024-cloudfunction-content",
            "project": "pg-xa-n-app-230466",
            "public_access_prevention": "inherited",
            "requester_pays": false,
            "retention_policy": [],
            "self_link": "https://www.googleapis.com/storage/v1/b/gcpia024-cloudfunction-content",
            "storage_class": "STANDARD",
            "timeouts": null,
            "uniform_bucket_level_access": false,
            "url": "gs://gcpia024-cloudfunction-content",
            "versioning": [],
            "website": []
          },
          "sensitive_attributes": [],
          "private": "eyJlMmJmYjczMC1lY2FhLTExZTYtOGY4OC0zNDM2M2JjN2M0YzAiOnsiY3JlYXRlIjo2MDAwMDAwMDAwMDAsInJlYWQiOjI0MDAwMDAwMDAwMCwidXBkYXRlIjoyNDAwMDAwMDAwMDB9fQ=="
        }
      ]
    },
    {
      "mode": "managed",
      "type": "google_storage_bucket_object",
      "name": "gcpia024_object",
      "provider": "provider[\"registry.terraform.io/hashicorp/google\"]",
      "instances": [
        {
          "schema_version": 0,
          "attributes": {
            "bucket": "gcpia024-cloudfunction-content",
            "cache_control": "",
            "content": null,
            "content_disposition": "",
            "content_encoding": "",
            "content_language": "",
            "content_type": "application/zip",
            "crc32c": "DQOaVw==",
            "customer_encryption": [],
            "detect_md5hash": "oFylRduLN4mE1+RVrHfItQ==",
            "event_based_hold": false,
            "id": "gcpia024-cloudfunction-content-index.zip",
            "kms_key_name": "",
            "md5hash": "oFylRduLN4mE1+RVrHfItQ==",
            "media_link": "https://storage.googleapis.com/download/storage/v1/b/gcpia024-cloudfunction-content/o/index.zip?generation=1688128369951022\u0026alt=media",
            "metadata": null,
            "name": "index.zip",
            "output_name": "index.zip",
            "self_link": "https://www.googleapis.com/storage/v1/b/gcpia024-cloudfunction-content/o/index.zip",
            "source": "cloudfunction/index.zip",
            "storage_class": "STANDARD",
            "temporary_hold": false,
            "timeouts": null
          },
          "sensitive_attributes": [],
          "private": "eyJlMmJmYjczMC1lY2FhLTExZTYtOGY4OC0zNDM2M2JjN2M0YzAiOnsiY3JlYXRlIjoyNDAwMDAwMDAwMDAsImRlbGV0ZSI6MjQwMDAwMDAwMDAwLCJ1cGRhdGUiOjI0MDAwMDAwMDAwMH19",
          "dependencies": [
            "google_storage_bucket.gcpia024_bucket"
          ]
        }
      ]
    }
  ],
  "check_results": null
}
