{
  "version": 4,
  "terraform_version": "1.4.4",
  "serial": 6,
  "lineage": "dd693d61-ba90-5964-a44d-3c0c87d32776",
  "outputs": {},
  "resources": [
    {
      "mode": "managed",
      "type": "google_service_account",
      "name": "myaccountcompliant",
      "provider": "provider[\"registry.terraform.io/hashicorp/google\"]",
      "instances": [
        {
          "schema_version": 0,
          "attributes": {
            "account_id": "myaccountcompliant",
            "description": "",
            "disabled": false,
            "display_name": "My Compliant Service Account",
            "email": "myaccountcompliant@pg-xa-n-app-230466.iam.gserviceaccount.com",
            "id": "projects/pg-xa-n-app-230466/serviceAccounts/myaccountcompliant@pg-xa-n-app-230466.iam.gserviceaccount.com",
            "member": "serviceAccount:myaccountcompliant@pg-xa-n-app-230466.iam.gserviceaccount.com",
            "name": "projects/pg-xa-n-app-230466/serviceAccounts/myaccountcompliant@pg-xa-n-app-230466.iam.gserviceaccount.com",
            "project": "pg-xa-n-app-230466",
            "timeouts": null,
            "unique_id": "100637475044248099076"
          },
          "sensitive_attributes": [],
          "private": "eyJlMmJmYjczMC1lY2FhLTExZTYtOGY4OC0zNDM2M2JjN2M0YzAiOnsiY3JlYXRlIjozMDAwMDAwMDAwMDB9fQ=="
        }
      ]
    },
    {
      "mode": "managed",
      "type": "google_service_account",
      "name": "myaccountnoncompliant",
      "provider": "provider[\"registry.terraform.io/hashicorp/google\"]",
      "instances": [
        {
          "schema_version": 0,
          "attributes": {
            "account_id": "myaccountnoncompliant",
            "description": "",
            "disabled": false,
            "display_name": "My Non Compliant Service Account",
            "email": "myaccountnoncompliant@pg-xa-n-app-230466.iam.gserviceaccount.com",
            "id": "projects/pg-xa-n-app-230466/serviceAccounts/myaccountnoncompliant@pg-xa-n-app-230466.iam.gserviceaccount.com",
            "member": "serviceAccount:myaccountnoncompliant@pg-xa-n-app-230466.iam.gserviceaccount.com",
            "name": "projects/pg-xa-n-app-230466/serviceAccounts/myaccountnoncompliant@pg-xa-n-app-230466.iam.gserviceaccount.com",
            "project": "pg-xa-n-app-230466",
            "timeouts": null,
            "unique_id": "117114160767221848481"
          },
          "sensitive_attributes": [],
          "private": "eyJlMmJmYjczMC1lY2FhLTExZTYtOGY4OC0zNDM2M2JjN2M0YzAiOnsiY3JlYXRlIjozMDAwMDAwMDAwMDB9fQ=="
        }
      ]
    },
    {
      "mode": "managed",
      "type": "time_rotating",
      "name": "mykey_rotationcompliant",
      "provider": "provider[\"registry.terraform.io/hashicorp/time\"]",
      "instances": [
        {
          "schema_version": 0,
          "attributes": {
            "day": 3,
            "hour": 11,
            "id": "2023-05-04T11:23:43Z",
            "minute": 23,
            "month": 6,
            "rfc3339": "2023-05-04T11:23:43Z",
            "rotation_days": 30,
            "rotation_hours": null,
            "rotation_minutes": null,
            "rotation_months": null,
            "rotation_rfc3339": "2023-06-03T11:23:43Z",
            "rotation_years": null,
            "second": 43,
            "triggers": null,
            "unix": 1685791423,
            "year": 2023
          },
          "sensitive_attributes": []
        }
      ]
    },
    {
      "mode": "managed",
      "type": "time_rotating",
      "name": "mykey_rotationnoncompliant",
      "provider": "provider[\"registry.terraform.io/hashicorp/time\"]",
      "instances": [
        {
          "schema_version": 0,
          "attributes": {
            "day": 31,
            "hour": 11,
            "id": "2023-05-04T11:23:43Z",
            "minute": 23,
            "month": 10,
            "rfc3339": "2023-05-04T11:23:43Z",
            "rotation_days": 180,
            "rotation_hours": null,
            "rotation_minutes": null,
            "rotation_months": null,
            "rotation_rfc3339": "2023-10-31T11:23:43Z",
            "rotation_years": null,
            "second": 43,
            "triggers": null,
            "unix": 1698751423,
            "year": 2023
          },
          "sensitive_attributes": []
        }
      ]
    }
  ],
  "check_results": null
}
