{
  "version": 4,
  "terraform_version": "1.4.4",
  "serial": 14,
  "lineage": "65b2f3dc-1256-8613-76ed-b2132886f705",
  "outputs": {},
  "resources": [
    {
      "mode": "managed",
      "type": "google_apikeys_key",
      "name": "compliant-apikeys",
      "provider": "provider[\"registry.terraform.io/hashicorp/google\"]",
      "instances": [
        {
          "schema_version": 0,
          "attributes": {
            "display_name": "Nice name displayed in the UI",
            "id": "projects/pg-xa-n-app-230466/locations/global/keys/compliant-apikeys",
            "key_string": "AIzaSyDAPtUv-_ehjmf4T5xFODlhND6zl8dfelo",
            "name": "compliant-apikeys",
            "project": "pg-xa-n-app-230466",
            "restrictions": [
              {
                "android_key_restrictions": [],
                "api_targets": [
                  {
                    "methods": null,
                    "service": "logging.googleapis.com"
                  }
                ],
                "browser_key_restrictions": [
                  {
                    "allowed_referrers": [
                      ".*"
                    ]
                  }
                ],
                "ios_key_restrictions": [],
                "server_key_restrictions": []
              }
            ],
            "timeouts": null,
            "uid": "17b2b2c8-650f-4a7f-a446-667ac0be09e9"
          },
          "sensitive_attributes": [],
          "private": "eyJlMmJmYjczMC1lY2FhLTExZTYtOGY4OC0zNDM2M2JjN2M0YzAiOnsiY3JlYXRlIjoxMjAwMDAwMDAwMDAwLCJkZWxldGUiOjEyMDAwMDAwMDAwMDAsInVwZGF0ZSI6MTIwMDAwMDAwMDAwMH19"
        }
      ]
    },
    {
      "mode": "managed",
      "type": "google_apikeys_key",
      "name": "noncompliant-keys",
      "provider": "provider[\"registry.terraform.io/hashicorp/google\"]",
      "instances": [
        {
          "schema_version": 0,
          "attributes": {
            "display_name": "sample-key",
            "id": "projects/pg-xa-n-app-230466/locations/global/keys/noncompliant-keys",
            "key_string": "AIzaSyB18UcYPWNnZuOpitCY2YSFVtVa4AfJ71o",
            "name": "noncompliant-keys",
            "project": "pg-xa-n-app-230466",
            "restrictions": [],
            "timeouts": null,
            "uid": "e5b2afa7-97bd-42bd-864f-6a4ae83372e8"
          },
          "sensitive_attributes": [],
          "private": "eyJlMmJmYjczMC1lY2FhLTExZTYtOGY4OC0zNDM2M2JjN2M0YzAiOnsiY3JlYXRlIjoxMjAwMDAwMDAwMDAwLCJkZWxldGUiOjEyMDAwMDAwMDAwMDAsInVwZGF0ZSI6MTIwMDAwMDAwMDAwMH19"
        }
      ]
    }
  ],
  "check_results": null
}
