{
  "version": 4,
  "terraform_version": "1.4.4",
  "serial": 5,
  "lineage": "8cb06056-7060-800b-b6d4-5e5b036fa095",
  "outputs": {},
  "resources": [
    {
      "mode": "managed",
      "type": "google_sql_database_instance",
      "name": "compliant-gcppostgreswithoutml011",
      "provider": "provider[\"registry.terraform.io/hashicorp/google\"]",
      "instances": [
        {
          "schema_version": 0,
          "attributes": {
            "available_maintenance_versions": [],
            "clone": [],
            "connection_name": "pg-xa-n-app-230466:europe-west3:compliant-gcppostgreswithoutml011",
            "database_version": "POSTGRES_14",
            "deletion_protection": false,
            "encryption_key_name": null,
            "first_ip_address": "35.246.144.254",
            "id": "compliant-gcppostgreswithoutml011",
            "instance_type": "CLOUD_SQL_INSTANCE",
            "ip_address": [
              {
                "ip_address": "35.246.144.254",
                "time_to_retire": "",
                "type": "PRIMARY"
              },
              {
                "ip_address": "34.141.1.171",
                "time_to_retire": "",
                "type": "OUTGOING"
              }
            ],
            "maintenance_version": "POSTGRES_14_5.R20230316.02_02",
            "master_instance_name": "",
            "name": "compliant-gcppostgreswithoutml011",
            "private_ip_address": "",
            "project": "pg-xa-n-app-230466",
            "public_ip_address": "35.246.144.254",
            "region": "europe-west3",
            "replica_configuration": [],
            "restore_backup_context": [],
            "root_password": null,
            "self_link": "https://sqladmin.googleapis.com/sql/v1beta4/projects/pg-xa-n-app-230466/instances/compliant-gcppostgreswithoutml011",
            "server_ca_cert": [
              {
                "cert": "-----BEGIN CERTIFICATE-----\nMIIDfzCCAmegAwIBAgIBADANBgkqhkiG9w0BAQsFADB3MS0wKwYDVQQuEyRkZmU4\nM2Q5MC04ZjI4LTQ1ZGUtOWE0Yy0wZTM3MTM4YzI5NjIxIzAhBgNVBAMTGkdvb2ds\nZSBDbG91ZCBTUUwgU2VydmVyIENBMRQwEgYDVQQKEwtHb29nbGUsIEluYzELMAkG\nA1UEBhMCVVMwHhcNMjMwNTAyMDc0NTI4WhcNMzMwNDI5MDc0NjI4WjB3MS0wKwYD\nVQQuEyRkZmU4M2Q5MC04ZjI4LTQ1ZGUtOWE0Yy0wZTM3MTM4YzI5NjIxIzAhBgNV\nBAMTGkdvb2dsZSBDbG91ZCBTUUwgU2VydmVyIENBMRQwEgYDVQQKEwtHb29nbGUs\nIEluYzELMAkGA1UEBhMCVVMwggEiMA0GCSqGSIb3DQEBAQUAA4IBDwAwggEKAoIB\nAQCCLmYnwNOvNXSD4hBHy6J2i3yLksrI5q/OBafR6N+f+KIu2X/kqsISHulp0SVo\nBxkuOMLrvn62pVrtWrsE46ntDocFGJYnnsdmCDz6mkRSdfGaZWtu6rUItngqnFoM\nyx2mQdssCthh/pH9DHP+0/439EXVyYLjkqHmU9ejSf/KCVibe7sGa2ZpKsU4CKcW\nIV5/fm6AtYQpaCJyO/VZpF07WVyZoGaNCq2iigrMdCIsQecQRTTT0I0lFEMlOgwk\n2kUNU8Sv4dfteKXNRHYj6/bSMH+azfP3HxAfL4EkfJRSMv+jiaOYDJGm6FKeJfHS\nHxVo8oEae61kOjOUm6JkOwS5AgMBAAGjFjAUMBIGA1UdEwEB/wQIMAYBAf8CAQAw\nDQYJKoZIhvcNAQELBQADggEBAE4kOkVrVIxQVhMlJ0a6PLVQEbgC8//uL7H02Dq5\ndJg4Nd22Quo4TpxEtuQ9Hew5DvroUD5aM8xfGeVFIOIwjQy0RTMY/AtrIPHm6cia\nlJiaU0AmTF3VOWHVs9TM9H3Q7yz/sMSRt9q7gRghNXLBWX0CnYJ0BGNQmEkUqni+\npUYsTv7ydxoluHrpimaPwUvD25hyR/n23QwVSFSBOeqGdR9TUcOsQeeR5Stkfqmh\nHL/ci1KpEi1/euYHcL5NJnUFV0WZr5TeDApND9A5RRHW6XFyHv4s7ro61FAdZpAG\nzkkvdzAoHY2yh5ML+VKUz6i0+/0rXMUXdty0mQY8FhSyKmw=\n-----END CERTIFICATE-----",
                "common_name": "C=US,O=Google\\, Inc,CN=Google Cloud SQL Server CA,dnQualifier=dfe83d90-8f28-45de-9a4c-0e37138c2962",
                "create_time": "2023-05-02T07:45:28.811Z",
                "expiration_time": "2033-04-29T07:46:28.811Z",
                "sha1_fingerprint": "2c6af01f87ae4ca9a8183d511eb790892ab85b9f"
              }
            ],
            "service_account_email_address": "p624568095157-gd7eej@gcp-sa-cloud-sql.iam.gserviceaccount.com",
            "settings": [
              {
                "activation_policy": "ALWAYS",
                "active_directory_config": [],
                "availability_type": "ZONAL",
                "backup_configuration": [
                  {
                    "backup_retention_settings": [
                      {
                        "retained_backups": 7,
                        "retention_unit": "COUNT"
                      }
                    ],
                    "binary_log_enabled": false,
                    "enabled": false,
                    "location": "",
                    "point_in_time_recovery_enabled": false,
                    "start_time": "01:00",
                    "transaction_log_retention_days": 7
                  }
                ],
                "collation": "",
                "connector_enforcement": "NOT_REQUIRED",
                "database_flags": [
                  {
                    "name": "log_error_verbosity",
                    "value": "default"
                  },
                  {
                    "name": "log_disconnections",
                    "value": "on"
                  },
                  {
                    "name": "log_statement",
                    "value": "ddl"
                  },
                  {
                    "name": "log_min_messages",
                    "value": "warning"
                  },
                  {
                    "name": "log_min_error_statement",
                    "value": "error"
                  },
                  {
                    "name": "log_min_duration_statement",
                    "value": "-1"
                  },
                  {
                    "name": "cloudsql.enable_pgaudit",
                    "value": "on"
                  }
                ],
                "deletion_protection_enabled": false,
                "deny_maintenance_period": [],
                "disk_autoresize": true,
                "disk_autoresize_limit": 0,
                "disk_size": 10,
                "disk_type": "PD_SSD",
                "insights_config": [],
                "ip_configuration": [
                  {
                    "allocated_ip_range": "",
                    "authorized_networks": [],
                    "enable_private_path_for_google_cloud_services": false,
                    "ipv4_enabled": true,
                    "private_network": "",
                    "require_ssl": false
                  }
                ],
                "location_preference": [
                  {
                    "follow_gae_application": "",
                    "secondary_zone": "",
                    "zone": "europe-west3-b"
                  }
                ],
                "maintenance_window": [],
                "password_validation_policy": [],
                "pricing_plan": "PER_USE",
                "sql_server_audit_config": [],
                "tier": "db-f1-micro",
                "time_zone": "",
                "user_labels": {},
                "version": 1
              }
            ],
            "timeouts": null
          },
          "sensitive_attributes": [],
          "private": "eyJlMmJmYjczMC1lY2FhLTExZTYtOGY4OC0zNDM2M2JjN2M0YzAiOnsiY3JlYXRlIjoyNDAwMDAwMDAwMDAwLCJkZWxldGUiOjE4MDAwMDAwMDAwMDAsInVwZGF0ZSI6MTgwMDAwMDAwMDAwMH19"
        }
      ]
    },
    {
      "mode": "managed",
      "type": "google_sql_database_instance",
      "name": "compliant-mysqlvbs",
      "provider": "provider[\"registry.terraform.io/hashicorp/google\"]",
      "instances": [
        {
          "schema_version": 0,
          "attributes": {
            "available_maintenance_versions": [],
            "clone": [],
            "connection_name": "pg-xa-n-app-230466:europe-west3:compliant-mysqlvbs",
            "database_version": "MYSQL_8_0",
            "deletion_protection": false,
            "encryption_key_name": null,
            "first_ip_address": "34.159.243.113",
            "id": "compliant-mysqlvbs",
            "instance_type": "CLOUD_SQL_INSTANCE",
            "ip_address": [
              {
                "ip_address": "34.159.243.113",
                "time_to_retire": "",
                "type": "PRIMARY"
              }
            ],
            "maintenance_version": "MYSQL_8_0_26.R20230314.03_02",
            "master_instance_name": "",
            "name": "compliant-mysqlvbs",
            "private_ip_address": "",
            "project": "pg-xa-n-app-230466",
            "public_ip_address": "34.159.243.113",
            "region": "europe-west3",
            "replica_configuration": [],
            "restore_backup_context": [],
            "root_password": null,
            "self_link": "https://sqladmin.googleapis.com/sql/v1beta4/projects/pg-xa-n-app-230466/instances/compliant-mysqlvbs",
            "server_ca_cert": [
              {
                "cert": "-----BEGIN CERTIFICATE-----\nMIIDfzCCAmegAwIBAgIBADANBgkqhkiG9w0BAQsFADB3MS0wKwYDVQQuEyQ0NTFl\nMjQ1OS03MjM0LTQzN2QtYmM2NC1iMWFhYzgxMjkwMDAxIzAhBgNVBAMTGkdvb2ds\nZSBDbG91ZCBTUUwgU2VydmVyIENBMRQwEgYDVQQKEwtHb29nbGUsIEluYzELMAkG\nA1UEBhMCVVMwHhcNMjMwNTAyMDc0NTMwWhcNMzMwNDI5MDc0NjMwWjB3MS0wKwYD\nVQQuEyQ0NTFlMjQ1OS03MjM0LTQzN2QtYmM2NC1iMWFhYzgxMjkwMDAxIzAhBgNV\nBAMTGkdvb2dsZSBDbG91ZCBTUUwgU2VydmVyIENBMRQwEgYDVQQKEwtHb29nbGUs\nIEluYzELMAkGA1UEBhMCVVMwggEiMA0GCSqGSIb3DQEBAQUAA4IBDwAwggEKAoIB\nAQCiWbceLEs94qrUUJNGci4AzqUKzEndGCrPoUc9yOqEJAtfZmBHct6u0Ug75OaA\nptzYtuZm5Pi4OAi1PFDxDAxfsKwtMmwgV8CiLQepeCu23gWltk1Z/sJc7eSDXRr2\neVr5/s/z0GFnPrWkcicjwleXZVW1CLeRYFGME4mS2XDZCDRx8onGWqlq5iTYNyXl\nVFnk7dhO/kQZypLptkPYDCKPXx0YG35zulQUF9iLtC6e0CdcySm2z4Z5FXL4XsCR\nxmx8zKBEE0ibx9YW7jdPeatgtqRpBJrvA2Hm9lKZ9Su/LNfMx4DkllfcPc9rBMr0\nRP4smerY44qgNCfrhGKVgKktAgMBAAGjFjAUMBIGA1UdEwEB/wQIMAYBAf8CAQAw\nDQYJKoZIhvcNAQELBQADggEBABKR6UNpmtIAJWynMiEsjvT6qwuWReU/nVwFA72+\nkUqB0jI3UdKZgml7baEm8XoiYFFZJ9WyTfE/u4SMFblz1DD0fB9hgjB+0PDKdkDx\ngS4Bu64NL+7Z54Pko6Xk3GcfJSDPamt8WGng1psrtRRiyzNYFcJfxrQRKe3sjLLQ\nTjegnF1eCKaNLQiZHc1N5VX//jxokV+/Zb3pC1G8XdIeKI3nA4bun34QhP4LIum0\nWdDH3RFDKQ/nlGPOabFny7HXre7xHRFKyDzftT9hOI78dx3kY5FSMfaH5Zwesr9s\njQUSsqKfYhSWU0pSw71B9nU5dRZcNuDWUITW+rmbUYZut+8=\n-----END CERTIFICATE-----",
                "common_name": "C=US,O=Google\\, Inc,CN=Google Cloud SQL Server CA,dnQualifier=451e2459-7234-437d-bc64-b1aac8129000",
                "create_time": "2023-05-02T07:45:30.978Z",
                "expiration_time": "2033-04-29T07:46:30.978Z",
                "sha1_fingerprint": "840212c61da290e134d52b2b766e76c162bad90a"
              }
            ],
            "service_account_email_address": "p624568095157-m0nqcu@gcp-sa-cloud-sql.iam.gserviceaccount.com",
            "settings": [
              {
                "activation_policy": "ALWAYS",
                "active_directory_config": [],
                "availability_type": "ZONAL",
                "backup_configuration": [
                  {
                    "backup_retention_settings": [
                      {
                        "retained_backups": 7,
                        "retention_unit": "COUNT"
                      }
                    ],
                    "binary_log_enabled": false,
                    "enabled": false,
                    "location": "",
                    "point_in_time_recovery_enabled": false,
                    "start_time": "10:00",
                    "transaction_log_retention_days": 7
                  }
                ],
                "collation": "",
                "connector_enforcement": "NOT_REQUIRED",
                "database_flags": [
                  {
                    "name": "local_infile",
                    "value": "off"
                  },
                  {
                    "name": "skip_show_database",
                    "value": "on"
                  }
                ],
                "deletion_protection_enabled": false,
                "deny_maintenance_period": [],
                "disk_autoresize": true,
                "disk_autoresize_limit": 0,
                "disk_size": 10,
                "disk_type": "PD_SSD",
                "insights_config": [],
                "ip_configuration": [
                  {
                    "allocated_ip_range": "",
                    "authorized_networks": [],
                    "enable_private_path_for_google_cloud_services": false,
                    "ipv4_enabled": true,
                    "private_network": "",
                    "require_ssl": false
                  }
                ],
                "location_preference": [
                  {
                    "follow_gae_application": "",
                    "secondary_zone": "",
                    "zone": "europe-west3-b"
                  }
                ],
                "maintenance_window": [],
                "password_validation_policy": [],
                "pricing_plan": "PER_USE",
                "sql_server_audit_config": [],
                "tier": "db-f1-micro",
                "time_zone": "",
                "user_labels": {},
                "version": 1
              }
            ],
            "timeouts": null
          },
          "sensitive_attributes": [],
          "private": "eyJlMmJmYjczMC1lY2FhLTExZTYtOGY4OC0zNDM2M2JjN2M0YzAiOnsiY3JlYXRlIjoyNDAwMDAwMDAwMDAwLCJkZWxldGUiOjE4MDAwMDAwMDAwMDAsInVwZGF0ZSI6MTgwMDAwMDAwMDAwMH19"
        }
      ]
    },
    {
      "mode": "managed",
      "type": "google_sql_database_instance",
      "name": "not-compliant-gcppostgreswithoutml011",
      "provider": "provider[\"registry.terraform.io/hashicorp/google\"]",
      "instances": [
        {
          "schema_version": 0,
          "attributes": {
            "available_maintenance_versions": [],
            "clone": [],
            "connection_name": "pg-xa-n-app-230466:europe-west3:not-compliant-gcppostgreswithoutml011",
            "database_version": "POSTGRES_14",
            "deletion_protection": false,
            "encryption_key_name": null,
            "first_ip_address": "34.159.69.219",
            "id": "not-compliant-gcppostgreswithoutml011",
            "instance_type": "CLOUD_SQL_INSTANCE",
            "ip_address": [
              {
                "ip_address": "34.159.69.219",
                "time_to_retire": "",
                "type": "PRIMARY"
              },
              {
                "ip_address": "34.141.111.161",
                "time_to_retire": "",
                "type": "OUTGOING"
              }
            ],
            "maintenance_version": "POSTGRES_14_5.R20230316.02_02",
            "master_instance_name": "",
            "name": "not-compliant-gcppostgreswithoutml011",
            "private_ip_address": "",
            "project": "pg-xa-n-app-230466",
            "public_ip_address": "34.159.69.219",
            "region": "europe-west3",
            "replica_configuration": [],
            "restore_backup_context": [],
            "root_password": null,
            "self_link": "https://sqladmin.googleapis.com/sql/v1beta4/projects/pg-xa-n-app-230466/instances/not-compliant-gcppostgreswithoutml011",
            "server_ca_cert": [
              {
                "cert": "-----BEGIN CERTIFICATE-----\nMIIDfzCCAmegAwIBAgIBADANBgkqhkiG9w0BAQsFADB3MS0wKwYDVQQuEyRlMTU2\nZTQzOS1mMmUxLTQ4NmQtOWU5OS03NmE4OGM5MmRlYzYxIzAhBgNVBAMTGkdvb2ds\nZSBDbG91ZCBTUUwgU2VydmVyIENBMRQwEgYDVQQKEwtHb29nbGUsIEluYzELMAkG\nA1UEBhMCVVMwHhcNMjMwNTAyMDc0NTMwWhcNMzMwNDI5MDc0NjMwWjB3MS0wKwYD\nVQQuEyRlMTU2ZTQzOS1mMmUxLTQ4NmQtOWU5OS03NmE4OGM5MmRlYzYxIzAhBgNV\nBAMTGkdvb2dsZSBDbG91ZCBTUUwgU2VydmVyIENBMRQwEgYDVQQKEwtHb29nbGUs\nIEluYzELMAkGA1UEBhMCVVMwggEiMA0GCSqGSIb3DQEBAQUAA4IBDwAwggEKAoIB\nAQCxZNquFlPXv1tcp/PGP0tnrTr7iIUhZq7jTJTGRYxL/rGyL8y/SLh6zI3/Zlsb\nv0Dh1feiiwZjAebK/lY60XDejSw7QhFoWCQwlxEJyCslMM1PfME8ptxjMJ4MfMaC\nSviNjODmDZcsibwxaJO3UPSBFPgJovmmZcWgB99qSfhoy3ARgPKCOJhysUic2c4p\nrcBhRvAjtx4r9XYQHOvKHv18VVa6NbjQYltJ9OZuVGzV5rf3Nw2SKnVNCtYcAusj\nYR1AmcjxB/ZfS0CJr8oE/qW2G+NUp3QF2uweQK/AODYu9zhPsMZBzp4gNzNDAwc9\nxLfl8Dc44c7H+nWqHEQVm5X1AgMBAAGjFjAUMBIGA1UdEwEB/wQIMAYBAf8CAQAw\nDQYJKoZIhvcNAQELBQADggEBABeBW82MbdDxnYYiau43J8tLE55gxOJMTU2hKfsS\nUf/Fy5UyxHoTznmtl1Tzmi2TlY+Z4OXS5ibaOnAo0DpNyPyt7R27KcV4D8lcsEq8\nG75O/lsutl1zCkZTP+3SGfOnGB3BjJUUQaWN89v2wWqyMpKgkR9l4i11yLAJnHgP\naDN9FTYTfq5N27Zax6IO+P+zq3zlZJzifftkga0QJsKbG6JB7IKe31L6bb4gbCis\n+9TaUmwWuqkZ1PZ0/nba+Ne7/5BCAp+/7718bkfFFnLZvAeKHERKsA0pFz83Ah/d\nv1tUjaa0f9mZ2kXiTOfPo8qt01yLe5C8MDAsGFKVQONZUWQ=\n-----END CERTIFICATE-----",
                "common_name": "C=US,O=Google\\, Inc,CN=Google Cloud SQL Server CA,dnQualifier=e156e439-f2e1-486d-9e99-76a88c92dec6",
                "create_time": "2023-05-02T07:45:30.917Z",
                "expiration_time": "2033-04-29T07:46:30.917Z",
                "sha1_fingerprint": "1b5eecc00eefe61d3893c4f79c4a64b7be8e9d39"
              }
            ],
            "service_account_email_address": "p624568095157-9zv5lp@gcp-sa-cloud-sql.iam.gserviceaccount.com",
            "settings": [
              {
                "activation_policy": "ALWAYS",
                "active_directory_config": [],
                "availability_type": "ZONAL",
                "backup_configuration": [
                  {
                    "backup_retention_settings": [
                      {
                        "retained_backups": 7,
                        "retention_unit": "COUNT"
                      }
                    ],
                    "binary_log_enabled": false,
                    "enabled": false,
                    "location": "",
                    "point_in_time_recovery_enabled": false,
                    "start_time": "14:00",
                    "transaction_log_retention_days": 7
                  }
                ],
                "collation": "",
                "connector_enforcement": "NOT_REQUIRED",
                "database_flags": [
                  {
                    "name": "log_error_verbosity",
                    "value": "terse"
                  },
                  {
                    "name": "log_disconnections",
                    "value": "off"
                  },
                  {
                    "name": "log_statement",
                    "value": "none"
                  },
                  {
                    "name": "log_min_messages",
                    "value": "notice"
                  },
                  {
                    "name": "log_min_error_statement",
                    "value": "fatal"
                  },
                  {
                    "name": "log_min_duration_statement",
                    "value": "1000"
                  },
                  {
                    "name": "cloudsql.enable_pgaudit",
                    "value": "off"
                  }
                ],
                "deletion_protection_enabled": false,
                "deny_maintenance_period": [],
                "disk_autoresize": true,
                "disk_autoresize_limit": 0,
                "disk_size": 10,
                "disk_type": "PD_SSD",
                "insights_config": [],
                "ip_configuration": [
                  {
                    "allocated_ip_range": "",
                    "authorized_networks": [],
                    "enable_private_path_for_google_cloud_services": false,
                    "ipv4_enabled": true,
                    "private_network": "",
                    "require_ssl": false
                  }
                ],
                "location_preference": [
                  {
                    "follow_gae_application": "",
                    "secondary_zone": "",
                    "zone": "europe-west3-b"
                  }
                ],
                "maintenance_window": [],
                "password_validation_policy": [],
                "pricing_plan": "PER_USE",
                "sql_server_audit_config": [],
                "tier": "db-f1-micro",
                "time_zone": "",
                "user_labels": {},
                "version": 1
              }
            ],
            "timeouts": null
          },
          "sensitive_attributes": [],
          "private": "eyJlMmJmYjczMC1lY2FhLTExZTYtOGY4OC0zNDM2M2JjN2M0YzAiOnsiY3JlYXRlIjoyNDAwMDAwMDAwMDAwLCJkZWxldGUiOjE4MDAwMDAwMDAwMDAsInVwZGF0ZSI6MTgwMDAwMDAwMDAwMH19"
        }
      ]
    },
    {
      "mode": "managed",
      "type": "google_sql_database_instance",
      "name": "not-compliant-mysqlvbs",
      "provider": "provider[\"registry.terraform.io/hashicorp/google\"]",
      "instances": [
        {
          "schema_version": 0,
          "attributes": {
            "available_maintenance_versions": [],
            "clone": [],
            "connection_name": "pg-xa-n-app-230466:europe-west3:not-compliant-mysqlvbs",
            "database_version": "MYSQL_8_0",
            "deletion_protection": false,
            "encryption_key_name": null,
            "first_ip_address": "34.159.196.162",
            "id": "not-compliant-mysqlvbs",
            "instance_type": "CLOUD_SQL_INSTANCE",
            "ip_address": [
              {
                "ip_address": "34.159.196.162",
                "time_to_retire": "",
                "type": "PRIMARY"
              }
            ],
            "maintenance_version": "MYSQL_8_0_26.R20230314.03_02",
            "master_instance_name": "",
            "name": "not-compliant-mysqlvbs",
            "private_ip_address": "",
            "project": "pg-xa-n-app-230466",
            "public_ip_address": "34.159.196.162",
            "region": "europe-west3",
            "replica_configuration": [],
            "restore_backup_context": [],
            "root_password": null,
            "self_link": "https://sqladmin.googleapis.com/sql/v1beta4/projects/pg-xa-n-app-230466/instances/not-compliant-mysqlvbs",
            "server_ca_cert": [
              {
                "cert": "-----BEGIN CERTIFICATE-----\nMIIDfzCCAmegAwIBAgIBADANBgkqhkiG9w0BAQsFADB3MS0wKwYDVQQuEyRkNzBi\nNWEwNS1mYzA4LTQ5NjctYmYyYi05Zjg1NDVlYmU3Y2QxIzAhBgNVBAMTGkdvb2ds\nZSBDbG91ZCBTUUwgU2VydmVyIENBMRQwEgYDVQQKEwtHb29nbGUsIEluYzELMAkG\nA1UEBhMCVVMwHhcNMjMwNTAyMDc0NTI4WhcNMzMwNDI5MDc0NjI4WjB3MS0wKwYD\nVQQuEyRkNzBiNWEwNS1mYzA4LTQ5NjctYmYyYi05Zjg1NDVlYmU3Y2QxIzAhBgNV\nBAMTGkdvb2dsZSBDbG91ZCBTUUwgU2VydmVyIENBMRQwEgYDVQQKEwtHb29nbGUs\nIEluYzELMAkGA1UEBhMCVVMwggEiMA0GCSqGSIb3DQEBAQUAA4IBDwAwggEKAoIB\nAQCFdgoBe9+77DUdZ26TObAFhVnQYDbVpmmrYTjTGyUMJS67dlR5R3Kr8E/+cT9P\n8CwbyE91CR9rAJBiBmgSQPC+ACbRh0C9+JqJcK+asCdLpkeU5Uc9EETjmr28T+i0\nO69767UG3JIyrojUDJL71XDzVZNPsRcXtiQqxjhA9R6dQ9FQ3be5K5PPghiW9Tyg\nOiXorTtkOKD0PlYToEnVjT76694PVkXDco/BlVeuad+n/Layv1LfTrTftwi/SZHj\noPTgmqDHBLqGQkUzdxCS5wCkQ84JCAHsK1Rkoz5Lg0nA5aaL0q+DVQlApNh4ao/a\nmoOLJ7zp99boIlnTZh67vFVjAgMBAAGjFjAUMBIGA1UdEwEB/wQIMAYBAf8CAQAw\nDQYJKoZIhvcNAQELBQADggEBAARSQmO2XXiSerPuLeqQRsXMK9486aT9ChyP1opF\n2J+88scbf58h9qncLKV9bEM6YcO6hjH3VVsauogfYvSKokHIZxOfGLY9XOUFQZM1\nN6Lnn5eSu8WRL1Jgi3WfcSWhkKtgTxy9dACdMlfD7QPRrRgUvrz2UeldigwuoCrt\nM3apXTjmNzy6z9yQ5F06jHdP1JvVFmAH2ZUFQTFnr2rE+adfEbdlyM084sRMP8+3\nvfxbPRUKlyQDvgpEznAkXwPH/cJJTUemOodZ3yF/ibV17F6vPztTaz9YzR6kNJ8x\nHsSDSLOCAXwTZlsmrWs7Nwjalvh/DdP+LHH7JCR4npsgwQY=\n-----END CERTIFICATE-----",
                "common_name": "C=US,O=Google\\, Inc,CN=Google Cloud SQL Server CA,dnQualifier=d70b5a05-fc08-4967-bf2b-9f8545ebe7cd",
                "create_time": "2023-05-02T07:45:28.540Z",
                "expiration_time": "2033-04-29T07:46:28.540Z",
                "sha1_fingerprint": "cf3284af43909e1f2b9eb141fa731ff2444d9216"
              }
            ],
            "service_account_email_address": "p624568095157-6s0klz@gcp-sa-cloud-sql.iam.gserviceaccount.com",
            "settings": [
              {
                "activation_policy": "ALWAYS",
                "active_directory_config": [],
                "availability_type": "ZONAL",
                "backup_configuration": [
                  {
                    "backup_retention_settings": [
                      {
                        "retained_backups": 7,
                        "retention_unit": "COUNT"
                      }
                    ],
                    "binary_log_enabled": false,
                    "enabled": false,
                    "location": "",
                    "point_in_time_recovery_enabled": false,
                    "start_time": "05:00",
                    "transaction_log_retention_days": 7
                  }
                ],
                "collation": "",
                "connector_enforcement": "NOT_REQUIRED",
                "database_flags": [
                  {
                    "name": "local_infile",
                    "value": "on"
                  },
                  {
                    "name": "skip_show_database",
                    "value": "off"
                  }
                ],
                "deletion_protection_enabled": false,
                "deny_maintenance_period": [],
                "disk_autoresize": true,
                "disk_autoresize_limit": 0,
                "disk_size": 10,
                "disk_type": "PD_SSD",
                "insights_config": [],
                "ip_configuration": [
                  {
                    "allocated_ip_range": "",
                    "authorized_networks": [],
                    "enable_private_path_for_google_cloud_services": false,
                    "ipv4_enabled": true,
                    "private_network": "",
                    "require_ssl": false
                  }
                ],
                "location_preference": [
                  {
                    "follow_gae_application": "",
                    "secondary_zone": "",
                    "zone": "europe-west3-b"
                  }
                ],
                "maintenance_window": [],
                "password_validation_policy": [],
                "pricing_plan": "PER_USE",
                "sql_server_audit_config": [],
                "tier": "db-f1-micro",
                "time_zone": "",
                "user_labels": {},
                "version": 1
              }
            ],
            "timeouts": null
          },
          "sensitive_attributes": [],
          "private": "eyJlMmJmYjczMC1lY2FhLTExZTYtOGY4OC0zNDM2M2JjN2M0YzAiOnsiY3JlYXRlIjoyNDAwMDAwMDAwMDAwLCJkZWxldGUiOjE4MDAwMDAwMDAwMDAsInVwZGF0ZSI6MTgwMDAwMDAwMDAwMH19"
        }
      ]
    }
  ],
  "check_results": null
}
