{
  "version": 4,
  "terraform_version": "1.4.4",
  "serial": 7,
  "lineage": "40de61c6-da3d-469b-e2c8-41322d0f4487",
  "outputs": {},
  "resources": [
    {
      "mode": "data",
      "type": "google_client_config",
      "name": "default",
      "provider": "provider[\"registry.terraform.io/hashicorp/google\"]",
      "instances": [
        {
          "schema_version": 0,
          "attributes": {
            "access_token": "ya29.c.b0Aaekm1Kksge8IPtuaXTewzo4I2IHiLM1vsWg1CvPNe65ePTQo3hVKmZe5k4B38DiTkmFW1Qs-SGWPgGhKNZCzmaIM2IgnekrYZCp6TSd8b2p4LE9hihx7Fd_j-u38pqpe1YHnD06vaW8DHQmjqQ7rwsqp8GKZDLOYHnhhllz8lkWSwqXB7ZDhhOchnVrkLQozrLjtld6QZPdX7Y4SI_7Xta4Ff7DqudPH4hsUYKkXnsTO0Ao0CeT-AbT45q2kGQ19sDqekbGdx2w_8hDIGoKEVM-MmELKHeNwG_FELBgjof5E3672tWHENc2V0Y2uwkq_i8AvhCEoHQH340PwsJmrpJdBeMS3or8h-4jZFuZjh1OW7QUBU7xIQ6Y8V7mrwpqBrtV5V8QtXRZm83aJ2RlZvhYZZSv_UUh6R7utlUeJY--FeBSlw3qr1oFha7B95QpjQ7I6wZjvi4Sgw1yJF6OX02y3irI2m2Jwj1vgS5-XmZ9VtMdluWl5ItrtnkZ3ok07OoSVng2U6yR-mi1Jcho5QX8XxqYkm5U468WmJt7gjOBQjodifYJbB9fs8llm-X-3BjVs-RXwdvrnB65m160B4pB2omkImVXZhio_UaYolZizQBOwaJ011Vh7tXS6n8sW683Sra9rX_z7zaemzM-qeYvcZZu17qJ4_ga63nQBcXz2rsoM_1see5we8_9roRXk1otm6wu6yyQS3QYXwSaq4SvlVoitbvvR79UY8gojvd5nyiJxOYmFpXv6fUmfQURezt-8ro8cpzXn_txhm05atd1YgiFWMU7k11z27kWJpbfdqjvh6nnuyWo8ZYmtaifYvd85Y38IdffFZ7U_f29310OsZl7d5URtsxj8aolmmliZYjshrOB82vVfWjc4qqdcpMunzoIFrQmnd_IIZmJR83YpuRYSgVMbih_Vnd6eUbulecxv8jlvJZeywZ__cnSywXghzpcYsspVwJk0c682us1hmqzuqn2ZFvZ3vni9MwarIJkf7dcrQF",
            "id": "projects/\"pg-xa-n-app-230466\"/regions/\u003cnull\u003e/zones/\u003cnull\u003e",
            "project": "pg-xa-n-app-230466",
            "region": null,
            "zone": null
          },
          "sensitive_attributes": []
        }
      ]
    },
    {
      "mode": "data",
      "type": "google_container_engine_versions",
      "name": "gke00429_k8s_na_version",
      "provider": "provider[\"registry.terraform.io/hashicorp/google\"]",
      "instances": [
        {
          "schema_version": 0,
          "attributes": {
            "default_cluster_version": "1.25.8-gke.500",
            "id": "2023-06-02 08:36:57.4095459 +0000 UTC",
            "latest_master_version": "1.25.9-gke.400",
            "latest_node_version": "1.25.9-gke.400",
            "location": "europe-west3-a",
            "project": null,
            "release_channel_default_version": {
              "RAPID": "1.26.3-gke.1000",
              "REGULAR": "1.25.8-gke.500",
              "STABLE": "1.24.11-gke.1000"
            },
            "release_channel_latest_version": {
              "RAPID": "1.25.9-gke.400",
              "REGULAR": "1.25.8-gke.500",
              "STABLE": "1.25.8-gke.500"
            },
            "valid_master_versions": [
              "1.25.9-gke.400",
              "1.25.8-gke.1000",
              "1.25.8-gke.500",
              "1.25.7-gke.1000"
            ],
            "valid_node_versions": [
              "1.25.9-gke.400",
              "1.25.8-gke.1000",
              "1.25.8-gke.500",
              "1.25.7-gke.1000",
              "1.25.6-gke.1000",
              "1.25.6-gke.200",
              "1.25.5-gke.2000",
              "1.25.5-gke.1500",
              "1.25.4-gke.2100",
              "1.25.3-gke.800"
            ],
            "version_prefix": "1.25."
          },
          "sensitive_attributes": []
        }
      ]
    },
    {
      "mode": "data",
      "type": "google_container_engine_versions",
      "name": "gke00429_k8s_version",
      "provider": "provider[\"registry.terraform.io/hashicorp/google\"]",
      "instances": [
        {
          "schema_version": 0,
          "attributes": {
            "default_cluster_version": "1.25.8-gke.500",
            "id": "2023-06-02 08:36:57.471898 +0000 UTC",
            "latest_master_version": "1.24.13-gke.500",
            "latest_node_version": "1.24.13-gke.500",
            "location": "europe-west3-a",
            "project": null,
            "release_channel_default_version": {
              "RAPID": "1.26.3-gke.1000",
              "REGULAR": "1.25.8-gke.500",
              "STABLE": "1.24.11-gke.1000"
            },
            "release_channel_latest_version": {
              "RAPID": "1.24.13-gke.500",
              "REGULAR": "1.24.12-gke.500",
              "STABLE": "1.24.12-gke.500"
            },
            "valid_master_versions": [
              "1.24.13-gke.500",
              "1.24.12-gke.1000",
              "1.24.12-gke.500",
              "1.24.11-gke.1000",
              "1.24.10-gke.2300"
            ],
            "valid_node_versions": [
              "1.24.13-gke.500",
              "1.24.12-gke.1000",
              "1.24.12-gke.500",
              "1.24.11-gke.1000",
              "1.24.10-gke.2300",
              "1.24.10-gke.1200",
              "1.24.9-gke.3200",
              "1.24.9-gke.2000",
              "1.24.9-gke.1500",
              "1.24.8-gke.2000",
              "1.24.8-gke.401",
              "1.24.7-gke.900",
              "1.24.6-gke.1500",
              "1.24.5-gke.600",
              "1.24.4-gke.800",
              "1.24.3-gke.2100",
              "1.24.3-gke.900",
              "1.24.3-gke.200",
              "1.24.2-gke.1900",
              "1.24.2-gke.300",
              "1.24.1-gke.1800",
              "1.24.1-gke.1400"
            ],
            "version_prefix": "1.24."
          },
          "sensitive_attributes": []
        }
      ]
    },
    {
      "mode": "managed",
      "type": "google_compute_network",
      "name": "gke00429_network",
      "provider": "provider[\"registry.terraform.io/hashicorp/google\"]",
      "instances": [
        {
          "schema_version": 0,
          "attributes": {
            "auto_create_subnetworks": true,
            "delete_default_routes_on_create": false,
            "description": "",
            "enable_ula_internal_ipv6": false,
            "gateway_ipv4": "",
            "id": "projects/pg-xa-n-app-230466/global/networks/gke00429-network",
            "internal_ipv6_range": "",
            "mtu": 0,
            "name": "gke00429-network",
            "network_firewall_policy_enforcement_order": "AFTER_CLASSIC_FIREWALL",
            "project": "pg-xa-n-app-230466",
            "routing_mode": "REGIONAL",
            "self_link": "https://www.googleapis.com/compute/v1/projects/pg-xa-n-app-230466/global/networks/gke00429-network",
            "timeouts": null
          },
          "sensitive_attributes": [],
          "private": "eyJlMmJmYjczMC1lY2FhLTExZTYtOGY4OC0zNDM2M2JjN2M0YzAiOnsiY3JlYXRlIjoxMjAwMDAwMDAwMDAwLCJkZWxldGUiOjEyMDAwMDAwMDAwMDAsInVwZGF0ZSI6MTIwMDAwMDAwMDAwMH19"
        }
      ]
    },
    {
      "mode": "managed",
      "type": "google_container_cluster",
      "name": "gke00429_compliant_cluster",
      "provider": "provider[\"registry.terraform.io/hashicorp/google\"]",
      "instances": [
        {
          "schema_version": 1,
          "attributes": {
            "addons_config": [
              {
                "cloudrun_config": [],
                "config_connector_config": [],
                "dns_cache_config": [],
                "gce_persistent_disk_csi_driver_config": [
                  {
                    "enabled": true
                  }
                ],
                "gcp_filestore_csi_driver_config": [],
                "gke_backup_agent_config": [],
                "horizontal_pod_autoscaling": [],
                "http_load_balancing": [],
                "network_policy_config": [
                  {
                    "disabled": true
                  }
                ]
              }
            ],
            "authenticator_groups_config": [],
            "binary_authorization": [
              {
                "enabled": false,
                "evaluation_mode": ""
              }
            ],
            "cluster_autoscaling": [
              {
                "auto_provisioning_defaults": [],
                "enabled": false,
                "resource_limits": []
              }
            ],
            "cluster_ipv4_cidr": "10.56.0.0/14",
            "confidential_nodes": [],
            "cost_management_config": [],
            "database_encryption": [
              {
                "key_name": "",
                "state": "DECRYPTED"
              }
            ],
            "datapath_provider": "",
            "default_max_pods_per_node": null,
            "default_snat_status": [
              {
                "disabled": false
              }
            ],
            "description": "",
            "dns_config": [],
            "enable_autopilot": false,
            "enable_binary_authorization": false,
            "enable_intranode_visibility": false,
            "enable_kubernetes_alpha": false,
            "enable_l4_ilb_subsetting": false,
            "enable_legacy_abac": false,
            "enable_shielded_nodes": true,
            "enable_tpu": false,
            "endpoint": "34.107.115.235",
            "gateway_api_config": [],
            "id": "projects/pg-xa-n-app-230466/locations/europe-west3-a/clusters/gke00429-compliant-cluster",
            "initial_node_count": 1,
            "ip_allocation_policy": [],
            "label_fingerprint": "a9dc16a7",
            "location": "europe-west3-a",
            "logging_config": [
              {
                "enable_components": [
                  "SYSTEM_COMPONENTS",
                  "WORKLOADS"
                ]
              }
            ],
            "logging_service": "logging.googleapis.com/kubernetes",
            "maintenance_policy": [],
            "master_auth": [
              {
                "client_certificate": "",
                "client_certificate_config": [
                  {
                    "issue_client_certificate": false
                  }
                ],
                "client_key": "",
                "cluster_ca_certificate": "LS0tLS1CRUdJTiBDRVJUSUZJQ0FURS0tLS0tCk1JSUVMRENDQXBTZ0F3SUJBZ0lRS09kaFVMOXBPKzFKc21uQll5TEY3akFOQmdrcWhraUc5dzBCQVFzRkFEQXYKTVMwd0t3WURWUVFERXlRME1HRXpOamsxTXkwMllURmxMVFF5TVRjdFlqSmtZaTA1WWpFeE1UQTBOV1ZrWW1NdwpJQmNOTWpNd05qQXlNRGN6TnpVM1doZ1BNakExTXpBMU1qVXdPRE0zTlRkYU1DOHhMVEFyQmdOVkJBTVRKRFF3CllUTTJPVFV6TFRaaE1XVXROREl4TnkxaU1tUmlMVGxpTVRFeE1EUTFaV1JpWXpDQ0FhSXdEUVlKS29aSWh2Y04KQVFFQkJRQURnZ0dQQURDQ0FZb0NnZ0dCQUszMlp5WjI1MnYvUlc3Q0dmaWdXQUc0ME56MDhNU1NrU0ZjVG9UNApKbUIxUG1yVnROdDF0MW85WmhNc0tnQjVxanp1N1EvQTY0UnY3UjJMZG9NME5HNHlCa0NzZk02WGU1Q0RaeHZSCk9YYXo0NS9vR3U0VUlKOFJXWnQrWC83TStIUm4zUHIzbEdUOXMyejhYU1MwY29aczNVUE5oYlNkdVM3VGZrOTIKN05GcWIxTmNYV25zSmRqNGVFb1RYUWdwMWtZNE5DTHp5Zi9KdER5VWpxT0llbWhaOUlxWTRHMnlveDh0Y21wcgpRKytqcXlEb2RZNnlBT1pFbFRpbGVpc29tbWx5RkUwVE5xWElPSW11UGZ6Zk13SVpMaUFBZVBaREROUHhIN1BoCkp0T281L2VhWVJCWTlmVzdwclhvM0c1Z2VVSjRmYUhkcnRsOHBlamVyaVpGT1lFYnVlbTNiWW9MUmR6Q3dGK0gKeTI4d3lPM0VZQWdTcnkrM1dZQ3dPaExnK21CaHRCTldIcUREbXhFT1dhc0EwWlRndVBzS2RGYy9DTlZoazVneQowMjNGUk9wTUs1ZmpUREZ4eUw5NVl5WUowNFE4dXpmUlpjcGFKcEZmSTlqeFR1RjhVWnk0YUgrVzRTckF6Q1Q5Cmw3MDBhZks0Z2ZlakQ3MmJWZGRBamxPdWV3SURBUUFCbzBJd1FEQU9CZ05WSFE4QkFmOEVCQU1DQWdRd0R3WUQKVlIwVEFRSC9CQVV3QXdFQi96QWRCZ05WSFE0RUZnUVV3MWJTSDdqaUhVQVVoNCs4amczTnl3RDhiZll3RFFZSgpLb1pJaHZjTkFRRUxCUUFEZ2dHQkFKTzZjYzd1TXV2VWJFMnFKdjRMaG9QWXBLdVI1YWUySVVuSDI1b3MwQStoCkd1b1NZZy94Q0tSRVB5eWRaNEE4bDZkZ2NtSUJsaG9ZY1hVSjE3djI1L1lJb3hqUGxKdDFWdVhqdUplVjYrTncKSGVycm9xLzlUaDdkQVI1SFpJeDR0TlRoczRKMzBqcmRZdWZpa3lqNzIrS0s5SlZaUThldlBrbHl1aDR1VUZIVQo4em5XcEpjYVI0TEVUZUhQeU1vWExabTJRK01BbjlDcmY1M3NVMDlaZktVNFBEaUJUK2Z3bDh1NVYrVGl2YU1JCnBVY1FQeUo4VVdZNjJOZmgyT0VLYmRBeURobnV2dDR3OTB5LzJDeENxejZPNTliUXdqRk0rcnExUTJ1SzY2WXkKTFZCMjQ1c3V4aW1ZZkFuWWE4Y2NmV09XZ3FKcUZydXFxQ0dpNVNrdEpnZW5CZG14UXhIOGVLejhKRlhmSEJsQQovZ0I2Q1lRQVBMUVU2SGdTWmt1WHRsbjhuaWg1WVl5bEFWQzdUN3lmNW8rNzIzQ3VMdHJZclZjbjJudTdKN1UzCnVIUTBnYnp3M2NTdDh3NFM3TThNR283ODVzam1UVUp2bC9Sbjc0enk0VEdma2hieTFKc1k4alUwTmFXVVhOOHMKWmwrekFVbmRyRkV3ZSs1TERYUmgwUT09Ci0tLS0tRU5EIENFUlRJRklDQVRFLS0tLS0K"
              }
            ],
            "master_authorized_networks_config": [],
            "master_version": "1.24.13-gke.500",
            "mesh_certificates": [],
            "min_master_version": "1.24.13-gke.500",
            "monitoring_config": [
              {
                "enable_components": [],
                "managed_prometheus": []
              }
            ],
            "monitoring_service": "none",
            "name": "gke00429-compliant-cluster",
            "network": "projects/pg-xa-n-app-230466/global/networks/gke00429-network",
            "network_policy": [
              {
                "enabled": false,
                "provider": "PROVIDER_UNSPECIFIED"
              }
            ],
            "networking_mode": "ROUTES",
            "node_config": [
              {
                "advanced_machine_features": [],
                "boot_disk_kms_key": "",
                "disk_size_gb": 100,
                "disk_type": "pd-balanced",
                "ephemeral_storage_local_ssd_config": [],
                "gcfs_config": [],
                "guest_accelerator": [],
                "gvnic": [],
                "image_type": "COS_CONTAINERD",
                "kubelet_config": [],
                "labels": {},
                "linux_node_config": [],
                "local_nvme_ssd_block_config": [],
                "local_ssd_count": 0,
                "logging_variant": "DEFAULT",
                "machine_type": "e2-small",
                "metadata": {
                  "disable-legacy-endpoints": "true"
                },
                "min_cpu_platform": "",
                "node_group": "",
                "oauth_scopes": [
                  "https://www.googleapis.com/auth/devstorage.read_only",
                  "https://www.googleapis.com/auth/logging.write",
                  "https://www.googleapis.com/auth/monitoring",
                  "https://www.googleapis.com/auth/service.management.readonly",
                  "https://www.googleapis.com/auth/servicecontrol",
                  "https://www.googleapis.com/auth/trace.append"
                ],
                "preemptible": true,
                "reservation_affinity": [],
                "resource_labels": null,
                "service_account": "default",
                "shielded_instance_config": [
                  {
                    "enable_integrity_monitoring": true,
                    "enable_secure_boot": false
                  }
                ],
                "spot": false,
                "tags": null,
                "taint": [],
                "workload_metadata_config": []
              }
            ],
            "node_locations": [],
            "node_pool": [
              {
                "autoscaling": [],
                "initial_node_count": 1,
                "instance_group_urls": [
                  "https://www.googleapis.com/compute/v1/projects/pg-xa-n-app-230466/zones/europe-west3-a/instanceGroupManagers/gke-gke00429-compliant-c-default-pool-4ccf364d-grp"
                ],
                "managed_instance_group_urls": [
                  "https://www.googleapis.com/compute/v1/projects/pg-xa-n-app-230466/zones/europe-west3-a/instanceGroups/gke-gke00429-compliant-c-default-pool-4ccf364d-grp"
                ],
                "management": [
                  {
                    "auto_repair": true,
                    "auto_upgrade": true
                  }
                ],
                "max_pods_per_node": 0,
                "name": "default-pool",
                "name_prefix": "",
                "network_config": [
                  {
                    "create_pod_range": false,
                    "enable_private_nodes": false,
                    "pod_cidr_overprovision_config": [],
                    "pod_ipv4_cidr_block": "",
                    "pod_range": ""
                  }
                ],
                "node_config": [
                  {
                    "advanced_machine_features": [],
                    "boot_disk_kms_key": "",
                    "disk_size_gb": 100,
                    "disk_type": "pd-balanced",
                    "ephemeral_storage_local_ssd_config": [],
                    "gcfs_config": [],
                    "guest_accelerator": [],
                    "gvnic": [],
                    "image_type": "COS_CONTAINERD",
                    "kubelet_config": [],
                    "labels": {},
                    "linux_node_config": [],
                    "local_nvme_ssd_block_config": [],
                    "local_ssd_count": 0,
                    "logging_variant": "DEFAULT",
                    "machine_type": "e2-small",
                    "metadata": {
                      "disable-legacy-endpoints": "true"
                    },
                    "min_cpu_platform": "",
                    "node_group": "",
                    "oauth_scopes": [
                      "https://www.googleapis.com/auth/devstorage.read_only",
                      "https://www.googleapis.com/auth/logging.write",
                      "https://www.googleapis.com/auth/monitoring",
                      "https://www.googleapis.com/auth/service.management.readonly",
                      "https://www.googleapis.com/auth/servicecontrol",
                      "https://www.googleapis.com/auth/trace.append"
                    ],
                    "preemptible": true,
                    "reservation_affinity": [],
                    "resource_labels": {},
                    "service_account": "default",
                    "shielded_instance_config": [
                      {
                        "enable_integrity_monitoring": true,
                        "enable_secure_boot": false
                      }
                    ],
                    "spot": false,
                    "tags": [],
                    "taint": [],
                    "workload_metadata_config": []
                  }
                ],
                "node_count": 1,
                "node_locations": [
                  "europe-west3-a"
                ],
                "placement_policy": [],
                "upgrade_settings": [
                  {
                    "blue_green_settings": [],
                    "max_surge": 1,
                    "max_unavailable": 0,
                    "strategy": "SURGE"
                  }
                ],
                "version": "1.24.13-gke.500"
              }
            ],
            "node_pool_defaults": [
              {
                "node_config_defaults": [
                  {
                    "logging_variant": "DEFAULT"
                  }
                ]
              }
            ],
            "node_version": "1.24.13-gke.500",
            "notification_config": [
              {
                "pubsub": [
                  {
                    "enabled": false,
                    "filter": [],
                    "topic": ""
                  }
                ]
              }
            ],
            "operation": null,
            "private_cluster_config": [
              {
                "enable_private_endpoint": false,
                "enable_private_nodes": false,
                "master_global_access_config": [
                  {
                    "enabled": false
                  }
                ],
                "master_ipv4_cidr_block": "",
                "peering_name": "",
                "private_endpoint": "10.156.0.3",
                "private_endpoint_subnetwork": "",
                "public_endpoint": "34.107.115.235"
              }
            ],
            "private_ipv6_google_access": "",
            "project": "pg-xa-n-app-230466",
            "release_channel": [
              {
                "channel": "STABLE"
              }
            ],
            "remove_default_node_pool": null,
            "resource_labels": null,
            "resource_usage_export_config": [],
            "self_link": "https://container.googleapis.com/v1/projects/pg-xa-n-app-230466/zones/europe-west3-a/clusters/gke00429-compliant-cluster",
            "service_external_ips_config": [
              {
                "enabled": false
              }
            ],
            "services_ipv4_cidr": "10.59.240.0/20",
            "subnetwork": "projects/pg-xa-n-app-230466/regions/europe-west3/subnetworks/gke00429-network",
            "timeouts": null,
            "tpu_ipv4_cidr_block": "",
            "vertical_pod_autoscaling": [],
            "workload_identity_config": []
          },
          "sensitive_attributes": [],
          "private": "eyJlMmJmYjczMC1lY2FhLTExZTYtOGY4OC0zNDM2M2JjN2M0YzAiOnsiY3JlYXRlIjoyNDAwMDAwMDAwMDAwLCJkZWxldGUiOjI0MDAwMDAwMDAwMDAsInJlYWQiOjI0MDAwMDAwMDAwMDAsInVwZGF0ZSI6MzYwMDAwMDAwMDAwMH0sInNjaGVtYV92ZXJzaW9uIjoiMSJ9",
          "dependencies": [
            "data.google_container_engine_versions.gke00429_k8s_version",
            "google_compute_network.gke00429_network",
            "google_project_service.gke00429_services"
          ]
        }
      ]
    },
    {
      "mode": "managed",
      "type": "google_container_cluster",
      "name": "gke00429_non_applicable_cluster",
      "provider": "provider[\"registry.terraform.io/hashicorp/google\"]",
      "instances": [
        {
          "schema_version": 1,
          "attributes": {
            "addons_config": [
              {
                "cloudrun_config": [],
                "config_connector_config": [],
                "dns_cache_config": [],
                "gce_persistent_disk_csi_driver_config": [
                  {
                    "enabled": true
                  }
                ],
                "gcp_filestore_csi_driver_config": [],
                "gke_backup_agent_config": [],
                "horizontal_pod_autoscaling": [],
                "http_load_balancing": [],
                "network_policy_config": [
                  {
                    "disabled": true
                  }
                ]
              }
            ],
            "authenticator_groups_config": [],
            "binary_authorization": [
              {
                "enabled": false,
                "evaluation_mode": ""
              }
            ],
            "cluster_autoscaling": [
              {
                "auto_provisioning_defaults": [],
                "enabled": false,
                "resource_limits": []
              }
            ],
            "cluster_ipv4_cidr": "10.96.0.0/14",
            "confidential_nodes": [],
            "cost_management_config": [],
            "database_encryption": [
              {
                "key_name": "",
                "state": "DECRYPTED"
              }
            ],
            "datapath_provider": "",
            "default_max_pods_per_node": null,
            "default_snat_status": [
              {
                "disabled": false
              }
            ],
            "description": "",
            "dns_config": [],
            "enable_autopilot": false,
            "enable_binary_authorization": false,
            "enable_intranode_visibility": false,
            "enable_kubernetes_alpha": false,
            "enable_l4_ilb_subsetting": false,
            "enable_legacy_abac": false,
            "enable_shielded_nodes": true,
            "enable_tpu": false,
            "endpoint": "34.159.216.244",
            "gateway_api_config": [],
            "id": "projects/pg-xa-n-app-230466/locations/europe-west3-a/clusters/gke00429-non-applicable-cluster",
            "initial_node_count": 1,
            "ip_allocation_policy": [],
            "label_fingerprint": "a9dc16a7",
            "location": "europe-west3-a",
            "logging_config": [
              {
                "enable_components": [
                  "SYSTEM_COMPONENTS",
                  "WORKLOADS"
                ]
              }
            ],
            "logging_service": "logging.googleapis.com/kubernetes",
            "maintenance_policy": [],
            "master_auth": [
              {
                "client_certificate": "",
                "client_certificate_config": [
                  {
                    "issue_client_certificate": false
                  }
                ],
                "client_key": "",
                "cluster_ca_certificate": "LS0tLS1CRUdJTiBDRVJUSUZJQ0FURS0tLS0tCk1JSUVMVENDQXBXZ0F3SUJBZ0lSQVBHenRHUXA5NmNuaEsvQWZLM2VxM3N3RFFZSktvWklodmNOQVFFTEJRQXcKTHpFdE1Dc0dBMVVFQXhNa1l6QTRZV1U0TmprdE5HVXhOeTAwTnpRM0xUazVabUV0WTJVNU5EQmpaVEprWlRFMQpNQ0FYRFRJek1EWXdNakEzTXpjMU5sb1lEekl3TlRNd05USTFNRGd6TnpVMldqQXZNUzB3S3dZRFZRUURFeVJqCk1EaGhaVGcyT1MwMFpURTNMVFEzTkRjdE9UbG1ZUzFqWlRrME1HTmxNbVJsTVRVd2dnR2lNQTBHQ1NxR1NJYjMKRFFFQkFRVUFBNElCandBd2dnR0tBb0lCZ1FEYXV4bklUcmY5bGQ5WitZTm9sN3d4MGxlWUt6cDh0aVh5NWNxaAp3VE5sUTVJc0k3VjJ1UnhhUzdvcndPN1dZUEVUQnhHMVZCb2FYMkd5MUhMQmFSbHM4TWxNVjZKSlorazVpT2FxCkcyVHJKcVlGNHgzNFF2WmpVWlFkV1JjbVRmY21abjFYMy8vbExPN0lrUC9DWUVscnVEOTdzTHFCTm9WR1pmMWwKc2ZGZDZ1VTBhcFVsMjVHdHFYMURzMnpmMWo4SzU3bVV6N1NVZDdidVpHL3YvSld2TjlVTXJ3QnZ5SWJXNU1kRwpLZTVZN1prVXNnRkN0ZDN1NjBHbkNYYWlaM0F6RU1JV3BUR1hYZDZsM3hKTm5iWXFFczVML3l6N0xlMWR0eDRXCmQ0WGVPY1lueGJkVnMyLzJkZnYrSzVpblhlQ0doRnRLR2pHRTg4elV3TnF6SEZwZUFZdk9yRnc0TkdSUHJnQ00KemlqVFhHSVZqRTFIT2hybWU3d3RQM0JnRXNwKzRLa3NBZ1Vldm9jYldXamZaNmZET1laaUNpR2ZhbjRPdVcwMQpwY1U4MUpjTVd4dFlEb1FFa3dXdmFTOVA0cEVCQVBweEFlQ2IxZUg3ZW1GT1lEQUxyRDVVSDRsdW1qak1GRlZYCnNJUFZsZkxwYTAvbGEzNjRxNFYyemFGMmdXc0NBd0VBQWFOQ01FQXdEZ1lEVlIwUEFRSC9CQVFEQWdJRU1BOEcKQTFVZEV3RUIvd1FGTUFNQkFmOHdIUVlEVlIwT0JCWUVGUHczQmpETDFxVktFVEg3S1pVMlZGbzNWdkM4TUEwRwpDU3FHU0liM0RRRUJDd1VBQTRJQmdRREVmRER5NW00c2ZVcUFWVm56cUJTNFVVL0JhVDluTEJaOStJUHlLRk55CkNucDdSMFI3VFJnNUhzWmtOWmNNWm9kS3NDamVhVFpJZm9SZVNjTERVTnpVb20xRGVqMjVpOFNWeFplMXJWK08KV3Y3VWY0OVZWMkQ0REtIMlBFRlkrUTNHbUpzdTBhSDM1Z0EyQ3dGNUlVQ3dYQWlDNk9VUENuK1JmdjZueXJySgp4Qmhzc2hCcDB3WlBXVW5VQmVGTnVRNE45UHdvdE9qWE9ld2JvcUhOV00zdHZYa2xPdXpNMFphRk42ZWpadW5PCkRTMk1XUytCUENqS3cxRE9DSUorNTZoeklXcHo0eDN5NXdlQWFkZ0dwM0VaaFZMOWFmRkxKYXlUN2plS3FXT3EKTS9EeStmUkxGUnF6UU5Bb2d4eng1ZDI3SmVqby9JMkFJZ2RvektLY3NXa1NFWXZxZnVjUzBYR3hrYTQrM01jQwp1QTBMWWdVTm1zYmxMb0ZLTWVCWjFPNXdlZG04ZnlrYUp6TGc0TTdGMEFvOTJVZDh2aFdhMk1xMy84TGRteWpBCjRuNXpSbDhaR2FDam42YXNGcHBUckVnSnAxVmVWNlYwb1FrUEJpSEJ5enhqYlJFdkF1UlBYR3VvYnNhOVhpS3IKSkZXQlVqSWpleldPVmU1cXc2ZGxRR1k9Ci0tLS0tRU5EIENFUlRJRklDQVRFLS0tLS0K"
              }
            ],
            "master_authorized_networks_config": [],
            "master_version": "1.25.9-gke.400",
            "mesh_certificates": [],
            "min_master_version": "1.25.9-gke.400",
            "monitoring_config": [
              {
                "enable_components": [
                  "SYSTEM_COMPONENTS"
                ],
                "managed_prometheus": []
              }
            ],
            "monitoring_service": "monitoring.googleapis.com/kubernetes",
            "name": "gke00429-non-applicable-cluster",
            "network": "projects/pg-xa-n-app-230466/global/networks/gke00429-network",
            "network_policy": [
              {
                "enabled": false,
                "provider": "PROVIDER_UNSPECIFIED"
              }
            ],
            "networking_mode": "ROUTES",
            "node_config": [
              {
                "advanced_machine_features": [],
                "boot_disk_kms_key": "",
                "disk_size_gb": 100,
                "disk_type": "pd-balanced",
                "ephemeral_storage_local_ssd_config": [],
                "gcfs_config": [],
                "guest_accelerator": [],
                "gvnic": [],
                "image_type": "COS_CONTAINERD",
                "kubelet_config": [],
                "labels": {},
                "linux_node_config": [],
                "local_nvme_ssd_block_config": [],
                "local_ssd_count": 0,
                "logging_variant": "DEFAULT",
                "machine_type": "e2-small",
                "metadata": {
                  "disable-legacy-endpoints": "true"
                },
                "min_cpu_platform": "",
                "node_group": "",
                "oauth_scopes": [
                  "https://www.googleapis.com/auth/devstorage.read_only",
                  "https://www.googleapis.com/auth/logging.write",
                  "https://www.googleapis.com/auth/monitoring",
                  "https://www.googleapis.com/auth/service.management.readonly",
                  "https://www.googleapis.com/auth/servicecontrol",
                  "https://www.googleapis.com/auth/trace.append"
                ],
                "preemptible": true,
                "reservation_affinity": [],
                "resource_labels": null,
                "service_account": "default",
                "shielded_instance_config": [
                  {
                    "enable_integrity_monitoring": true,
                    "enable_secure_boot": false
                  }
                ],
                "spot": false,
                "tags": null,
                "taint": [],
                "workload_metadata_config": []
              }
            ],
            "node_locations": [],
            "node_pool": [
              {
                "autoscaling": [],
                "initial_node_count": 1,
                "instance_group_urls": [
                  "https://www.googleapis.com/compute/v1/projects/pg-xa-n-app-230466/zones/europe-west3-a/instanceGroupManagers/gke-gke00429-non-applica-default-pool-cd16b8be-grp"
                ],
                "managed_instance_group_urls": [
                  "https://www.googleapis.com/compute/v1/projects/pg-xa-n-app-230466/zones/europe-west3-a/instanceGroups/gke-gke00429-non-applica-default-pool-cd16b8be-grp"
                ],
                "management": [
                  {
                    "auto_repair": true,
                    "auto_upgrade": true
                  }
                ],
                "max_pods_per_node": 0,
                "name": "default-pool",
                "name_prefix": "",
                "network_config": [
                  {
                    "create_pod_range": false,
                    "enable_private_nodes": false,
                    "pod_cidr_overprovision_config": [],
                    "pod_ipv4_cidr_block": "",
                    "pod_range": ""
                  }
                ],
                "node_config": [
                  {
                    "advanced_machine_features": [],
                    "boot_disk_kms_key": "",
                    "disk_size_gb": 100,
                    "disk_type": "pd-balanced",
                    "ephemeral_storage_local_ssd_config": [],
                    "gcfs_config": [],
                    "guest_accelerator": [],
                    "gvnic": [],
                    "image_type": "COS_CONTAINERD",
                    "kubelet_config": [],
                    "labels": {},
                    "linux_node_config": [],
                    "local_nvme_ssd_block_config": [],
                    "local_ssd_count": 0,
                    "logging_variant": "DEFAULT",
                    "machine_type": "e2-small",
                    "metadata": {
                      "disable-legacy-endpoints": "true"
                    },
                    "min_cpu_platform": "",
                    "node_group": "",
                    "oauth_scopes": [
                      "https://www.googleapis.com/auth/devstorage.read_only",
                      "https://www.googleapis.com/auth/logging.write",
                      "https://www.googleapis.com/auth/monitoring",
                      "https://www.googleapis.com/auth/service.management.readonly",
                      "https://www.googleapis.com/auth/servicecontrol",
                      "https://www.googleapis.com/auth/trace.append"
                    ],
                    "preemptible": true,
                    "reservation_affinity": [],
                    "resource_labels": {},
                    "service_account": "default",
                    "shielded_instance_config": [
                      {
                        "enable_integrity_monitoring": true,
                        "enable_secure_boot": false
                      }
                    ],
                    "spot": false,
                    "tags": [],
                    "taint": [],
                    "workload_metadata_config": []
                  }
                ],
                "node_count": 1,
                "node_locations": [
                  "europe-west3-a"
                ],
                "placement_policy": [],
                "upgrade_settings": [
                  {
                    "blue_green_settings": [],
                    "max_surge": 1,
                    "max_unavailable": 0,
                    "strategy": "SURGE"
                  }
                ],
                "version": "1.25.9-gke.400"
              }
            ],
            "node_pool_defaults": [
              {
                "node_config_defaults": [
                  {
                    "logging_variant": "DEFAULT"
                  }
                ]
              }
            ],
            "node_version": "1.25.9-gke.400",
            "notification_config": [
              {
                "pubsub": [
                  {
                    "enabled": false,
                    "filter": [],
                    "topic": ""
                  }
                ]
              }
            ],
            "operation": null,
            "private_cluster_config": [
              {
                "enable_private_endpoint": false,
                "enable_private_nodes": false,
                "master_global_access_config": [
                  {
                    "enabled": false
                  }
                ],
                "master_ipv4_cidr_block": "",
                "peering_name": "",
                "private_endpoint": "10.156.0.4",
                "private_endpoint_subnetwork": "",
                "public_endpoint": "34.159.216.244"
              }
            ],
            "private_ipv6_google_access": "",
            "project": "pg-xa-n-app-230466",
            "release_channel": [
              {
                "channel": "STABLE"
              }
            ],
            "remove_default_node_pool": null,
            "resource_labels": null,
            "resource_usage_export_config": [],
            "self_link": "https://container.googleapis.com/v1/projects/pg-xa-n-app-230466/zones/europe-west3-a/clusters/gke00429-non-applicable-cluster",
            "service_external_ips_config": [
              {
                "enabled": false
              }
            ],
            "services_ipv4_cidr": "10.99.240.0/20",
            "subnetwork": "projects/pg-xa-n-app-230466/regions/europe-west3/subnetworks/gke00429-network",
            "timeouts": null,
            "tpu_ipv4_cidr_block": "",
            "vertical_pod_autoscaling": [],
            "workload_identity_config": []
          },
          "sensitive_attributes": [],
          "private": "eyJlMmJmYjczMC1lY2FhLTExZTYtOGY4OC0zNDM2M2JjN2M0YzAiOnsiY3JlYXRlIjoyNDAwMDAwMDAwMDAwLCJkZWxldGUiOjI0MDAwMDAwMDAwMDAsInJlYWQiOjI0MDAwMDAwMDAwMDAsInVwZGF0ZSI6MzYwMDAwMDAwMDAwMH0sInNjaGVtYV92ZXJzaW9uIjoiMSJ9",
          "dependencies": [
            "data.google_container_engine_versions.gke00429_k8s_na_version",
            "google_compute_network.gke00429_network",
            "google_project_service.gke00429_services"
          ]
        }
      ]
    },
    {
      "mode": "managed",
      "type": "google_container_cluster",
      "name": "gke00429_non_compliant_cluster",
      "provider": "provider[\"registry.terraform.io/hashicorp/google\"]",
      "instances": [
        {
          "schema_version": 1,
          "attributes": {
            "addons_config": [
              {
                "cloudrun_config": [],
                "config_connector_config": [],
                "dns_cache_config": [],
                "gce_persistent_disk_csi_driver_config": [
                  {
                    "enabled": true
                  }
                ],
                "gcp_filestore_csi_driver_config": [],
                "gke_backup_agent_config": [],
                "horizontal_pod_autoscaling": [],
                "http_load_balancing": [],
                "network_policy_config": [
                  {
                    "disabled": true
                  }
                ]
              }
            ],
            "authenticator_groups_config": [],
            "binary_authorization": [
              {
                "enabled": false,
                "evaluation_mode": ""
              }
            ],
            "cluster_autoscaling": [
              {
                "auto_provisioning_defaults": [],
                "enabled": false,
                "resource_limits": []
              }
            ],
            "cluster_ipv4_cidr": "10.120.0.0/14",
            "confidential_nodes": [],
            "cost_management_config": [],
            "database_encryption": [
              {
                "key_name": "",
                "state": "DECRYPTED"
              }
            ],
            "datapath_provider": "",
            "default_max_pods_per_node": null,
            "default_snat_status": [
              {
                "disabled": false
              }
            ],
            "description": "",
            "dns_config": [],
            "enable_autopilot": false,
            "enable_binary_authorization": false,
            "enable_intranode_visibility": false,
            "enable_kubernetes_alpha": false,
            "enable_l4_ilb_subsetting": false,
            "enable_legacy_abac": false,
            "enable_shielded_nodes": true,
            "enable_tpu": false,
            "endpoint": "34.89.223.248",
            "gateway_api_config": [],
            "id": "projects/pg-xa-n-app-230466/locations/europe-west3-a/clusters/gke00429-non-compliant-cluster",
            "initial_node_count": 1,
            "ip_allocation_policy": [],
            "label_fingerprint": "a9dc16a7",
            "location": "europe-west3-a",
            "logging_config": [
              {
                "enable_components": [
                  "SYSTEM_COMPONENTS",
                  "WORKLOADS"
                ]
              }
            ],
            "logging_service": "logging.googleapis.com/kubernetes",
            "maintenance_policy": [],
            "master_auth": [
              {
                "client_certificate": "",
                "client_certificate_config": [
                  {
                    "issue_client_certificate": false
                  }
                ],
                "client_key": "",
                "cluster_ca_certificate": "LS0tLS1CRUdJTiBDRVJUSUZJQ0FURS0tLS0tCk1JSUVMVENDQXBXZ0F3SUJBZ0lSQUtPeTBsR1Qxck9WcFFMVDVONCtBR2t3RFFZSktvWklodmNOQVFFTEJRQXcKTHpFdE1Dc0dBMVVFQXhNa05XUTJORE5qWldFdE5UUXdNeTAwWVRZd0xXRmhZV1V0WVdFNVl6VmtOR1UwT0RReApNQ0FYRFRJek1EWXdNakEzTXpjMU4xb1lEekl3TlRNd05USTFNRGd6TnpVM1dqQXZNUzB3S3dZRFZRUURFeVExClpEWTBNMk5sWVMwMU5EQXpMVFJoTmpBdFlXRmhaUzFoWVRsak5XUTBaVFE0TkRFd2dnR2lNQTBHQ1NxR1NJYjMKRFFFQkFRVUFBNElCandBd2dnR0tBb0lCZ1FEZTZVQ3pIeG5YYWs2N0JYeFJwS1dhVEpmOWlRWEhhaVpyUmVEdwpadzY3MDlUTkVIems0TEZ3cnNFbEkwa3NybEw3T1VDS2MyWWkrSEZoYkNWbDFJcGsvaHZNeXpYaStOSWRMQ1F4Cm1RNzdCMTA5Rzk3TSt1OHdESWptcnh6ek5Zc1VNUWVFZUIrekJMNUlWMG5BNDlMa0R1amx1UDhjQXltK2tUc08KS2FDRVNLaHpqMUtVTk5tKzVuRGtmV1hKaDduc1hrbld5R0VERzN4MEdlRXZUdmUyVzhQUDhCMXFqWGo3WjRibApRZHVTTlJuekY5TlY2aitkRWNyMjR4YUI4YUV3WnB2a1JBcnAvS21XK0crMG1PM21yN1NnTjMxR2Y0Rythb1d1ClJZbHJsdlN6RDRaWDRBb0tlZk9RTk90c3oyQm9DTXVjQjk4N2tKQlJURDAzOXl6RVhiQnAxMGx4cFFoUFBUZWkKL0tYMzlsbjZoTlZFUTl4aGtueG4zdm11Q1F6ZkhnM0l3R1lSQzhzY1NIUGRXYmVRMmdFREcvZndLNmNEWkFBcgpLRUNmYTlFcjN5UXB0dXhGZXVpUFA5Z2ZSKzFJdk9la2F2bEkzNm96TXlESnVYNHNHaXU4VHRKcEpGZ25mWUVoCkppWHJxMzVZeXR2Z2FjR0hBbDJVL2RjVXNETUNBd0VBQWFOQ01FQXdEZ1lEVlIwUEFRSC9CQVFEQWdJRU1BOEcKQTFVZEV3RUIvd1FGTUFNQkFmOHdIUVlEVlIwT0JCWUVGUG52V09sNHBrbElDa0FLSlRycFMxTjNrQlBaTUEwRwpDU3FHU0liM0RRRUJDd1VBQTRJQmdRQ3BTKzREUHFkUzNCT1p0ZytuQllpOGplWDk1NHp5N0RaSGtiV0tYeEdDCk5Xd2xXWE8vNTlZbFZ5QytFRlpzZVgwRGJBbFZVUlQ2VTBaQStEbUpHeUNJOUlqR1F4aU9rM21HVlFuUHN2WmIKMDlHM0pCV1poeTJLb0JKeWVHdi9QSVZhNEs1STY0VFB0OEVrUGZiRlJVMkEyelBGRW02Q0dESG93bHdoVXJ6NAowclRkN0VhdDMyUFV6U1dmSkVKQWxNbGhxU0ZRTWRkRWpxYzhGaHlFVml0RGlyWHFnSHBYN2pMRWVMQndJS2JOCnlEOVRKOXNNTlJCTVV1c0dsazFqcEx3Y1FnZFhXQTgxdUFia2VkYVlyNzFvQ1NSTWJXZnFXMWt1U0FnSDJBWGYKaVJGN3o3anE4N21rL0JoV1lWVlV1U0ZSRlVhWVlLWVNZb2xjQ1NvUDNlN2xlZ08weVZ0S2k5ajcxQmprV1ZOSQozMjFkNENHdm9nNGd3SVo5VVJ4Rk5KZTNxWFJHT3J4L2ExUnIrTzdNUFdmWVBXWlJYWkh2d0o0a1pTeENRWGhwClA4eEtTMVYwRzFoYTNpV1d1ZUllejQzNU9WUy93ckl2d1F4V0xydHJ5WEh1a1JQbTZuZjNVRGw4TitzaUhtaDgKclFycnl0N2JEZUE0alJ5d0NFZnBvVVU9Ci0tLS0tRU5EIENFUlRJRklDQVRFLS0tLS0K"
              }
            ],
            "master_authorized_networks_config": [],
            "master_version": "1.24.13-gke.500",
            "mesh_certificates": [],
            "min_master_version": "1.24.13-gke.500",
            "monitoring_config": [
              {
                "enable_components": [],
                "managed_prometheus": []
              }
            ],
            "monitoring_service": "none",
            "name": "gke00429-non-compliant-cluster",
            "network": "projects/pg-xa-n-app-230466/global/networks/gke00429-network",
            "network_policy": [
              {
                "enabled": false,
                "provider": "PROVIDER_UNSPECIFIED"
              }
            ],
            "networking_mode": "ROUTES",
            "node_config": [
              {
                "advanced_machine_features": [],
                "boot_disk_kms_key": "",
                "disk_size_gb": 100,
                "disk_type": "pd-balanced",
                "ephemeral_storage_local_ssd_config": [],
                "gcfs_config": [],
                "guest_accelerator": [],
                "gvnic": [],
                "image_type": "COS_CONTAINERD",
                "kubelet_config": [],
                "labels": {},
                "linux_node_config": [],
                "local_nvme_ssd_block_config": [],
                "local_ssd_count": 0,
                "logging_variant": "DEFAULT",
                "machine_type": "e2-small",
                "metadata": {
                  "disable-legacy-endpoints": "true"
                },
                "min_cpu_platform": "",
                "node_group": "",
                "oauth_scopes": [
                  "https://www.googleapis.com/auth/devstorage.read_only",
                  "https://www.googleapis.com/auth/logging.write",
                  "https://www.googleapis.com/auth/monitoring",
                  "https://www.googleapis.com/auth/service.management.readonly",
                  "https://www.googleapis.com/auth/servicecontrol",
                  "https://www.googleapis.com/auth/trace.append"
                ],
                "preemptible": true,
                "reservation_affinity": [],
                "resource_labels": null,
                "service_account": "default",
                "shielded_instance_config": [
                  {
                    "enable_integrity_monitoring": true,
                    "enable_secure_boot": false
                  }
                ],
                "spot": false,
                "tags": null,
                "taint": [],
                "workload_metadata_config": []
              }
            ],
            "node_locations": [],
            "node_pool": [
              {
                "autoscaling": [],
                "initial_node_count": 1,
                "instance_group_urls": [
                  "https://www.googleapis.com/compute/v1/projects/pg-xa-n-app-230466/zones/europe-west3-a/instanceGroupManagers/gke-gke00429-non-complia-default-pool-0310a11c-grp"
                ],
                "managed_instance_group_urls": [
                  "https://www.googleapis.com/compute/v1/projects/pg-xa-n-app-230466/zones/europe-west3-a/instanceGroups/gke-gke00429-non-complia-default-pool-0310a11c-grp"
                ],
                "management": [
                  {
                    "auto_repair": true,
                    "auto_upgrade": true
                  }
                ],
                "max_pods_per_node": 0,
                "name": "default-pool",
                "name_prefix": "",
                "network_config": [
                  {
                    "create_pod_range": false,
                    "enable_private_nodes": false,
                    "pod_cidr_overprovision_config": [],
                    "pod_ipv4_cidr_block": "",
                    "pod_range": ""
                  }
                ],
                "node_config": [
                  {
                    "advanced_machine_features": [],
                    "boot_disk_kms_key": "",
                    "disk_size_gb": 100,
                    "disk_type": "pd-balanced",
                    "ephemeral_storage_local_ssd_config": [],
                    "gcfs_config": [],
                    "guest_accelerator": [],
                    "gvnic": [],
                    "image_type": "COS_CONTAINERD",
                    "kubelet_config": [],
                    "labels": {},
                    "linux_node_config": [],
                    "local_nvme_ssd_block_config": [],
                    "local_ssd_count": 0,
                    "logging_variant": "DEFAULT",
                    "machine_type": "e2-small",
                    "metadata": {
                      "disable-legacy-endpoints": "true"
                    },
                    "min_cpu_platform": "",
                    "node_group": "",
                    "oauth_scopes": [
                      "https://www.googleapis.com/auth/devstorage.read_only",
                      "https://www.googleapis.com/auth/logging.write",
                      "https://www.googleapis.com/auth/monitoring",
                      "https://www.googleapis.com/auth/service.management.readonly",
                      "https://www.googleapis.com/auth/servicecontrol",
                      "https://www.googleapis.com/auth/trace.append"
                    ],
                    "preemptible": true,
                    "reservation_affinity": [],
                    "resource_labels": {},
                    "service_account": "default",
                    "shielded_instance_config": [
                      {
                        "enable_integrity_monitoring": true,
                        "enable_secure_boot": false
                      }
                    ],
                    "spot": false,
                    "tags": [],
                    "taint": [],
                    "workload_metadata_config": []
                  }
                ],
                "node_count": 1,
                "node_locations": [
                  "europe-west3-a"
                ],
                "placement_policy": [],
                "upgrade_settings": [
                  {
                    "blue_green_settings": [],
                    "max_surge": 1,
                    "max_unavailable": 0,
                    "strategy": "SURGE"
                  }
                ],
                "version": "1.24.13-gke.500"
              }
            ],
            "node_pool_defaults": [
              {
                "node_config_defaults": [
                  {
                    "logging_variant": "DEFAULT"
                  }
                ]
              }
            ],
            "node_version": "1.24.13-gke.500",
            "notification_config": [
              {
                "pubsub": [
                  {
                    "enabled": false,
                    "filter": [],
                    "topic": ""
                  }
                ]
              }
            ],
            "operation": null,
            "private_cluster_config": [
              {
                "enable_private_endpoint": false,
                "enable_private_nodes": false,
                "master_global_access_config": [
                  {
                    "enabled": false
                  }
                ],
                "master_ipv4_cidr_block": "",
                "peering_name": "",
                "private_endpoint": "10.156.0.2",
                "private_endpoint_subnetwork": "",
                "public_endpoint": "34.89.223.248"
              }
            ],
            "private_ipv6_google_access": "",
            "project": "pg-xa-n-app-230466",
            "release_channel": [
              {
                "channel": "STABLE"
              }
            ],
            "remove_default_node_pool": null,
            "resource_labels": null,
            "resource_usage_export_config": [],
            "self_link": "https://container.googleapis.com/v1/projects/pg-xa-n-app-230466/zones/europe-west3-a/clusters/gke00429-non-compliant-cluster",
            "service_external_ips_config": [
              {
                "enabled": false
              }
            ],
            "services_ipv4_cidr": "10.123.240.0/20",
            "subnetwork": "projects/pg-xa-n-app-230466/regions/europe-west3/subnetworks/gke00429-network",
            "timeouts": null,
            "tpu_ipv4_cidr_block": "",
            "vertical_pod_autoscaling": [],
            "workload_identity_config": []
          },
          "sensitive_attributes": [],
          "private": "eyJlMmJmYjczMC1lY2FhLTExZTYtOGY4OC0zNDM2M2JjN2M0YzAiOnsiY3JlYXRlIjoyNDAwMDAwMDAwMDAwLCJkZWxldGUiOjI0MDAwMDAwMDAwMDAsInJlYWQiOjI0MDAwMDAwMDAwMDAsInVwZGF0ZSI6MzYwMDAwMDAwMDAwMH0sInNjaGVtYV92ZXJzaW9uIjoiMSJ9",
          "dependencies": [
            "data.google_container_engine_versions.gke00429_k8s_version",
            "google_compute_network.gke00429_network",
            "google_project_service.gke00429_services"
          ]
        }
      ]
    },
    {
      "mode": "managed",
      "type": "google_project_service",
      "name": "gke00429_services",
      "provider": "provider[\"registry.terraform.io/hashicorp/google\"]",
      "instances": [
        {
          "index_key": "container.googleapis.com",
          "schema_version": 0,
          "attributes": {
            "disable_dependent_services": null,
            "disable_on_destroy": false,
            "id": "pg-xa-n-app-230466/container.googleapis.com",
            "project": "pg-xa-n-app-230466",
            "service": "container.googleapis.com",
            "timeouts": null
          },
          "sensitive_attributes": [],
          "private": "eyJlMmJmYjczMC1lY2FhLTExZTYtOGY4OC0zNDM2M2JjN2M0YzAiOnsiY3JlYXRlIjoxMjAwMDAwMDAwMDAwLCJkZWxldGUiOjEyMDAwMDAwMDAwMDAsInJlYWQiOjYwMDAwMDAwMDAwMCwidXBkYXRlIjoxMjAwMDAwMDAwMDAwfX0="
        }
      ]
    },
    {
      "mode": "managed",
      "type": "kubectl_manifest",
      "name": "gke00429_compliant_psp",
      "provider": "provider[\"registry.terraform.io/gavinbunney/kubectl\"]",
      "instances": [
        {
          "schema_version": 1,
          "attributes": {
            "api_version": "policy/v1beta1",
            "apply_only": false,
            "force_conflicts": false,
            "force_new": false,
            "id": "/apis/policy/v1beta1/podsecuritypolicys/restricted",
            "ignore_fields": null,
            "kind": "PodSecurityPolicy",
            "live_manifest_incluster": "37779bed9c3480fad0155ddf166f0a2323c9e966676b169e528cb7fb9c652cf8",
            "live_uid": "fdeb3b2d-3f47-45e1-a4f6-92fe9fd311b7",
            "name": "restricted",
            "namespace": null,
            "override_namespace": null,
            "sensitive_fields": null,
            "server_side_apply": false,
            "timeouts": null,
            "uid": "fdeb3b2d-3f47-45e1-a4f6-92fe9fd311b7",
            "validate_schema": true,
            "wait": null,
            "wait_for_rollout": true,
            "yaml_body": "apiVersion: policy/v1beta1\nkind: PodSecurityPolicy\nmetadata:\n  name: restricted\nspec:\n  privileged: true\n  allowPrivilegeEscalation: true\n  allowedCapabilities: \n  - AUDIT_WRITE\n  - NET_ADMIN\n  requiredDropCapabilities:\n  - ALL\n  fsGroup:\n    rule: RunAsAny\n  runAsUser:\n    rule: RunAsAny\n  seLinux:\n    rule: RunAsAny\n  supplementalGroups:\n    rule: RunAsAny\n  hostPID: true\n  hostIPC: true\n  hostNetwork: true",
            "yaml_body_parsed": "apiVersion: policy/v1beta1\nkind: PodSecurityPolicy\nmetadata:\n  name: restricted\nspec:\n  allowPrivilegeEscalation: true\n  allowedCapabilities:\n  - AUDIT_WRITE\n  - NET_ADMIN\n  fsGroup:\n    rule: RunAsAny\n  hostIPC: true\n  hostNetwork: true\n  hostPID: true\n  privileged: true\n  requiredDropCapabilities:\n  - ALL\n  runAsUser:\n    rule: RunAsAny\n  seLinux:\n    rule: RunAsAny\n  supplementalGroups:\n    rule: RunAsAny\n",
            "yaml_incluster": "37779bed9c3480fad0155ddf166f0a2323c9e966676b169e528cb7fb9c652cf8"
          },
          "sensitive_attributes": [],
          "private": "eyJlMmJmYjczMC1lY2FhLTExZTYtOGY4OC0zNDM2M2JjN2M0YzAiOnsiY3JlYXRlIjo2MDAwMDAwMDAwMDB9LCJzY2hlbWFfdmVyc2lvbiI6IjEifQ==",
          "dependencies": [
            "data.google_client_config.default",
            "data.google_container_engine_versions.gke00429_k8s_version",
            "google_compute_network.gke00429_network",
            "google_container_cluster.gke00429_compliant_cluster",
            "google_project_service.gke00429_services"
          ]
        }
      ]
    }
  ],
  "check_results": null
}
