{
  "version": 4,
  "terraform_version": "1.4.4",
  "serial": 5,
  "lineage": "2d0152a2-9554-e5b1-69cb-90109abef691",
  "outputs": {},
  "resources": [
    {
      "mode": "managed",
      "type": "google_compute_network",
      "name": "gke00211_network",
      "provider": "provider[\"registry.terraform.io/hashicorp/google\"]",
      "instances": [
        {
          "schema_version": 0,
          "attributes": {
            "auto_create_subnetworks": true,
            "delete_default_routes_on_create": false,
            "description": "",
            "enable_ula_internal_ipv6": false,
            "gateway_ipv4": "",
            "id": "projects/pg-xa-n-app-230466/global/networks/gke00211-network",
            "internal_ipv6_range": "",
            "mtu": 0,
            "name": "gke00211-network",
            "network_firewall_policy_enforcement_order": "AFTER_CLASSIC_FIREWALL",
            "project": "pg-xa-n-app-230466",
            "routing_mode": "REGIONAL",
            "self_link": "https://www.googleapis.com/compute/v1/projects/pg-xa-n-app-230466/global/networks/gke00211-network",
            "timeouts": null
          },
          "sensitive_attributes": [],
          "private": "eyJlMmJmYjczMC1lY2FhLTExZTYtOGY4OC0zNDM2M2JjN2M0YzAiOnsiY3JlYXRlIjoxMjAwMDAwMDAwMDAwLCJkZWxldGUiOjEyMDAwMDAwMDAwMDAsInVwZGF0ZSI6MTIwMDAwMDAwMDAwMH19"
        }
      ]
    },
    {
      "mode": "managed",
      "type": "google_container_cluster",
      "name": "gke00211_compliant_cluster",
      "provider": "provider[\"registry.terraform.io/hashicorp/google\"]",
      "instances": [
        {
          "schema_version": 1,
          "attributes": {
            "addons_config": [
              {
                "cloudrun_config": [],
                "config_connector_config": [],
                "dns_cache_config": [],
                "gce_persistent_disk_csi_driver_config": [
                  {
                    "enabled": true
                  }
                ],
                "gcp_filestore_csi_driver_config": [],
                "gke_backup_agent_config": [],
                "horizontal_pod_autoscaling": [],
                "http_load_balancing": [],
                "network_policy_config": [
                  {
                    "disabled": true
                  }
                ]
              }
            ],
            "authenticator_groups_config": [],
            "binary_authorization": [
              {
                "enabled": false,
                "evaluation_mode": ""
              }
            ],
            "cluster_autoscaling": [
              {
                "auto_provisioning_defaults": [],
                "enabled": false,
                "resource_limits": []
              }
            ],
            "cluster_ipv4_cidr": "10.36.0.0/14",
            "confidential_nodes": [],
            "cost_management_config": [],
            "database_encryption": [
              {
                "key_name": "",
                "state": "DECRYPTED"
              }
            ],
            "datapath_provider": "",
            "default_max_pods_per_node": null,
            "default_snat_status": [
              {
                "disabled": false
              }
            ],
            "description": "",
            "dns_config": [],
            "enable_autopilot": false,
            "enable_binary_authorization": false,
            "enable_intranode_visibility": false,
            "enable_kubernetes_alpha": false,
            "enable_l4_ilb_subsetting": false,
            "enable_legacy_abac": false,
            "enable_shielded_nodes": true,
            "enable_tpu": false,
            "endpoint": "34.107.76.9",
            "gateway_api_config": [],
            "id": "projects/pg-xa-n-app-230466/locations/europe-west3-a/clusters/gke00211-compliant-cluster",
            "initial_node_count": 1,
            "ip_allocation_policy": [],
            "label_fingerprint": "a9dc16a7",
            "location": "europe-west3-a",
            "logging_config": [
              {
                "enable_components": [
                  "SYSTEM_COMPONENTS",
                  "WORKLOADS"
                ]
              }
            ],
            "logging_service": "logging.googleapis.com/kubernetes",
            "maintenance_policy": [],
            "master_auth": [
              {
                "client_certificate": "",
                "client_certificate_config": [
                  {
                    "issue_client_certificate": false
                  }
                ],
                "client_key": "",
                "cluster_ca_certificate": "LS0tLS1CRUdJTiBDRVJUSUZJQ0FURS0tLS0tCk1JSUVMVENDQXBXZ0F3SUJBZ0lSQUtZRWpPU2NyeUNpaWhaRkgyeDVYV1F3RFFZSktvWklodmNOQVFFTEJRQXcKTHpFdE1Dc0dBMVVFQXhNa01qQmhNR0pqWWpZdFpqZGtaUzAwTm1GbExXRXpZek10WXpVMU5UVXhNak13TW1WawpNQ0FYRFRJek1EWXhPVEE1TlRBMU1Gb1lEekl3TlRNd05qRXhNVEExTURVd1dqQXZNUzB3S3dZRFZRUURFeVF5Ck1HRXdZbU5pTmkxbU4yUmxMVFEyWVdVdFlUTmpNeTFqTlRVMU5URXlNekF5WldRd2dnR2lNQTBHQ1NxR1NJYjMKRFFFQkFRVUFBNElCandBd2dnR0tBb0lCZ1FDa1lrbDZNNjJVQlhLK0FveDI4K0MrOWJVSjl3TFY1bWYyVDBQRwpKVVI5R0oxNi9uNFA1aDFWVitLdHZQcVVOZXVHemZiR09aVUd5d1BDWkZyTGltelRtWlpQaFYzZVpsVHVHa01OCjc2YU1udDlGWHFiQ1F6cmNKME5sZDE0YnpEdHdlQklwb0lpL3lBd3JiaW1DWHFiV0dDK0ZNZFY1R2h5a1I3UmkKbnQxRGhManF4QllLYkdiV1Q5cHJHVlBLU1ZBdDkvN1d2dldVanNDTzk5Mm82QzI2b2NtYndQN3BJSURkbVN2bApuUkYzVlJlQTByamZxYm8rb2dHZk1IUENxSkdWZklQSElsK1VoMG5rdE84SHU4NDdzaGlEQW1ibEFzSE9MSlZxCjlhRklxTzNOR0VubUJQa1pBZjBYN0lRVmJRbXBGbXBPYXlLakl5azdLcUlGMGJsNEk5YXY0ZEt5VzJMSmd5b2kKMG9aY1VNd2V6OFZZOWl1ZWZHWlRMTzc5alorcHAyM2xoNUxFWHE3ZEhqc2pUTFZHNHNRc1ZiYWx6UjQ2MzhadgorbzFLcEZxa1NzNUxjUDNlbEZkdzVJOWZGRzd4RXVWUm9STDRiajNGVEl0NXFPTmVXVVgzUFR5WmZCczhISm1jCjh1eDZNS1pzVzRsdE55Z0R0cDJYcVh1OXN0MENBd0VBQWFOQ01FQXdEZ1lEVlIwUEFRSC9CQVFEQWdJRU1BOEcKQTFVZEV3RUIvd1FGTUFNQkFmOHdIUVlEVlIwT0JCWUVGSms4QUh1QXUxNGhJY2piZnEzL09FRnRKMjdYTUEwRwpDU3FHU0liM0RRRUJDd1VBQTRJQmdRQVUxSHZtQThPdnBoV3dtMjVJb0JGWkNMVUZQYkNUT0U4dng3OWhEWXJRCnNnUTJyM1BSdnYrRGxLNWRzM2F3SkxwS1d3alFNeVdLamYvOUlLQlNlQ3hGM0ZIeW0rYXpyQXhGNDVoZVJjU20Kbjc2amlOSG93dlRQT0cxWERnQ0daS0hEMDFZK0YvVG9rSFpGbFFxWk9UVmladE1ZR3FvR3ZYeHFJeVczbk5YSQptVXRGeTR2Z1dFUEpIWHo0MW9scFM0cmpYRy9YMENmaG42MmI4Qy9QakswUlBlR3NON2FkbGFIb2E1ME1reWx5CkIyQnlkN1VuQ3liemRCYVdwK3FpcjFKTk9NZ1ZPUE9NdVpiN3RDUUllWmcySDFKNkpwYjg5TVBqMWZxekROdmcKbm9CbHA1K2t1eU9JWCtNWHd2bFpvRzh3M3JTZmgwZ3A3cVQrYnQzSTNza3JxZS82ZW5pRWdzeUVXdGlHRUFiZAp6VGRjd05kSXpUczlZM1YrS0ROYmFxeEQ0RlJDdUFNQnMzSVpXOU0rYVBLYmZ1dnk3dWJTQVBmVmNGWUNRYUFmCkV1L0cxbGRQdml6OThwSzJEL1JnK1pKYjVnNzlPS0tBOVNFUy93WWFsWHE1dnZBTzhqOFhjMkIrZlBnd1VTeFMKNHo1VWpuejk4Yi91dTlrZzhNK2UvQ0E9Ci0tLS0tRU5EIENFUlRJRklDQVRFLS0tLS0K"
              }
            ],
            "master_authorized_networks_config": [],
            "master_version": "1.25.8-gke.500",
            "mesh_certificates": [],
            "min_master_version": null,
            "monitoring_config": [
              {
                "enable_components": [
                  "SYSTEM_COMPONENTS"
                ],
                "managed_prometheus": []
              }
            ],
            "monitoring_service": "monitoring.googleapis.com/kubernetes",
            "name": "gke00211-compliant-cluster",
            "network": "projects/pg-xa-n-app-230466/global/networks/gke00211-network",
            "network_policy": [
              {
                "enabled": false,
                "provider": "PROVIDER_UNSPECIFIED"
              }
            ],
            "networking_mode": "ROUTES",
            "node_config": [
              {
                "advanced_machine_features": [],
                "boot_disk_kms_key": "",
                "disk_size_gb": 100,
                "disk_type": "pd-balanced",
                "ephemeral_storage_local_ssd_config": [],
                "gcfs_config": [],
                "guest_accelerator": [],
                "gvnic": [],
                "image_type": "COS_CONTAINERD",
                "kubelet_config": [],
                "labels": {},
                "linux_node_config": [],
                "local_nvme_ssd_block_config": [],
                "local_ssd_count": 0,
                "logging_variant": "DEFAULT",
                "machine_type": "e2-small",
                "metadata": {
                  "disable-legacy-endpoints": "true"
                },
                "min_cpu_platform": "",
                "node_group": "",
                "oauth_scopes": [
                  "https://www.googleapis.com/auth/devstorage.read_only",
                  "https://www.googleapis.com/auth/logging.write",
                  "https://www.googleapis.com/auth/monitoring",
                  "https://www.googleapis.com/auth/service.management.readonly",
                  "https://www.googleapis.com/auth/servicecontrol",
                  "https://www.googleapis.com/auth/trace.append"
                ],
                "preemptible": true,
                "reservation_affinity": [],
                "resource_labels": null,
                "service_account": "default",
                "shielded_instance_config": [
                  {
                    "enable_integrity_monitoring": true,
                    "enable_secure_boot": false
                  }
                ],
                "spot": false,
                "tags": null,
                "taint": [],
                "workload_metadata_config": []
              }
            ],
            "node_locations": [],
            "node_pool": [
              {
                "autoscaling": [],
                "initial_node_count": 1,
                "instance_group_urls": [
                  "https://www.googleapis.com/compute/v1/projects/pg-xa-n-app-230466/zones/europe-west3-a/instanceGroupManagers/gke-gke00211-compliant-c-default-pool-59b48f1c-grp"
                ],
                "managed_instance_group_urls": [
                  "https://www.googleapis.com/compute/v1/projects/pg-xa-n-app-230466/zones/europe-west3-a/instanceGroups/gke-gke00211-compliant-c-default-pool-59b48f1c-grp"
                ],
                "management": [
                  {
                    "auto_repair": true,
                    "auto_upgrade": true
                  }
                ],
                "max_pods_per_node": 0,
                "name": "default-pool",
                "name_prefix": "",
                "network_config": [
                  {
                    "create_pod_range": false,
                    "enable_private_nodes": false,
                    "pod_cidr_overprovision_config": [],
                    "pod_ipv4_cidr_block": "",
                    "pod_range": ""
                  }
                ],
                "node_config": [
                  {
                    "advanced_machine_features": [],
                    "boot_disk_kms_key": "",
                    "disk_size_gb": 100,
                    "disk_type": "pd-balanced",
                    "ephemeral_storage_local_ssd_config": [],
                    "gcfs_config": [],
                    "guest_accelerator": [],
                    "gvnic": [],
                    "image_type": "COS_CONTAINERD",
                    "kubelet_config": [],
                    "labels": {},
                    "linux_node_config": [],
                    "local_nvme_ssd_block_config": [],
                    "local_ssd_count": 0,
                    "logging_variant": "DEFAULT",
                    "machine_type": "e2-small",
                    "metadata": {
                      "disable-legacy-endpoints": "true"
                    },
                    "min_cpu_platform": "",
                    "node_group": "",
                    "oauth_scopes": [
                      "https://www.googleapis.com/auth/devstorage.read_only",
                      "https://www.googleapis.com/auth/logging.write",
                      "https://www.googleapis.com/auth/monitoring",
                      "https://www.googleapis.com/auth/service.management.readonly",
                      "https://www.googleapis.com/auth/servicecontrol",
                      "https://www.googleapis.com/auth/trace.append"
                    ],
                    "preemptible": true,
                    "reservation_affinity": [],
                    "resource_labels": {},
                    "service_account": "default",
                    "shielded_instance_config": [
                      {
                        "enable_integrity_monitoring": true,
                        "enable_secure_boot": false
                      }
                    ],
                    "spot": false,
                    "tags": [],
                    "taint": [],
                    "workload_metadata_config": []
                  }
                ],
                "node_count": 1,
                "node_locations": [
                  "europe-west3-a"
                ],
                "placement_policy": [],
                "upgrade_settings": [
                  {
                    "blue_green_settings": [],
                    "max_surge": 1,
                    "max_unavailable": 0,
                    "strategy": "SURGE"
                  }
                ],
                "version": "1.25.8-gke.500"
              }
            ],
            "node_pool_defaults": [
              {
                "node_config_defaults": [
                  {
                    "logging_variant": "DEFAULT"
                  }
                ]
              }
            ],
            "node_version": "1.25.8-gke.500",
            "notification_config": [
              {
                "pubsub": [
                  {
                    "enabled": false,
                    "filter": [],
                    "topic": ""
                  }
                ]
              }
            ],
            "operation": null,
            "private_cluster_config": [
              {
                "enable_private_endpoint": false,
                "enable_private_nodes": false,
                "master_global_access_config": [
                  {
                    "enabled": false
                  }
                ],
                "master_ipv4_cidr_block": "",
                "peering_name": "",
                "private_endpoint": "10.156.0.2",
                "private_endpoint_subnetwork": "",
                "public_endpoint": "34.107.76.9"
              }
            ],
            "private_ipv6_google_access": "",
            "project": "pg-xa-n-app-230466",
            "release_channel": [
              {
                "channel": "REGULAR"
              }
            ],
            "remove_default_node_pool": null,
            "resource_labels": null,
            "resource_usage_export_config": [],
            "self_link": "https://container.googleapis.com/v1/projects/pg-xa-n-app-230466/zones/europe-west3-a/clusters/gke00211-compliant-cluster",
            "service_external_ips_config": [
              {
                "enabled": false
              }
            ],
            "services_ipv4_cidr": "10.39.240.0/20",
            "subnetwork": "projects/pg-xa-n-app-230466/regions/europe-west3/subnetworks/gke00211-network",
            "timeouts": null,
            "tpu_ipv4_cidr_block": "",
            "vertical_pod_autoscaling": [],
            "workload_identity_config": []
          },
          "sensitive_attributes": [],
          "private": "eyJlMmJmYjczMC1lY2FhLTExZTYtOGY4OC0zNDM2M2JjN2M0YzAiOnsiY3JlYXRlIjoyNDAwMDAwMDAwMDAwLCJkZWxldGUiOjI0MDAwMDAwMDAwMDAsInJlYWQiOjI0MDAwMDAwMDAwMDAsInVwZGF0ZSI6MzYwMDAwMDAwMDAwMH0sInNjaGVtYV92ZXJzaW9uIjoiMSJ9",
          "dependencies": [
            "google_compute_network.gke00211_network",
            "google_project_service.gke00211_services"
          ]
        }
      ]
    },
    {
      "mode": "managed",
      "type": "google_container_cluster",
      "name": "gke00211_non_compliant_cluster",
      "provider": "provider[\"registry.terraform.io/hashicorp/google\"]",
      "instances": [
        {
          "schema_version": 1,
          "attributes": {
            "addons_config": [
              {
                "cloudrun_config": [],
                "config_connector_config": [],
                "dns_cache_config": [],
                "gce_persistent_disk_csi_driver_config": [
                  {
                    "enabled": true
                  }
                ],
                "gcp_filestore_csi_driver_config": [],
                "gke_backup_agent_config": [],
                "horizontal_pod_autoscaling": [],
                "http_load_balancing": [],
                "network_policy_config": [
                  {
                    "disabled": true
                  }
                ]
              }
            ],
            "authenticator_groups_config": [],
            "binary_authorization": [
              {
                "enabled": false,
                "evaluation_mode": ""
              }
            ],
            "cluster_autoscaling": [
              {
                "auto_provisioning_defaults": [],
                "enabled": false,
                "resource_limits": []
              }
            ],
            "cluster_ipv4_cidr": "10.0.0.0/14",
            "confidential_nodes": [],
            "cost_management_config": [],
            "database_encryption": [
              {
                "key_name": "",
                "state": "DECRYPTED"
              }
            ],
            "datapath_provider": "",
            "default_max_pods_per_node": null,
            "default_snat_status": [
              {
                "disabled": false
              }
            ],
            "description": "",
            "dns_config": [],
            "enable_autopilot": false,
            "enable_binary_authorization": false,
            "enable_intranode_visibility": false,
            "enable_kubernetes_alpha": false,
            "enable_l4_ilb_subsetting": false,
            "enable_legacy_abac": false,
            "enable_shielded_nodes": true,
            "enable_tpu": false,
            "endpoint": "35.246.243.173",
            "gateway_api_config": [],
            "id": "projects/pg-xa-n-app-230466/locations/europe-west3-a/clusters/gke00211-non-compliant-cluster",
            "initial_node_count": 1,
            "ip_allocation_policy": [],
            "label_fingerprint": "a9dc16a7",
            "location": "europe-west3-a",
            "logging_config": [
              {
                "enable_components": [
                  "SYSTEM_COMPONENTS",
                  "WORKLOADS"
                ]
              }
            ],
            "logging_service": "logging.googleapis.com/kubernetes",
            "maintenance_policy": [],
            "master_auth": [
              {
                "client_certificate": "LS0tLS1CRUdJTiBDRVJUSUZJQ0FURS0tLS0tCk1JSURvVENDQWdtZ0F3SUJBZ0lSQVBkaTJORU5US2NNMGd2aDVmZE5WTVV3RFFZSktvWklodmNOQVFFTEJRQXcKTHpFdE1Dc0dBMVVFQXhNa056VXpOemhoTkdJdFlXUmxaQzAwTWpNMExXRmlaVFV0WWpVNVlUVm1ZVE16TlRaaQpNQjRYRFRJek1EWXhPVEV3TkRnMU1Wb1hEVEk0TURZeE56RXdOVEExTVZvd0VURVBNQTBHQTFVRUF4TUdZMnhwClpXNTBNSUlCSWpBTkJna3Foa2lHOXcwQkFRRUZBQU9DQVE4QU1JSUJDZ0tDQVFFQXJRR2VpVS95UG43WU1JS1oKUElDeUgrMnRka1N4Tk5wNk5zQmIxMlZWeWRFNFgrUDMxOHBRVVNxeVM4VnlnQUc5M1JlQ2FpbFpzMzBocVhmdgplU0YvQzRZcWpubG9FSmIrNUEyTnpRQllzcms1aFV1RWJSUlBycEgxdjVHRkxiUXdIVFpQcjhJSnQzS2M4c2VoCitVdTRtenQ5SWgxUUVGa0RnK0c3TDFNL3c1d3EyYlRiclRtNlhpbHVhUWQrRnZQaDBwNFlBVnVUSXIyVEgrTGsKUVVGV1duNk55UzZUZU1aZURhQVJ5WHRRb0s1YWROR3N0Tk1QZ1lNQUs4eE1wc2JkelV3TTVZdlprdWg4Q1ZLNQpxalkxeUtwcS9tV2QzTERBR00xOHdSeE9tQ0NBZk9rS1VTTkdqc0tyRmx4WnQ5S1V1WjgxZW1Udml3VFpldkRaCndFZzdUd0lEQVFBQm8xWXdWREFPQmdOVkhROEJBZjhFQkFNQ0JhQXdFd1lEVlIwbEJBd3dDZ1lJS3dZQkJRVUgKQXdJd0RBWURWUjBUQVFIL0JBSXdBREFmQmdOVkhTTUVHREFXZ0JUSEtWQ1pXL0lPYldraDJXbUw1dlMwYzl1VwozekFOQmdrcWhraUc5dzBCQVFzRkFBT0NBWUVBTW5iZVVZYWVtNnZ6ZFhOdXNxK2o2U3VjR0JCRTEvajV4RGc2CmJ0YndZcWpYY0t5WE1SMDEwVkFBelBLSzJmSGRpZjYzTGxIY3pnK0pwandHY1pwS0ZyTDRHcm56cTcvUlJTSEEKczlMdWIzeU1EakV5ak10VjhFY3RqVU5BS0tDNjR0eVh4eXpKZjlkbGRpS1pLbXhvNVRiWDNaYWpvaUxJRjdQYwpoNGxOblpoU0FDOUV1Y1VVUnlETkl5bTZwN3AvWjgxNUhpVlBLS01za2t2anBQZk9lVzFSL3M5TGl4RjlBWmdDCjQvTGF5bWg4cjlWTUhuZ0MySk5DVUVMWGxaVGZ3dUx4R3VMdzJBU3hMQTJVWmlldkp4UEpxRVNROTZPL200c2UKSTJob2xaeE5NNnRIUG5DSjROVmFmUHA2R2RUNXE2aG1iRDZwNVlKL0Ntc3hOQ0plTE9hbUU0azJOK1pwUkI5OApIdlVVZTdkaGYrNHAxdTRHQ2lsNHFmZWxEeFhlWkdXTG15ZnhvclZhaHVzQ2pRSWtPWkJtckxFSDV0aGFPZWdiCm14VEdvV0pHTE9idDRGbEt1UHBaczlOTmtxajVYY1BzUDYxclR5czlKMmJrcEJlK0VaclJwaDBDdjFETVBxZWUKSFBiRVByY1M0YnFDSHhDdGZVT2ZHRUdCVlk2ZAotLS0tLUVORCBDRVJUSUZJQ0FURS0tLS0tCg==",
                "client_certificate_config": [
                  {
                    "issue_client_certificate": true
                  }
                ],
                "client_key": "LS0tLS1CRUdJTiBSU0EgUFJJVkFURSBLRVktLS0tLQpNSUlFb3dJQkFBS0NBUUVBclFHZWlVL3lQbjdZTUlLWlBJQ3lIKzJ0ZGtTeE5OcDZOc0JiMTJWVnlkRTRYK1AzCjE4cFFVU3F5UzhWeWdBRzkzUmVDYWlsWnMzMGhxWGZ2ZVNGL0M0WXFqbmxvRUpiKzVBMk56UUJZc3JrNWhVdUUKYlJSUHJwSDF2NUdGTGJRd0hUWlByOElKdDNLYzhzZWgrVXU0bXp0OUloMVFFRmtEZytHN0wxTS93NXdxMmJUYgpyVG02WGlsdWFRZCtGdlBoMHA0WUFWdVRJcjJUSCtMa1FVRldXbjZOeVM2VGVNWmVEYUFSeVh0UW9LNWFkTkdzCnROTVBnWU1BSzh4TXBzYmR6VXdNNVl2Wmt1aDhDVks1cWpZMXlLcHEvbVdkM0xEQUdNMTh3UnhPbUNDQWZPa0sKVVNOR2pzS3JGbHhadDlLVXVaODFlbVR2aXdUWmV2RFp3RWc3VHdJREFRQUJBb0lCQUFnYnROSHJxTWRNQzViTwpjQjhaU3YvYkZFK2dMWXYwRjFrOGo3RmJJdmVuOGhQd2E3dTExQ2pScnZTRkp2WWYzc1dmWmZIU3lVenp0dUdwCjZOUE5BWmJKTFhKcTl6a2Iwb3RlcFVBdjNYaFczUDdGeU1tUjg2QVRZQ2lmeWRXWUJjOUFyZUJuWUN3MFYyMjcKZEhocUY1ZFM1T3oxNGJ3Nlo4TkZENUJLdndqTVU1N3FRWHhvQlBGMTBScXpuelo3R1RabmRUT3ZNRHZpZG1JZgovS0RheWpnN3dIUkZmMDhpMEcrT2xXeGZSaysvd2UxQmRNNEx6VksvL2pqMjdHSXZXTVY4a29TazNNQlI2Z0dqCnUybjlDUURuTGp6UG1SQlBYQlhyNjBZUFh4Ymt5bnpMWmtaUlVuSTluWEM2bGgyeE9yNWRJdmp4TW1hMVpucjQKNmxnUUd1a0NnWUVBNHp6QUdWODFyMmhSVmtlQk9xMHgxaHVCQUx3aVJEZGlKSkd0MHM0a1hzTVU4NXJqZ3I2dwozM1RUUUxrb2JhRnNCb0R1OFJHa2lNN1U3bWRCbkZhR2RPczJhYzVtQTVUSGNSVHhsbHpKaDVPT0Qvdmh1TUNCCm5TZEZTUUpYQTEvUmJUZzFwclFhNGZqU1U1WG1nMEtmMHpnRU4wTFFZb1pLamt4YUlRTndnVWtDZ1lFQXd1ZWEKZ0tmU1ZzUWJKRGIzcWZhQlJPUWJWTzl0YUNyWjQzRTJvWEhUL2FIVlVBQUtMRTI1QStFYUZMUVZmSVVtYndvUQowWmxoSzVodzVTT1dOQWpETDBNOUJLRkRlWFppaHJoa041N21maDhYZ25tc1hzM2kxMU1NS21sK3BSWmxqQktUCnRpYUJZLzgrRnVFWlN6N0pIbmpTaEFZa05saDNXYkhwRld2VmI5Y0NnWUJXb1gxMjdzWlB4Z3hrUVVSeU16OHgKcWpDbk1CSThRWVVIL2dYdnZTaytlMDhNaER0Q1NDSzBQaHlmcXpkUGZGL3JwdEh4VTlHUFdwTHhCS3FOeUtyZgovaUF6ZkQyR0ZmMW5EaDRBUGdXU3kxMDRtTVY0SXVRSEhzYWFTK3NTWFVCQlRGR2Y2VC9xY0dyMjlNbjV0cmVwCjFjdzlxUm82eFltODhEellJekNNQ1FLQmdRQ1lFdHZUYko1S3d1S21oQmtEeldtWmxoM1pUS05oOXFWaHVGRTIKOExqR21rSDFGTUxiUkoyS2NGWElONmJZTEpBTGJhQW4yblFkN3VpUGNRL2VjOFBQbWJmL1o5QmM4a2ozOHVHSApJSDJaaEtyMFMvbDVVMDJlVXBjWWRJMnpRK0ZoeEpEcU8rc1RXZkZaS3JOd3FZR0ZQQ0tOanJrc2lpUTlvUHBMCms0TEtxd0tCZ0YrdUFnOEZQUkt2YUYybDlRU1ZkVkk4L0x2M2lrOFJBOThya2dCR3p3TC9uUzROY1RENUlhakwKdlpnc3VFblg3aFpEL0tvM2tSMFJxVWpYeFQycHpHcmIzeitoZWsvMmNhTWJiMy8xODBBMnI4OTJzYWV2ZDhmdwpFZEE0RjhUTDFPQm1pdjNQdWJaWUVEeDRQMzZNVWFFc2F4MmJBSm9XNm1NZ0hRVktibmx3Ci0tLS0tRU5EIFJTQSBQUklWQVRFIEtFWS0tLS0tCg==",
                "cluster_ca_certificate": "LS0tLS1CRUdJTiBDRVJUSUZJQ0FURS0tLS0tCk1JSUVMRENDQXBTZ0F3SUJBZ0lRZEFLVkJaRXc1Q0RSK1NOVVJlNndwREFOQmdrcWhraUc5dzBCQVFzRkFEQXYKTVMwd0t3WURWUVFERXlRM05UTTNPR0UwWWkxaFpHVmtMVFF5TXpRdFlXSmxOUzFpTlRsaE5XWmhNek0xTm1JdwpJQmNOTWpNd05qRTVNRGsxTURVd1doZ1BNakExTXpBMk1URXhNRFV3TlRCYU1DOHhMVEFyQmdOVkJBTVRKRGMxCk16YzRZVFJpTFdGa1pXUXROREl6TkMxaFltVTFMV0kxT1dFMVptRXpNelUyWWpDQ0FhSXdEUVlKS29aSWh2Y04KQVFFQkJRQURnZ0dQQURDQ0FZb0NnZ0dCQUtuaXJ2TStSTXlyOTVNUlVhWnczeEdqTVh2dGdJeFB1Z2QxcHZKNwp1U0U1Yy96VXFOdk1lbEY2SmUzd3NCbmFaVVduR3pQQ2JLb3UvcWQ2MzJXRlZaaUpmbHFNamFsV0gwWEtnbHl6CmwxbWVuZmJQdUQ1MFFERzIybnVOd3RwbVVyVU14eXV0dW9JaFoxc0RVTlJIblVHRDY3VTgvUS8vMVF2L0lnbS8KUTZPUjJSdDA3SVEwREJMTFlDcDBrK3ZYV0xVc3dFdXJZaXN6VG5aUmdvdkQrQW5tY1lhdm1NeFZWWm9XTUxkWApWaE1vZW44L0VVTUlUZlZ1bkMyaHQxTFdFQUhyVERxLzZNKzhXT1JmdkR5NHRSdlF2cDFGeW1JWDlnQWROVzVhClNFTXZNZDI5aTlSc1FYU1R5amtTL2FTZVRTNks1L0FaMkIrbnc4Y1grT1E4d1ErMHdIQm9SbkZwdXAwY3JiQmoKY052TjFaaytWK2xVMzZRK3lsT2xkbFlwcW51N1pZSG5pSW1qaDRxdXdSQ2pmUGM4S3RCTGhEd0lrTFpKaDh1Ygo3TDNORklWck9yNW0zV2NJV0NYbW1BSkVjOFk0dDU1NVR0QnlGbG0reS81QU5HdENXaEtKSnhtUGlqMU50bk9QCitEM1QzajFia3l1RGU3T2E1Z0xQSkdWcnB3SURBUUFCbzBJd1FEQU9CZ05WSFE4QkFmOEVCQU1DQWdRd0R3WUQKVlIwVEFRSC9CQVV3QXdFQi96QWRCZ05WSFE0RUZnUVV4eWxRbVZ2eURtMXBJZGxwaStiMHRIUGJsdDh3RFFZSgpLb1pJaHZjTkFRRUxCUUFEZ2dHQkFFc0xGcEVnc1hrbzlYcjc3elcxV1RYZjJtVFNuSEtqQWU3MFhTcU8yZCtRCmM5Q2g1THZOVkVscFdrS2p6eWpoUlFaYkZSSUtWM1QzTFozZ3EyV3FqLy9PNVJXcGUybHlwNmxHQzJoYmpxRmQKb3hPYm9OSkxreHpqRzVxRncvZlg3WkVXQVlPcEI3aE5hSkhwa0ZpRTFORXpwS1FtdC9aajhWZkZLQ29jYzdaeQovTDV3UU8vNFNDaWFKQzdwazEvUDRTenFndGlHMzZoVHV2YlVYdkh6SzBjVnJDWG1UY2tIL0JRdHkvcFEzOFUrCnJ2Wm9zVTNXaEFqaVA4UitSdm9MSHZUNmpIdytQQldUVTd2UWtrVDVOV2tncTlJNnY4bU1xN2tzaVV1cDJQN0UKaUVVN1VJRlhSQ1c1ZnA0Ry9Sa2FGWVJPYnlVNEVjVS9GakxjNFIzQjFIMjRRdEZZQTVQWXFTWWc1VEowZ1VUaAowNTdidjdUcysycXg0aHM5K080VW5FaGJXUEROenpvWmsyQmN0dDRoTWdiZytKSGpnL0hMQ3N1cHRNMzhpMTVrCm9DcmFRbDVkY2Y1eEF1b0hMYm5tbDZyMG1rRjdxakJ0ckFVQU1JMTlGZXVZSTVQNFNUYjNnYmtkcXZVaklXZysKRVJIUHRacXZ6UVFqSktYdmdIcWFNdz09Ci0tLS0tRU5EIENFUlRJRklDQVRFLS0tLS0K"
              }
            ],
            "master_authorized_networks_config": [],
            "master_version": "1.25.8-gke.500",
            "mesh_certificates": [],
            "min_master_version": null,
            "monitoring_config": [
              {
                "enable_components": [
                  "SYSTEM_COMPONENTS"
                ],
                "managed_prometheus": []
              }
            ],
            "monitoring_service": "monitoring.googleapis.com/kubernetes",
            "name": "gke00211-non-compliant-cluster",
            "network": "projects/pg-xa-n-app-230466/global/networks/gke00211-network",
            "network_policy": [
              {
                "enabled": false,
                "provider": "PROVIDER_UNSPECIFIED"
              }
            ],
            "networking_mode": "ROUTES",
            "node_config": [
              {
                "advanced_machine_features": [],
                "boot_disk_kms_key": "",
                "disk_size_gb": 100,
                "disk_type": "pd-balanced",
                "ephemeral_storage_local_ssd_config": [],
                "gcfs_config": [],
                "guest_accelerator": [],
                "gvnic": [],
                "image_type": "COS_CONTAINERD",
                "kubelet_config": [],
                "labels": {},
                "linux_node_config": [],
                "local_nvme_ssd_block_config": [],
                "local_ssd_count": 0,
                "logging_variant": "DEFAULT",
                "machine_type": "e2-small",
                "metadata": {
                  "disable-legacy-endpoints": "true"
                },
                "min_cpu_platform": "",
                "node_group": "",
                "oauth_scopes": [
                  "https://www.googleapis.com/auth/devstorage.read_only",
                  "https://www.googleapis.com/auth/logging.write",
                  "https://www.googleapis.com/auth/monitoring",
                  "https://www.googleapis.com/auth/service.management.readonly",
                  "https://www.googleapis.com/auth/servicecontrol",
                  "https://www.googleapis.com/auth/trace.append"
                ],
                "preemptible": true,
                "reservation_affinity": [],
                "resource_labels": null,
                "service_account": "default",
                "shielded_instance_config": [
                  {
                    "enable_integrity_monitoring": true,
                    "enable_secure_boot": false
                  }
                ],
                "spot": false,
                "tags": null,
                "taint": [],
                "workload_metadata_config": []
              }
            ],
            "node_locations": [],
            "node_pool": [
              {
                "autoscaling": [],
                "initial_node_count": 1,
                "instance_group_urls": [
                  "https://www.googleapis.com/compute/v1/projects/pg-xa-n-app-230466/zones/europe-west3-a/instanceGroupManagers/gke-gke00211-non-complia-default-pool-e634887c-grp"
                ],
                "managed_instance_group_urls": [
                  "https://www.googleapis.com/compute/v1/projects/pg-xa-n-app-230466/zones/europe-west3-a/instanceGroups/gke-gke00211-non-complia-default-pool-e634887c-grp"
                ],
                "management": [
                  {
                    "auto_repair": true,
                    "auto_upgrade": true
                  }
                ],
                "max_pods_per_node": 0,
                "name": "default-pool",
                "name_prefix": "",
                "network_config": [
                  {
                    "create_pod_range": false,
                    "enable_private_nodes": false,
                    "pod_cidr_overprovision_config": [],
                    "pod_ipv4_cidr_block": "",
                    "pod_range": ""
                  }
                ],
                "node_config": [
                  {
                    "advanced_machine_features": [],
                    "boot_disk_kms_key": "",
                    "disk_size_gb": 100,
                    "disk_type": "pd-balanced",
                    "ephemeral_storage_local_ssd_config": [],
                    "gcfs_config": [],
                    "guest_accelerator": [],
                    "gvnic": [],
                    "image_type": "COS_CONTAINERD",
                    "kubelet_config": [],
                    "labels": {},
                    "linux_node_config": [],
                    "local_nvme_ssd_block_config": [],
                    "local_ssd_count": 0,
                    "logging_variant": "DEFAULT",
                    "machine_type": "e2-small",
                    "metadata": {
                      "disable-legacy-endpoints": "true"
                    },
                    "min_cpu_platform": "",
                    "node_group": "",
                    "oauth_scopes": [
                      "https://www.googleapis.com/auth/devstorage.read_only",
                      "https://www.googleapis.com/auth/logging.write",
                      "https://www.googleapis.com/auth/monitoring",
                      "https://www.googleapis.com/auth/service.management.readonly",
                      "https://www.googleapis.com/auth/servicecontrol",
                      "https://www.googleapis.com/auth/trace.append"
                    ],
                    "preemptible": true,
                    "reservation_affinity": [],
                    "resource_labels": {},
                    "service_account": "default",
                    "shielded_instance_config": [
                      {
                        "enable_integrity_monitoring": true,
                        "enable_secure_boot": false
                      }
                    ],
                    "spot": false,
                    "tags": [],
                    "taint": [],
                    "workload_metadata_config": []
                  }
                ],
                "node_count": 1,
                "node_locations": [
                  "europe-west3-a"
                ],
                "placement_policy": [],
                "upgrade_settings": [
                  {
                    "blue_green_settings": [],
                    "max_surge": 1,
                    "max_unavailable": 0,
                    "strategy": "SURGE"
                  }
                ],
                "version": "1.25.8-gke.500"
              }
            ],
            "node_pool_defaults": [
              {
                "node_config_defaults": [
                  {
                    "logging_variant": "DEFAULT"
                  }
                ]
              }
            ],
            "node_version": "1.25.8-gke.500",
            "notification_config": [
              {
                "pubsub": [
                  {
                    "enabled": false,
                    "filter": [],
                    "topic": ""
                  }
                ]
              }
            ],
            "operation": null,
            "private_cluster_config": [
              {
                "enable_private_endpoint": false,
                "enable_private_nodes": false,
                "master_global_access_config": [
                  {
                    "enabled": false
                  }
                ],
                "master_ipv4_cidr_block": "",
                "peering_name": "",
                "private_endpoint": "10.156.0.3",
                "private_endpoint_subnetwork": "",
                "public_endpoint": "35.246.243.173"
              }
            ],
            "private_ipv6_google_access": "",
            "project": "pg-xa-n-app-230466",
            "release_channel": [
              {
                "channel": "REGULAR"
              }
            ],
            "remove_default_node_pool": null,
            "resource_labels": null,
            "resource_usage_export_config": [],
            "self_link": "https://container.googleapis.com/v1/projects/pg-xa-n-app-230466/zones/europe-west3-a/clusters/gke00211-non-compliant-cluster",
            "service_external_ips_config": [
              {
                "enabled": false
              }
            ],
            "services_ipv4_cidr": "10.3.240.0/20",
            "subnetwork": "projects/pg-xa-n-app-230466/regions/europe-west3/subnetworks/gke00211-network",
            "timeouts": null,
            "tpu_ipv4_cidr_block": "",
            "vertical_pod_autoscaling": [],
            "workload_identity_config": []
          },
          "sensitive_attributes": [],
          "private": "eyJlMmJmYjczMC1lY2FhLTExZTYtOGY4OC0zNDM2M2JjN2M0YzAiOnsiY3JlYXRlIjoyNDAwMDAwMDAwMDAwLCJkZWxldGUiOjI0MDAwMDAwMDAwMDAsInJlYWQiOjI0MDAwMDAwMDAwMDAsInVwZGF0ZSI6MzYwMDAwMDAwMDAwMH0sInNjaGVtYV92ZXJzaW9uIjoiMSJ9",
          "dependencies": [
            "google_compute_network.gke00211_network",
            "google_project_service.gke00211_services"
          ]
        }
      ]
    },
    {
      "mode": "managed",
      "type": "google_project_service",
      "name": "gke00211_services",
      "provider": "provider[\"registry.terraform.io/hashicorp/google\"]",
      "instances": [
        {
          "index_key": "container.googleapis.com",
          "schema_version": 0,
          "attributes": {
            "disable_dependent_services": null,
            "disable_on_destroy": false,
            "id": "pg-xa-n-app-230466/container.googleapis.com",
            "project": "pg-xa-n-app-230466",
            "service": "container.googleapis.com",
            "timeouts": null
          },
          "sensitive_attributes": [],
          "private": "eyJlMmJmYjczMC1lY2FhLTExZTYtOGY4OC0zNDM2M2JjN2M0YzAiOnsiY3JlYXRlIjoxMjAwMDAwMDAwMDAwLCJkZWxldGUiOjEyMDAwMDAwMDAwMDAsInJlYWQiOjYwMDAwMDAwMDAwMCwidXBkYXRlIjoxMjAwMDAwMDAwMDAwfX0="
        }
      ]
    }
  ],
  "check_results": null
}
