{
  "version": 4,
  "terraform_version": "1.4.4",
  "serial": 29,
  "lineage": "06e9f3ec-b67f-b8cc-3ad6-3e3ec4a576c1",
  "outputs": {},
  "resources": [
    {
      "mode": "managed",
      "type": "google_sql_database_instance",
      "name": "compliant-gcppostgreswithoutml011",
      "provider": "provider[\"registry.terraform.io/hashicorp/google\"]",
      "instances": [
        {
          "schema_version": 0,
          "attributes": {
            "available_maintenance_versions": [],
            "clone": [],
            "connection_name": "pg-xa-n-app-230466:europe-west3:compliant-gcppostgreswithoutml011",
            "database_version": "POSTGRES_14",
            "deletion_protection": false,
            "encryption_key_name": null,
            "first_ip_address": "34.107.26.134",
            "id": "compliant-gcppostgreswithoutml011",
            "instance_type": "CLOUD_SQL_INSTANCE",
            "ip_address": [
              {
                "ip_address": "34.107.26.134",
                "time_to_retire": "",
                "type": "PRIMARY"
              },
              {
                "ip_address": "34.159.113.131",
                "time_to_retire": "",
                "type": "OUTGOING"
              }
            ],
            "maintenance_version": "POSTGRES_14_5.R20230316.02_02",
            "master_instance_name": "",
            "name": "compliant-gcppostgreswithoutml011",
            "private_ip_address": "",
            "project": "pg-xa-n-app-230466",
            "public_ip_address": "34.107.26.134",
            "region": "europe-west3",
            "replica_configuration": [],
            "restore_backup_context": [],
            "root_password": null,
            "self_link": "https://sqladmin.googleapis.com/sql/v1beta4/projects/pg-xa-n-app-230466/instances/compliant-gcppostgreswithoutml011",
            "server_ca_cert": [
              {
                "cert": "-----BEGIN CERTIFICATE-----\nMIIDfzCCAmegAwIBAgIBADANBgkqhkiG9w0BAQsFADB3MS0wKwYDVQQuEyQ4ZjVl\nZjgzNC03ODlmLTRiYTUtOTY3OS00ODYxMjNkYTdmNDIxIzAhBgNVBAMTGkdvb2ds\nZSBDbG91ZCBTUUwgU2VydmVyIENBMRQwEgYDVQQKEwtHb29nbGUsIEluYzELMAkG\nA1UEBhMCVVMwHhcNMjMwNTAyMDgzMTU4WhcNMzMwNDI5MDgzMjU4WjB3MS0wKwYD\nVQQuEyQ4ZjVlZjgzNC03ODlmLTRiYTUtOTY3OS00ODYxMjNkYTdmNDIxIzAhBgNV\nBAMTGkdvb2dsZSBDbG91ZCBTUUwgU2VydmVyIENBMRQwEgYDVQQKEwtHb29nbGUs\nIEluYzELMAkGA1UEBhMCVVMwggEiMA0GCSqGSIb3DQEBAQUAA4IBDwAwggEKAoIB\nAQCi6MdkkwiIEKkB7y6RzW8F6gmkypVN151BdWLwgTKJat3Aklp43XFbyx+i2WQn\nNHD/+/DkWTLdMlWoUEuAyYDsmmjV6VYed8TFd9cTZp5Rn+j/vUCPvszexRgvohWB\naKZFlOSs6NdhaZAY4FUrzeH9FEfMRTUgVQocvIynpSkeWm5YusY/f0dO2vHmxR+5\nx+zWuTTXbjSoHIb4w2s9CSNA0K2miRb5vrS/RGBVTaRd9lMptQiy4qcEDZW0QfHc\nKFDP3qptrzA0B392BvjL7YfZOq0WwCbzBvnniVWXeQq3jLu6ghgMqpQOw7UcUHsr\niiRu2IgTs79v6tud5F4yiF5BAgMBAAGjFjAUMBIGA1UdEwEB/wQIMAYBAf8CAQAw\nDQYJKoZIhvcNAQELBQADggEBAIqONPLZec/9OsWBoccMTGzmnF/aorHwecB2kEE9\ny3KDy1qf1Fv6ho/vnn5BzzHUE3gS4e41rNL4GnJm379WVjpxzAtwr9wXmhL70eNr\nYf+btNuaNm6AS/OTvEfOJytO+0KHjtZudNHuVGDeFRX2GIl6iRpP/yIs5WKPpAP+\n2+muXN2ikg8cXpuFScwNR0e0tElAy4cTjdXm9KWpy6gqIsgQyp7t4Rh5ijs5uXu2\nH6jdOyWZrE5O6BFxprkeqWU5VncUz6JmcHjrl5oeRjQ6Vtusfb+YrSoK0WWXI9WZ\n45Ym4ywXzxcn9HlcBOEYbxhBYyuHSyBNAZpmGEY44CwLko0=\n-----END CERTIFICATE-----",
                "common_name": "C=US,O=Google\\, Inc,CN=Google Cloud SQL Server CA,dnQualifier=8f5ef834-789f-4ba5-9679-486123da7f42",
                "create_time": "2023-05-02T08:31:58.022Z",
                "expiration_time": "2033-04-29T08:32:58.022Z",
                "sha1_fingerprint": "b53e75df0447041f3302d735f58110fc5840ae93"
              }
            ],
            "service_account_email_address": "p624568095157-8ronnt@gcp-sa-cloud-sql.iam.gserviceaccount.com",
            "settings": [
              {
                "activation_policy": "ALWAYS",
                "active_directory_config": [],
                "availability_type": "ZONAL",
                "backup_configuration": [
                  {
                    "backup_retention_settings": [
                      {
                        "retained_backups": 7,
                        "retention_unit": "COUNT"
                      }
                    ],
                    "binary_log_enabled": false,
                    "enabled": false,
                    "location": "",
                    "point_in_time_recovery_enabled": false,
                    "start_time": "21:00",
                    "transaction_log_retention_days": 7
                  }
                ],
                "collation": "",
                "connector_enforcement": "NOT_REQUIRED",
                "database_flags": [
                  {
                    "name": "log_error_verbosity",
                    "value": "default"
                  },
                  {
                    "name": "log_disconnections",
                    "value": "on"
                  },
                  {
                    "name": "log_statement",
                    "value": "ddl"
                  },
                  {
                    "name": "log_min_messages",
                    "value": "warning"
                  },
                  {
                    "name": "log_min_error_statement",
                    "value": "error"
                  },
                  {
                    "name": "log_min_duration_statement",
                    "value": "-1"
                  },
                  {
                    "name": "cloudsql.enable_pgaudit",
                    "value": "on"
                  }
                ],
                "deletion_protection_enabled": false,
                "deny_maintenance_period": [],
                "disk_autoresize": true,
                "disk_autoresize_limit": 0,
                "disk_size": 10,
                "disk_type": "PD_SSD",
                "insights_config": [],
                "ip_configuration": [
                  {
                    "allocated_ip_range": "",
                    "authorized_networks": [],
                    "enable_private_path_for_google_cloud_services": false,
                    "ipv4_enabled": true,
                    "private_network": "",
                    "require_ssl": false
                  }
                ],
                "location_preference": [
                  {
                    "follow_gae_application": "",
                    "secondary_zone": "",
                    "zone": "europe-west3-b"
                  }
                ],
                "maintenance_window": [],
                "password_validation_policy": [],
                "pricing_plan": "PER_USE",
                "sql_server_audit_config": [],
                "tier": "db-f1-micro",
                "time_zone": "",
                "user_labels": {},
                "version": 1
              }
            ],
            "timeouts": null
          },
          "sensitive_attributes": [],
          "private": "eyJlMmJmYjczMC1lY2FhLTExZTYtOGY4OC0zNDM2M2JjN2M0YzAiOnsiY3JlYXRlIjoyNDAwMDAwMDAwMDAwLCJkZWxldGUiOjE4MDAwMDAwMDAwMDAsInVwZGF0ZSI6MTgwMDAwMDAwMDAwMH19"
        }
      ]
    },
    {
      "mode": "managed",
      "type": "google_sql_database_instance",
      "name": "not-compliant-gcppostgreswithoutml011",
      "provider": "provider[\"registry.terraform.io/hashicorp/google\"]",
      "instances": [
        {
          "schema_version": 0,
          "attributes": {
            "available_maintenance_versions": [],
            "clone": [],
            "connection_name": "pg-xa-n-app-230466:europe-west3:not-compliant-gcppostgreswithoutml011",
            "database_version": "POSTGRES_14",
            "deletion_protection": false,
            "encryption_key_name": null,
            "first_ip_address": "35.246.213.168",
            "id": "not-compliant-gcppostgreswithoutml011",
            "instance_type": "CLOUD_SQL_INSTANCE",
            "ip_address": [
              {
                "ip_address": "35.246.213.168",
                "time_to_retire": "",
                "type": "PRIMARY"
              },
              {
                "ip_address": "35.234.71.175",
                "time_to_retire": "",
                "type": "OUTGOING"
              }
            ],
            "maintenance_version": "POSTGRES_14_5.R20230316.02_02",
            "master_instance_name": "",
            "name": "not-compliant-gcppostgreswithoutml011",
            "private_ip_address": "",
            "project": "pg-xa-n-app-230466",
            "public_ip_address": "35.246.213.168",
            "region": "europe-west3",
            "replica_configuration": [],
            "restore_backup_context": [],
            "root_password": null,
            "self_link": "https://sqladmin.googleapis.com/sql/v1beta4/projects/pg-xa-n-app-230466/instances/not-compliant-gcppostgreswithoutml011",
            "server_ca_cert": [
              {
                "cert": "-----BEGIN CERTIFICATE-----\nMIIDfzCCAmegAwIBAgIBADANBgkqhkiG9w0BAQsFADB3MS0wKwYDVQQuEyQ5NDYz\nNDIxNy0wMDc4LTQ2ODktYWVmZi0wZWIxYjg4MWM4NDUxIzAhBgNVBAMTGkdvb2ds\nZSBDbG91ZCBTUUwgU2VydmVyIENBMRQwEgYDVQQKEwtHb29nbGUsIEluYzELMAkG\nA1UEBhMCVVMwHhcNMjMwNTAyMDgzMjAyWhcNMzMwNDI5MDgzMzAyWjB3MS0wKwYD\nVQQuEyQ5NDYzNDIxNy0wMDc4LTQ2ODktYWVmZi0wZWIxYjg4MWM4NDUxIzAhBgNV\nBAMTGkdvb2dsZSBDbG91ZCBTUUwgU2VydmVyIENBMRQwEgYDVQQKEwtHb29nbGUs\nIEluYzELMAkGA1UEBhMCVVMwggEiMA0GCSqGSIb3DQEBAQUAA4IBDwAwggEKAoIB\nAQCQNbEyrDv2l9NGiLGxZXMtSnakC/GvJk7jVvlGuczSm0KC3bLI4tNS8Gch1huf\nhycOOIWrBZjhDzcamTjDqYTbJr57XTFQykdAE3F1M7Aqr5mw3LcKECoF0XeXN4zq\n+u3y8IxMRTwu8d/PA15uy3kp2PEFYUgSpoX+cn7LXDmFlVhLWRcXa2Wqp6YB76GP\nETlE7GVtd3l+tnWjjVeR+3trynUShQl5K5WWjk1JDj/YsJGYBjr7E2V3nnSrl3bd\nixHArmnv4ruG0nRE62GLC6HcdINTx1bTRhyiCjnjE2SNiAsQ85gAxm4oRyTXyBxg\nM+p6C69ukZ7L8BGu5e6eyIShAgMBAAGjFjAUMBIGA1UdEwEB/wQIMAYBAf8CAQAw\nDQYJKoZIhvcNAQELBQADggEBAGNnsYDh4bZKtTMIyKund+Crad9hU1VqtFx0lltQ\nuB8ZFzegpoJlqk9eLsFg0FVfwiApzEz3ejFCh62V0yCvSKHHVMn3xKG+INbfffJR\nTVd4EwQfw7kB2ApCFiho0lov99T4NBp04Nd0Egddv+dwSjc93QmjTJcCswutxok0\ntIG0jnCTdkZgcCnFACuu5h7O3qpDXFKm3KFqlWWim5/aiRuYO4o8cqjfFL2oBTCU\na3H0wx2q8Nk3SnQ/8MnunF+t6D2y531AcGMLE8Pyby7aTsS6QLV7km2UM+Njz3P+\nLe8/3oCVBktOhf696Ep5iVUfyOt1vlZG6SYKxjc4w+RuPZE=\n-----END CERTIFICATE-----",
                "common_name": "C=US,O=Google\\, Inc,CN=Google Cloud SQL Server CA,dnQualifier=94634217-0078-4689-aeff-0eb1b881c845",
                "create_time": "2023-05-02T08:32:02.725Z",
                "expiration_time": "2033-04-29T08:33:02.725Z",
                "sha1_fingerprint": "e946347cc99d8f1acdba15cdc58272172efe8bba"
              }
            ],
            "service_account_email_address": "p624568095157-1x2d7r@gcp-sa-cloud-sql.iam.gserviceaccount.com",
            "settings": [
              {
                "activation_policy": "ALWAYS",
                "active_directory_config": [],
                "availability_type": "ZONAL",
                "backup_configuration": [
                  {
                    "backup_retention_settings": [
                      {
                        "retained_backups": 7,
                        "retention_unit": "COUNT"
                      }
                    ],
                    "binary_log_enabled": false,
                    "enabled": false,
                    "location": "",
                    "point_in_time_recovery_enabled": false,
                    "start_time": "21:00",
                    "transaction_log_retention_days": 7
                  }
                ],
                "collation": "",
                "connector_enforcement": "NOT_REQUIRED",
                "database_flags": [
                  {
                    "name": "log_error_verbosity",
                    "value": "terse"
                  },
                  {
                    "name": "log_disconnections",
                    "value": "off"
                  },
                  {
                    "name": "log_statement",
                    "value": "none"
                  },
                  {
                    "name": "log_min_messages",
                    "value": "notice"
                  },
                  {
                    "name": "log_min_error_statement",
                    "value": "notice"
                  },
                  {
                    "name": "log_min_duration_statement",
                    "value": "1000"
                  },
                  {
                    "name": "cloudsql.enable_pgaudit",
                    "value": "off"
                  }
                ],
                "deletion_protection_enabled": false,
                "deny_maintenance_period": [],
                "disk_autoresize": true,
                "disk_autoresize_limit": 0,
                "disk_size": 10,
                "disk_type": "PD_SSD",
                "insights_config": [],
                "ip_configuration": [
                  {
                    "allocated_ip_range": "",
                    "authorized_networks": [],
                    "enable_private_path_for_google_cloud_services": false,
                    "ipv4_enabled": true,
                    "private_network": "",
                    "require_ssl": false
                  }
                ],
                "location_preference": [
                  {
                    "follow_gae_application": "",
                    "secondary_zone": "",
                    "zone": "europe-west3-b"
                  }
                ],
                "maintenance_window": [],
                "password_validation_policy": [],
                "pricing_plan": "PER_USE",
                "sql_server_audit_config": [],
                "tier": "db-f1-micro",
                "time_zone": "",
                "user_labels": {},
                "version": 1
              }
            ],
            "timeouts": null
          },
          "sensitive_attributes": [],
          "private": "eyJlMmJmYjczMC1lY2FhLTExZTYtOGY4OC0zNDM2M2JjN2M0YzAiOnsiY3JlYXRlIjoyNDAwMDAwMDAwMDAwLCJkZWxldGUiOjE4MDAwMDAwMDAwMDAsInVwZGF0ZSI6MTgwMDAwMDAwMDAwMH19"
        }
      ]
    }
  ],
  "check_results": null
}
