{
  "version": 4,
  "terraform_version": "1.4.4",
  "serial": 4,
  "lineage": "9ceb5367-3ce5-a3cd-9e8d-2ceeb8fdaaa7",
  "outputs": {},
  "resources": [
    {
      "mode": "managed",
      "type": "google_compute_network",
      "name": "gke00313_network",
      "provider": "provider[\"registry.terraform.io/hashicorp/google\"]",
      "instances": [
        {
          "schema_version": 0,
          "attributes": {
            "auto_create_subnetworks": true,
            "delete_default_routes_on_create": false,
            "description": "",
            "enable_ula_internal_ipv6": false,
            "gateway_ipv4": "",
            "id": "projects/pg-xa-n-app-230466/global/networks/gke00313-network",
            "internal_ipv6_range": "",
            "mtu": 0,
            "name": "gke00313-network",
            "network_firewall_policy_enforcement_order": "AFTER_CLASSIC_FIREWALL",
            "project": "pg-xa-n-app-230466",
            "routing_mode": "REGIONAL",
            "self_link": "https://www.googleapis.com/compute/v1/projects/pg-xa-n-app-230466/global/networks/gke00313-network",
            "timeouts": null
          },
          "sensitive_attributes": [],
          "private": "eyJlMmJmYjczMC1lY2FhLTExZTYtOGY4OC0zNDM2M2JjN2M0YzAiOnsiY3JlYXRlIjoxMjAwMDAwMDAwMDAwLCJkZWxldGUiOjEyMDAwMDAwMDAwMDAsInVwZGF0ZSI6MTIwMDAwMDAwMDAwMH19"
        }
      ]
    },
    {
      "mode": "managed",
      "type": "google_container_cluster",
      "name": "gke00313_non_compliant_cluster",
      "provider": "provider[\"registry.terraform.io/hashicorp/google\"]",
      "instances": [
        {
          "schema_version": 1,
          "attributes": {
            "addons_config": [
              {
                "cloudrun_config": [],
                "config_connector_config": [],
                "dns_cache_config": [],
                "gce_persistent_disk_csi_driver_config": [
                  {
                    "enabled": true
                  }
                ],
                "gcp_filestore_csi_driver_config": [],
                "gke_backup_agent_config": [],
                "horizontal_pod_autoscaling": [],
                "http_load_balancing": [],
                "network_policy_config": [
                  {
                    "disabled": true
                  }
                ]
              }
            ],
            "authenticator_groups_config": [],
            "binary_authorization": [
              {
                "enabled": false,
                "evaluation_mode": ""
              }
            ],
            "cluster_autoscaling": [
              {
                "auto_provisioning_defaults": [],
                "enabled": false,
                "resource_limits": []
              }
            ],
            "cluster_ipv4_cidr": "10.108.0.0/14",
            "confidential_nodes": [],
            "cost_management_config": [],
            "database_encryption": [
              {
                "key_name": "",
                "state": "DECRYPTED"
              }
            ],
            "datapath_provider": "",
            "default_max_pods_per_node": null,
            "default_snat_status": [
              {
                "disabled": false
              }
            ],
            "description": "",
            "dns_config": [],
            "enable_autopilot": false,
            "enable_binary_authorization": false,
            "enable_intranode_visibility": false,
            "enable_kubernetes_alpha": false,
            "enable_l4_ilb_subsetting": false,
            "enable_legacy_abac": false,
            "enable_shielded_nodes": true,
            "enable_tpu": false,
            "endpoint": "35.198.147.60",
            "gateway_api_config": [],
            "id": "projects/pg-xa-n-app-230466/locations/europe-west3-a/clusters/gke00313-non-compliant-cluster",
            "initial_node_count": 3,
            "ip_allocation_policy": [],
            "label_fingerprint": "a9dc16a7",
            "location": "europe-west3-a",
            "logging_config": [
              {
                "enable_components": [
                  "SYSTEM_COMPONENTS",
                  "WORKLOADS"
                ]
              }
            ],
            "logging_service": "logging.googleapis.com/kubernetes",
            "maintenance_policy": [],
            "master_auth": [
              {
                "client_certificate": "",
                "client_certificate_config": [
                  {
                    "issue_client_certificate": false
                  }
                ],
                "client_key": "",
                "cluster_ca_certificate": "LS0tLS1CRUdJTiBDRVJUSUZJQ0FURS0tLS0tCk1JSUVMRENDQXBTZ0F3SUJBZ0lRWlMxKzVuNndRWGJZTzhkbm5GdklEVEFOQmdrcWhraUc5dzBCQVFzRkFEQXYKTVMwd0t3WURWUVFERXlRME5EQmxNRFJrTVMxbU1EbG1MVFEyTkdJdE9EUmlZaTFrWXpOaE1XVTNPVFl3TldJdwpJQmNOTWpNd05qSXlNVEF6TlRVeFdoZ1BNakExTXpBMk1UUXhNVE0xTlRGYU1DOHhMVEFyQmdOVkJBTVRKRFEwCk1HVXdOR1F4TFdZd09XWXRORFkwWWkwNE5HSmlMV1JqTTJFeFpUYzVOakExWWpDQ0FhSXdEUVlKS29aSWh2Y04KQVFFQkJRQURnZ0dQQURDQ0FZb0NnZ0dCQUxTaG91K1BKSXFiSkxBeVV5SW0rOC9aL3RDdGdYSWs0OVFSMmdrRQpsU2Y1NXBIbkxKQUlrNWs1eDBpYUVzck1YTEgyZEd1Y0xHYTFodHJOait2R0xxS09lV3o1OFlIOUhhNWpObmdkCnZ3WkwxZzJxdE0yS2tJZU91cllUL3hZTVVhTHFGb3NIRk1VWExNd3lhNC9BUTlRQk5kdnBlT0Z2dzNUZ3lTcDMKRG9mTFRCQlcrZ2dmQU5wMFFFeFJuNmlSVWhYNHBaVDBCYkZRdEEreU51Skt1SlBLL0RiZDNncXRUc3YySWtXawpJem9rbHlXNG1Ua2syUWRDYlExMDE0WC9IeFQrdmpmZVNPSW53QVVVVVpPTEZ3RDRXNjRGME9Eb1RSb2FBUVY1CjlGL1RPdEljSktGT25LRUJuNkJaamE4Q3FSSENxVUgrM21DbTZpZWJtOGYwQnJDVTJaWUdQclIramRjWGNCZk8KV2MzR0Y2aFpsaUJVZkZ5aytOZWk5YjV1aUp2cC9xZlMySG0vdVF6ajJTMG5PMlA4Y0JUTTF4KzJTTlRPaFZvRwp6ajFvcllTdmxzQzRVSU5sUnB5NHMwYXBkVTJHOU5DdGFRTUQrNW8yQW81UENGZGk2ZVE4ZVlvZkRUZDM3U1ZvCmRmL2Z0QVV3ZkNERUpGZDNSdnc4QmxKKzFRSURBUUFCbzBJd1FEQU9CZ05WSFE4QkFmOEVCQU1DQWdRd0R3WUQKVlIwVEFRSC9CQVV3QXdFQi96QWRCZ05WSFE0RUZnUVVTNFFuanhFWTRndUxJKzdVekFmNk8vcEtQSlF3RFFZSgpLb1pJaHZjTkFRRUxCUUFEZ2dHQkFHaUdpZXk1eHVpeStjalRVYWVOL294ejBYMlpxYkIwWGwrcVVLYWsyc0w1CitGQXphN1Bwc2h2SnZ5Wmh4SlRVRFNIZG9zazRlYzFMQ2lPRi9RLzhES2NrM3VUdk9sTU8rVWJ0ZWpVYm0xRTAKaU5iWnVmNTVIM0hyNndDRGRQUk5laGNxdVc1NitCL1BiL3RSN3JtV1F0MlJHQ01wYlpvcmwyZVRMSEZCVmFocwowYmJHQlQrSjV2ZzN5S0dNOS9COFdmUlhXRWZJQnVENmtIOCsycHpROXIvd0Fzc0xKYkhqN2xtZUpXbFBna1JVCjY5bmdFRHFHSmx2MGV2ZUI2UWd0YlNMemRMaTFEcXJZdXdZbWRBZmVDN1dFYWw0Qm94NnpCTGRiOFFZOFJwZjAKN2dZREdBNXJ0eElJUE5nRFo1Y0J3aXpUNk0vQlh6dlpXaVY3SUwzS2hVY1NDUEtQdjdnWlVsTzc2T2owbjNubApncGpjaFFNZmpneG9QQXdGRGJlRUt0eGFZWXBZUURreGhWSkM2eU5WS3RDbXJQNUFIWnJ1TUZzckcvdjJhV0JtCnlGSUwyS3VqRXNMV3lGdWs5emljMTJ1QXRGVEQ4L3l6Z0VrNlZqLzI1WWRwWStRS1hQVGswVDR2Tm1iU1ZJemIKOW02MURoeFVDU3dkbFJqeUgwVjNIUT09Ci0tLS0tRU5EIENFUlRJRklDQVRFLS0tLS0K"
              }
            ],
            "master_authorized_networks_config": [],
            "master_version": "1.25.8-gke.500",
            "mesh_certificates": [],
            "min_master_version": null,
            "monitoring_config": [
              {
                "enable_components": [
                  "SYSTEM_COMPONENTS"
                ],
                "managed_prometheus": []
              }
            ],
            "monitoring_service": "monitoring.googleapis.com/kubernetes",
            "name": "gke00313-non-compliant-cluster",
            "network": "projects/pg-xa-n-app-230466/global/networks/gke00313-network",
            "network_policy": [
              {
                "enabled": false,
                "provider": "PROVIDER_UNSPECIFIED"
              }
            ],
            "networking_mode": "ROUTES",
            "node_config": [
              {
                "advanced_machine_features": [],
                "boot_disk_kms_key": "",
                "disk_size_gb": 100,
                "disk_type": "pd-balanced",
                "ephemeral_storage_local_ssd_config": [],
                "gcfs_config": [],
                "guest_accelerator": [],
                "gvnic": [],
                "image_type": "COS_CONTAINERD",
                "kubelet_config": [],
                "labels": {},
                "linux_node_config": [],
                "local_nvme_ssd_block_config": [],
                "local_ssd_count": 0,
                "logging_variant": "DEFAULT",
                "machine_type": "e2-small",
                "metadata": {
                  "disable-legacy-endpoints": "true"
                },
                "min_cpu_platform": "",
                "node_group": "",
                "oauth_scopes": [
                  "https://www.googleapis.com/auth/devstorage.read_only",
                  "https://www.googleapis.com/auth/logging.write",
                  "https://www.googleapis.com/auth/monitoring",
                  "https://www.googleapis.com/auth/service.management.readonly",
                  "https://www.googleapis.com/auth/servicecontrol",
                  "https://www.googleapis.com/auth/trace.append"
                ],
                "preemptible": true,
                "reservation_affinity": [],
                "resource_labels": null,
                "service_account": "default",
                "shielded_instance_config": [
                  {
                    "enable_integrity_monitoring": true,
                    "enable_secure_boot": false
                  }
                ],
                "sole_tenant_config": [],
                "spot": false,
                "tags": null,
                "taint": [],
                "workload_metadata_config": []
              }
            ],
            "node_locations": [],
            "node_pool": [
              {
                "autoscaling": [],
                "initial_node_count": 3,
                "instance_group_urls": [
                  "https://www.googleapis.com/compute/v1/projects/pg-xa-n-app-230466/zones/europe-west3-a/instanceGroupManagers/gke-gke00313-non-complia-default-pool-34b6af7c-grp"
                ],
                "managed_instance_group_urls": [
                  "https://www.googleapis.com/compute/v1/projects/pg-xa-n-app-230466/zones/europe-west3-a/instanceGroups/gke-gke00313-non-complia-default-pool-34b6af7c-grp"
                ],
                "management": [
                  {
                    "auto_repair": true,
                    "auto_upgrade": true
                  }
                ],
                "max_pods_per_node": 0,
                "name": "default-pool",
                "name_prefix": "",
                "network_config": [
                  {
                    "create_pod_range": false,
                    "enable_private_nodes": false,
                    "pod_cidr_overprovision_config": [],
                    "pod_ipv4_cidr_block": "",
                    "pod_range": ""
                  }
                ],
                "node_config": [
                  {
                    "advanced_machine_features": [],
                    "boot_disk_kms_key": "",
                    "disk_size_gb": 100,
                    "disk_type": "pd-balanced",
                    "ephemeral_storage_local_ssd_config": [],
                    "gcfs_config": [],
                    "guest_accelerator": [],
                    "gvnic": [],
                    "image_type": "COS_CONTAINERD",
                    "kubelet_config": [],
                    "labels": {},
                    "linux_node_config": [],
                    "local_nvme_ssd_block_config": [],
                    "local_ssd_count": 0,
                    "logging_variant": "DEFAULT",
                    "machine_type": "e2-small",
                    "metadata": {
                      "disable-legacy-endpoints": "true"
                    },
                    "min_cpu_platform": "",
                    "node_group": "",
                    "oauth_scopes": [
                      "https://www.googleapis.com/auth/devstorage.read_only",
                      "https://www.googleapis.com/auth/logging.write",
                      "https://www.googleapis.com/auth/monitoring",
                      "https://www.googleapis.com/auth/service.management.readonly",
                      "https://www.googleapis.com/auth/servicecontrol",
                      "https://www.googleapis.com/auth/trace.append"
                    ],
                    "preemptible": true,
                    "reservation_affinity": [],
                    "resource_labels": {},
                    "service_account": "default",
                    "shielded_instance_config": [
                      {
                        "enable_integrity_monitoring": true,
                        "enable_secure_boot": false
                      }
                    ],
                    "sole_tenant_config": [],
                    "spot": false,
                    "tags": [],
                    "taint": [],
                    "workload_metadata_config": []
                  }
                ],
                "node_count": 3,
                "node_locations": [
                  "europe-west3-a"
                ],
                "placement_policy": [],
                "upgrade_settings": [
                  {
                    "blue_green_settings": [],
                    "max_surge": 1,
                    "max_unavailable": 0,
                    "strategy": "SURGE"
                  }
                ],
                "version": "1.25.8-gke.500"
              }
            ],
            "node_pool_defaults": [
              {
                "node_config_defaults": [
                  {
                    "logging_variant": "DEFAULT"
                  }
                ]
              }
            ],
            "node_version": "1.25.8-gke.500",
            "notification_config": [
              {
                "pubsub": [
                  {
                    "enabled": false,
                    "filter": [],
                    "topic": ""
                  }
                ]
              }
            ],
            "operation": null,
            "private_cluster_config": [
              {
                "enable_private_endpoint": false,
                "enable_private_nodes": false,
                "master_global_access_config": [
                  {
                    "enabled": false
                  }
                ],
                "master_ipv4_cidr_block": "",
                "peering_name": "",
                "private_endpoint": "10.156.0.2",
                "private_endpoint_subnetwork": "",
                "public_endpoint": "35.198.147.60"
              }
            ],
            "private_ipv6_google_access": "",
            "project": "pg-xa-n-app-230466",
            "release_channel": [
              {
                "channel": "REGULAR"
              }
            ],
            "remove_default_node_pool": null,
            "resource_labels": null,
            "resource_usage_export_config": [],
            "self_link": "https://container.googleapis.com/v1/projects/pg-xa-n-app-230466/zones/europe-west3-a/clusters/gke00313-non-compliant-cluster",
            "service_external_ips_config": [
              {
                "enabled": false
              }
            ],
            "services_ipv4_cidr": "10.111.240.0/20",
            "subnetwork": "projects/pg-xa-n-app-230466/regions/europe-west3/subnetworks/gke00313-network",
            "timeouts": null,
            "tpu_ipv4_cidr_block": "",
            "vertical_pod_autoscaling": [],
            "workload_identity_config": []
          },
          "sensitive_attributes": [],
          "private": "eyJlMmJmYjczMC1lY2FhLTExZTYtOGY4OC0zNDM2M2JjN2M0YzAiOnsiY3JlYXRlIjoyNDAwMDAwMDAwMDAwLCJkZWxldGUiOjI0MDAwMDAwMDAwMDAsInJlYWQiOjI0MDAwMDAwMDAwMDAsInVwZGF0ZSI6MzYwMDAwMDAwMDAwMH0sInNjaGVtYV92ZXJzaW9uIjoiMSJ9",
          "dependencies": [
            "google_compute_network.gke00313_network",
            "google_project_service.gke00313_services"
          ]
        }
      ]
    },
    {
      "mode": "managed",
      "type": "google_project_service",
      "name": "gke00313_services",
      "provider": "provider[\"registry.terraform.io/hashicorp/google\"]",
      "instances": [
        {
          "index_key": "container.googleapis.com",
          "schema_version": 0,
          "attributes": {
            "disable_dependent_services": null,
            "disable_on_destroy": false,
            "id": "pg-xa-n-app-230466/container.googleapis.com",
            "project": "pg-xa-n-app-230466",
            "service": "container.googleapis.com",
            "timeouts": null
          },
          "sensitive_attributes": [],
          "private": "eyJlMmJmYjczMC1lY2FhLTExZTYtOGY4OC0zNDM2M2JjN2M0YzAiOnsiY3JlYXRlIjoxMjAwMDAwMDAwMDAwLCJkZWxldGUiOjEyMDAwMDAwMDAwMDAsInJlYWQiOjYwMDAwMDAwMDAwMCwidXBkYXRlIjoxMjAwMDAwMDAwMDAwfX0="
        }
      ]
    }
  ],
  "check_results": null
}
