{
  "version": 4,
  "terraform_version": "1.4.4",
  "serial": 17,
  "lineage": "699ebd69-f2bf-747f-30fa-c8bea17a1cf9",
  "outputs": {},
  "resources": [
    {
      "mode": "data",
      "type": "google_client_config",
      "name": "default",
      "provider": "provider[\"registry.terraform.io/hashicorp/google\"]",
      "instances": [
        {
          "schema_version": 0,
          "attributes": {
            "access_token": "ya29.c.b0Aaekm1KWGBa4uGphmFY03aI2kUm_-0EXtscpi2UcSbmLBmR2OLxX7LxBLr6xkjkSIIhRh0w_hnNW3qPntmJZsO72ePSvv6YyqmwIKMUbNvE4762GDL56b29YhVMAwJXSLlaUv6TTgVkdDPDq4g8zTztd09lh__b_oTmCULLWPZivT93dw6rSSP5wTSNh5NCKs_LvLBO5fj2L8PFUMgB9giuWPJPWjfXoi6Cd6xdO_puumM1Xn_lsgG22zTzpEo5yaNX-Knmm0yaqjDdKn64wTi6f6DS-U43sqsaYDhPpKMpJfQQE-irom8AVksqe2WDbHiB4xNHAtjqGL341KzWumgqhgJRzunbIe5wmVfSrwpUgSY8axavlxrU9B2uaua44ikUrOBX-4StSZ4aF1s_mg5SBuhJzhcaYc4lYxf9o0Qkxnrk8cwayeVr7I6VQf9ryM_505v5SIpbqQwhwX41gU4ZhlViaYyywtq0nOf-q-YUY542vvMd0er4_bO_vxc1aspi18BZ74v7wBsQZftUhViBp0md_SZFsYXMUnuZuUgeBQIrQ6UBR7brVvY8UaBfJmsxsB0wXs6On5Y1ybaWRXlUZs7XhxUa5IQImbI9uMsv16eyredFUsvMJpwJ6qbkQY178bY-nYzg25wXWVVWttZwjXqkUMZ9nWRUbMqwWawmFW2Mk9owiaoQj-umR2zOlqXF4rhWj6y5Isj2ds4QO9VBgzjSanoFqnkaz0aVYIkXpnmpi4gXdQVY_2hOU-vxwkax5rnfaneS_68qXkr6qQ6_VSeg1lVoVmV6tIyixS2oci-yjaJpZ8U2c4mV5IF0upO3yOnX5gByv45VItoZVJ6YgURSo0wZ8RV3MxYY2M61eIaf-IcU4bXmm251i_W17W55da_paWIqJBtcsxQ0hquSkfw5jOh8pxpcB9gs0cXncRBJsJ1oelrIyOZFO-BYOXjajbatSbrZjUmr0Wu0kwps727_-FJvl-qm_3m9iX_Rwoc7JBIOd05B",
            "id": "projects/\"pg-xa-n-app-230466\"/regions/\u003cnull\u003e/zones/\u003cnull\u003e",
            "project": "pg-xa-n-app-230466",
            "region": null,
            "zone": null
          },
          "sensitive_attributes": []
        }
      ]
    },
    {
      "mode": "managed",
      "type": "google_compute_global_address",
      "name": "gke00568_global_static_ip_address",
      "provider": "provider[\"registry.terraform.io/hashicorp/google\"]",
      "instances": [
        {
          "schema_version": 0,
          "attributes": {
            "address": "34.36.166.17",
            "address_type": "EXTERNAL",
            "creation_timestamp": "2023-06-13T00:36:59.236-07:00",
            "description": "",
            "id": "projects/pg-xa-n-app-230466/global/addresses/gke00568-global-static-ip",
            "ip_version": "",
            "name": "gke00568-global-static-ip",
            "network": "",
            "prefix_length": 0,
            "project": "pg-xa-n-app-230466",
            "purpose": "",
            "self_link": "https://www.googleapis.com/compute/v1/projects/pg-xa-n-app-230466/global/addresses/gke00568-global-static-ip",
            "timeouts": null
          },
          "sensitive_attributes": [],
          "private": "eyJlMmJmYjczMC1lY2FhLTExZTYtOGY4OC0zNDM2M2JjN2M0YzAiOnsiY3JlYXRlIjoxMjAwMDAwMDAwMDAwLCJkZWxldGUiOjEyMDAwMDAwMDAwMDB9fQ=="
        }
      ]
    },
    {
      "mode": "managed",
      "type": "google_compute_network",
      "name": "gke00568_network",
      "provider": "provider[\"registry.terraform.io/hashicorp/google\"]",
      "instances": [
        {
          "schema_version": 0,
          "attributes": {
            "auto_create_subnetworks": true,
            "delete_default_routes_on_create": false,
            "description": "",
            "enable_ula_internal_ipv6": false,
            "gateway_ipv4": "",
            "id": "projects/pg-xa-n-app-230466/global/networks/gke00568-network",
            "internal_ipv6_range": "",
            "mtu": 0,
            "name": "gke00568-network",
            "network_firewall_policy_enforcement_order": "AFTER_CLASSIC_FIREWALL",
            "project": "pg-xa-n-app-230466",
            "routing_mode": "REGIONAL",
            "self_link": "https://www.googleapis.com/compute/v1/projects/pg-xa-n-app-230466/global/networks/gke00568-network",
            "timeouts": null
          },
          "sensitive_attributes": [],
          "private": "eyJlMmJmYjczMC1lY2FhLTExZTYtOGY4OC0zNDM2M2JjN2M0YzAiOnsiY3JlYXRlIjoxMjAwMDAwMDAwMDAwLCJkZWxldGUiOjEyMDAwMDAwMDAwMDAsInVwZGF0ZSI6MTIwMDAwMDAwMDAwMH19"
        }
      ]
    },
    {
      "mode": "managed",
      "type": "google_container_cluster",
      "name": "gke00568_compliant_cluster",
      "provider": "provider[\"registry.terraform.io/hashicorp/google\"]",
      "instances": [
        {
          "schema_version": 1,
          "attributes": {
            "addons_config": [
              {
                "cloudrun_config": [],
                "config_connector_config": [],
                "dns_cache_config": [],
                "gce_persistent_disk_csi_driver_config": [
                  {
                    "enabled": true
                  }
                ],
                "gcp_filestore_csi_driver_config": [],
                "gke_backup_agent_config": [],
                "horizontal_pod_autoscaling": [],
                "http_load_balancing": [],
                "network_policy_config": [
                  {
                    "disabled": true
                  }
                ]
              }
            ],
            "authenticator_groups_config": [],
            "binary_authorization": [
              {
                "enabled": false,
                "evaluation_mode": ""
              }
            ],
            "cluster_autoscaling": [
              {
                "auto_provisioning_defaults": [],
                "enabled": false,
                "resource_limits": []
              }
            ],
            "cluster_ipv4_cidr": "10.84.0.0/14",
            "confidential_nodes": [],
            "cost_management_config": [],
            "database_encryption": [
              {
                "key_name": "",
                "state": "DECRYPTED"
              }
            ],
            "datapath_provider": "",
            "default_max_pods_per_node": null,
            "default_snat_status": [
              {
                "disabled": false
              }
            ],
            "description": "",
            "dns_config": [],
            "enable_autopilot": false,
            "enable_binary_authorization": false,
            "enable_intranode_visibility": false,
            "enable_kubernetes_alpha": false,
            "enable_l4_ilb_subsetting": false,
            "enable_legacy_abac": false,
            "enable_shielded_nodes": true,
            "enable_tpu": false,
            "endpoint": "35.246.186.84",
            "gateway_api_config": [],
            "id": "projects/pg-xa-n-app-230466/locations/europe-west3-a/clusters/gke00568-compliant-cluster",
            "initial_node_count": 1,
            "ip_allocation_policy": [],
            "label_fingerprint": "a9dc16a7",
            "location": "europe-west3-a",
            "logging_config": [
              {
                "enable_components": [
                  "SYSTEM_COMPONENTS",
                  "WORKLOADS"
                ]
              }
            ],
            "logging_service": "logging.googleapis.com/kubernetes",
            "maintenance_policy": [],
            "master_auth": [
              {
                "client_certificate": "",
                "client_certificate_config": [
                  {
                    "issue_client_certificate": false
                  }
                ],
                "client_key": "",
                "cluster_ca_certificate": "LS0tLS1CRUdJTiBDRVJUSUZJQ0FURS0tLS0tCk1JSUVMRENDQXBTZ0F3SUJBZ0lRT2hCeEZ4S3JDVUJiaitUdk5LcSs0REFOQmdrcWhraUc5dzBCQVFzRkFEQXYKTVMwd0t3WURWUVFERXlRMk5ERmhORFU1WVMwM1pHVmtMVFJoTnpjdE9EbG1PUzB6TkdFd04ySmtObU0xWVRNdwpJQmNOTWpNd05qRXpNRFl6TnpVeldoZ1BNakExTXpBMk1EVXdOek0zTlROYU1DOHhMVEFyQmdOVkJBTVRKRFkwCk1XRTBOVGxoTFRka1pXUXROR0UzTnkwNE9XWTVMVE0wWVRBM1ltUTJZelZoTXpDQ0FhSXdEUVlKS29aSWh2Y04KQVFFQkJRQURnZ0dQQURDQ0FZb0NnZ0dCQUoxMDUvOWtsM1Y1emZacUpSU2QwTUdjQ050cllwNGgvVTg0YWJXZgpSOGRzYit5bmtMbEx3YVc1TjlreVIwR2l2R1FLTlZmNmd4T0hnb2d4cWhiWndWZ0ROV3NCVldzODNvaTdOaWZoCmlnck9sNnI3QnZJRTZOSlVtWlFmNldpcklDL3oyQTJGdis4ZitmNktlSkx5L3BRU1AwMzdQTk9iaHNNejF1aHEKT3lSMlBsQWpKUE12NXFmb05rM1FZaGIra3puVzU5QTd5aE9JMGx5S29sQjZpVEY4enZXY0NLaVRLUXhYQUxFVgplcE12M01vOHQwS0lHNXdBQnpndS8vTzNhZlZmQzNkMi9zN05kVkFjcktTQnJoZ0lwTmNYRGt3SXFIQ0R6M2tNClQ1RWY4bGpuajhvNDA4OXBZdExJWXNPdU5oSnEwS28vZkRQWXhrMlVZOFZ6R0I1dytYK2F6bjlja3FseGZGbE0KVTk4N1g5Q2s2ZHE1YW1WWlVGc3d2ZnZkOWJQeVZVZGxzV1kvWk1HTTc1U3pFMXRFMkQvS2l1QVNzZ3NUQ25pRAo2dytvVHNWQWl2SnZUb2VLOXR2REpUbkxPYmpiOUU1WlJ2cnliK2VLUzBrK0NHcFZ4WFdheVNYdjZ6aVUzdFBxCmhuUDNSYVl4TklWclp3bHNqS011S29ZMTl3SURBUUFCbzBJd1FEQU9CZ05WSFE4QkFmOEVCQU1DQWdRd0R3WUQKVlIwVEFRSC9CQVV3QXdFQi96QWRCZ05WSFE0RUZnUVU1UkdBUkRYQTU3UGI5OXpKWjBkamdoVXpaeFV3RFFZSgpLb1pJaHZjTkFRRUxCUUFEZ2dHQkFHeVNraDJRL2JVT2xZRmd1aXIzWEpTeUJWSWY2WTdHa296MVhQU0hqOGEzCndyYTYrdTZuVEJzK2w0TnBwb3hVd1Rud1RMYWR1YWZYQ09PWE8zMVczOHpvcEt6L25XNGJqaFBLeG9YR20vOTkKU1lZYXRqMHhQbCtPRnZ1Q1dFU0RuSXJqQ3VRcVZLWlkvQy9Dd0JHVys0KytaeCtPaVd0MTR1eHdLQzZMaTVKMQo1cVA2V3hlNDVRK3A0NnFWVmdSM3RpSEhQTkFGcjJ4VnZKeTMyRThwZVdINnpvRGZIODJqL1I5dzVHSGRyNWc4CnV3c1k1b0kzZ2JEQ1h3aEY2Mmd2RVgxcVBhZzdmaWNKbUtScTRKY3dlWjh1K1orK3pKekVXMWY5cjQzcWM5L1cKcWtIMTJ4RkxuTFlMWjFZRE1Pekp6MGZoajNqK3NreEduZ1Q3STJBZnpFWDkxUFRhUXB3RDZZby9tUzk5K0dlWgpQNEVwa3NpVEt6bW51aUF5ZGp1M1BVS1VHYWRITlI2OGZIa3hXcG9sTW51SmxoeWJDaU94Mk5VS2pQZ3Y2ZFpyCk9mSmJPYzBEb3p6MTNPV3NnSHZpamxlYkdDNk14azh1ZXZoVXBMVUR1UmRiVmhLeEFDRW8vZ0NVWWtWeWI4K08KTnh0Y1JmYms3QWFma1F5cEhKOCtZQT09Ci0tLS0tRU5EIENFUlRJRklDQVRFLS0tLS0K"
              }
            ],
            "master_authorized_networks_config": [],
            "master_version": "1.25.8-gke.500",
            "mesh_certificates": [],
            "min_master_version": null,
            "monitoring_config": [
              {
                "enable_components": [
                  "SYSTEM_COMPONENTS"
                ],
                "managed_prometheus": []
              }
            ],
            "monitoring_service": "monitoring.googleapis.com/kubernetes",
            "name": "gke00568-compliant-cluster",
            "network": "projects/pg-xa-n-app-230466/global/networks/gke00568-network",
            "network_policy": [
              {
                "enabled": false,
                "provider": "PROVIDER_UNSPECIFIED"
              }
            ],
            "networking_mode": "ROUTES",
            "node_config": [
              {
                "advanced_machine_features": [],
                "boot_disk_kms_key": "",
                "disk_size_gb": 100,
                "disk_type": "pd-balanced",
                "ephemeral_storage_local_ssd_config": [],
                "gcfs_config": [],
                "guest_accelerator": [],
                "gvnic": [],
                "image_type": "COS_CONTAINERD",
                "kubelet_config": [],
                "labels": {},
                "linux_node_config": [],
                "local_nvme_ssd_block_config": [],
                "local_ssd_count": 0,
                "logging_variant": "DEFAULT",
                "machine_type": "e2-small",
                "metadata": {
                  "disable-legacy-endpoints": "true"
                },
                "min_cpu_platform": "",
                "node_group": "",
                "oauth_scopes": [
                  "https://www.googleapis.com/auth/devstorage.read_only",
                  "https://www.googleapis.com/auth/logging.write",
                  "https://www.googleapis.com/auth/monitoring",
                  "https://www.googleapis.com/auth/service.management.readonly",
                  "https://www.googleapis.com/auth/servicecontrol",
                  "https://www.googleapis.com/auth/trace.append"
                ],
                "preemptible": true,
                "reservation_affinity": [],
                "resource_labels": null,
                "service_account": "default",
                "shielded_instance_config": [
                  {
                    "enable_integrity_monitoring": true,
                    "enable_secure_boot": false
                  }
                ],
                "spot": false,
                "tags": null,
                "taint": [],
                "workload_metadata_config": []
              }
            ],
            "node_locations": [],
            "node_pool": [
              {
                "autoscaling": [],
                "initial_node_count": 1,
                "instance_group_urls": [
                  "https://www.googleapis.com/compute/v1/projects/pg-xa-n-app-230466/zones/europe-west3-a/instanceGroupManagers/gke-gke00568-compliant-c-default-pool-c8cd6287-grp"
                ],
                "managed_instance_group_urls": [
                  "https://www.googleapis.com/compute/v1/projects/pg-xa-n-app-230466/zones/europe-west3-a/instanceGroups/gke-gke00568-compliant-c-default-pool-c8cd6287-grp"
                ],
                "management": [
                  {
                    "auto_repair": true,
                    "auto_upgrade": true
                  }
                ],
                "max_pods_per_node": 0,
                "name": "default-pool",
                "name_prefix": "",
                "network_config": [
                  {
                    "create_pod_range": false,
                    "enable_private_nodes": false,
                    "pod_cidr_overprovision_config": [],
                    "pod_ipv4_cidr_block": "",
                    "pod_range": ""
                  }
                ],
                "node_config": [
                  {
                    "advanced_machine_features": [],
                    "boot_disk_kms_key": "",
                    "disk_size_gb": 100,
                    "disk_type": "pd-balanced",
                    "ephemeral_storage_local_ssd_config": [],
                    "gcfs_config": [],
                    "guest_accelerator": [],
                    "gvnic": [],
                    "image_type": "COS_CONTAINERD",
                    "kubelet_config": [],
                    "labels": {},
                    "linux_node_config": [],
                    "local_nvme_ssd_block_config": [],
                    "local_ssd_count": 0,
                    "logging_variant": "DEFAULT",
                    "machine_type": "e2-small",
                    "metadata": {
                      "disable-legacy-endpoints": "true"
                    },
                    "min_cpu_platform": "",
                    "node_group": "",
                    "oauth_scopes": [
                      "https://www.googleapis.com/auth/devstorage.read_only",
                      "https://www.googleapis.com/auth/logging.write",
                      "https://www.googleapis.com/auth/monitoring",
                      "https://www.googleapis.com/auth/service.management.readonly",
                      "https://www.googleapis.com/auth/servicecontrol",
                      "https://www.googleapis.com/auth/trace.append"
                    ],
                    "preemptible": true,
                    "reservation_affinity": [],
                    "resource_labels": {},
                    "service_account": "default",
                    "shielded_instance_config": [
                      {
                        "enable_integrity_monitoring": true,
                        "enable_secure_boot": false
                      }
                    ],
                    "spot": false,
                    "tags": [],
                    "taint": [],
                    "workload_metadata_config": []
                  }
                ],
                "node_count": 1,
                "node_locations": [
                  "europe-west3-a"
                ],
                "placement_policy": [],
                "upgrade_settings": [
                  {
                    "blue_green_settings": [],
                    "max_surge": 1,
                    "max_unavailable": 0,
                    "strategy": "SURGE"
                  }
                ],
                "version": "1.25.8-gke.500"
              }
            ],
            "node_pool_defaults": [
              {
                "node_config_defaults": [
                  {
                    "logging_variant": "DEFAULT"
                  }
                ]
              }
            ],
            "node_version": "1.25.8-gke.500",
            "notification_config": [
              {
                "pubsub": [
                  {
                    "enabled": false,
                    "filter": [],
                    "topic": ""
                  }
                ]
              }
            ],
            "operation": null,
            "private_cluster_config": [
              {
                "enable_private_endpoint": false,
                "enable_private_nodes": false,
                "master_global_access_config": [
                  {
                    "enabled": false
                  }
                ],
                "master_ipv4_cidr_block": "",
                "peering_name": "",
                "private_endpoint": "10.156.0.3",
                "private_endpoint_subnetwork": "",
                "public_endpoint": "35.246.186.84"
              }
            ],
            "private_ipv6_google_access": "",
            "project": "pg-xa-n-app-230466",
            "release_channel": [
              {
                "channel": "REGULAR"
              }
            ],
            "remove_default_node_pool": null,
            "resource_labels": null,
            "resource_usage_export_config": [],
            "self_link": "https://container.googleapis.com/v1/projects/pg-xa-n-app-230466/zones/europe-west3-a/clusters/gke00568-compliant-cluster",
            "service_external_ips_config": [
              {
                "enabled": false
              }
            ],
            "services_ipv4_cidr": "10.87.240.0/20",
            "subnetwork": "projects/pg-xa-n-app-230466/regions/europe-west3/subnetworks/gke00568-network",
            "timeouts": null,
            "tpu_ipv4_cidr_block": "",
            "vertical_pod_autoscaling": [],
            "workload_identity_config": []
          },
          "sensitive_attributes": [],
          "private": "eyJlMmJmYjczMC1lY2FhLTExZTYtOGY4OC0zNDM2M2JjN2M0YzAiOnsiY3JlYXRlIjoyNDAwMDAwMDAwMDAwLCJkZWxldGUiOjI0MDAwMDAwMDAwMDAsInJlYWQiOjI0MDAwMDAwMDAwMDAsInVwZGF0ZSI6MzYwMDAwMDAwMDAwMH0sInNjaGVtYV92ZXJzaW9uIjoiMSJ9",
          "dependencies": [
            "google_compute_network.gke00568_network",
            "google_project_service.gke00568_services"
          ]
        }
      ]
    },
    {
      "mode": "managed",
      "type": "google_container_cluster",
      "name": "gke00568_non_compliant_cluster",
      "provider": "provider[\"registry.terraform.io/hashicorp/google\"]",
      "instances": [
        {
          "schema_version": 1,
          "attributes": {
            "addons_config": [
              {
                "cloudrun_config": [],
                "config_connector_config": [],
                "dns_cache_config": [],
                "gce_persistent_disk_csi_driver_config": [
                  {
                    "enabled": true
                  }
                ],
                "gcp_filestore_csi_driver_config": [],
                "gke_backup_agent_config": [],
                "horizontal_pod_autoscaling": [],
                "http_load_balancing": [],
                "network_policy_config": [
                  {
                    "disabled": true
                  }
                ]
              }
            ],
            "authenticator_groups_config": [],
            "binary_authorization": [
              {
                "enabled": false,
                "evaluation_mode": ""
              }
            ],
            "cluster_autoscaling": [
              {
                "auto_provisioning_defaults": [],
                "enabled": false,
                "resource_limits": []
              }
            ],
            "cluster_ipv4_cidr": "10.0.0.0/14",
            "confidential_nodes": [],
            "cost_management_config": [],
            "database_encryption": [
              {
                "key_name": "",
                "state": "DECRYPTED"
              }
            ],
            "datapath_provider": "",
            "default_max_pods_per_node": null,
            "default_snat_status": [
              {
                "disabled": false
              }
            ],
            "description": "",
            "dns_config": [],
            "enable_autopilot": false,
            "enable_binary_authorization": false,
            "enable_intranode_visibility": false,
            "enable_kubernetes_alpha": false,
            "enable_l4_ilb_subsetting": false,
            "enable_legacy_abac": false,
            "enable_shielded_nodes": true,
            "enable_tpu": false,
            "endpoint": "34.159.109.202",
            "gateway_api_config": [],
            "id": "projects/pg-xa-n-app-230466/locations/europe-west3-a/clusters/gke00568-non-compliant-cluster",
            "initial_node_count": 1,
            "ip_allocation_policy": [],
            "label_fingerprint": "a9dc16a7",
            "location": "europe-west3-a",
            "logging_config": [
              {
                "enable_components": [
                  "SYSTEM_COMPONENTS",
                  "WORKLOADS"
                ]
              }
            ],
            "logging_service": "logging.googleapis.com/kubernetes",
            "maintenance_policy": [],
            "master_auth": [
              {
                "client_certificate": "",
                "client_certificate_config": [
                  {
                    "issue_client_certificate": false
                  }
                ],
                "client_key": "",
                "cluster_ca_certificate": "LS0tLS1CRUdJTiBDRVJUSUZJQ0FURS0tLS0tCk1JSUVMRENDQXBTZ0F3SUJBZ0lRUG9FcFArR2l4Z3NnbkthSldQNXhiekFOQmdrcWhraUc5dzBCQVFzRkFEQXYKTVMwd0t3WURWUVFERXlRNFpXVXdORE5qTkMwd016ZGxMVFExTm1NdE9HRTNNUzFtTXpjMVltVmxNamhrTlRVdwpJQmNOTWpNd05qRXpNRFl6TnpVeldoZ1BNakExTXpBMk1EVXdOek0zTlROYU1DOHhMVEFyQmdOVkJBTVRKRGhsClpUQTBNMk0wTFRBek4yVXRORFUyWXkwNFlUY3hMV1l6TnpWaVpXVXlPR1ExTlRDQ0FhSXdEUVlKS29aSWh2Y04KQVFFQkJRQURnZ0dQQURDQ0FZb0NnZ0dCQUt1aDV6SjRhRnkzNUxWQlVlanVYOXVQcFNMWng5Vk55b0UwTWgyZwovN3hwRUZnaGlVU3o5ODcwZVA4dk5WWHZRWmVVMEc1TlZWWFhzS1RaLy9IMmVYSEpXYlQvSUpRMVB0d0RVTG8wCmxHc1dOSXhvWnI2WDRGcU9XNkE1bzVOdE03YWRmV2hiRXFmVFBucUtPV0M1amtVdG1yMmNyNTNWRUpCVTRjM1kKMitmZ2RoN3ZUTzVCTFBzYUpYbUtPR2hHeFMwQk5tbzZnY1U0RTNtYUlkOHNBZkZRZmFWZWdpRjRyUWthaVQxdQpQeGovUmlGNC9scXZMZHFRb1pnUTBSbHluWk5Cb0hUN3IveG1lVzJLUm42bERvSGk5bUVmdFhJaGVpQlRhMDU3ClhjY0ZCYUFZMmdiSHR5NUdPc29FOFdCRU9yMUp2dVdIc3QySWZDQVdRRjNxYzlYSnVBZVJtODdhc0Zhc3JUY1kKZzQxczJxenU5Y2JJRmU2RGlKcThFWXNmVnFmWFZkMzRxdTNOUDhZdmtXMlJ1OXU3MWZobWpiTyt0Mm9XNEVLTgpDTG1UazMxV25rVExjOHh1dm1BU3NBRmxONFRGSlNhMkhSb3V6SDFTMGRuYm1NbEhJVU0yY1A0UVVYNFVwTUZTClo0WmFVNzhVU3RnR1JtQXN2aFlydndVV3Z3SURBUUFCbzBJd1FEQU9CZ05WSFE4QkFmOEVCQU1DQWdRd0R3WUQKVlIwVEFRSC9CQVV3QXdFQi96QWRCZ05WSFE0RUZnUVUvWU8vc25DZWw5MldzZ09rcVJ3b0ZweFZYUGd3RFFZSgpLb1pJaHZjTkFRRUxCUUFEZ2dHQkFLWnMyd1NDOVJqSWVENSs1NWd2aDlON2UvVVJTSHVHNThqb0FwSnkwZHhuCkJrUXE2NUgvZ2s0T0VFSnpYeXJhQmhVKzdrbEVqVHAwM1Jla0NLL0FqWEEvNTBOeDJFeFJJQ3VKdVZnRWVXZ28KaExxOTlIemMvZ1lBT25MazYxT3BLQTViR0ViQ2tZUkNXTjBFTWxZY2o1VWIxdFVqakkxTnVFNVFtQWZuajQwcgpoRlNmcS9PTXpEZlZkUzBCRGNPOGZ2YlJlZ0s3enA3NEsvd3MrejE2cm55Tlg5SnFKVTRScTlEalVycUdlYTFXCkhScksxOGhyZmhoS0NIN29WS1NJU04raGFEeU5RQUt0MUdZK0oyL2VnTzJ6WHh0QmQ3aDF2MEtGUGo2aUR2M00KS1RlUnl2RDJSWHByRXhoU3BUOENJWEsyaWt1RjRaVFl1YWRrczFPb1ZNRVIwL044YWVHL05RZlFYTjJWbVdJQgpEaExYNUtHeGpRVy9WanJMWFQxaXNCSXp5WUFwVWhpZlNLK0hTN0w4VlRyOVdsWTJKSktBOE1VMktTcXI5Y1JBCjhSSXNMdDE0d3l2Ym9VeEVhdGhmNzhxRHJheDNmRDhmNkpVL0Z3VFBpVTgzWnQ3VGhBaXVuMmxTOFlHa3pOcE8KR3UxSWJQQ3ZYK1ZVd0R3TGExRDYrdz09Ci0tLS0tRU5EIENFUlRJRklDQVRFLS0tLS0K"
              }
            ],
            "master_authorized_networks_config": [],
            "master_version": "1.25.8-gke.500",
            "mesh_certificates": [],
            "min_master_version": null,
            "monitoring_config": [
              {
                "enable_components": [
                  "SYSTEM_COMPONENTS"
                ],
                "managed_prometheus": []
              }
            ],
            "monitoring_service": "monitoring.googleapis.com/kubernetes",
            "name": "gke00568-non-compliant-cluster",
            "network": "projects/pg-xa-n-app-230466/global/networks/gke00568-network",
            "network_policy": [
              {
                "enabled": false,
                "provider": "PROVIDER_UNSPECIFIED"
              }
            ],
            "networking_mode": "ROUTES",
            "node_config": [
              {
                "advanced_machine_features": [],
                "boot_disk_kms_key": "",
                "disk_size_gb": 100,
                "disk_type": "pd-balanced",
                "ephemeral_storage_local_ssd_config": [],
                "gcfs_config": [],
                "guest_accelerator": [],
                "gvnic": [],
                "image_type": "COS_CONTAINERD",
                "kubelet_config": [],
                "labels": {},
                "linux_node_config": [],
                "local_nvme_ssd_block_config": [],
                "local_ssd_count": 0,
                "logging_variant": "DEFAULT",
                "machine_type": "e2-small",
                "metadata": {
                  "disable-legacy-endpoints": "true"
                },
                "min_cpu_platform": "",
                "node_group": "",
                "oauth_scopes": [
                  "https://www.googleapis.com/auth/devstorage.read_only",
                  "https://www.googleapis.com/auth/logging.write",
                  "https://www.googleapis.com/auth/monitoring",
                  "https://www.googleapis.com/auth/service.management.readonly",
                  "https://www.googleapis.com/auth/servicecontrol",
                  "https://www.googleapis.com/auth/trace.append"
                ],
                "preemptible": true,
                "reservation_affinity": [],
                "resource_labels": null,
                "service_account": "default",
                "shielded_instance_config": [
                  {
                    "enable_integrity_monitoring": true,
                    "enable_secure_boot": false
                  }
                ],
                "spot": false,
                "tags": null,
                "taint": [],
                "workload_metadata_config": []
              }
            ],
            "node_locations": [],
            "node_pool": [
              {
                "autoscaling": [],
                "initial_node_count": 1,
                "instance_group_urls": [
                  "https://www.googleapis.com/compute/v1/projects/pg-xa-n-app-230466/zones/europe-west3-a/instanceGroupManagers/gke-gke00568-non-complia-default-pool-f0ee0002-grp"
                ],
                "managed_instance_group_urls": [
                  "https://www.googleapis.com/compute/v1/projects/pg-xa-n-app-230466/zones/europe-west3-a/instanceGroups/gke-gke00568-non-complia-default-pool-f0ee0002-grp"
                ],
                "management": [
                  {
                    "auto_repair": true,
                    "auto_upgrade": true
                  }
                ],
                "max_pods_per_node": 0,
                "name": "default-pool",
                "name_prefix": "",
                "network_config": [
                  {
                    "create_pod_range": false,
                    "enable_private_nodes": false,
                    "pod_cidr_overprovision_config": [],
                    "pod_ipv4_cidr_block": "",
                    "pod_range": ""
                  }
                ],
                "node_config": [
                  {
                    "advanced_machine_features": [],
                    "boot_disk_kms_key": "",
                    "disk_size_gb": 100,
                    "disk_type": "pd-balanced",
                    "ephemeral_storage_local_ssd_config": [],
                    "gcfs_config": [],
                    "guest_accelerator": [],
                    "gvnic": [],
                    "image_type": "COS_CONTAINERD",
                    "kubelet_config": [],
                    "labels": {},
                    "linux_node_config": [],
                    "local_nvme_ssd_block_config": [],
                    "local_ssd_count": 0,
                    "logging_variant": "DEFAULT",
                    "machine_type": "e2-small",
                    "metadata": {
                      "disable-legacy-endpoints": "true"
                    },
                    "min_cpu_platform": "",
                    "node_group": "",
                    "oauth_scopes": [
                      "https://www.googleapis.com/auth/devstorage.read_only",
                      "https://www.googleapis.com/auth/logging.write",
                      "https://www.googleapis.com/auth/monitoring",
                      "https://www.googleapis.com/auth/service.management.readonly",
                      "https://www.googleapis.com/auth/servicecontrol",
                      "https://www.googleapis.com/auth/trace.append"
                    ],
                    "preemptible": true,
                    "reservation_affinity": [],
                    "resource_labels": {},
                    "service_account": "default",
                    "shielded_instance_config": [
                      {
                        "enable_integrity_monitoring": true,
                        "enable_secure_boot": false
                      }
                    ],
                    "spot": false,
                    "tags": [],
                    "taint": [],
                    "workload_metadata_config": []
                  }
                ],
                "node_count": 1,
                "node_locations": [
                  "europe-west3-a"
                ],
                "placement_policy": [],
                "upgrade_settings": [
                  {
                    "blue_green_settings": [],
                    "max_surge": 1,
                    "max_unavailable": 0,
                    "strategy": "SURGE"
                  }
                ],
                "version": "1.25.8-gke.500"
              }
            ],
            "node_pool_defaults": [
              {
                "node_config_defaults": [
                  {
                    "logging_variant": "DEFAULT"
                  }
                ]
              }
            ],
            "node_version": "1.25.8-gke.500",
            "notification_config": [
              {
                "pubsub": [
                  {
                    "enabled": false,
                    "filter": [],
                    "topic": ""
                  }
                ]
              }
            ],
            "operation": null,
            "private_cluster_config": [
              {
                "enable_private_endpoint": false,
                "enable_private_nodes": false,
                "master_global_access_config": [
                  {
                    "enabled": false
                  }
                ],
                "master_ipv4_cidr_block": "",
                "peering_name": "",
                "private_endpoint": "10.156.0.2",
                "private_endpoint_subnetwork": "",
                "public_endpoint": "34.159.109.202"
              }
            ],
            "private_ipv6_google_access": "",
            "project": "pg-xa-n-app-230466",
            "release_channel": [
              {
                "channel": "REGULAR"
              }
            ],
            "remove_default_node_pool": null,
            "resource_labels": null,
            "resource_usage_export_config": [],
            "self_link": "https://container.googleapis.com/v1/projects/pg-xa-n-app-230466/zones/europe-west3-a/clusters/gke00568-non-compliant-cluster",
            "service_external_ips_config": [
              {
                "enabled": false
              }
            ],
            "services_ipv4_cidr": "10.3.240.0/20",
            "subnetwork": "projects/pg-xa-n-app-230466/regions/europe-west3/subnetworks/gke00568-network",
            "timeouts": null,
            "tpu_ipv4_cidr_block": "",
            "vertical_pod_autoscaling": [],
            "workload_identity_config": []
          },
          "sensitive_attributes": [],
          "private": "eyJlMmJmYjczMC1lY2FhLTExZTYtOGY4OC0zNDM2M2JjN2M0YzAiOnsiY3JlYXRlIjoyNDAwMDAwMDAwMDAwLCJkZWxldGUiOjI0MDAwMDAwMDAwMDAsInJlYWQiOjI0MDAwMDAwMDAwMDAsInVwZGF0ZSI6MzYwMDAwMDAwMDAwMH0sInNjaGVtYV92ZXJzaW9uIjoiMSJ9",
          "dependencies": [
            "google_compute_network.gke00568_network",
            "google_project_service.gke00568_services"
          ]
        }
      ]
    },
    {
      "mode": "managed",
      "type": "google_project_service",
      "name": "gke00568_services",
      "provider": "provider[\"registry.terraform.io/hashicorp/google\"]",
      "instances": [
        {
          "index_key": "container.googleapis.com",
          "schema_version": 0,
          "attributes": {
            "disable_dependent_services": null,
            "disable_on_destroy": false,
            "id": "pg-xa-n-app-230466/container.googleapis.com",
            "project": "pg-xa-n-app-230466",
            "service": "container.googleapis.com",
            "timeouts": null
          },
          "sensitive_attributes": [],
          "private": "eyJlMmJmYjczMC1lY2FhLTExZTYtOGY4OC0zNDM2M2JjN2M0YzAiOnsiY3JlYXRlIjoxMjAwMDAwMDAwMDAwLCJkZWxldGUiOjEyMDAwMDAwMDAwMDAsInJlYWQiOjYwMDAwMDAwMDAwMCwidXBkYXRlIjoxMjAwMDAwMDAwMDAwfX0="
        }
      ]
    },
    {
      "mode": "managed",
      "type": "kubectl_manifest",
      "name": "gke00568_compliant_k8s_deployment",
      "provider": "provider[\"registry.terraform.io/gavinbunney/kubectl\"]",
      "instances": [
        {
          "schema_version": 1,
          "attributes": {
            "api_version": "apps/v1",
            "apply_only": false,
            "force_conflicts": false,
            "force_new": false,
            "id": "/apis/apps/v1/namespaces/gke00568-compliant-ns/deployments/nginx-deployment",
            "ignore_fields": null,
            "kind": "Deployment",
            "live_manifest_incluster": "e3ba4d13fcf32909b607f544bd6239d57a17c91ed0f2f748796c043ddbfbd33f",
            "live_uid": "80797887-6389-4aab-ba8c-bbf04830eb29",
            "name": "nginx-deployment",
            "namespace": "gke00568-compliant-ns",
            "override_namespace": null,
            "sensitive_fields": null,
            "server_side_apply": false,
            "timeouts": null,
            "uid": "80797887-6389-4aab-ba8c-bbf04830eb29",
            "validate_schema": true,
            "wait": null,
            "wait_for_rollout": true,
            "yaml_body": "apiVersion: apps/v1\nkind: Deployment\nmetadata:\n  name: nginx-deployment\n  namespace: gke00568-compliant-ns\n  labels:\n    app.kubernetes.io/name: nginx\nspec:\n  replicas: 1\n  selector:\n    matchLabels:\n      app.kubernetes.io/name: nginx\n  template:\n    metadata:\n      labels:\n        app.kubernetes.io/name: nginx\n    spec:\n      containers:\n        - name: nginx\n          image: nginx:1.14.2\n          ports:\n            - containerPort: 80\n",
            "yaml_body_parsed": "apiVersion: apps/v1\nkind: Deployment\nmetadata:\n  labels:\n    app.kubernetes.io/name: nginx\n  name: nginx-deployment\n  namespace: gke00568-compliant-ns\nspec:\n  replicas: 1\n  selector:\n    matchLabels:\n      app.kubernetes.io/name: nginx\n  template:\n    metadata:\n      labels:\n        app.kubernetes.io/name: nginx\n    spec:\n      containers:\n      - image: nginx:1.14.2\n        name: nginx\n        ports:\n        - containerPort: 80\n",
            "yaml_incluster": "e3ba4d13fcf32909b607f544bd6239d57a17c91ed0f2f748796c043ddbfbd33f"
          },
          "sensitive_attributes": [],
          "private": "eyJlMmJmYjczMC1lY2FhLTExZTYtOGY4OC0zNDM2M2JjN2M0YzAiOnsiY3JlYXRlIjo2MDAwMDAwMDAwMDB9LCJzY2hlbWFfdmVyc2lvbiI6IjEifQ==",
          "dependencies": [
            "data.google_client_config.default",
            "google_compute_network.gke00568_network",
            "google_container_cluster.gke00568_compliant_cluster",
            "google_project_service.gke00568_services",
            "kubectl_manifest.gke00568_compliant_k8s_ns"
          ]
        }
      ]
    },
    {
      "mode": "managed",
      "type": "kubectl_manifest",
      "name": "gke00568_compliant_k8s_ingress",
      "provider": "provider[\"registry.terraform.io/gavinbunney/kubectl\"]",
      "instances": [
        {
          "schema_version": 1,
          "attributes": {
            "api_version": "networking.k8s.io/v1",
            "apply_only": false,
            "force_conflicts": false,
            "force_new": false,
            "id": "/apis/networking.k8s.io/v1/namespaces/gke00568-compliant-ns/ingresses/gke00568-managed-cert-ingress",
            "ignore_fields": null,
            "kind": "Ingress",
            "live_manifest_incluster": "9bedfd7d6be539b0216ee60f4b0a78b24a25d4a5ceb7c5f243868c2698f11715",
            "live_uid": "0efa4f8c-95a0-4537-9267-29d14e50b879",
            "name": "gke00568-managed-cert-ingress",
            "namespace": "gke00568-compliant-ns",
            "override_namespace": null,
            "sensitive_fields": null,
            "server_side_apply": false,
            "timeouts": null,
            "uid": "0efa4f8c-95a0-4537-9267-29d14e50b879",
            "validate_schema": true,
            "wait": null,
            "wait_for_rollout": true,
            "yaml_body": "apiVersion: networking.k8s.io/v1\nkind: Ingress\nmetadata:\n  name: gke00568-managed-cert-ingress\n  namespace: gke00568-compliant-ns\n  annotations:\n    kubernetes.io/ingress.global-static-ip-name: gke00568-global-static-ip\n    networking.gke.io/managed-certificates: gke00568-managed-cert\n    kubernetes.io/ingress.class: \"gce\"\n  labels:\n    app.kubernetes.io/name: nginx\nspec:\n  defaultBackend:\n    service:\n      name: nginx-service\n      port:\n        number: 80\n",
            "yaml_body_parsed": "apiVersion: networking.k8s.io/v1\nkind: Ingress\nmetadata:\n  annotations:\n    kubernetes.io/ingress.class: gce\n    kubernetes.io/ingress.global-static-ip-name: gke00568-global-static-ip\n    networking.gke.io/managed-certificates: gke00568-managed-cert\n  labels:\n    app.kubernetes.io/name: nginx\n  name: gke00568-managed-cert-ingress\n  namespace: gke00568-compliant-ns\nspec:\n  defaultBackend:\n    service:\n      name: nginx-service\n      port:\n        number: 80\n",
            "yaml_incluster": "9bedfd7d6be539b0216ee60f4b0a78b24a25d4a5ceb7c5f243868c2698f11715"
          },
          "sensitive_attributes": [],
          "private": "eyJlMmJmYjczMC1lY2FhLTExZTYtOGY4OC0zNDM2M2JjN2M0YzAiOnsiY3JlYXRlIjo2MDAwMDAwMDAwMDB9LCJzY2hlbWFfdmVyc2lvbiI6IjEifQ==",
          "dependencies": [
            "data.google_client_config.default",
            "google_compute_global_address.gke00568_global_static_ip_address",
            "google_compute_network.gke00568_network",
            "google_container_cluster.gke00568_compliant_cluster",
            "google_project_service.gke00568_services",
            "kubectl_manifest.gke00568_compliant_k8s_ns"
          ]
        }
      ]
    },
    {
      "mode": "managed",
      "type": "kubectl_manifest",
      "name": "gke00568_compliant_k8s_managed_certificate",
      "provider": "provider[\"registry.terraform.io/gavinbunney/kubectl\"]",
      "instances": [
        {
          "schema_version": 1,
          "attributes": {
            "api_version": "networking.gke.io/v1",
            "apply_only": false,
            "force_conflicts": false,
            "force_new": false,
            "id": "/apis/networking.gke.io/v1/namespaces/gke00568-compliant-ns/managedcertificates/gke00568-managed-cert",
            "ignore_fields": null,
            "kind": "ManagedCertificate",
            "live_manifest_incluster": "9e96a0a28d4569fc78cd5fe1ff609274b9f7fdb9bdc360bab2b5adc3a369262a",
            "live_uid": "4fe9f82b-ff7f-4d62-904b-11ef73a224e6",
            "name": "gke00568-managed-cert",
            "namespace": "gke00568-compliant-ns",
            "override_namespace": null,
            "sensitive_fields": null,
            "server_side_apply": false,
            "timeouts": null,
            "uid": "4fe9f82b-ff7f-4d62-904b-11ef73a224e6",
            "validate_schema": true,
            "wait": null,
            "wait_for_rollout": true,
            "yaml_body": "apiVersion: networking.gke.io/v1\nkind: ManagedCertificate\nmetadata:\n  name: gke00568-managed-cert\n  namespace: gke00568-compliant-ns\nspec:\n  domains:\n    - gke00568.test.com\n",
            "yaml_body_parsed": "apiVersion: networking.gke.io/v1\nkind: ManagedCertificate\nmetadata:\n  name: gke00568-managed-cert\n  namespace: gke00568-compliant-ns\nspec:\n  domains:\n  - gke00568.test.com\n",
            "yaml_incluster": "9e96a0a28d4569fc78cd5fe1ff609274b9f7fdb9bdc360bab2b5adc3a369262a"
          },
          "sensitive_attributes": [],
          "private": "eyJlMmJmYjczMC1lY2FhLTExZTYtOGY4OC0zNDM2M2JjN2M0YzAiOnsiY3JlYXRlIjo2MDAwMDAwMDAwMDB9LCJzY2hlbWFfdmVyc2lvbiI6IjEifQ==",
          "dependencies": [
            "data.google_client_config.default",
            "google_compute_network.gke00568_network",
            "google_container_cluster.gke00568_compliant_cluster",
            "google_project_service.gke00568_services",
            "kubectl_manifest.gke00568_compliant_k8s_ns"
          ]
        }
      ]
    },
    {
      "mode": "managed",
      "type": "kubectl_manifest",
      "name": "gke00568_compliant_k8s_ns",
      "provider": "provider[\"registry.terraform.io/gavinbunney/kubectl\"]",
      "instances": [
        {
          "schema_version": 1,
          "attributes": {
            "api_version": "v1",
            "apply_only": false,
            "force_conflicts": false,
            "force_new": false,
            "id": "/api/v1/namespaces/gke00568-compliant-ns",
            "ignore_fields": null,
            "kind": "Namespace",
            "live_manifest_incluster": "7c5d090ad74c5a7a81c889f6e409f67b6ef373f0ed4bd8b2284928890100a24d",
            "live_uid": "357540d4-e827-4d98-b53a-b70f55000798",
            "name": "gke00568-compliant-ns",
            "namespace": null,
            "override_namespace": null,
            "sensitive_fields": null,
            "server_side_apply": false,
            "timeouts": null,
            "uid": "357540d4-e827-4d98-b53a-b70f55000798",
            "validate_schema": true,
            "wait": null,
            "wait_for_rollout": true,
            "yaml_body": "---\napiVersion: v1\nkind: Namespace\nmetadata:\n  name: gke00568-compliant-ns\n",
            "yaml_body_parsed": "apiVersion: v1\nkind: Namespace\nmetadata:\n  name: gke00568-compliant-ns\n",
            "yaml_incluster": "7c5d090ad74c5a7a81c889f6e409f67b6ef373f0ed4bd8b2284928890100a24d"
          },
          "sensitive_attributes": [],
          "private": "eyJlMmJmYjczMC1lY2FhLTExZTYtOGY4OC0zNDM2M2JjN2M0YzAiOnsiY3JlYXRlIjo2MDAwMDAwMDAwMDB9LCJzY2hlbWFfdmVyc2lvbiI6IjEifQ==",
          "dependencies": [
            "data.google_client_config.default",
            "google_compute_network.gke00568_network",
            "google_container_cluster.gke00568_compliant_cluster",
            "google_project_service.gke00568_services"
          ]
        }
      ]
    },
    {
      "mode": "managed",
      "type": "kubectl_manifest",
      "name": "gke00568_compliant_k8s_service",
      "provider": "provider[\"registry.terraform.io/gavinbunney/kubectl\"]",
      "instances": [
        {
          "schema_version": 1,
          "attributes": {
            "api_version": "v1",
            "apply_only": false,
            "force_conflicts": false,
            "force_new": false,
            "id": "/api/v1/namespaces/gke00568-compliant-ns/services/nginx-service",
            "ignore_fields": null,
            "kind": "Service",
            "live_manifest_incluster": "5cded70cc651e3c85132c5a72f3f37b40f6f774a854929fe613ed40f8c4d787d",
            "live_uid": "e58f015f-3b27-4259-a1c8-bf768e1c00cd",
            "name": "nginx-service",
            "namespace": "gke00568-compliant-ns",
            "override_namespace": null,
            "sensitive_fields": null,
            "server_side_apply": false,
            "timeouts": null,
            "uid": "e58f015f-3b27-4259-a1c8-bf768e1c00cd",
            "validate_schema": true,
            "wait": null,
            "wait_for_rollout": true,
            "yaml_body": "apiVersion: v1\nkind: Service\nmetadata:\n  name: nginx-service\n  namespace: gke00568-compliant-ns\n  labels:\n    app.kubernetes.io/name: nginx\nspec:\n  selector:\n    app.kubernetes.io/name: nginx\n  ports:\n    - protocol: TCP\n      port: 80\n      targetPort: 80\n  type: NodePort",
            "yaml_body_parsed": "apiVersion: v1\nkind: Service\nmetadata:\n  labels:\n    app.kubernetes.io/name: nginx\n  name: nginx-service\n  namespace: gke00568-compliant-ns\nspec:\n  ports:\n  - port: 80\n    protocol: TCP\n    targetPort: 80\n  selector:\n    app.kubernetes.io/name: nginx\n  type: NodePort\n",
            "yaml_incluster": "5cded70cc651e3c85132c5a72f3f37b40f6f774a854929fe613ed40f8c4d787d"
          },
          "sensitive_attributes": [],
          "private": "eyJlMmJmYjczMC1lY2FhLTExZTYtOGY4OC0zNDM2M2JjN2M0YzAiOnsiY3JlYXRlIjo2MDAwMDAwMDAwMDB9LCJzY2hlbWFfdmVyc2lvbiI6IjEifQ==",
          "dependencies": [
            "data.google_client_config.default",
            "google_compute_network.gke00568_network",
            "google_container_cluster.gke00568_compliant_cluster",
            "google_project_service.gke00568_services",
            "kubectl_manifest.gke00568_compliant_k8s_ns"
          ]
        }
      ]
    },
    {
      "mode": "managed",
      "type": "kubectl_manifest",
      "name": "gke00568_non_compliant_k8s_deployment",
      "provider": "provider[\"registry.terraform.io/gavinbunney/kubectl\"].non-compliant",
      "instances": [
        {
          "schema_version": 1,
          "attributes": {
            "api_version": "apps/v1",
            "apply_only": false,
            "force_conflicts": false,
            "force_new": false,
            "id": "/apis/apps/v1/namespaces/gke00568-non-compliant-ns/deployments/nginx-deployment",
            "ignore_fields": null,
            "kind": "Deployment",
            "live_manifest_incluster": "6c378976877d5d4adfa2d8535df2858a3b7c85439a467eacd2d27785b2f6f681",
            "live_uid": "24ef35c9-33c9-47d8-aef7-24b74d115385",
            "name": "nginx-deployment",
            "namespace": "gke00568-non-compliant-ns",
            "override_namespace": null,
            "sensitive_fields": null,
            "server_side_apply": false,
            "timeouts": null,
            "uid": "24ef35c9-33c9-47d8-aef7-24b74d115385",
            "validate_schema": true,
            "wait": null,
            "wait_for_rollout": true,
            "yaml_body": "apiVersion: apps/v1\nkind: Deployment\nmetadata:\n  name: nginx-deployment\n  namespace: gke00568-non-compliant-ns\n  labels:\n    app.kubernetes.io/name: nginx\nspec:\n  replicas: 1\n  selector:\n    matchLabels:\n      app.kubernetes.io/name: nginx\n  template:\n    metadata:\n      labels:\n        app.kubernetes.io/name: nginx\n    spec:\n      containers:\n        - name: nginx\n          image: nginx:1.14.2\n          ports:\n            - containerPort: 80\n",
            "yaml_body_parsed": "apiVersion: apps/v1\nkind: Deployment\nmetadata:\n  labels:\n    app.kubernetes.io/name: nginx\n  name: nginx-deployment\n  namespace: gke00568-non-compliant-ns\nspec:\n  replicas: 1\n  selector:\n    matchLabels:\n      app.kubernetes.io/name: nginx\n  template:\n    metadata:\n      labels:\n        app.kubernetes.io/name: nginx\n    spec:\n      containers:\n      - image: nginx:1.14.2\n        name: nginx\n        ports:\n        - containerPort: 80\n",
            "yaml_incluster": "6c378976877d5d4adfa2d8535df2858a3b7c85439a467eacd2d27785b2f6f681"
          },
          "sensitive_attributes": [],
          "private": "eyJlMmJmYjczMC1lY2FhLTExZTYtOGY4OC0zNDM2M2JjN2M0YzAiOnsiY3JlYXRlIjo2MDAwMDAwMDAwMDB9LCJzY2hlbWFfdmVyc2lvbiI6IjEifQ==",
          "dependencies": [
            "data.google_client_config.default",
            "google_compute_network.gke00568_network",
            "google_container_cluster.gke00568_non_compliant_cluster",
            "google_project_service.gke00568_services",
            "kubectl_manifest.gke00568_non_compliant_k8s_ns"
          ]
        }
      ]
    },
    {
      "mode": "managed",
      "type": "kubectl_manifest",
      "name": "gke00568_non_compliant_k8s_ingress_1",
      "provider": "provider[\"registry.terraform.io/gavinbunney/kubectl\"].non-compliant",
      "instances": [
        {
          "schema_version": 1,
          "attributes": {
            "api_version": "networking.k8s.io/v1",
            "apply_only": false,
            "force_conflicts": false,
            "force_new": false,
            "id": "/apis/networking.k8s.io/v1/namespaces/gke00568-non-compliant-ns/ingresses/gke00568-non-compliant-ingress-1",
            "ignore_fields": null,
            "kind": "Ingress",
            "live_manifest_incluster": "a0beb81457be5ae2e64c723df7df97dceff76d7fe572f017d0143c7f34372694",
            "live_uid": "f22e77ff-7276-47b3-9d64-af6a6c718e39",
            "name": "gke00568-non-compliant-ingress-1",
            "namespace": "gke00568-non-compliant-ns",
            "override_namespace": null,
            "sensitive_fields": null,
            "server_side_apply": false,
            "timeouts": null,
            "uid": "f22e77ff-7276-47b3-9d64-af6a6c718e39",
            "validate_schema": true,
            "wait": null,
            "wait_for_rollout": true,
            "yaml_body": "apiVersion: networking.k8s.io/v1\nkind: Ingress\nmetadata:\n  name: gke00568-non-compliant-ingress-1\n  namespace: gke00568-non-compliant-ns\n  labels:\n    app.kubernetes.io/name: nginx\nspec:\n  defaultBackend:\n    service:\n      name: nginx-service-2\n      port:\n        number: 80\n",
            "yaml_body_parsed": "apiVersion: networking.k8s.io/v1\nkind: Ingress\nmetadata:\n  labels:\n    app.kubernetes.io/name: nginx\n  name: gke00568-non-compliant-ingress-1\n  namespace: gke00568-non-compliant-ns\nspec:\n  defaultBackend:\n    service:\n      name: nginx-service-2\n      port:\n        number: 80\n",
            "yaml_incluster": "a0beb81457be5ae2e64c723df7df97dceff76d7fe572f017d0143c7f34372694"
          },
          "sensitive_attributes": [],
          "private": "eyJlMmJmYjczMC1lY2FhLTExZTYtOGY4OC0zNDM2M2JjN2M0YzAiOnsiY3JlYXRlIjo2MDAwMDAwMDAwMDB9LCJzY2hlbWFfdmVyc2lvbiI6IjEifQ==",
          "dependencies": [
            "data.google_client_config.default",
            "google_compute_network.gke00568_network",
            "google_container_cluster.gke00568_non_compliant_cluster",
            "google_project_service.gke00568_services",
            "kubectl_manifest.gke00568_non_compliant_k8s_ns"
          ]
        }
      ]
    },
    {
      "mode": "managed",
      "type": "kubectl_manifest",
      "name": "gke00568_non_compliant_k8s_ingress_2",
      "provider": "provider[\"registry.terraform.io/gavinbunney/kubectl\"].non-compliant",
      "instances": [
        {
          "schema_version": 1,
          "attributes": {
            "api_version": "networking.k8s.io/v1",
            "apply_only": false,
            "force_conflicts": false,
            "force_new": false,
            "id": "/apis/networking.k8s.io/v1/namespaces/gke00568-non-compliant-ns/ingresses/gke00568-non-compliant-ingress-2",
            "ignore_fields": null,
            "kind": "Ingress",
            "live_manifest_incluster": "7de228cf246b521ea45def9b38967434ad30a653cacfe583c1826084170cd5c9",
            "live_uid": "fe67e081-fdac-4a81-9e1d-520a66eace75",
            "name": "gke00568-non-compliant-ingress-2",
            "namespace": "gke00568-non-compliant-ns",
            "override_namespace": null,
            "sensitive_fields": null,
            "server_side_apply": false,
            "timeouts": null,
            "uid": "fe67e081-fdac-4a81-9e1d-520a66eace75",
            "validate_schema": true,
            "wait": null,
            "wait_for_rollout": true,
            "yaml_body": "apiVersion: networking.k8s.io/v1\nkind: Ingress\nmetadata:\n  name: gke00568-non-compliant-ingress-2\n  namespace: gke00568-non-compliant-ns\n  labels:\n    app.kubernetes.io/name: nginx\n  annotations:\n    networking.gke.io/managed-certificates: gke00568-non-compliant-managed-cert\n    kubernetes.io/ingress.class: \"gce\"\nspec:\n  defaultBackend:\n    service:\n      name: nginx-service-2\n      port:\n        number: 80\n",
            "yaml_body_parsed": "apiVersion: networking.k8s.io/v1\nkind: Ingress\nmetadata:\n  annotations:\n    kubernetes.io/ingress.class: gce\n    networking.gke.io/managed-certificates: gke00568-non-compliant-managed-cert\n  labels:\n    app.kubernetes.io/name: nginx\n  name: gke00568-non-compliant-ingress-2\n  namespace: gke00568-non-compliant-ns\nspec:\n  defaultBackend:\n    service:\n      name: nginx-service-2\n      port:\n        number: 80\n",
            "yaml_incluster": "7de228cf246b521ea45def9b38967434ad30a653cacfe583c1826084170cd5c9"
          },
          "sensitive_attributes": [],
          "private": "eyJlMmJmYjczMC1lY2FhLTExZTYtOGY4OC0zNDM2M2JjN2M0YzAiOnsiY3JlYXRlIjo2MDAwMDAwMDAwMDB9LCJzY2hlbWFfdmVyc2lvbiI6IjEifQ==",
          "dependencies": [
            "data.google_client_config.default",
            "google_compute_network.gke00568_network",
            "google_container_cluster.gke00568_non_compliant_cluster",
            "google_project_service.gke00568_services",
            "kubectl_manifest.gke00568_non_compliant_k8s_ns"
          ]
        }
      ]
    },
    {
      "mode": "managed",
      "type": "kubectl_manifest",
      "name": "gke00568_non_compliant_k8s_ns",
      "provider": "provider[\"registry.terraform.io/gavinbunney/kubectl\"].non-compliant",
      "instances": [
        {
          "schema_version": 1,
          "attributes": {
            "api_version": "v1",
            "apply_only": false,
            "force_conflicts": false,
            "force_new": false,
            "id": "/api/v1/namespaces/gke00568-non-compliant-ns",
            "ignore_fields": null,
            "kind": "Namespace",
            "live_manifest_incluster": "1897d29c5172a3d96b538c285b098ef996c8c91459babdcbeaf5d2549dadad6a",
            "live_uid": "96605ecc-5de1-4e0c-b0f1-221de1d51359",
            "name": "gke00568-non-compliant-ns",
            "namespace": null,
            "override_namespace": null,
            "sensitive_fields": null,
            "server_side_apply": false,
            "timeouts": null,
            "uid": "96605ecc-5de1-4e0c-b0f1-221de1d51359",
            "validate_schema": true,
            "wait": null,
            "wait_for_rollout": true,
            "yaml_body": "apiVersion: v1\nkind: Namespace\nmetadata:\n  name: gke00568-non-compliant-ns\n",
            "yaml_body_parsed": "apiVersion: v1\nkind: Namespace\nmetadata:\n  name: gke00568-non-compliant-ns\n",
            "yaml_incluster": "1897d29c5172a3d96b538c285b098ef996c8c91459babdcbeaf5d2549dadad6a"
          },
          "sensitive_attributes": [],
          "private": "eyJlMmJmYjczMC1lY2FhLTExZTYtOGY4OC0zNDM2M2JjN2M0YzAiOnsiY3JlYXRlIjo2MDAwMDAwMDAwMDB9LCJzY2hlbWFfdmVyc2lvbiI6IjEifQ==",
          "dependencies": [
            "data.google_client_config.default",
            "google_compute_network.gke00568_network",
            "google_container_cluster.gke00568_non_compliant_cluster",
            "google_project_service.gke00568_services"
          ]
        }
      ]
    },
    {
      "mode": "managed",
      "type": "kubectl_manifest",
      "name": "gke00568_non_compliant_k8s_service_1",
      "provider": "provider[\"registry.terraform.io/gavinbunney/kubectl\"].non-compliant",
      "instances": [
        {
          "schema_version": 1,
          "attributes": {
            "api_version": "v1",
            "apply_only": false,
            "force_conflicts": false,
            "force_new": false,
            "id": "/api/v1/namespaces/gke00568-non-compliant-ns/services/nginx-service-1",
            "ignore_fields": null,
            "kind": "Service",
            "live_manifest_incluster": "fcc474402e27b087f2de884c37e851cb8890a5f8c0a20207ac16c2045f5752a4",
            "live_uid": "98ca7e26-35b2-459c-85bb-5edc2e78284d",
            "name": "nginx-service-1",
            "namespace": "gke00568-non-compliant-ns",
            "override_namespace": null,
            "sensitive_fields": null,
            "server_side_apply": false,
            "timeouts": null,
            "uid": "98ca7e26-35b2-459c-85bb-5edc2e78284d",
            "validate_schema": true,
            "wait": null,
            "wait_for_rollout": true,
            "yaml_body": "apiVersion: v1\nkind: Service\nmetadata:\n  name: nginx-service-1\n  namespace: gke00568-non-compliant-ns\n  labels:\n    app.kubernetes.io/name: nginx\nspec:\n  selector:\n    app.kubernetes.io/name: nginx\n  ports:\n    - protocol: TCP\n      port: 80\n      targetPort: 80\n  type: LoadBalancer\n",
            "yaml_body_parsed": "apiVersion: v1\nkind: Service\nmetadata:\n  labels:\n    app.kubernetes.io/name: nginx\n  name: nginx-service-1\n  namespace: gke00568-non-compliant-ns\nspec:\n  ports:\n  - port: 80\n    protocol: TCP\n    targetPort: 80\n  selector:\n    app.kubernetes.io/name: nginx\n  type: LoadBalancer\n",
            "yaml_incluster": "fcc474402e27b087f2de884c37e851cb8890a5f8c0a20207ac16c2045f5752a4"
          },
          "sensitive_attributes": [],
          "private": "eyJlMmJmYjczMC1lY2FhLTExZTYtOGY4OC0zNDM2M2JjN2M0YzAiOnsiY3JlYXRlIjo2MDAwMDAwMDAwMDB9LCJzY2hlbWFfdmVyc2lvbiI6IjEifQ==",
          "dependencies": [
            "data.google_client_config.default",
            "google_compute_network.gke00568_network",
            "google_container_cluster.gke00568_non_compliant_cluster",
            "google_project_service.gke00568_services",
            "kubectl_manifest.gke00568_non_compliant_k8s_ns"
          ]
        }
      ]
    },
    {
      "mode": "managed",
      "type": "kubectl_manifest",
      "name": "gke00568_non_compliant_k8s_service_2",
      "provider": "provider[\"registry.terraform.io/gavinbunney/kubectl\"].non-compliant",
      "instances": [
        {
          "schema_version": 1,
          "attributes": {
            "api_version": "v1",
            "apply_only": false,
            "force_conflicts": false,
            "force_new": false,
            "id": "/api/v1/namespaces/gke00568-non-compliant-ns/services/nginx-service-2",
            "ignore_fields": null,
            "kind": "Service",
            "live_manifest_incluster": "32017909fd81b2bc236496573a8f8f643ca6680af4433878e7ccc3bd06bcdd38",
            "live_uid": "0ebf7e25-1af3-4514-9cbf-0745334cfa7b",
            "name": "nginx-service-2",
            "namespace": "gke00568-non-compliant-ns",
            "override_namespace": null,
            "sensitive_fields": null,
            "server_side_apply": false,
            "timeouts": null,
            "uid": "0ebf7e25-1af3-4514-9cbf-0745334cfa7b",
            "validate_schema": true,
            "wait": null,
            "wait_for_rollout": true,
            "yaml_body": "apiVersion: v1\nkind: Service\nmetadata:\n  name: nginx-service-2\n  namespace: gke00568-non-compliant-ns\n  labels:\n    app.kubernetes.io/name: nginx\nspec:\n  selector:\n    app.kubernetes.io/name: nginx\n  ports:\n    - protocol: TCP\n      port: 80\n      targetPort: 80\n  type: NodePort\n",
            "yaml_body_parsed": "apiVersion: v1\nkind: Service\nmetadata:\n  labels:\n    app.kubernetes.io/name: nginx\n  name: nginx-service-2\n  namespace: gke00568-non-compliant-ns\nspec:\n  ports:\n  - port: 80\n    protocol: TCP\n    targetPort: 80\n  selector:\n    app.kubernetes.io/name: nginx\n  type: NodePort\n",
            "yaml_incluster": "32017909fd81b2bc236496573a8f8f643ca6680af4433878e7ccc3bd06bcdd38"
          },
          "sensitive_attributes": [],
          "private": "eyJlMmJmYjczMC1lY2FhLTExZTYtOGY4OC0zNDM2M2JjN2M0YzAiOnsiY3JlYXRlIjo2MDAwMDAwMDAwMDB9LCJzY2hlbWFfdmVyc2lvbiI6IjEifQ==",
          "dependencies": [
            "data.google_client_config.default",
            "google_compute_network.gke00568_network",
            "google_container_cluster.gke00568_non_compliant_cluster",
            "google_project_service.gke00568_services",
            "kubectl_manifest.gke00568_non_compliant_k8s_ns"
          ]
        }
      ]
    }
  ],
  "check_results": null
}
