{
  "version": 4,
  "terraform_version": "1.4.4",
  "serial": 7,
  "lineage": "52d37aa6-6393-27fb-7455-934584121328",
  "outputs": {},
  "resources": [
    {
      "mode": "data",
      "type": "google_client_config",
      "name": "default",
      "provider": "provider[\"registry.terraform.io/hashicorp/google\"]",
      "instances": [
        {
          "schema_version": 0,
          "attributes": {
            "access_token": "ya29.c.b0Aaekm1LjbeQZMRJIs4CkUio9u7JwDa3ksodKiZA6ZR3nbMkkXMhiGdjNL10Ha4UdWAf4PlkpRzlXju15fIKhf7CETERSMKJfiZtgcTFrnDPV4ACq-XGwdRJAwUNS9uIiG-VGb8YDzNdoyVYiiiu6O_BsxnKVdKJ1sLuxUD3kYg1RYdDc3bagnPXaq2e6pF-rI5ETlGzGZ8_hKr7BomonHjiPklQXjDU4Ff6Q3CF0ThRH4hUhiEn6NTrnxFiwolkvS2cRyvWuNdHef8iYpcLfCn-pE9_wghloiIIkCLT_Bl_KL1my4z278DQjsyqCCJHpd3chUrgry99UG341PijtUQ3lpbbBIlcesvxvQjIOuRnxUldxXO2x_Q_gzze-psviBxIFq_b3ZitM_3MXdzBf9d9JcBvacOORbv3ljecUBr4jfR4-dIIRz7Q_livu0-YI-BvUv5j3JdUrBjQp4mWuZR14sxgkut3e7bJto36OQydMgqnFm61tIqBXrO8QVnnRlavbMnYrsJ3zvZVbbyk9amzI9z-V5c-YMc6huzihkYjdOoW_977lzpdb9y-tbbutlzZus4y8r3rqZ2wj22-m2i8bcuUgmYxo-OUhmV7XcUWfbo0vy6YXhu1-FZVbhStJtkWjOQOIVra9kI9IOS552mys-WhflXiYaiubgZqyJWg6js-Z1t017OBeX29FQdY6Iz71fUleUdezR35-BkYmnQZ6g80yfW--Iy4Q8M4M7OhceR956Bzi5iU3mk2VWm2gMwxwhqY8sMIjcFM5QnvgccW8xt5FlIFfUdndxh_mnS1JdjMM9nVWrgfwrjUjVBvjjkzMI5x0Oipi7jX0V7Frd7_daJkqv3vbk35v80mYSm_UalXsfk23qtMtrmsYcRiVBl1Wb9le4nOxpYd3MVdgV1tUok7u_6W3o36nseSkhh1lJRiWB8wpYxqdfB-sygn8m1I5WQMIYoWmh9f6hUaii1shUI3e9vJannx55d2Zuiw5YoU-w6abZ5B",
            "id": "projects/\"pg-xa-n-app-230466\"/regions/\u003cnull\u003e/zones/\u003cnull\u003e",
            "project": "pg-xa-n-app-230466",
            "region": null,
            "zone": null
          },
          "sensitive_attributes": []
        }
      ]
    },
    {
      "mode": "managed",
      "type": "google_container_registry",
      "name": "gke00512_registry",
      "provider": "provider[\"registry.terraform.io/hashicorp/google\"]",
      "instances": [
        {
          "schema_version": 0,
          "attributes": {
            "bucket_self_link": "https://www.googleapis.com/storage/v1/b/artifacts.pg-xa-n-app-230466.appspot.com",
            "id": "artifacts.pg-xa-n-app-230466.appspot.com",
            "location": null,
            "project": "pg-xa-n-app-230466"
          },
          "sensitive_attributes": [],
          "private": "bnVsbA=="
        }
      ]
    },
    {
      "mode": "managed",
      "type": "google_project_service",
      "name": "gke00512_services",
      "provider": "provider[\"registry.terraform.io/hashicorp/google\"]",
      "instances": [
        {
          "index_key": "container.googleapis.com",
          "schema_version": 0,
          "attributes": {
            "disable_dependent_services": null,
            "disable_on_destroy": false,
            "id": "pg-xa-n-app-230466/container.googleapis.com",
            "project": "pg-xa-n-app-230466",
            "service": "container.googleapis.com",
            "timeouts": null
          },
          "sensitive_attributes": [],
          "private": "eyJlMmJmYjczMC1lY2FhLTExZTYtOGY4OC0zNDM2M2JjN2M0YzAiOnsiY3JlYXRlIjoxMjAwMDAwMDAwMDAwLCJkZWxldGUiOjEyMDAwMDAwMDAwMDAsInJlYWQiOjYwMDAwMDAwMDAwMCwidXBkYXRlIjoxMjAwMDAwMDAwMDAwfX0="
        }
      ]
    },
    {
      "mode": "managed",
      "type": "google_service_account",
      "name": "gke00512_compliant_service_account",
      "provider": "provider[\"registry.terraform.io/hashicorp/google\"]",
      "instances": [
        {
          "schema_version": 0,
          "attributes": {
            "account_id": "gke00512-compliant-sa",
            "description": "",
            "disabled": false,
            "display_name": "GKE00512 Compliant Service Account",
            "email": "gke00512-compliant-sa@pg-xa-n-app-230466.iam.gserviceaccount.com",
            "id": "projects/pg-xa-n-app-230466/serviceAccounts/gke00512-compliant-sa@pg-xa-n-app-230466.iam.gserviceaccount.com",
            "member": "serviceAccount:gke00512-compliant-sa@pg-xa-n-app-230466.iam.gserviceaccount.com",
            "name": "projects/pg-xa-n-app-230466/serviceAccounts/gke00512-compliant-sa@pg-xa-n-app-230466.iam.gserviceaccount.com",
            "project": "pg-xa-n-app-230466",
            "timeouts": null,
            "unique_id": "115618314764094056877"
          },
          "sensitive_attributes": [],
          "private": "eyJlMmJmYjczMC1lY2FhLTExZTYtOGY4OC0zNDM2M2JjN2M0YzAiOnsiY3JlYXRlIjozMDAwMDAwMDAwMDB9fQ=="
        }
      ]
    },
    {
      "mode": "managed",
      "type": "google_service_account",
      "name": "gke00512_non_compliant_service_account",
      "provider": "provider[\"registry.terraform.io/hashicorp/google\"]",
      "instances": [
        {
          "schema_version": 0,
          "attributes": {
            "account_id": "gke00512-non-compliant-sa",
            "description": "",
            "disabled": false,
            "display_name": "GKE00512 Non Compliant Service Account",
            "email": "gke00512-non-compliant-sa@pg-xa-n-app-230466.iam.gserviceaccount.com",
            "id": "projects/pg-xa-n-app-230466/serviceAccounts/gke00512-non-compliant-sa@pg-xa-n-app-230466.iam.gserviceaccount.com",
            "member": "serviceAccount:gke00512-non-compliant-sa@pg-xa-n-app-230466.iam.gserviceaccount.com",
            "name": "projects/pg-xa-n-app-230466/serviceAccounts/gke00512-non-compliant-sa@pg-xa-n-app-230466.iam.gserviceaccount.com",
            "project": "pg-xa-n-app-230466",
            "timeouts": null,
            "unique_id": "117118296468671715645"
          },
          "sensitive_attributes": [],
          "private": "eyJlMmJmYjczMC1lY2FhLTExZTYtOGY4OC0zNDM2M2JjN2M0YzAiOnsiY3JlYXRlIjozMDAwMDAwMDAwMDB9fQ=="
        }
      ]
    },
    {
      "mode": "managed",
      "type": "google_storage_bucket_iam_member",
      "name": "gke00512_compliant_bucket_member",
      "provider": "provider[\"registry.terraform.io/hashicorp/google\"]",
      "instances": [
        {
          "schema_version": 0,
          "attributes": {
            "bucket": "b/artifacts.pg-xa-n-app-230466.appspot.com",
            "condition": [],
            "etag": "CAc=",
            "id": "b/artifacts.pg-xa-n-app-230466.appspot.com/roles/storage.objectViewer/serviceAccount:gke00512-compliant-sa@pg-xa-n-app-230466.iam.gserviceaccount.com",
            "member": "serviceAccount:gke00512-compliant-sa@pg-xa-n-app-230466.iam.gserviceaccount.com",
            "role": "roles/storage.objectViewer"
          },
          "sensitive_attributes": [],
          "private": "bnVsbA==",
          "dependencies": [
            "google_container_registry.gke00512_registry",
            "google_service_account.gke00512_compliant_service_account"
          ]
        }
      ]
    },
    {
      "mode": "managed",
      "type": "google_storage_bucket_iam_member",
      "name": "gke00512_non_compliant_bucket_member",
      "provider": "provider[\"registry.terraform.io/hashicorp/google\"]",
      "instances": [
        {
          "schema_version": 0,
          "attributes": {
            "bucket": "b/artifacts.pg-xa-n-app-230466.appspot.com",
            "condition": [],
            "etag": "CAc=",
            "id": "b/artifacts.pg-xa-n-app-230466.appspot.com/roles/storage.admin/serviceAccount:gke00512-non-compliant-sa@pg-xa-n-app-230466.iam.gserviceaccount.com",
            "member": "serviceAccount:gke00512-non-compliant-sa@pg-xa-n-app-230466.iam.gserviceaccount.com",
            "role": "roles/storage.admin"
          },
          "sensitive_attributes": [],
          "private": "bnVsbA==",
          "dependencies": [
            "google_container_registry.gke00512_registry",
            "google_service_account.gke00512_non_compliant_service_account"
          ]
        }
      ]
    }
  ],
  "check_results": null
}
