{
  "version": 4,
  "terraform_version": "1.4.4",
  "serial": 3,
  "lineage": "7c519c54-32a1-eb03-2e56-ad5ad79e07a7",
  "outputs": {},
  "resources": [
    {
      "mode": "managed",
      "type": "google_sql_database_instance",
      "name": "compliant-gcpds019",
      "provider": "provider[\"registry.terraform.io/hashicorp/google\"]",
      "instances": [
        {
          "schema_version": 0,
          "attributes": {
            "available_maintenance_versions": [],
            "clone": [],
            "connection_name": "pg-xa-n-app-230466:europe-west3:compliant-gcpds019",
            "database_version": "MYSQL_8_0",
            "deletion_protection": false,
            "encryption_key_name": null,
            "first_ip_address": "34.89.211.49",
            "id": "compliant-gcpds019",
            "instance_type": "CLOUD_SQL_INSTANCE",
            "ip_address": [
              {
                "ip_address": "34.89.211.49",
                "time_to_retire": "",
                "type": "PRIMARY"
              }
            ],
            "maintenance_version": "MYSQL_8_0_26.R20230314.03_02",
            "master_instance_name": "",
            "name": "compliant-gcpds019",
            "private_ip_address": "",
            "project": "pg-xa-n-app-230466",
            "public_ip_address": "34.89.211.49",
            "region": "europe-west3",
            "replica_configuration": [],
            "restore_backup_context": [],
            "root_password": null,
            "self_link": "https://sqladmin.googleapis.com/sql/v1beta4/projects/pg-xa-n-app-230466/instances/compliant-gcpds019",
            "server_ca_cert": [
              {
                "cert": "-----BEGIN CERTIFICATE-----\nMIIDfzCCAmegAwIBAgIBADANBgkqhkiG9w0BAQsFADB3MS0wKwYDVQQuEyQ3NzJm\nYjdjOC02YTVjLTQ0NTctODk3Yy04MjU0YzhiYzAzMjExIzAhBgNVBAMTGkdvb2ds\nZSBDbG91ZCBTUUwgU2VydmVyIENBMRQwEgYDVQQKEwtHb29nbGUsIEluYzELMAkG\nA1UEBhMCVVMwHhcNMjMwNDExMTMyODUxWhcNMzMwNDA4MTMyOTUxWjB3MS0wKwYD\nVQQuEyQ3NzJmYjdjOC02YTVjLTQ0NTctODk3Yy04MjU0YzhiYzAzMjExIzAhBgNV\nBAMTGkdvb2dsZSBDbG91ZCBTUUwgU2VydmVyIENBMRQwEgYDVQQKEwtHb29nbGUs\nIEluYzELMAkGA1UEBhMCVVMwggEiMA0GCSqGSIb3DQEBAQUAA4IBDwAwggEKAoIB\nAQDUe3m5wcKeem87mFC6V1R7q30Mul5qzDvf9QwsdEaeUb2aaCpEaUNDJEsGyXfp\npmS+XotBdY9/WEXdNmq+tv+mUvi4AqVn0CaBgN3gtcsusesA26+FvjFAwKMDt1Qn\nplm0WKKrpHFXttjRn6Z3midU5VV+guOqZo+4e/6Gy3s2dTcrsDZx9tkBOk51nrb1\ntv9RECcetz1rbfMyr4COvysH9GjCv8nNUSyewe3iaKkO8bQ3XrvQaNx2YSc4PGmz\nnN1m9yiXwZ/lwga2D8l/85z3YvKjslKmhG0vR6Q/4cnpDJzOFfa8U/sfPJ/ga1l4\nZnflgxK58uo+7Opwm/NuPfI/AgMBAAGjFjAUMBIGA1UdEwEB/wQIMAYBAf8CAQAw\nDQYJKoZIhvcNAQELBQADggEBAHbTQDRn1RM092VnNcwAJHW8y+5aPvs6cAyWHl0o\n1UA9vTarZ0/C/MOBwdsBnozY4o6fPwcdGt/91SmRYy7D0/RZSVDvDdPkOWcJpVX0\naU9Qduox8nZn010xp61oIvH9MPnqpZ36q7dTuTElSqyGNIHteux0nyuDNi0joX/h\nzFdwWq2WxySjddWZsEFqmT7t5g/WNUKaAJTOCReQQnGXlbAkRCqCRUyLAs+EQEIT\n0KsYCJguBRaV7PKCUyJJIvfPXF8yu1PsWRuDxDWIZ71xOiLa+CDfJkASVm13U0Q7\nBfBBUwGFLSGAUni0Ct5HKXe/ppYV6LcAkawdBFYjUupfaqY=\n-----END CERTIFICATE-----",
                "common_name": "C=US,O=Google\\, Inc,CN=Google Cloud SQL Server CA,dnQualifier=772fb7c8-6a5c-4457-897c-8254c8bc0321",
                "create_time": "2023-04-11T13:28:51.744Z",
                "expiration_time": "2033-04-08T13:29:51.744Z",
                "sha1_fingerprint": "863e0a188a61f945d7dd4b1f789fb198863c183f"
              }
            ],
            "service_account_email_address": "p624568095157-67tq7f@gcp-sa-cloud-sql.iam.gserviceaccount.com",
            "settings": [
              {
                "activation_policy": "ALWAYS",
                "active_directory_config": [],
                "availability_type": "ZONAL",
                "backup_configuration": [
                  {
                    "backup_retention_settings": [
                      {
                        "retained_backups": 7,
                        "retention_unit": "COUNT"
                      }
                    ],
                    "binary_log_enabled": false,
                    "enabled": false,
                    "location": "",
                    "point_in_time_recovery_enabled": false,
                    "start_time": "06:00",
                    "transaction_log_retention_days": 7
                  }
                ],
                "collation": "",
                "connector_enforcement": "NOT_REQUIRED",
                "database_flags": [
                  {
                    "name": "skip_show_database",
                    "value": "on"
                  }
                ],
                "deletion_protection_enabled": false,
                "deny_maintenance_period": [],
                "disk_autoresize": true,
                "disk_autoresize_limit": 0,
                "disk_size": 10,
                "disk_type": "PD_SSD",
                "insights_config": [],
                "ip_configuration": [
                  {
                    "allocated_ip_range": "",
                    "authorized_networks": [],
                    "enable_private_path_for_google_cloud_services": false,
                    "ipv4_enabled": true,
                    "private_network": "",
                    "require_ssl": false
                  }
                ],
                "location_preference": [
                  {
                    "follow_gae_application": "",
                    "secondary_zone": "",
                    "zone": "europe-west3-b"
                  }
                ],
                "maintenance_window": [],
                "password_validation_policy": [],
                "pricing_plan": "PER_USE",
                "sql_server_audit_config": [],
                "tier": "db-f1-micro",
                "time_zone": "",
                "user_labels": {},
                "version": 1
              }
            ],
            "timeouts": null
          },
          "sensitive_attributes": [],
          "private": "eyJlMmJmYjczMC1lY2FhLTExZTYtOGY4OC0zNDM2M2JjN2M0YzAiOnsiY3JlYXRlIjoyNDAwMDAwMDAwMDAwLCJkZWxldGUiOjE4MDAwMDAwMDAwMDAsInVwZGF0ZSI6MTgwMDAwMDAwMDAwMH19"
        }
      ]
    },
    {
      "mode": "managed",
      "type": "google_sql_database_instance",
      "name": "not-compliant-gcpds019",
      "provider": "provider[\"registry.terraform.io/hashicorp/google\"]",
      "instances": [
        {
          "schema_version": 0,
          "attributes": {
            "available_maintenance_versions": [],
            "clone": [],
            "connection_name": "pg-xa-n-app-230466:europe-west3:not-compliant-gcpds019",
            "database_version": "MYSQL_8_0",
            "deletion_protection": false,
            "encryption_key_name": null,
            "first_ip_address": "35.198.162.98",
            "id": "not-compliant-gcpds019",
            "instance_type": "CLOUD_SQL_INSTANCE",
            "ip_address": [
              {
                "ip_address": "35.198.162.98",
                "time_to_retire": "",
                "type": "PRIMARY"
              }
            ],
            "maintenance_version": "MYSQL_8_0_26.R20230314.03_02",
            "master_instance_name": "",
            "name": "not-compliant-gcpds019",
            "private_ip_address": "",
            "project": "pg-xa-n-app-230466",
            "public_ip_address": "35.198.162.98",
            "region": "europe-west3",
            "replica_configuration": [],
            "restore_backup_context": [],
            "root_password": null,
            "self_link": "https://sqladmin.googleapis.com/sql/v1beta4/projects/pg-xa-n-app-230466/instances/not-compliant-gcpds019",
            "server_ca_cert": [
              {
                "cert": "-----BEGIN CERTIFICATE-----\nMIIDfzCCAmegAwIBAgIBADANBgkqhkiG9w0BAQsFADB3MS0wKwYDVQQuEyQ1ZTlh\nNTRkMy1iOTBlLTRhZDUtOGRjMC03Y2RjYWU1YWVmZmExIzAhBgNVBAMTGkdvb2ds\nZSBDbG91ZCBTUUwgU2VydmVyIENBMRQwEgYDVQQKEwtHb29nbGUsIEluYzELMAkG\nA1UEBhMCVVMwHhcNMjMwNDExMTMyODQ4WhcNMzMwNDA4MTMyOTQ4WjB3MS0wKwYD\nVQQuEyQ1ZTlhNTRkMy1iOTBlLTRhZDUtOGRjMC03Y2RjYWU1YWVmZmExIzAhBgNV\nBAMTGkdvb2dsZSBDbG91ZCBTUUwgU2VydmVyIENBMRQwEgYDVQQKEwtHb29nbGUs\nIEluYzELMAkGA1UEBhMCVVMwggEiMA0GCSqGSIb3DQEBAQUAA4IBDwAwggEKAoIB\nAQCFs9q+c8mLWMOg/9pY7V/uUHi7F6L6JurRYsplynpmRAP1jP7h+Xi+pvbta/LL\nGknn2tdscVANJfLZ4+1MoTrDnX75JIFH79nyR3v0KUG/LBZky2A3TM/WLkL/o436\nMWOhhWIogGtGQATwgJlqmZQHafOGbnfqRQcoYQDpNkdCH/hs91J7QMkecDUaFC7j\n4uZgf4MfyP1fj7F+yYjTkZuJRk6pnKnY6Aa0Dn752XlOHsmS82t7LtpySsIlDNhT\nb7VLAuogfTxjpYQfJloinf/qkTFVKGN3wKuG7xgQzQ+DqgdsFYBds8tX4aQsRASw\nU7KKFZDhess7ammAK+kGZ2NxAgMBAAGjFjAUMBIGA1UdEwEB/wQIMAYBAf8CAQAw\nDQYJKoZIhvcNAQELBQADggEBACupB3rtSa9ufPesvMxivbXj7FBKQB0hwwr3GGuN\ndloPrMXexhQ1AV4HaLEdg6YOjvd3EpjPRkExkKy1/2cxzvUl16hqrPXQPLhYjXgl\n3tuBO3/lRclykq3sf+RMO2hVdyjH4V24ZkYxoCVGaIUQHhIPdyvaZK8Ik6fCbMuX\nCvyFqC3cVg4VDbJRdu2HW+Xg8mn2+kaECZtJI6144NMVeT2t9rZ0ysjmiq/FJLUv\nAinRPZse2FycHr3dPe3O2X+I5NcL3VD9lYyVMqFmGPZo6KRFLPoBk61l64Sc1eSY\nuC/vqnOtJrkn0pxjP/uBKWoBteUFaCzqHPkH899GZcVFe+0=\n-----END CERTIFICATE-----",
                "common_name": "C=US,O=Google\\, Inc,CN=Google Cloud SQL Server CA,dnQualifier=5e9a54d3-b90e-4ad5-8dc0-7cdcae5aeffa",
                "create_time": "2023-04-11T13:28:48.603Z",
                "expiration_time": "2033-04-08T13:29:48.603Z",
                "sha1_fingerprint": "ab6f55e837412069028a678fb10d7f39b46c0dbb"
              }
            ],
            "service_account_email_address": "p624568095157-ari5n6@gcp-sa-cloud-sql.iam.gserviceaccount.com",
            "settings": [
              {
                "activation_policy": "ALWAYS",
                "active_directory_config": [],
                "availability_type": "ZONAL",
                "backup_configuration": [
                  {
                    "backup_retention_settings": [
                      {
                        "retained_backups": 7,
                        "retention_unit": "COUNT"
                      }
                    ],
                    "binary_log_enabled": false,
                    "enabled": false,
                    "location": "",
                    "point_in_time_recovery_enabled": false,
                    "start_time": "14:00",
                    "transaction_log_retention_days": 7
                  }
                ],
                "collation": "",
                "connector_enforcement": "NOT_REQUIRED",
                "database_flags": [
                  {
                    "name": "skip_show_database",
                    "value": "off"
                  }
                ],
                "deletion_protection_enabled": false,
                "deny_maintenance_period": [],
                "disk_autoresize": true,
                "disk_autoresize_limit": 0,
                "disk_size": 10,
                "disk_type": "PD_SSD",
                "insights_config": [],
                "ip_configuration": [
                  {
                    "allocated_ip_range": "",
                    "authorized_networks": [],
                    "enable_private_path_for_google_cloud_services": false,
                    "ipv4_enabled": true,
                    "private_network": "",
                    "require_ssl": false
                  }
                ],
                "location_preference": [
                  {
                    "follow_gae_application": "",
                    "secondary_zone": "",
                    "zone": "europe-west3-b"
                  }
                ],
                "maintenance_window": [],
                "password_validation_policy": [],
                "pricing_plan": "PER_USE",
                "sql_server_audit_config": [],
                "tier": "db-f1-micro",
                "time_zone": "",
                "user_labels": {},
                "version": 1
              }
            ],
            "timeouts": null
          },
          "sensitive_attributes": [],
          "private": "eyJlMmJmYjczMC1lY2FhLTExZTYtOGY4OC0zNDM2M2JjN2M0YzAiOnsiY3JlYXRlIjoyNDAwMDAwMDAwMDAwLCJkZWxldGUiOjE4MDAwMDAwMDAwMDAsInVwZGF0ZSI6MTgwMDAwMDAwMDAwMH19"
        }
      ]
    }
  ],
  "check_results": null
}
